{
  "version": 4,
  "terraform_version": "1.5.5",
  "serial": 1743,
  "lineage": "041ee1bc-1bb6-db16-02a9-f49fc5b3000d",
  "outputs": {},
  "resources": [
    {
      "module": "module.alb",
      "mode": "data",
      "type": "aws_security_group",
      "name": "was-alb-sg",
      "provider": "provider[\"registry.terraform.io/hashicorp/aws\"]",
      "instances": [
        {
          "schema_version": 0,
          "attributes": {
            "arn": "arn:aws:ec2:ap-southeast-1:891377163278:security-group/sg-06ec60fe4f80cb312",
            "description": "Allow WEB EC2 ONLY",
            "filter": [
              {
                "name": "tag:Name",
                "values": [
                  "3-Tier-was-alb-sg"
                ]
              }
            ],
            "id": "sg-06ec60fe4f80cb312",
            "name": "terraform-2024050900365912250000000b",
            "tags": {
              "Name": "3-Tier-was-alb-sg"
            },
            "timeouts": null,
            "vpc_id": "vpc-0e10412dba9535c77"
          },
          "sensitive_attributes": []
        }
      ]
    },
    {
      "module": "module.alb",
      "mode": "data",
      "type": "aws_security_group",
      "name": "web-alb-sg",
      "provider": "provider[\"registry.terraform.io/hashicorp/aws\"]",
      "instances": [
        {
          "schema_version": 0,
          "attributes": {
            "arn": "arn:aws:ec2:ap-southeast-1:891377163278:security-group/sg-0e60b1cc86212cf5a",
            "description": "Allow HTTP and HTTPS for World",
            "filter": [
              {
                "name": "tag:Name",
                "values": [
                  "3-Tier-web-alb-sg"
                ]
              }
            ],
            "id": "sg-0e60b1cc86212cf5a",
            "name": "terraform-20240509003654851300000009",
            "tags": {
              "Name": "3-Tier-web-alb-sg"
            },
            "timeouts": null,
            "vpc_id": "vpc-0e10412dba9535c77"
          },
          "sensitive_attributes": []
        }
      ]
    },
    {
      "module": "module.alb",
      "mode": "data",
      "type": "aws_subnet",
      "name": "private1-subnet1",
      "provider": "provider[\"registry.terraform.io/hashicorp/aws\"]",
      "instances": [
        {
          "schema_version": 0,
          "attributes": {
            "arn": "arn:aws:ec2:ap-southeast-1:891377163278:subnet/subnet-0b5dbbdba471ab9ca",
            "assign_ipv6_address_on_creation": false,
            "availability_zone": "ap-southeast-1a",
            "availability_zone_id": "apse1-az1",
            "available_ip_address_count": 250,
            "cidr_block": "192.168.20.0/24",
            "customer_owned_ipv4_pool": "",
            "default_for_az": false,
            "enable_dns64": false,
            "enable_lni_at_device_index": 0,
            "enable_resource_name_dns_a_record_on_launch": false,
            "enable_resource_name_dns_aaaa_record_on_launch": false,
            "filter": [
              {
                "name": "tag:Name",
                "values": [
                  "3-Tier-Private1-Subnet1"
                ]
              }
            ],
            "id": "subnet-0b5dbbdba471ab9ca",
            "ipv6_cidr_block": "",
            "ipv6_cidr_block_association_id": "",
            "ipv6_native": false,
            "map_customer_owned_ip_on_launch": false,
            "map_public_ip_on_launch": false,
            "outpost_arn": "",
            "owner_id": "891377163278",
            "private_dns_hostname_type_on_launch": "ip-name",
            "state": "available",
            "tags": {
              "Name": "3-Tier-Private1-Subnet1"
            },
            "timeouts": null,
            "vpc_id": "vpc-0e10412dba9535c77"
          },
          "sensitive_attributes": []
        }
      ]
    },
    {
      "module": "module.alb",
      "mode": "data",
      "type": "aws_subnet",
      "name": "private1-subnet2",
      "provider": "provider[\"registry.terraform.io/hashicorp/aws\"]",
      "instances": [
        {
          "schema_version": 0,
          "attributes": {
            "arn": "arn:aws:ec2:ap-southeast-1:891377163278:subnet/subnet-075746c3f833aa4e6",
            "assign_ipv6_address_on_creation": false,
            "availability_zone": "ap-southeast-1b",
            "availability_zone_id": "apse1-az2",
            "available_ip_address_count": 250,
            "cidr_block": "192.168.50.0/24",
            "customer_owned_ipv4_pool": "",
            "default_for_az": false,
            "enable_dns64": false,
            "enable_lni_at_device_index": 0,
            "enable_resource_name_dns_a_record_on_launch": false,
            "enable_resource_name_dns_aaaa_record_on_launch": false,
            "filter": [
              {
                "name": "tag:Name",
                "values": [
                  "3-Tier-Private1-Subnet2"
                ]
              }
            ],
            "id": "subnet-075746c3f833aa4e6",
            "ipv6_cidr_block": "",
            "ipv6_cidr_block_association_id": "",
            "ipv6_native": false,
            "map_customer_owned_ip_on_launch": false,
            "map_public_ip_on_launch": false,
            "outpost_arn": "",
            "owner_id": "891377163278",
            "private_dns_hostname_type_on_launch": "ip-name",
            "state": "available",
            "tags": {
              "Name": "3-Tier-Private1-Subnet2"
            },
            "timeouts": null,
            "vpc_id": "vpc-0e10412dba9535c77"
          },
          "sensitive_attributes": []
        }
      ]
    },
    {
      "module": "module.alb",
      "mode": "data",
      "type": "aws_subnet",
      "name": "public-subnet1",
      "provider": "provider[\"registry.terraform.io/hashicorp/aws\"]",
      "instances": [
        {
          "schema_version": 0,
          "attributes": {
            "arn": "arn:aws:ec2:ap-southeast-1:891377163278:subnet/subnet-08d8c840d155b0ed1",
            "assign_ipv6_address_on_creation": false,
            "availability_zone": "ap-southeast-1a",
            "availability_zone_id": "apse1-az1",
            "available_ip_address_count": 250,
            "cidr_block": "192.168.10.0/24",
            "customer_owned_ipv4_pool": "",
            "default_for_az": false,
            "enable_dns64": false,
            "enable_lni_at_device_index": 0,
            "enable_resource_name_dns_a_record_on_launch": false,
            "enable_resource_name_dns_aaaa_record_on_launch": false,
            "filter": [
              {
                "name": "tag:Name",
                "values": [
                  "3-Tier-Public-Subnet1"
                ]
              }
            ],
            "id": "subnet-08d8c840d155b0ed1",
            "ipv6_cidr_block": "",
            "ipv6_cidr_block_association_id": "",
            "ipv6_native": false,
            "map_customer_owned_ip_on_launch": false,
            "map_public_ip_on_launch": true,
            "outpost_arn": "",
            "owner_id": "891377163278",
            "private_dns_hostname_type_on_launch": "ip-name",
            "state": "available",
            "tags": {
              "Name": "3-Tier-Public-Subnet1"
            },
            "timeouts": null,
            "vpc_id": "vpc-0e10412dba9535c77"
          },
          "sensitive_attributes": []
        }
      ]
    },
    {
      "module": "module.alb",
      "mode": "data",
      "type": "aws_subnet",
      "name": "public-subnet2",
      "provider": "provider[\"registry.terraform.io/hashicorp/aws\"]",
      "instances": [
        {
          "schema_version": 0,
          "attributes": {
            "arn": "arn:aws:ec2:ap-southeast-1:891377163278:subnet/subnet-075746c3f833aa4e6",
            "assign_ipv6_address_on_creation": false,
            "availability_zone": "ap-southeast-1b",
            "availability_zone_id": "apse1-az2",
            "available_ip_address_count": 250,
            "cidr_block": "192.168.50.0/24",
            "customer_owned_ipv4_pool": "",
            "default_for_az": false,
            "enable_dns64": false,
            "enable_lni_at_device_index": 0,
            "enable_resource_name_dns_a_record_on_launch": false,
            "enable_resource_name_dns_aaaa_record_on_launch": false,
            "filter": [
              {
                "name": "tag:Name",
                "values": [
                  "3-Tier-Private1-Subnet2"
                ]
              }
            ],
            "id": "subnet-075746c3f833aa4e6",
            "ipv6_cidr_block": "",
            "ipv6_cidr_block_association_id": "",
            "ipv6_native": false,
            "map_customer_owned_ip_on_launch": false,
            "map_public_ip_on_launch": false,
            "outpost_arn": "",
            "owner_id": "891377163278",
            "private_dns_hostname_type_on_launch": "ip-name",
            "state": "available",
            "tags": {
              "Name": "3-Tier-Private1-Subnet2"
            },
            "timeouts": null,
            "vpc_id": "vpc-0e10412dba9535c77"
          },
          "sensitive_attributes": []
        }
      ]
    },
    {
      "module": "module.alb",
      "mode": "data",
      "type": "aws_vpc",
      "name": "vpc",
      "provider": "provider[\"registry.terraform.io/hashicorp/aws\"]",
      "instances": [
        {
          "schema_version": 0,
          "attributes": {
            "arn": "arn:aws:ec2:ap-southeast-1:891377163278:vpc/vpc-0e10412dba9535c77",
            "cidr_block": "192.168.0.0/16",
            "cidr_block_associations": [
              {
                "association_id": "vpc-cidr-assoc-001a646ef99433bf5",
                "cidr_block": "192.168.0.0/16",
                "state": "associated"
              }
            ],
            "default": false,
            "dhcp_options_id": "dopt-0ca02d48b1d18e4d7",
            "enable_dns_hostnames": true,
            "enable_dns_support": true,
            "enable_network_address_usage_metrics": false,
            "filter": [
              {
                "name": "tag:Name",
                "values": [
                  "3-Tier-VPC"
                ]
              }
            ],
            "id": "vpc-0e10412dba9535c77",
            "instance_tenancy": "default",
            "ipv6_association_id": "",
            "ipv6_cidr_block": "",
            "main_route_table_id": "rtb-0bb9877f287698b9a",
            "owner_id": "891377163278",
            "state": null,
            "tags": {
              "Name": "3-Tier-VPC"
            },
            "timeouts": null
          },
          "sensitive_attributes": []
        }
      ]
    },
    {
      "module": "module.alb",
      "mode": "managed",
      "type": "aws_lb",
      "name": "was-elb",
      "provider": "provider[\"registry.terraform.io/hashicorp/aws\"]",
      "instances": [
        {
          "schema_version": 0,
          "attributes": {
            "access_logs": [
              {
                "bucket": "",
                "enabled": false,
                "prefix": ""
              }
            ],
            "arn": "arn:aws:elasticloadbalancing:ap-southeast-1:891377163278:loadbalancer/app/Was-elb/8eff29a68c8ace03",
            "arn_suffix": "app/Was-elb/8eff29a68c8ace03",
            "client_keep_alive": 3600,
            "connection_logs": [
              {
                "bucket": "",
                "enabled": false,
                "prefix": ""
              }
            ],
            "customer_owned_ipv4_pool": "",
            "desync_mitigation_mode": "defensive",
            "dns_name": "internal-Was-elb-209829783.ap-southeast-1.elb.amazonaws.com",
            "dns_record_client_routing_policy": null,
            "drop_invalid_header_fields": false,
            "enable_cross_zone_load_balancing": true,
            "enable_deletion_protection": false,
            "enable_http2": true,
            "enable_tls_version_and_cipher_suite_headers": false,
            "enable_waf_fail_open": false,
            "enable_xff_client_port": false,
            "enforce_security_group_inbound_rules_on_private_link_traffic": "",
            "id": "arn:aws:elasticloadbalancing:ap-southeast-1:891377163278:loadbalancer/app/Was-elb/8eff29a68c8ace03",
            "idle_timeout": 60,
            "internal": true,
            "ip_address_type": "ipv4",
            "load_balancer_type": "application",
            "name": "Was-elb",
            "name_prefix": "",
            "preserve_host_header": false,
            "security_groups": [
              "sg-06ec60fe4f80cb312"
            ],
            "subnet_mapping": [
              {
                "allocation_id": "",
                "ipv6_address": "",
                "outpost_id": "",
                "private_ipv4_address": "",
                "subnet_id": "subnet-075746c3f833aa4e6"
              },
              {
                "allocation_id": "",
                "ipv6_address": "",
                "outpost_id": "",
                "private_ipv4_address": "",
                "subnet_id": "subnet-0b5dbbdba471ab9ca"
              }
            ],
            "subnets": [
              "subnet-075746c3f833aa4e6",
              "subnet-0b5dbbdba471ab9ca"
            ],
            "tags": {
              "Name": "Was-elb"
            },
            "tags_all": {
              "Name": "Was-elb"
            },
            "timeouts": null,
            "vpc_id": "vpc-0e10412dba9535c77",
            "xff_header_processing_mode": "append",
            "zone_id": "Z1LMS91P8CMLE5"
          },
          "sensitive_attributes": [],
          "private": "eyJlMmJmYjczMC1lY2FhLTExZTYtOGY4OC0zNDM2M2JjN2M0YzAiOnsiY3JlYXRlIjo2MDAwMDAwMDAwMDAsImRlbGV0ZSI6NjAwMDAwMDAwMDAwLCJ1cGRhdGUiOjYwMDAwMDAwMDAwMH19",
          "dependencies": [
            "module.alb.data.aws_security_group.was-alb-sg",
            "module.alb.data.aws_subnet.private1-subnet1",
            "module.alb.data.aws_subnet.private1-subnet2",
            "module.aws-rds.aws_db_subnet_group.db_subnet_group1",
            "module.aws-rds.aws_db_subnet_group.db_subnet_group2",
            "module.aws-rds.aws_rds_cluster.aurora_cluster",
            "module.aws-rds.data.aws_availability_zones.available",
            "module.aws-rds.data.aws_security_group.db-sg",
            "module.aws-rds.data.aws_subnet.private1-subnet1",
            "module.aws-rds.data.aws_subnet.private1-subnet2",
            "module.aws-rds.data.aws_subnet.private2-subnet1",
            "module.aws-rds.data.aws_subnet.private2-subnet2",
            "module.security-group.aws_security_group.database-sg",
            "module.security-group.aws_security_group.was-alb-sg",
            "module.security-group.aws_security_group.was-tier-sg",
            "module.security-group.aws_security_group.web-alb-sg",
            "module.security-group.aws_security_group.web-tier-sg",
            "module.security-group.data.aws_vpc.vpc",
            "module.vpc.aws_eip.eip1",
            "module.vpc.aws_eip.eip2",
            "module.vpc.aws_internet_gateway.igw",
            "module.vpc.aws_nat_gateway.ngw1",
            "module.vpc.aws_nat_gateway.ngw2",
            "module.vpc.aws_route_table.private1-rt1",
            "module.vpc.aws_route_table.private1-rt2",
            "module.vpc.aws_route_table.private2-rt1",
            "module.vpc.aws_route_table.private2-rt2",
            "module.vpc.aws_route_table.public-rt1",
            "module.vpc.aws_route_table.public-rt2",
            "module.vpc.aws_route_table_association.private1-rt-association1",
            "module.vpc.aws_route_table_association.private1-rt-association2",
            "module.vpc.aws_route_table_association.private2-rt-association1",
            "module.vpc.aws_route_table_association.private2-rt-association2",
            "module.vpc.aws_route_table_association.public-rt-association1",
            "module.vpc.aws_route_table_association.public-rt-association2",
            "module.vpc.aws_subnet.private1-subnet1",
            "module.vpc.aws_subnet.private1-subnet2",
            "module.vpc.aws_subnet.private2-subnet1",
            "module.vpc.aws_subnet.private2-subnet2",
            "module.vpc.aws_subnet.public-subnet1",
            "module.vpc.aws_subnet.public-subnet2",
            "module.vpc.aws_vpc.vpc",
            "module.vpc.data.aws_availability_zones.available"
          ]
        }
      ]
    },
    {
      "module": "module.alb",
      "mode": "managed",
      "type": "aws_lb",
      "name": "web-elb",
      "provider": "provider[\"registry.terraform.io/hashicorp/aws\"]",
      "instances": [
        {
          "schema_version": 0,
          "attributes": {
            "access_logs": [
              {
                "bucket": "",
                "enabled": false,
                "prefix": ""
              }
            ],
            "arn": "arn:aws:elasticloadbalancing:ap-southeast-1:891377163278:loadbalancer/app/Web-elb/a23b9384b14d164b",
            "arn_suffix": "app/Web-elb/a23b9384b14d164b",
            "client_keep_alive": 3600,
            "connection_logs": [
              {
                "bucket": "",
                "enabled": false,
                "prefix": ""
              }
            ],
            "customer_owned_ipv4_pool": "",
            "desync_mitigation_mode": "defensive",
            "dns_name": "Web-elb-332529042.ap-southeast-1.elb.amazonaws.com",
            "dns_record_client_routing_policy": null,
            "drop_invalid_header_fields": false,
            "enable_cross_zone_load_balancing": true,
            "enable_deletion_protection": false,
            "enable_http2": true,
            "enable_tls_version_and_cipher_suite_headers": false,
            "enable_waf_fail_open": false,
            "enable_xff_client_port": false,
            "enforce_security_group_inbound_rules_on_private_link_traffic": "",
            "id": "arn:aws:elasticloadbalancing:ap-southeast-1:891377163278:loadbalancer/app/Web-elb/a23b9384b14d164b",
            "idle_timeout": 60,
            "internal": false,
            "ip_address_type": "ipv4",
            "load_balancer_type": "application",
            "name": "Web-elb",
            "name_prefix": "",
            "preserve_host_header": false,
            "security_groups": [
              "sg-0e60b1cc86212cf5a"
            ],
            "subnet_mapping": [
              {
                "allocation_id": "",
                "ipv6_address": "",
                "outpost_id": "",
                "private_ipv4_address": "",
                "subnet_id": "subnet-075746c3f833aa4e6"
              },
              {
                "allocation_id": "",
                "ipv6_address": "",
                "outpost_id": "",
                "private_ipv4_address": "",
                "subnet_id": "subnet-08d8c840d155b0ed1"
              }
            ],
            "subnets": [
              "subnet-075746c3f833aa4e6",
              "subnet-08d8c840d155b0ed1"
            ],
            "tags": {
              "Name": "Web-elb"
            },
            "tags_all": {
              "Name": "Web-elb"
            },
            "timeouts": null,
            "vpc_id": "vpc-0e10412dba9535c77",
            "xff_header_processing_mode": "append",
            "zone_id": "Z1LMS91P8CMLE5"
          },
          "sensitive_attributes": [],
          "private": "eyJlMmJmYjczMC1lY2FhLTExZTYtOGY4OC0zNDM2M2JjN2M0YzAiOnsiY3JlYXRlIjo2MDAwMDAwMDAwMDAsImRlbGV0ZSI6NjAwMDAwMDAwMDAwLCJ1cGRhdGUiOjYwMDAwMDAwMDAwMH19",
          "dependencies": [
            "module.alb.data.aws_security_group.web-alb-sg",
            "module.alb.data.aws_subnet.public-subnet1",
            "module.alb.data.aws_subnet.public-subnet2",
            "module.aws-rds.aws_db_subnet_group.db_subnet_group1",
            "module.aws-rds.aws_db_subnet_group.db_subnet_group2",
            "module.aws-rds.aws_rds_cluster.aurora_cluster",
            "module.aws-rds.data.aws_availability_zones.available",
            "module.aws-rds.data.aws_security_group.db-sg",
            "module.aws-rds.data.aws_subnet.private1-subnet1",
            "module.aws-rds.data.aws_subnet.private1-subnet2",
            "module.aws-rds.data.aws_subnet.private2-subnet1",
            "module.aws-rds.data.aws_subnet.private2-subnet2",
            "module.security-group.aws_security_group.database-sg",
            "module.security-group.aws_security_group.was-alb-sg",
            "module.security-group.aws_security_group.was-tier-sg",
            "module.security-group.aws_security_group.web-alb-sg",
            "module.security-group.aws_security_group.web-tier-sg",
            "module.security-group.data.aws_vpc.vpc",
            "module.vpc.aws_eip.eip1",
            "module.vpc.aws_eip.eip2",
            "module.vpc.aws_internet_gateway.igw",
            "module.vpc.aws_nat_gateway.ngw1",
            "module.vpc.aws_nat_gateway.ngw2",
            "module.vpc.aws_route_table.private1-rt1",
            "module.vpc.aws_route_table.private1-rt2",
            "module.vpc.aws_route_table.private2-rt1",
            "module.vpc.aws_route_table.private2-rt2",
            "module.vpc.aws_route_table.public-rt1",
            "module.vpc.aws_route_table.public-rt2",
            "module.vpc.aws_route_table_association.private1-rt-association1",
            "module.vpc.aws_route_table_association.private1-rt-association2",
            "module.vpc.aws_route_table_association.private2-rt-association1",
            "module.vpc.aws_route_table_association.private2-rt-association2",
            "module.vpc.aws_route_table_association.public-rt-association1",
            "module.vpc.aws_route_table_association.public-rt-association2",
            "module.vpc.aws_subnet.private1-subnet1",
            "module.vpc.aws_subnet.private1-subnet2",
            "module.vpc.aws_subnet.private2-subnet1",
            "module.vpc.aws_subnet.private2-subnet2",
            "module.vpc.aws_subnet.public-subnet1",
            "module.vpc.aws_subnet.public-subnet2",
            "module.vpc.aws_vpc.vpc",
            "module.vpc.data.aws_availability_zones.available"
          ]
        }
      ]
    },
    {
      "module": "module.alb",
      "mode": "managed",
      "type": "aws_lb_listener",
      "name": "was-alb-listener",
      "provider": "provider[\"registry.terraform.io/hashicorp/aws\"]",
      "instances": [
        {
          "schema_version": 0,
          "attributes": {
            "alpn_policy": null,
            "arn": "arn:aws:elasticloadbalancing:ap-southeast-1:891377163278:listener/app/Was-elb/8eff29a68c8ace03/c4f86fb35a7dd3ad",
            "certificate_arn": null,
            "default_action": [
              {
                "authenticate_cognito": [],
                "authenticate_oidc": [],
                "fixed_response": [],
                "forward": [],
                "order": 1,
                "redirect": [],
                "target_group_arn": "arn:aws:elasticloadbalancing:ap-southeast-1:891377163278:targetgroup/Was-TG/480008a35f8f5056",
                "type": "forward"
              }
            ],
            "id": "arn:aws:elasticloadbalancing:ap-southeast-1:891377163278:listener/app/Was-elb/8eff29a68c8ace03/c4f86fb35a7dd3ad",
            "load_balancer_arn": "arn:aws:elasticloadbalancing:ap-southeast-1:891377163278:loadbalancer/app/Was-elb/8eff29a68c8ace03",
            "mutual_authentication": [],
            "port": 8080,
            "protocol": "HTTP",
            "ssl_policy": "",
            "tags": null,
            "tags_all": {},
            "timeouts": null
          },
          "sensitive_attributes": [],
          "private": "eyJlMmJmYjczMC1lY2FhLTExZTYtOGY4OC0zNDM2M2JjN2M0YzAiOnsiY3JlYXRlIjozMDAwMDAwMDAwMDAsInVwZGF0ZSI6MzAwMDAwMDAwMDAwfX0=",
          "dependencies": [
            "module.alb.aws_lb.was-elb",
            "module.alb.aws_lb_target_group.was-tg",
            "module.alb.data.aws_security_group.was-alb-sg",
            "module.alb.data.aws_subnet.private1-subnet1",
            "module.alb.data.aws_subnet.private1-subnet2",
            "module.alb.data.aws_vpc.vpc",
            "module.aws-rds.aws_db_subnet_group.db_subnet_group1",
            "module.aws-rds.aws_db_subnet_group.db_subnet_group2",
            "module.aws-rds.aws_rds_cluster.aurora_cluster",
            "module.aws-rds.data.aws_availability_zones.available",
            "module.aws-rds.data.aws_security_group.db-sg",
            "module.aws-rds.data.aws_subnet.private1-subnet1",
            "module.aws-rds.data.aws_subnet.private1-subnet2",
            "module.aws-rds.data.aws_subnet.private2-subnet1",
            "module.aws-rds.data.aws_subnet.private2-subnet2",
            "module.security-group.aws_security_group.database-sg",
            "module.security-group.aws_security_group.was-alb-sg",
            "module.security-group.aws_security_group.was-tier-sg",
            "module.security-group.aws_security_group.web-alb-sg",
            "module.security-group.aws_security_group.web-tier-sg",
            "module.security-group.data.aws_vpc.vpc",
            "module.vpc.aws_eip.eip1",
            "module.vpc.aws_eip.eip2",
            "module.vpc.aws_internet_gateway.igw",
            "module.vpc.aws_nat_gateway.ngw1",
            "module.vpc.aws_nat_gateway.ngw2",
            "module.vpc.aws_route_table.private1-rt1",
            "module.vpc.aws_route_table.private1-rt2",
            "module.vpc.aws_route_table.private2-rt1",
            "module.vpc.aws_route_table.private2-rt2",
            "module.vpc.aws_route_table.public-rt1",
            "module.vpc.aws_route_table.public-rt2",
            "module.vpc.aws_route_table_association.private1-rt-association1",
            "module.vpc.aws_route_table_association.private1-rt-association2",
            "module.vpc.aws_route_table_association.private2-rt-association1",
            "module.vpc.aws_route_table_association.private2-rt-association2",
            "module.vpc.aws_route_table_association.public-rt-association1",
            "module.vpc.aws_route_table_association.public-rt-association2",
            "module.vpc.aws_subnet.private1-subnet1",
            "module.vpc.aws_subnet.private1-subnet2",
            "module.vpc.aws_subnet.private2-subnet1",
            "module.vpc.aws_subnet.private2-subnet2",
            "module.vpc.aws_subnet.public-subnet1",
            "module.vpc.aws_subnet.public-subnet2",
            "module.vpc.aws_vpc.vpc",
            "module.vpc.data.aws_availability_zones.available"
          ]
        }
      ]
    },
    {
      "module": "module.alb",
      "mode": "managed",
      "type": "aws_lb_listener",
      "name": "web-alb-listener",
      "provider": "provider[\"registry.terraform.io/hashicorp/aws\"]",
      "instances": [
        {
          "schema_version": 0,
          "attributes": {
            "alpn_policy": null,
            "arn": "arn:aws:elasticloadbalancing:ap-southeast-1:891377163278:listener/app/Web-elb/a23b9384b14d164b/e3c8f147a0e283df",
            "certificate_arn": null,
            "default_action": [
              {
                "authenticate_cognito": [],
                "authenticate_oidc": [],
                "fixed_response": [],
                "forward": [],
                "order": 1,
                "redirect": [],
                "target_group_arn": "arn:aws:elasticloadbalancing:ap-southeast-1:891377163278:targetgroup/Web-TG/10f7b5a14c0fd039",
                "type": "forward"
              }
            ],
            "id": "arn:aws:elasticloadbalancing:ap-southeast-1:891377163278:listener/app/Web-elb/a23b9384b14d164b/e3c8f147a0e283df",
            "load_balancer_arn": "arn:aws:elasticloadbalancing:ap-southeast-1:891377163278:loadbalancer/app/Web-elb/a23b9384b14d164b",
            "mutual_authentication": [],
            "port": 80,
            "protocol": "HTTP",
            "ssl_policy": "",
            "tags": null,
            "tags_all": {},
            "timeouts": null
          },
          "sensitive_attributes": [],
          "private": "eyJlMmJmYjczMC1lY2FhLTExZTYtOGY4OC0zNDM2M2JjN2M0YzAiOnsiY3JlYXRlIjozMDAwMDAwMDAwMDAsInVwZGF0ZSI6MzAwMDAwMDAwMDAwfX0=",
          "dependencies": [
            "module.alb.aws_lb.web-elb",
            "module.alb.aws_lb_target_group.web-tg",
            "module.alb.data.aws_security_group.web-alb-sg",
            "module.alb.data.aws_subnet.public-subnet1",
            "module.alb.data.aws_subnet.public-subnet2",
            "module.alb.data.aws_vpc.vpc",
            "module.aws-rds.aws_db_subnet_group.db_subnet_group1",
            "module.aws-rds.aws_db_subnet_group.db_subnet_group2",
            "module.aws-rds.aws_rds_cluster.aurora_cluster",
            "module.aws-rds.data.aws_availability_zones.available",
            "module.aws-rds.data.aws_security_group.db-sg",
            "module.aws-rds.data.aws_subnet.private1-subnet1",
            "module.aws-rds.data.aws_subnet.private1-subnet2",
            "module.aws-rds.data.aws_subnet.private2-subnet1",
            "module.aws-rds.data.aws_subnet.private2-subnet2",
            "module.security-group.aws_security_group.database-sg",
            "module.security-group.aws_security_group.was-alb-sg",
            "module.security-group.aws_security_group.was-tier-sg",
            "module.security-group.aws_security_group.web-alb-sg",
            "module.security-group.aws_security_group.web-tier-sg",
            "module.security-group.data.aws_vpc.vpc",
            "module.vpc.aws_eip.eip1",
            "module.vpc.aws_eip.eip2",
            "module.vpc.aws_internet_gateway.igw",
            "module.vpc.aws_nat_gateway.ngw1",
            "module.vpc.aws_nat_gateway.ngw2",
            "module.vpc.aws_route_table.private1-rt1",
            "module.vpc.aws_route_table.private1-rt2",
            "module.vpc.aws_route_table.private2-rt1",
            "module.vpc.aws_route_table.private2-rt2",
            "module.vpc.aws_route_table.public-rt1",
            "module.vpc.aws_route_table.public-rt2",
            "module.vpc.aws_route_table_association.private1-rt-association1",
            "module.vpc.aws_route_table_association.private1-rt-association2",
            "module.vpc.aws_route_table_association.private2-rt-association1",
            "module.vpc.aws_route_table_association.private2-rt-association2",
            "module.vpc.aws_route_table_association.public-rt-association1",
            "module.vpc.aws_route_table_association.public-rt-association2",
            "module.vpc.aws_subnet.private1-subnet1",
            "module.vpc.aws_subnet.private1-subnet2",
            "module.vpc.aws_subnet.private2-subnet1",
            "module.vpc.aws_subnet.private2-subnet2",
            "module.vpc.aws_subnet.public-subnet1",
            "module.vpc.aws_subnet.public-subnet2",
            "module.vpc.aws_vpc.vpc",
            "module.vpc.data.aws_availability_zones.available"
          ]
        }
      ]
    },
    {
      "module": "module.alb",
      "mode": "managed",
      "type": "aws_lb_target_group",
      "name": "was-tg",
      "provider": "provider[\"registry.terraform.io/hashicorp/aws\"]",
      "instances": [
        {
          "schema_version": 0,
          "attributes": {
            "arn": "arn:aws:elasticloadbalancing:ap-southeast-1:891377163278:targetgroup/Was-TG/480008a35f8f5056",
            "arn_suffix": "targetgroup/Was-TG/480008a35f8f5056",
            "connection_termination": null,
            "deregistration_delay": "300",
            "health_check": [
              {
                "enabled": true,
                "healthy_threshold": 5,
                "interval": 10,
                "matcher": "200",
                "path": "/",
                "port": "traffic-port",
                "protocol": "HTTP",
                "timeout": 5,
                "unhealthy_threshold": 2
              }
            ],
            "id": "arn:aws:elasticloadbalancing:ap-southeast-1:891377163278:targetgroup/Was-TG/480008a35f8f5056",
            "ip_address_type": "ipv4",
            "lambda_multi_value_headers_enabled": false,
            "load_balancer_arns": [],
            "load_balancing_algorithm_type": "round_robin",
            "load_balancing_anomaly_mitigation": "off",
            "load_balancing_cross_zone_enabled": "use_load_balancer_configuration",
            "name": "Was-TG",
            "name_prefix": "",
            "port": 80,
            "preserve_client_ip": null,
            "protocol": "HTTP",
            "protocol_version": "HTTP1",
            "proxy_protocol_v2": false,
            "slow_start": 0,
            "stickiness": [
              {
                "cookie_duration": 86400,
                "cookie_name": "",
                "enabled": false,
                "type": "lb_cookie"
              }
            ],
            "tags": {
              "Name": "Was-TG"
            },
            "tags_all": {
              "Name": "Was-TG"
            },
            "target_failover": [
              {
                "on_deregistration": null,
                "on_unhealthy": null
              }
            ],
            "target_health_state": [
              {
                "enable_unhealthy_connection_termination": null
              }
            ],
            "target_type": "instance",
            "vpc_id": "vpc-0e10412dba9535c77"
          },
          "sensitive_attributes": [],
          "private": "bnVsbA==",
          "dependencies": [
            "module.alb.aws_lb.was-elb",
            "module.alb.data.aws_security_group.was-alb-sg",
            "module.alb.data.aws_subnet.private1-subnet1",
            "module.alb.data.aws_subnet.private1-subnet2",
            "module.alb.data.aws_vpc.vpc",
            "module.aws-rds.aws_db_subnet_group.db_subnet_group1",
            "module.aws-rds.aws_db_subnet_group.db_subnet_group2",
            "module.aws-rds.aws_rds_cluster.aurora_cluster",
            "module.aws-rds.data.aws_availability_zones.available",
            "module.aws-rds.data.aws_security_group.db-sg",
            "module.aws-rds.data.aws_subnet.private1-subnet1",
            "module.aws-rds.data.aws_subnet.private1-subnet2",
            "module.aws-rds.data.aws_subnet.private2-subnet1",
            "module.aws-rds.data.aws_subnet.private2-subnet2",
            "module.security-group.aws_security_group.database-sg",
            "module.security-group.aws_security_group.was-alb-sg",
            "module.security-group.aws_security_group.was-tier-sg",
            "module.security-group.aws_security_group.web-alb-sg",
            "module.security-group.aws_security_group.web-tier-sg",
            "module.security-group.data.aws_vpc.vpc",
            "module.vpc.aws_eip.eip1",
            "module.vpc.aws_eip.eip2",
            "module.vpc.aws_internet_gateway.igw",
            "module.vpc.aws_nat_gateway.ngw1",
            "module.vpc.aws_nat_gateway.ngw2",
            "module.vpc.aws_route_table.private1-rt1",
            "module.vpc.aws_route_table.private1-rt2",
            "module.vpc.aws_route_table.private2-rt1",
            "module.vpc.aws_route_table.private2-rt2",
            "module.vpc.aws_route_table.public-rt1",
            "module.vpc.aws_route_table.public-rt2",
            "module.vpc.aws_route_table_association.private1-rt-association1",
            "module.vpc.aws_route_table_association.private1-rt-association2",
            "module.vpc.aws_route_table_association.private2-rt-association1",
            "module.vpc.aws_route_table_association.private2-rt-association2",
            "module.vpc.aws_route_table_association.public-rt-association1",
            "module.vpc.aws_route_table_association.public-rt-association2",
            "module.vpc.aws_subnet.private1-subnet1",
            "module.vpc.aws_subnet.private1-subnet2",
            "module.vpc.aws_subnet.private2-subnet1",
            "module.vpc.aws_subnet.private2-subnet2",
            "module.vpc.aws_subnet.public-subnet1",
            "module.vpc.aws_subnet.public-subnet2",
            "module.vpc.aws_vpc.vpc",
            "module.vpc.data.aws_availability_zones.available"
          ]
        }
      ]
    },
    {
      "module": "module.alb",
      "mode": "managed",
      "type": "aws_lb_target_group",
      "name": "web-tg",
      "provider": "provider[\"registry.terraform.io/hashicorp/aws\"]",
      "instances": [
        {
          "schema_version": 0,
          "attributes": {
            "arn": "arn:aws:elasticloadbalancing:ap-southeast-1:891377163278:targetgroup/Web-TG/10f7b5a14c0fd039",
            "arn_suffix": "targetgroup/Web-TG/10f7b5a14c0fd039",
            "connection_termination": null,
            "deregistration_delay": "300",
            "health_check": [
              {
                "enabled": true,
                "healthy_threshold": 5,
                "interval": 10,
                "matcher": "200",
                "path": "/",
                "port": "traffic-port",
                "protocol": "HTTP",
                "timeout": 5,
                "unhealthy_threshold": 2
              }
            ],
            "id": "arn:aws:elasticloadbalancing:ap-southeast-1:891377163278:targetgroup/Web-TG/10f7b5a14c0fd039",
            "ip_address_type": "ipv4",
            "lambda_multi_value_headers_enabled": false,
            "load_balancer_arns": [],
            "load_balancing_algorithm_type": "round_robin",
            "load_balancing_anomaly_mitigation": "off",
            "load_balancing_cross_zone_enabled": "use_load_balancer_configuration",
            "name": "Web-TG",
            "name_prefix": "",
            "port": 80,
            "preserve_client_ip": null,
            "protocol": "HTTP",
            "protocol_version": "HTTP1",
            "proxy_protocol_v2": false,
            "slow_start": 0,
            "stickiness": [
              {
                "cookie_duration": 86400,
                "cookie_name": "",
                "enabled": false,
                "type": "lb_cookie"
              }
            ],
            "tags": {
              "Name": "Web-TG"
            },
            "tags_all": {
              "Name": "Web-TG"
            },
            "target_failover": [
              {
                "on_deregistration": null,
                "on_unhealthy": null
              }
            ],
            "target_health_state": [
              {
                "enable_unhealthy_connection_termination": null
              }
            ],
            "target_type": "instance",
            "vpc_id": "vpc-0e10412dba9535c77"
          },
          "sensitive_attributes": [],
          "private": "bnVsbA==",
          "dependencies": [
            "module.alb.aws_lb.web-elb",
            "module.alb.data.aws_security_group.web-alb-sg",
            "module.alb.data.aws_subnet.public-subnet1",
            "module.alb.data.aws_subnet.public-subnet2",
            "module.alb.data.aws_vpc.vpc",
            "module.aws-rds.aws_db_subnet_group.db_subnet_group1",
            "module.aws-rds.aws_db_subnet_group.db_subnet_group2",
            "module.aws-rds.aws_rds_cluster.aurora_cluster",
            "module.aws-rds.data.aws_availability_zones.available",
            "module.aws-rds.data.aws_security_group.db-sg",
            "module.aws-rds.data.aws_subnet.private1-subnet1",
            "module.aws-rds.data.aws_subnet.private1-subnet2",
            "module.aws-rds.data.aws_subnet.private2-subnet1",
            "module.aws-rds.data.aws_subnet.private2-subnet2",
            "module.security-group.aws_security_group.database-sg",
            "module.security-group.aws_security_group.was-alb-sg",
            "module.security-group.aws_security_group.was-tier-sg",
            "module.security-group.aws_security_group.web-alb-sg",
            "module.security-group.aws_security_group.web-tier-sg",
            "module.security-group.data.aws_vpc.vpc",
            "module.vpc.aws_eip.eip1",
            "module.vpc.aws_eip.eip2",
            "module.vpc.aws_internet_gateway.igw",
            "module.vpc.aws_nat_gateway.ngw1",
            "module.vpc.aws_nat_gateway.ngw2",
            "module.vpc.aws_route_table.private1-rt1",
            "module.vpc.aws_route_table.private1-rt2",
            "module.vpc.aws_route_table.private2-rt1",
            "module.vpc.aws_route_table.private2-rt2",
            "module.vpc.aws_route_table.public-rt1",
            "module.vpc.aws_route_table.public-rt2",
            "module.vpc.aws_route_table_association.private1-rt-association1",
            "module.vpc.aws_route_table_association.private1-rt-association2",
            "module.vpc.aws_route_table_association.private2-rt-association1",
            "module.vpc.aws_route_table_association.private2-rt-association2",
            "module.vpc.aws_route_table_association.public-rt-association1",
            "module.vpc.aws_route_table_association.public-rt-association2",
            "module.vpc.aws_subnet.private1-subnet1",
            "module.vpc.aws_subnet.private1-subnet2",
            "module.vpc.aws_subnet.private2-subnet1",
            "module.vpc.aws_subnet.private2-subnet2",
            "module.vpc.aws_subnet.public-subnet1",
            "module.vpc.aws_subnet.public-subnet2",
            "module.vpc.aws_vpc.vpc",
            "module.vpc.data.aws_availability_zones.available"
          ]
        }
      ]
    },
    {
      "module": "module.autoscaling",
      "mode": "data",
      "type": "aws_ami",
      "name": "ami",
      "provider": "provider[\"registry.terraform.io/hashicorp/aws\"]",
      "instances": [
        {
          "schema_version": 0,
          "attributes": {
            "architecture": "x86_64",
            "arn": "arn:aws:ec2:ap-southeast-1::image/ami-084cab24460184bd3",
            "block_device_mappings": [
              {
                "device_name": "/dev/sda1",
                "ebs": {
                  "delete_on_termination": "true",
                  "encrypted": "false",
                  "iops": "0",
                  "snapshot_id": "snap-0aa8edb94e9ca6043",
                  "throughput": "0",
                  "volume_size": "8",
                  "volume_type": "gp2"
                },
                "no_device": "",
                "virtual_name": ""
              },
              {
                "device_name": "/dev/sdb",
                "ebs": {},
                "no_device": "",
                "virtual_name": "ephemeral0"
              },
              {
                "device_name": "/dev/sdc",
                "ebs": {},
                "no_device": "",
                "virtual_name": "ephemeral1"
              }
            ],
            "boot_mode": "uefi-preferred",
            "creation_date": "2024-05-01T02:42:58.000Z",
            "deprecation_time": "2026-05-01T02:42:58.000Z",
            "description": "Canonical, Ubuntu, 22.04 LTS, amd64 jammy image build on 2024-05-01",
            "ena_support": true,
            "executable_users": null,
            "filter": [
              {
                "name": "name",
                "values": [
                  "ubuntu/images/hvm-ssd/ubuntu-jammy-22.04-amd64-server-*"
                ]
              }
            ],
            "hypervisor": "xen",
            "id": "ami-084cab24460184bd3",
            "image_id": "ami-084cab24460184bd3",
            "image_location": "amazon/ubuntu/images/hvm-ssd/ubuntu-jammy-22.04-amd64-server-20240501",
            "image_owner_alias": "amazon",
            "image_type": "machine",
            "imds_support": "",
            "include_deprecated": false,
            "kernel_id": "",
            "most_recent": true,
            "name": "ubuntu/images/hvm-ssd/ubuntu-jammy-22.04-amd64-server-20240501",
            "name_regex": null,
            "owner_id": "099720109477",
            "owners": [
              "099720109477"
            ],
            "platform": "",
            "platform_details": "Linux/UNIX",
            "product_codes": [],
            "public": true,
            "ramdisk_id": "",
            "root_device_name": "/dev/sda1",
            "root_device_type": "ebs",
            "root_snapshot_id": "snap-0aa8edb94e9ca6043",
            "sriov_net_support": "simple",
            "state": "available",
            "state_reason": {
              "code": "UNSET",
              "message": "UNSET"
            },
            "tags": {},
            "timeouts": null,
            "tpm_support": "",
            "usage_operation": "RunInstances",
            "virtualization_type": "hvm"
          },
          "sensitive_attributes": []
        }
      ]
    },
    {
      "module": "module.autoscaling",
      "mode": "data",
      "type": "aws_iam_instance_profile",
      "name": "instance-profile",
      "provider": "provider[\"registry.terraform.io/hashicorp/aws\"]",
      "instances": [
        {
          "schema_version": 0,
          "attributes": {
            "arn": "arn:aws:iam::891377163278:instance-profile/iam-instance-profile-for-ec2-SSM-s3-cw-cd-kms",
            "create_date": "2024-05-09 00:42:09 +0000 UTC",
            "id": "AIPA47CRYDQHDRRHWQLKG",
            "name": "iam-instance-profile-for-ec2-SSM-s3-cw-cd-kms",
            "path": "/",
            "role_arn": "arn:aws:iam::891377163278:role/iam-role-for-ec2-SSM-s3-cw-cd-kms",
            "role_id": "AROA47CRYDQHEGANNEWMR",
            "role_name": "iam-role-for-ec2-SSM-s3-cw-cd-kms"
          },
          "sensitive_attributes": []
        }
      ]
    },
    {
      "module": "module.autoscaling",
      "mode": "data",
      "type": "aws_lb_target_group",
      "name": "was-tg",
      "provider": "provider[\"registry.terraform.io/hashicorp/aws\"]",
      "instances": [
        {
          "schema_version": 0,
          "attributes": {
            "arn": "arn:aws:elasticloadbalancing:ap-southeast-1:891377163278:targetgroup/Was-TG/480008a35f8f5056",
            "arn_suffix": "targetgroup/Was-TG/480008a35f8f5056",
            "connection_termination": null,
            "deregistration_delay": "300",
            "health_check": [
              {
                "enabled": true,
                "healthy_threshold": 5,
                "interval": 10,
                "matcher": "200",
                "path": "/",
                "port": "traffic-port",
                "protocol": "HTTP",
                "timeout": 5,
                "unhealthy_threshold": 2
              }
            ],
            "id": "arn:aws:elasticloadbalancing:ap-southeast-1:891377163278:targetgroup/Was-TG/480008a35f8f5056",
            "lambda_multi_value_headers_enabled": null,
            "load_balancer_arns": [
              "arn:aws:elasticloadbalancing:ap-southeast-1:891377163278:loadbalancer/app/Was-elb/8eff29a68c8ace03"
            ],
            "load_balancing_algorithm_type": "round_robin",
            "load_balancing_anomaly_mitigation": "off",
            "load_balancing_cross_zone_enabled": "use_load_balancer_configuration",
            "name": "Was-TG",
            "port": 80,
            "preserve_client_ip": null,
            "protocol": "HTTP",
            "protocol_version": "HTTP1",
            "proxy_protocol_v2": null,
            "slow_start": 0,
            "stickiness": [
              {
                "cookie_duration": 86400,
                "cookie_name": "",
                "enabled": false,
                "type": "lb_cookie"
              }
            ],
            "tags": {
              "Name": "Was-TG"
            },
            "target_type": "instance",
            "timeouts": null,
            "vpc_id": "vpc-0e10412dba9535c77"
          },
          "sensitive_attributes": []
        }
      ]
    },
    {
      "module": "module.autoscaling",
      "mode": "data",
      "type": "aws_lb_target_group",
      "name": "web-tg",
      "provider": "provider[\"registry.terraform.io/hashicorp/aws\"]",
      "instances": [
        {
          "schema_version": 0,
          "attributes": {
            "arn": "arn:aws:elasticloadbalancing:ap-southeast-1:891377163278:targetgroup/Web-TG/10f7b5a14c0fd039",
            "arn_suffix": "targetgroup/Web-TG/10f7b5a14c0fd039",
            "connection_termination": null,
            "deregistration_delay": "300",
            "health_check": [
              {
                "enabled": true,
                "healthy_threshold": 5,
                "interval": 10,
                "matcher": "200",
                "path": "/",
                "port": "traffic-port",
                "protocol": "HTTP",
                "timeout": 5,
                "unhealthy_threshold": 2
              }
            ],
            "id": "arn:aws:elasticloadbalancing:ap-southeast-1:891377163278:targetgroup/Web-TG/10f7b5a14c0fd039",
            "lambda_multi_value_headers_enabled": null,
            "load_balancer_arns": [
              "arn:aws:elasticloadbalancing:ap-southeast-1:891377163278:loadbalancer/app/Web-elb/a23b9384b14d164b"
            ],
            "load_balancing_algorithm_type": "round_robin",
            "load_balancing_anomaly_mitigation": "off",
            "load_balancing_cross_zone_enabled": "use_load_balancer_configuration",
            "name": "Web-TG",
            "port": 80,
            "preserve_client_ip": null,
            "protocol": "HTTP",
            "protocol_version": "HTTP1",
            "proxy_protocol_v2": null,
            "slow_start": 0,
            "stickiness": [
              {
                "cookie_duration": 86400,
                "cookie_name": "",
                "enabled": false,
                "type": "lb_cookie"
              }
            ],
            "tags": {
              "Name": "Web-TG"
            },
            "target_type": "instance",
            "timeouts": null,
            "vpc_id": "vpc-0e10412dba9535c77"
          },
          "sensitive_attributes": []
        }
      ]
    },
    {
      "module": "module.autoscaling",
      "mode": "data",
      "type": "aws_security_group",
      "name": "was-sg",
      "provider": "provider[\"registry.terraform.io/hashicorp/aws\"]",
      "instances": [
        {
          "schema_version": 0,
          "attributes": {
            "arn": "arn:aws:ec2:ap-southeast-1:891377163278:security-group/sg-0a5d114e18916deb3",
            "description": "Allow HTTP and HTTPS for WEB Only",
            "filter": [
              {
                "name": "tag:Name",
                "values": [
                  "3-Tier-was-sg"
                ]
              }
            ],
            "id": "sg-0a5d114e18916deb3",
            "name": "terraform-2024050900370164010000000c",
            "tags": {
              "Name": "3-Tier-was-sg"
            },
            "timeouts": null,
            "vpc_id": "vpc-0e10412dba9535c77"
          },
          "sensitive_attributes": []
        }
      ]
    },
    {
      "module": "module.autoscaling",
      "mode": "data",
      "type": "aws_security_group",
      "name": "web-sg",
      "provider": "provider[\"registry.terraform.io/hashicorp/aws\"]",
      "instances": [
        {
          "schema_version": 0,
          "attributes": {
            "arn": "arn:aws:ec2:ap-southeast-1:891377163278:security-group/sg-016d78b3f0bd91bc7",
            "description": "Allow HTTP and HTTPS for ALB Only",
            "filter": [
              {
                "name": "tag:Name",
                "values": [
                  "3-Tier-web-sg"
                ]
              }
            ],
            "id": "sg-016d78b3f0bd91bc7",
            "name": "terraform-2024050900365694190000000a",
            "tags": {
              "Name": "3-Tier-web-sg"
            },
            "timeouts": null,
            "vpc_id": "vpc-0e10412dba9535c77"
          },
          "sensitive_attributes": []
        }
      ]
    },
    {
      "module": "module.autoscaling",
      "mode": "data",
      "type": "aws_subnet",
      "name": "private1-subnet1",
      "provider": "provider[\"registry.terraform.io/hashicorp/aws\"]",
      "instances": [
        {
          "schema_version": 0,
          "attributes": {
            "arn": "arn:aws:ec2:ap-southeast-1:891377163278:subnet/subnet-0b5dbbdba471ab9ca",
            "assign_ipv6_address_on_creation": false,
            "availability_zone": "ap-southeast-1a",
            "availability_zone_id": "apse1-az1",
            "available_ip_address_count": 250,
            "cidr_block": "192.168.20.0/24",
            "customer_owned_ipv4_pool": "",
            "default_for_az": false,
            "enable_dns64": false,
            "enable_lni_at_device_index": 0,
            "enable_resource_name_dns_a_record_on_launch": false,
            "enable_resource_name_dns_aaaa_record_on_launch": false,
            "filter": [
              {
                "name": "tag:Name",
                "values": [
                  "3-Tier-Private1-Subnet1"
                ]
              }
            ],
            "id": "subnet-0b5dbbdba471ab9ca",
            "ipv6_cidr_block": "",
            "ipv6_cidr_block_association_id": "",
            "ipv6_native": false,
            "map_customer_owned_ip_on_launch": false,
            "map_public_ip_on_launch": false,
            "outpost_arn": "",
            "owner_id": "891377163278",
            "private_dns_hostname_type_on_launch": "ip-name",
            "state": "available",
            "tags": {
              "Name": "3-Tier-Private1-Subnet1"
            },
            "timeouts": null,
            "vpc_id": "vpc-0e10412dba9535c77"
          },
          "sensitive_attributes": []
        }
      ]
    },
    {
      "module": "module.autoscaling",
      "mode": "data",
      "type": "aws_subnet",
      "name": "private1-subnet2",
      "provider": "provider[\"registry.terraform.io/hashicorp/aws\"]",
      "instances": [
        {
          "schema_version": 0,
          "attributes": {
            "arn": "arn:aws:ec2:ap-southeast-1:891377163278:subnet/subnet-075746c3f833aa4e6",
            "assign_ipv6_address_on_creation": false,
            "availability_zone": "ap-southeast-1b",
            "availability_zone_id": "apse1-az2",
            "available_ip_address_count": 248,
            "cidr_block": "192.168.50.0/24",
            "customer_owned_ipv4_pool": "",
            "default_for_az": false,
            "enable_dns64": false,
            "enable_lni_at_device_index": 0,
            "enable_resource_name_dns_a_record_on_launch": false,
            "enable_resource_name_dns_aaaa_record_on_launch": false,
            "filter": [
              {
                "name": "tag:Name",
                "values": [
                  "3-Tier-Private1-Subnet2"
                ]
              }
            ],
            "id": "subnet-075746c3f833aa4e6",
            "ipv6_cidr_block": "",
            "ipv6_cidr_block_association_id": "",
            "ipv6_native": false,
            "map_customer_owned_ip_on_launch": false,
            "map_public_ip_on_launch": false,
            "outpost_arn": "",
            "owner_id": "891377163278",
            "private_dns_hostname_type_on_launch": "ip-name",
            "state": "available",
            "tags": {
              "Name": "3-Tier-Private1-Subnet2"
            },
            "timeouts": null,
            "vpc_id": "vpc-0e10412dba9535c77"
          },
          "sensitive_attributes": []
        }
      ]
    },
    {
      "module": "module.autoscaling",
      "mode": "data",
      "type": "aws_subnet",
      "name": "public-subnet1",
      "provider": "provider[\"registry.terraform.io/hashicorp/aws\"]",
      "instances": [
        {
          "schema_version": 0,
          "attributes": {
            "arn": "arn:aws:ec2:ap-southeast-1:891377163278:subnet/subnet-08d8c840d155b0ed1",
            "assign_ipv6_address_on_creation": false,
            "availability_zone": "ap-southeast-1a",
            "availability_zone_id": "apse1-az1",
            "available_ip_address_count": 250,
            "cidr_block": "192.168.10.0/24",
            "customer_owned_ipv4_pool": "",
            "default_for_az": false,
            "enable_dns64": false,
            "enable_lni_at_device_index": 0,
            "enable_resource_name_dns_a_record_on_launch": false,
            "enable_resource_name_dns_aaaa_record_on_launch": false,
            "filter": [
              {
                "name": "tag:Name",
                "values": [
                  "3-Tier-Public-Subnet1"
                ]
              }
            ],
            "id": "subnet-08d8c840d155b0ed1",
            "ipv6_cidr_block": "",
            "ipv6_cidr_block_association_id": "",
            "ipv6_native": false,
            "map_customer_owned_ip_on_launch": false,
            "map_public_ip_on_launch": true,
            "outpost_arn": "",
            "owner_id": "891377163278",
            "private_dns_hostname_type_on_launch": "ip-name",
            "state": "available",
            "tags": {
              "Name": "3-Tier-Public-Subnet1"
            },
            "timeouts": null,
            "vpc_id": "vpc-0e10412dba9535c77"
          },
          "sensitive_attributes": []
        }
      ]
    },
    {
      "module": "module.autoscaling",
      "mode": "data",
      "type": "aws_subnet",
      "name": "public-subnet2",
      "provider": "provider[\"registry.terraform.io/hashicorp/aws\"]",
      "instances": [
        {
          "schema_version": 0,
          "attributes": {
            "arn": "arn:aws:ec2:ap-southeast-1:891377163278:subnet/subnet-0823da2c6ca30d684",
            "assign_ipv6_address_on_creation": false,
            "availability_zone": "ap-southeast-1b",
            "availability_zone_id": "apse1-az2",
            "available_ip_address_count": 250,
            "cidr_block": "192.168.40.0/24",
            "customer_owned_ipv4_pool": "",
            "default_for_az": false,
            "enable_dns64": false,
            "enable_lni_at_device_index": 0,
            "enable_resource_name_dns_a_record_on_launch": false,
            "enable_resource_name_dns_aaaa_record_on_launch": false,
            "filter": [
              {
                "name": "tag:Name",
                "values": [
                  "3-Tier-Public-Subnet2"
                ]
              }
            ],
            "id": "subnet-0823da2c6ca30d684",
            "ipv6_cidr_block": "",
            "ipv6_cidr_block_association_id": "",
            "ipv6_native": false,
            "map_customer_owned_ip_on_launch": false,
            "map_public_ip_on_launch": true,
            "outpost_arn": "",
            "owner_id": "891377163278",
            "private_dns_hostname_type_on_launch": "ip-name",
            "state": "available",
            "tags": {
              "Name": "3-Tier-Public-Subnet2"
            },
            "timeouts": null,
            "vpc_id": "vpc-0e10412dba9535c77"
          },
          "sensitive_attributes": []
        }
      ]
    },
    {
      "module": "module.autoscaling",
      "mode": "managed",
      "type": "aws_autoscaling_group",
      "name": "Was-ASG",
      "provider": "provider[\"registry.terraform.io/hashicorp/aws\"]",
      "instances": [
        {
          "schema_version": 1,
          "attributes": {
            "arn": "arn:aws:autoscaling:ap-southeast-1:891377163278:autoScalingGroup:af512e7b-8613-4518-a320-ee8173ceb9dd:autoScalingGroupName/3-Tier-ASG-was",
            "availability_zones": [
              "ap-southeast-1a",
              "ap-southeast-1b"
            ],
            "capacity_rebalance": false,
            "context": "",
            "default_cooldown": 300,
            "default_instance_warmup": 0,
            "desired_capacity": 2,
            "desired_capacity_type": "",
            "enabled_metrics": null,
            "force_delete": true,
            "force_delete_warm_pool": false,
            "health_check_grace_period": 300,
            "health_check_type": "ELB",
            "id": "3-Tier-ASG-was",
            "ignore_failed_scaling_activities": false,
            "initial_lifecycle_hook": [],
            "instance_maintenance_policy": [],
            "instance_refresh": [],
            "launch_configuration": "",
            "launch_template": [
              {
                "id": "lt-000a09085b6f61c4c",
                "name": "Was-template",
                "version": "1"
              }
            ],
            "load_balancers": [],
            "max_instance_lifetime": 0,
            "max_size": 4,
            "metrics_granularity": "1Minute",
            "min_elb_capacity": null,
            "min_size": 2,
            "mixed_instances_policy": [],
            "name": "3-Tier-ASG-was",
            "name_prefix": "",
            "placement_group": "",
            "predicted_capacity": 0,
            "protect_from_scale_in": false,
            "service_linked_role_arn": "arn:aws:iam::891377163278:role/aws-service-role/autoscaling.amazonaws.com/AWSServiceRoleForAutoScaling",
            "suspended_processes": null,
            "tag": [
              {
                "key": "Name",
                "propagate_at_launch": true,
                "value": "Was-ASG"
              }
            ],
            "target_group_arns": [
              "arn:aws:elasticloadbalancing:ap-southeast-1:891377163278:targetgroup/Was-TG/480008a35f8f5056"
            ],
            "termination_policies": null,
            "timeouts": null,
            "traffic_source": [
              {
                "identifier": "arn:aws:elasticloadbalancing:ap-southeast-1:891377163278:targetgroup/Was-TG/480008a35f8f5056",
                "type": "elbv2"
              }
            ],
            "vpc_zone_identifier": [
              "subnet-075746c3f833aa4e6",
              "subnet-0b5dbbdba471ab9ca"
            ],
            "wait_for_capacity_timeout": "10m",
            "wait_for_elb_capacity": null,
            "warm_pool": [],
            "warm_pool_size": 0
          },
          "sensitive_attributes": [],
          "private": "eyJlMmJmYjczMC1lY2FhLTExZTYtOGY4OC0zNDM2M2JjN2M0YzAiOnsiZGVsZXRlIjo2MDAwMDAwMDAwMDAsInVwZGF0ZSI6NjAwMDAwMDAwMDAwfSwic2NoZW1hX3ZlcnNpb24iOiIxIn0=",
          "dependencies": [
            "module.alb.aws_lb.was-elb",
            "module.alb.aws_lb.web-elb",
            "module.alb.aws_lb_listener.was-alb-listener",
            "module.alb.aws_lb_listener.web-alb-listener",
            "module.alb.aws_lb_target_group.was-tg",
            "module.alb.aws_lb_target_group.web-tg",
            "module.alb.data.aws_security_group.was-alb-sg",
            "module.alb.data.aws_security_group.web-alb-sg",
            "module.alb.data.aws_subnet.private1-subnet1",
            "module.alb.data.aws_subnet.private1-subnet2",
            "module.alb.data.aws_subnet.public-subnet1",
            "module.alb.data.aws_subnet.public-subnet2",
            "module.alb.data.aws_vpc.vpc",
            "module.autoscaling.aws_launch_template.Was-LC",
            "module.autoscaling.data.aws_ami.ami",
            "module.autoscaling.data.aws_iam_instance_profile.instance-profile",
            "module.autoscaling.data.aws_lb_target_group.was-tg",
            "module.autoscaling.data.aws_security_group.was-sg",
            "module.autoscaling.data.aws_subnet.private1-subnet1",
            "module.autoscaling.data.aws_subnet.private1-subnet2",
            "module.aws-rds.aws_db_subnet_group.db_subnet_group1",
            "module.aws-rds.aws_db_subnet_group.db_subnet_group2",
            "module.aws-rds.aws_rds_cluster.aurora_cluster",
            "module.aws-rds.data.aws_availability_zones.available",
            "module.aws-rds.data.aws_security_group.db-sg",
            "module.aws-rds.data.aws_subnet.private1-subnet1",
            "module.aws-rds.data.aws_subnet.private1-subnet2",
            "module.aws-rds.data.aws_subnet.private2-subnet1",
            "module.aws-rds.data.aws_subnet.private2-subnet2",
            "module.iam.aws_iam_instance_profile.test_profile",
            "module.iam.aws_iam_role.iam-role",
            "module.iam.aws_iam_role_policy.iam-policy",
            "module.security-group.aws_security_group.database-sg",
            "module.security-group.aws_security_group.was-alb-sg",
            "module.security-group.aws_security_group.was-tier-sg",
            "module.security-group.aws_security_group.web-alb-sg",
            "module.security-group.aws_security_group.web-tier-sg",
            "module.security-group.data.aws_vpc.vpc",
            "module.vpc.aws_eip.eip1",
            "module.vpc.aws_eip.eip2",
            "module.vpc.aws_internet_gateway.igw",
            "module.vpc.aws_nat_gateway.ngw1",
            "module.vpc.aws_nat_gateway.ngw2",
            "module.vpc.aws_route_table.private1-rt1",
            "module.vpc.aws_route_table.private1-rt2",
            "module.vpc.aws_route_table.private2-rt1",
            "module.vpc.aws_route_table.private2-rt2",
            "module.vpc.aws_route_table.public-rt1",
            "module.vpc.aws_route_table.public-rt2",
            "module.vpc.aws_route_table_association.private1-rt-association1",
            "module.vpc.aws_route_table_association.private1-rt-association2",
            "module.vpc.aws_route_table_association.private2-rt-association1",
            "module.vpc.aws_route_table_association.private2-rt-association2",
            "module.vpc.aws_route_table_association.public-rt-association1",
            "module.vpc.aws_route_table_association.public-rt-association2",
            "module.vpc.aws_subnet.private1-subnet1",
            "module.vpc.aws_subnet.private1-subnet2",
            "module.vpc.aws_subnet.private2-subnet1",
            "module.vpc.aws_subnet.private2-subnet2",
            "module.vpc.aws_subnet.public-subnet1",
            "module.vpc.aws_subnet.public-subnet2",
            "module.vpc.aws_vpc.vpc",
            "module.vpc.data.aws_availability_zones.available"
          ]
        }
      ]
    },
    {
      "module": "module.autoscaling",
      "mode": "managed",
      "type": "aws_autoscaling_group",
      "name": "Web-ASG",
      "provider": "provider[\"registry.terraform.io/hashicorp/aws\"]",
      "instances": [
        {
          "schema_version": 1,
          "attributes": {
            "arn": "arn:aws:autoscaling:ap-southeast-1:891377163278:autoScalingGroup:e067043e-12f4-4a21-a15a-6f7e83ba8c89:autoScalingGroupName/3-Tier-ASG-web",
            "availability_zones": [
              "ap-southeast-1a",
              "ap-southeast-1b"
            ],
            "capacity_rebalance": false,
            "context": "",
            "default_cooldown": 300,
            "default_instance_warmup": 0,
            "desired_capacity": 2,
            "desired_capacity_type": "",
            "enabled_metrics": null,
            "force_delete": true,
            "force_delete_warm_pool": false,
            "health_check_grace_period": 300,
            "health_check_type": "ELB",
            "id": "3-Tier-ASG-web",
            "ignore_failed_scaling_activities": false,
            "initial_lifecycle_hook": [],
            "instance_maintenance_policy": [],
            "instance_refresh": [],
            "launch_configuration": "",
            "launch_template": [
              {
                "id": "lt-0fde4ccbc91ac96ed",
                "name": "Web-template",
                "version": "1"
              }
            ],
            "load_balancers": [],
            "max_instance_lifetime": 0,
            "max_size": 4,
            "metrics_granularity": "1Minute",
            "min_elb_capacity": null,
            "min_size": 2,
            "mixed_instances_policy": [],
            "name": "3-Tier-ASG-web",
            "name_prefix": "",
            "placement_group": "",
            "predicted_capacity": 0,
            "protect_from_scale_in": false,
            "service_linked_role_arn": "arn:aws:iam::891377163278:role/aws-service-role/autoscaling.amazonaws.com/AWSServiceRoleForAutoScaling",
            "suspended_processes": null,
            "tag": [
              {
                "key": "Name",
                "propagate_at_launch": true,
                "value": "Web-ASG"
              }
            ],
            "target_group_arns": [
              "arn:aws:elasticloadbalancing:ap-southeast-1:891377163278:targetgroup/Web-TG/10f7b5a14c0fd039"
            ],
            "termination_policies": null,
            "timeouts": null,
            "traffic_source": [
              {
                "identifier": "arn:aws:elasticloadbalancing:ap-southeast-1:891377163278:targetgroup/Web-TG/10f7b5a14c0fd039",
                "type": "elbv2"
              }
            ],
            "vpc_zone_identifier": [
              "subnet-075746c3f833aa4e6",
              "subnet-0b5dbbdba471ab9ca"
            ],
            "wait_for_capacity_timeout": "10m",
            "wait_for_elb_capacity": null,
            "warm_pool": [],
            "warm_pool_size": 0
          },
          "sensitive_attributes": [],
          "private": "eyJlMmJmYjczMC1lY2FhLTExZTYtOGY4OC0zNDM2M2JjN2M0YzAiOnsiZGVsZXRlIjo2MDAwMDAwMDAwMDAsInVwZGF0ZSI6NjAwMDAwMDAwMDAwfSwic2NoZW1hX3ZlcnNpb24iOiIxIn0=",
          "dependencies": [
            "module.alb.aws_lb.was-elb",
            "module.alb.aws_lb.web-elb",
            "module.alb.aws_lb_listener.was-alb-listener",
            "module.alb.aws_lb_listener.web-alb-listener",
            "module.alb.aws_lb_target_group.was-tg",
            "module.alb.aws_lb_target_group.web-tg",
            "module.alb.data.aws_security_group.was-alb-sg",
            "module.alb.data.aws_security_group.web-alb-sg",
            "module.alb.data.aws_subnet.private1-subnet1",
            "module.alb.data.aws_subnet.private1-subnet2",
            "module.alb.data.aws_subnet.public-subnet1",
            "module.alb.data.aws_subnet.public-subnet2",
            "module.alb.data.aws_vpc.vpc",
            "module.autoscaling.aws_launch_template.Web-LC",
            "module.autoscaling.data.aws_ami.ami",
            "module.autoscaling.data.aws_iam_instance_profile.instance-profile",
            "module.autoscaling.data.aws_lb_target_group.web-tg",
            "module.autoscaling.data.aws_security_group.web-sg",
            "module.autoscaling.data.aws_subnet.private1-subnet1",
            "module.autoscaling.data.aws_subnet.private1-subnet2",
            "module.aws-rds.aws_db_subnet_group.db_subnet_group1",
            "module.aws-rds.aws_db_subnet_group.db_subnet_group2",
            "module.aws-rds.aws_rds_cluster.aurora_cluster",
            "module.aws-rds.data.aws_availability_zones.available",
            "module.aws-rds.data.aws_security_group.db-sg",
            "module.aws-rds.data.aws_subnet.private1-subnet1",
            "module.aws-rds.data.aws_subnet.private1-subnet2",
            "module.aws-rds.data.aws_subnet.private2-subnet1",
            "module.aws-rds.data.aws_subnet.private2-subnet2",
            "module.iam.aws_iam_instance_profile.test_profile",
            "module.iam.aws_iam_role.iam-role",
            "module.iam.aws_iam_role_policy.iam-policy",
            "module.security-group.aws_security_group.database-sg",
            "module.security-group.aws_security_group.was-alb-sg",
            "module.security-group.aws_security_group.was-tier-sg",
            "module.security-group.aws_security_group.web-alb-sg",
            "module.security-group.aws_security_group.web-tier-sg",
            "module.security-group.data.aws_vpc.vpc",
            "module.vpc.aws_eip.eip1",
            "module.vpc.aws_eip.eip2",
            "module.vpc.aws_internet_gateway.igw",
            "module.vpc.aws_nat_gateway.ngw1",
            "module.vpc.aws_nat_gateway.ngw2",
            "module.vpc.aws_route_table.private1-rt1",
            "module.vpc.aws_route_table.private1-rt2",
            "module.vpc.aws_route_table.private2-rt1",
            "module.vpc.aws_route_table.private2-rt2",
            "module.vpc.aws_route_table.public-rt1",
            "module.vpc.aws_route_table.public-rt2",
            "module.vpc.aws_route_table_association.private1-rt-association1",
            "module.vpc.aws_route_table_association.private1-rt-association2",
            "module.vpc.aws_route_table_association.private2-rt-association1",
            "module.vpc.aws_route_table_association.private2-rt-association2",
            "module.vpc.aws_route_table_association.public-rt-association1",
            "module.vpc.aws_route_table_association.public-rt-association2",
            "module.vpc.aws_subnet.private1-subnet1",
            "module.vpc.aws_subnet.private1-subnet2",
            "module.vpc.aws_subnet.private2-subnet1",
            "module.vpc.aws_subnet.private2-subnet2",
            "module.vpc.aws_subnet.public-subnet1",
            "module.vpc.aws_subnet.public-subnet2",
            "module.vpc.aws_vpc.vpc",
            "module.vpc.data.aws_availability_zones.available"
          ]
        }
      ]
    },
    {
      "module": "module.autoscaling",
      "mode": "managed",
      "type": "aws_autoscaling_policy",
      "name": "was-custom-cpu-policy",
      "provider": "provider[\"registry.terraform.io/hashicorp/aws\"]",
      "instances": [
        {
          "schema_version": 0,
          "attributes": {
            "adjustment_type": "ChangeInCapacity",
            "arn": "arn:aws:autoscaling:ap-southeast-1:891377163278:scalingPolicy:92a97754-13dc-4dec-80f0-85cbc90d161a:autoScalingGroupName/3-Tier-ASG-was:policyName/custom-cpu-policy",
            "autoscaling_group_name": "3-Tier-ASG-was",
            "cooldown": 60,
            "enabled": true,
            "estimated_instance_warmup": 0,
            "id": "custom-cpu-policy",
            "metric_aggregation_type": "",
            "min_adjustment_magnitude": 0,
            "name": "custom-cpu-policy",
            "policy_type": "SimpleScaling",
            "predictive_scaling_configuration": [],
            "scaling_adjustment": 1,
            "step_adjustment": [],
            "target_tracking_configuration": []
          },
          "sensitive_attributes": [],
          "private": "bnVsbA==",
          "dependencies": [
            "module.alb.aws_lb.was-elb",
            "module.alb.aws_lb.web-elb",
            "module.alb.aws_lb_listener.was-alb-listener",
            "module.alb.aws_lb_listener.web-alb-listener",
            "module.alb.aws_lb_target_group.was-tg",
            "module.alb.aws_lb_target_group.web-tg",
            "module.alb.data.aws_security_group.was-alb-sg",
            "module.alb.data.aws_security_group.web-alb-sg",
            "module.alb.data.aws_subnet.private1-subnet1",
            "module.alb.data.aws_subnet.private1-subnet2",
            "module.alb.data.aws_subnet.public-subnet1",
            "module.alb.data.aws_subnet.public-subnet2",
            "module.alb.data.aws_vpc.vpc",
            "module.autoscaling.aws_autoscaling_group.Was-ASG",
            "module.autoscaling.aws_launch_template.Was-LC",
            "module.autoscaling.data.aws_ami.ami",
            "module.autoscaling.data.aws_iam_instance_profile.instance-profile",
            "module.autoscaling.data.aws_lb_target_group.was-tg",
            "module.autoscaling.data.aws_security_group.was-sg",
            "module.autoscaling.data.aws_subnet.private1-subnet1",
            "module.autoscaling.data.aws_subnet.private1-subnet2",
            "module.aws-rds.aws_db_subnet_group.db_subnet_group1",
            "module.aws-rds.aws_db_subnet_group.db_subnet_group2",
            "module.aws-rds.aws_rds_cluster.aurora_cluster",
            "module.aws-rds.data.aws_availability_zones.available",
            "module.aws-rds.data.aws_security_group.db-sg",
            "module.aws-rds.data.aws_subnet.private1-subnet1",
            "module.aws-rds.data.aws_subnet.private1-subnet2",
            "module.aws-rds.data.aws_subnet.private2-subnet1",
            "module.aws-rds.data.aws_subnet.private2-subnet2",
            "module.iam.aws_iam_instance_profile.test_profile",
            "module.iam.aws_iam_role.iam-role",
            "module.iam.aws_iam_role_policy.iam-policy",
            "module.security-group.aws_security_group.database-sg",
            "module.security-group.aws_security_group.was-alb-sg",
            "module.security-group.aws_security_group.was-tier-sg",
            "module.security-group.aws_security_group.web-alb-sg",
            "module.security-group.aws_security_group.web-tier-sg",
            "module.security-group.data.aws_vpc.vpc",
            "module.vpc.aws_eip.eip1",
            "module.vpc.aws_eip.eip2",
            "module.vpc.aws_internet_gateway.igw",
            "module.vpc.aws_nat_gateway.ngw1",
            "module.vpc.aws_nat_gateway.ngw2",
            "module.vpc.aws_route_table.private1-rt1",
            "module.vpc.aws_route_table.private1-rt2",
            "module.vpc.aws_route_table.private2-rt1",
            "module.vpc.aws_route_table.private2-rt2",
            "module.vpc.aws_route_table.public-rt1",
            "module.vpc.aws_route_table.public-rt2",
            "module.vpc.aws_route_table_association.private1-rt-association1",
            "module.vpc.aws_route_table_association.private1-rt-association2",
            "module.vpc.aws_route_table_association.private2-rt-association1",
            "module.vpc.aws_route_table_association.private2-rt-association2",
            "module.vpc.aws_route_table_association.public-rt-association1",
            "module.vpc.aws_route_table_association.public-rt-association2",
            "module.vpc.aws_subnet.private1-subnet1",
            "module.vpc.aws_subnet.private1-subnet2",
            "module.vpc.aws_subnet.private2-subnet1",
            "module.vpc.aws_subnet.private2-subnet2",
            "module.vpc.aws_subnet.public-subnet1",
            "module.vpc.aws_subnet.public-subnet2",
            "module.vpc.aws_vpc.vpc",
            "module.vpc.data.aws_availability_zones.available"
          ]
        }
      ]
    },
    {
      "module": "module.autoscaling",
      "mode": "managed",
      "type": "aws_autoscaling_policy",
      "name": "was-custom-cpu-policy-scaledown",
      "provider": "provider[\"registry.terraform.io/hashicorp/aws\"]",
      "instances": [
        {
          "schema_version": 0,
          "attributes": {
            "adjustment_type": "ChangeInCapacity",
            "arn": "arn:aws:autoscaling:ap-southeast-1:891377163278:scalingPolicy:39cbcee0-7c4c-4252-b14f-f30be477eaf8:autoScalingGroupName/3-Tier-ASG-was:policyName/custom-cpu-policy-scaledown",
            "autoscaling_group_name": "3-Tier-ASG-was",
            "cooldown": 60,
            "enabled": true,
            "estimated_instance_warmup": 0,
            "id": "custom-cpu-policy-scaledown",
            "metric_aggregation_type": "",
            "min_adjustment_magnitude": 0,
            "name": "custom-cpu-policy-scaledown",
            "policy_type": "SimpleScaling",
            "predictive_scaling_configuration": [],
            "scaling_adjustment": -1,
            "step_adjustment": [],
            "target_tracking_configuration": []
          },
          "sensitive_attributes": [],
          "private": "bnVsbA==",
          "dependencies": [
            "module.alb.aws_lb.was-elb",
            "module.alb.aws_lb.web-elb",
            "module.alb.aws_lb_listener.was-alb-listener",
            "module.alb.aws_lb_listener.web-alb-listener",
            "module.alb.aws_lb_target_group.was-tg",
            "module.alb.aws_lb_target_group.web-tg",
            "module.alb.data.aws_security_group.was-alb-sg",
            "module.alb.data.aws_security_group.web-alb-sg",
            "module.alb.data.aws_subnet.private1-subnet1",
            "module.alb.data.aws_subnet.private1-subnet2",
            "module.alb.data.aws_subnet.public-subnet1",
            "module.alb.data.aws_subnet.public-subnet2",
            "module.alb.data.aws_vpc.vpc",
            "module.autoscaling.aws_autoscaling_group.Was-ASG",
            "module.autoscaling.aws_launch_template.Was-LC",
            "module.autoscaling.data.aws_ami.ami",
            "module.autoscaling.data.aws_iam_instance_profile.instance-profile",
            "module.autoscaling.data.aws_lb_target_group.was-tg",
            "module.autoscaling.data.aws_security_group.was-sg",
            "module.autoscaling.data.aws_subnet.private1-subnet1",
            "module.autoscaling.data.aws_subnet.private1-subnet2",
            "module.aws-rds.aws_db_subnet_group.db_subnet_group1",
            "module.aws-rds.aws_db_subnet_group.db_subnet_group2",
            "module.aws-rds.aws_rds_cluster.aurora_cluster",
            "module.aws-rds.data.aws_availability_zones.available",
            "module.aws-rds.data.aws_security_group.db-sg",
            "module.aws-rds.data.aws_subnet.private1-subnet1",
            "module.aws-rds.data.aws_subnet.private1-subnet2",
            "module.aws-rds.data.aws_subnet.private2-subnet1",
            "module.aws-rds.data.aws_subnet.private2-subnet2",
            "module.iam.aws_iam_instance_profile.test_profile",
            "module.iam.aws_iam_role.iam-role",
            "module.iam.aws_iam_role_policy.iam-policy",
            "module.security-group.aws_security_group.database-sg",
            "module.security-group.aws_security_group.was-alb-sg",
            "module.security-group.aws_security_group.was-tier-sg",
            "module.security-group.aws_security_group.web-alb-sg",
            "module.security-group.aws_security_group.web-tier-sg",
            "module.security-group.data.aws_vpc.vpc",
            "module.vpc.aws_eip.eip1",
            "module.vpc.aws_eip.eip2",
            "module.vpc.aws_internet_gateway.igw",
            "module.vpc.aws_nat_gateway.ngw1",
            "module.vpc.aws_nat_gateway.ngw2",
            "module.vpc.aws_route_table.private1-rt1",
            "module.vpc.aws_route_table.private1-rt2",
            "module.vpc.aws_route_table.private2-rt1",
            "module.vpc.aws_route_table.private2-rt2",
            "module.vpc.aws_route_table.public-rt1",
            "module.vpc.aws_route_table.public-rt2",
            "module.vpc.aws_route_table_association.private1-rt-association1",
            "module.vpc.aws_route_table_association.private1-rt-association2",
            "module.vpc.aws_route_table_association.private2-rt-association1",
            "module.vpc.aws_route_table_association.private2-rt-association2",
            "module.vpc.aws_route_table_association.public-rt-association1",
            "module.vpc.aws_route_table_association.public-rt-association2",
            "module.vpc.aws_subnet.private1-subnet1",
            "module.vpc.aws_subnet.private1-subnet2",
            "module.vpc.aws_subnet.private2-subnet1",
            "module.vpc.aws_subnet.private2-subnet2",
            "module.vpc.aws_subnet.public-subnet1",
            "module.vpc.aws_subnet.public-subnet2",
            "module.vpc.aws_vpc.vpc",
            "module.vpc.data.aws_availability_zones.available"
          ]
        }
      ]
    },
    {
      "module": "module.autoscaling",
      "mode": "managed",
      "type": "aws_autoscaling_policy",
      "name": "web-custom-cpu-policy",
      "provider": "provider[\"registry.terraform.io/hashicorp/aws\"]",
      "instances": [
        {
          "schema_version": 0,
          "attributes": {
            "adjustment_type": "ChangeInCapacity",
            "arn": "arn:aws:autoscaling:ap-southeast-1:891377163278:scalingPolicy:16b032bc-e54f-4a50-9dc9-ad1552b3f69e:autoScalingGroupName/3-Tier-ASG-web:policyName/custom-cpu-policy",
            "autoscaling_group_name": "3-Tier-ASG-web",
            "cooldown": 60,
            "enabled": true,
            "estimated_instance_warmup": 0,
            "id": "custom-cpu-policy",
            "metric_aggregation_type": "",
            "min_adjustment_magnitude": 0,
            "name": "custom-cpu-policy",
            "policy_type": "SimpleScaling",
            "predictive_scaling_configuration": [],
            "scaling_adjustment": 1,
            "step_adjustment": [],
            "target_tracking_configuration": []
          },
          "sensitive_attributes": [],
          "private": "bnVsbA==",
          "dependencies": [
            "module.alb.aws_lb.was-elb",
            "module.alb.aws_lb.web-elb",
            "module.alb.aws_lb_listener.was-alb-listener",
            "module.alb.aws_lb_listener.web-alb-listener",
            "module.alb.aws_lb_target_group.was-tg",
            "module.alb.aws_lb_target_group.web-tg",
            "module.alb.data.aws_security_group.was-alb-sg",
            "module.alb.data.aws_security_group.web-alb-sg",
            "module.alb.data.aws_subnet.private1-subnet1",
            "module.alb.data.aws_subnet.private1-subnet2",
            "module.alb.data.aws_subnet.public-subnet1",
            "module.alb.data.aws_subnet.public-subnet2",
            "module.alb.data.aws_vpc.vpc",
            "module.autoscaling.aws_autoscaling_group.Web-ASG",
            "module.autoscaling.aws_launch_template.Web-LC",
            "module.autoscaling.data.aws_ami.ami",
            "module.autoscaling.data.aws_iam_instance_profile.instance-profile",
            "module.autoscaling.data.aws_lb_target_group.web-tg",
            "module.autoscaling.data.aws_security_group.web-sg",
            "module.autoscaling.data.aws_subnet.private1-subnet1",
            "module.autoscaling.data.aws_subnet.private1-subnet2",
            "module.aws-rds.aws_db_subnet_group.db_subnet_group1",
            "module.aws-rds.aws_db_subnet_group.db_subnet_group2",
            "module.aws-rds.aws_rds_cluster.aurora_cluster",
            "module.aws-rds.data.aws_availability_zones.available",
            "module.aws-rds.data.aws_security_group.db-sg",
            "module.aws-rds.data.aws_subnet.private1-subnet1",
            "module.aws-rds.data.aws_subnet.private1-subnet2",
            "module.aws-rds.data.aws_subnet.private2-subnet1",
            "module.aws-rds.data.aws_subnet.private2-subnet2",
            "module.iam.aws_iam_instance_profile.test_profile",
            "module.iam.aws_iam_role.iam-role",
            "module.iam.aws_iam_role_policy.iam-policy",
            "module.security-group.aws_security_group.database-sg",
            "module.security-group.aws_security_group.was-alb-sg",
            "module.security-group.aws_security_group.was-tier-sg",
            "module.security-group.aws_security_group.web-alb-sg",
            "module.security-group.aws_security_group.web-tier-sg",
            "module.security-group.data.aws_vpc.vpc",
            "module.vpc.aws_eip.eip1",
            "module.vpc.aws_eip.eip2",
            "module.vpc.aws_internet_gateway.igw",
            "module.vpc.aws_nat_gateway.ngw1",
            "module.vpc.aws_nat_gateway.ngw2",
            "module.vpc.aws_route_table.private1-rt1",
            "module.vpc.aws_route_table.private1-rt2",
            "module.vpc.aws_route_table.private2-rt1",
            "module.vpc.aws_route_table.private2-rt2",
            "module.vpc.aws_route_table.public-rt1",
            "module.vpc.aws_route_table.public-rt2",
            "module.vpc.aws_route_table_association.private1-rt-association1",
            "module.vpc.aws_route_table_association.private1-rt-association2",
            "module.vpc.aws_route_table_association.private2-rt-association1",
            "module.vpc.aws_route_table_association.private2-rt-association2",
            "module.vpc.aws_route_table_association.public-rt-association1",
            "module.vpc.aws_route_table_association.public-rt-association2",
            "module.vpc.aws_subnet.private1-subnet1",
            "module.vpc.aws_subnet.private1-subnet2",
            "module.vpc.aws_subnet.private2-subnet1",
            "module.vpc.aws_subnet.private2-subnet2",
            "module.vpc.aws_subnet.public-subnet1",
            "module.vpc.aws_subnet.public-subnet2",
            "module.vpc.aws_vpc.vpc",
            "module.vpc.data.aws_availability_zones.available"
          ]
        }
      ]
    },
    {
      "module": "module.autoscaling",
      "mode": "managed",
      "type": "aws_autoscaling_policy",
      "name": "web-custom-cpu-policy-scaledown",
      "provider": "provider[\"registry.terraform.io/hashicorp/aws\"]",
      "instances": [
        {
          "schema_version": 0,
          "attributes": {
            "adjustment_type": "ChangeInCapacity",
            "arn": "arn:aws:autoscaling:ap-southeast-1:891377163278:scalingPolicy:3ac1e8de-f5b1-4002-83b2-d6d4ad8895a2:autoScalingGroupName/3-Tier-ASG-web:policyName/custom-cpu-policy-scaledown",
            "autoscaling_group_name": "3-Tier-ASG-web",
            "cooldown": 60,
            "enabled": true,
            "estimated_instance_warmup": 0,
            "id": "custom-cpu-policy-scaledown",
            "metric_aggregation_type": "",
            "min_adjustment_magnitude": 0,
            "name": "custom-cpu-policy-scaledown",
            "policy_type": "SimpleScaling",
            "predictive_scaling_configuration": [],
            "scaling_adjustment": -1,
            "step_adjustment": [],
            "target_tracking_configuration": []
          },
          "sensitive_attributes": [],
          "private": "bnVsbA==",
          "dependencies": [
            "module.alb.aws_lb.was-elb",
            "module.alb.aws_lb.web-elb",
            "module.alb.aws_lb_listener.was-alb-listener",
            "module.alb.aws_lb_listener.web-alb-listener",
            "module.alb.aws_lb_target_group.was-tg",
            "module.alb.aws_lb_target_group.web-tg",
            "module.alb.data.aws_security_group.was-alb-sg",
            "module.alb.data.aws_security_group.web-alb-sg",
            "module.alb.data.aws_subnet.private1-subnet1",
            "module.alb.data.aws_subnet.private1-subnet2",
            "module.alb.data.aws_subnet.public-subnet1",
            "module.alb.data.aws_subnet.public-subnet2",
            "module.alb.data.aws_vpc.vpc",
            "module.autoscaling.aws_autoscaling_group.Web-ASG",
            "module.autoscaling.aws_launch_template.Web-LC",
            "module.autoscaling.data.aws_ami.ami",
            "module.autoscaling.data.aws_iam_instance_profile.instance-profile",
            "module.autoscaling.data.aws_lb_target_group.web-tg",
            "module.autoscaling.data.aws_security_group.web-sg",
            "module.autoscaling.data.aws_subnet.private1-subnet1",
            "module.autoscaling.data.aws_subnet.private1-subnet2",
            "module.aws-rds.aws_db_subnet_group.db_subnet_group1",
            "module.aws-rds.aws_db_subnet_group.db_subnet_group2",
            "module.aws-rds.aws_rds_cluster.aurora_cluster",
            "module.aws-rds.data.aws_availability_zones.available",
            "module.aws-rds.data.aws_security_group.db-sg",
            "module.aws-rds.data.aws_subnet.private1-subnet1",
            "module.aws-rds.data.aws_subnet.private1-subnet2",
            "module.aws-rds.data.aws_subnet.private2-subnet1",
            "module.aws-rds.data.aws_subnet.private2-subnet2",
            "module.iam.aws_iam_instance_profile.test_profile",
            "module.iam.aws_iam_role.iam-role",
            "module.iam.aws_iam_role_policy.iam-policy",
            "module.security-group.aws_security_group.database-sg",
            "module.security-group.aws_security_group.was-alb-sg",
            "module.security-group.aws_security_group.was-tier-sg",
            "module.security-group.aws_security_group.web-alb-sg",
            "module.security-group.aws_security_group.web-tier-sg",
            "module.security-group.data.aws_vpc.vpc",
            "module.vpc.aws_eip.eip1",
            "module.vpc.aws_eip.eip2",
            "module.vpc.aws_internet_gateway.igw",
            "module.vpc.aws_nat_gateway.ngw1",
            "module.vpc.aws_nat_gateway.ngw2",
            "module.vpc.aws_route_table.private1-rt1",
            "module.vpc.aws_route_table.private1-rt2",
            "module.vpc.aws_route_table.private2-rt1",
            "module.vpc.aws_route_table.private2-rt2",
            "module.vpc.aws_route_table.public-rt1",
            "module.vpc.aws_route_table.public-rt2",
            "module.vpc.aws_route_table_association.private1-rt-association1",
            "module.vpc.aws_route_table_association.private1-rt-association2",
            "module.vpc.aws_route_table_association.private2-rt-association1",
            "module.vpc.aws_route_table_association.private2-rt-association2",
            "module.vpc.aws_route_table_association.public-rt-association1",
            "module.vpc.aws_route_table_association.public-rt-association2",
            "module.vpc.aws_subnet.private1-subnet1",
            "module.vpc.aws_subnet.private1-subnet2",
            "module.vpc.aws_subnet.private2-subnet1",
            "module.vpc.aws_subnet.private2-subnet2",
            "module.vpc.aws_subnet.public-subnet1",
            "module.vpc.aws_subnet.public-subnet2",
            "module.vpc.aws_vpc.vpc",
            "module.vpc.data.aws_availability_zones.available"
          ]
        }
      ]
    },
    {
      "module": "module.autoscaling",
      "mode": "managed",
      "type": "aws_cloudwatch_metric_alarm",
      "name": "was-custom-cpu-alarm",
      "provider": "provider[\"registry.terraform.io/hashicorp/aws\"]",
      "instances": [
        {
          "schema_version": 1,
          "attributes": {
            "actions_enabled": true,
            "alarm_actions": [
              "arn:aws:autoscaling:ap-southeast-1:891377163278:scalingPolicy:92a97754-13dc-4dec-80f0-85cbc90d161a:autoScalingGroupName/3-Tier-ASG-was:policyName/custom-cpu-policy"
            ],
            "alarm_description": "alarm when cpu usage increases",
            "alarm_name": "custom-cpu-alarm",
            "arn": "arn:aws:cloudwatch:ap-southeast-1:891377163278:alarm:custom-cpu-alarm",
            "comparison_operator": "GreaterThanOrEqualToThreshold",
            "datapoints_to_alarm": 0,
            "dimensions": {
              "AutoScalingGroupName": "3-Tier-ASG-was"
            },
            "evaluate_low_sample_count_percentiles": "",
            "evaluation_periods": 2,
            "extended_statistic": "",
            "id": "custom-cpu-alarm",
            "insufficient_data_actions": null,
            "metric_name": "CPUUtilization",
            "metric_query": [],
            "namespace": "AWS/EC2",
            "ok_actions": null,
            "period": 120,
            "statistic": "Average",
            "tags": null,
            "tags_all": {},
            "threshold": 70,
            "threshold_metric_id": "",
            "treat_missing_data": "missing",
            "unit": ""
          },
          "sensitive_attributes": [],
          "private": "eyJzY2hlbWFfdmVyc2lvbiI6IjEifQ==",
          "dependencies": [
            "module.alb.aws_lb.was-elb",
            "module.alb.aws_lb.web-elb",
            "module.alb.aws_lb_listener.was-alb-listener",
            "module.alb.aws_lb_listener.web-alb-listener",
            "module.alb.aws_lb_target_group.was-tg",
            "module.alb.aws_lb_target_group.web-tg",
            "module.alb.data.aws_security_group.was-alb-sg",
            "module.alb.data.aws_security_group.web-alb-sg",
            "module.alb.data.aws_subnet.private1-subnet1",
            "module.alb.data.aws_subnet.private1-subnet2",
            "module.alb.data.aws_subnet.public-subnet1",
            "module.alb.data.aws_subnet.public-subnet2",
            "module.alb.data.aws_vpc.vpc",
            "module.autoscaling.aws_autoscaling_group.Was-ASG",
            "module.autoscaling.aws_autoscaling_policy.was-custom-cpu-policy",
            "module.autoscaling.aws_launch_template.Was-LC",
            "module.autoscaling.data.aws_ami.ami",
            "module.autoscaling.data.aws_iam_instance_profile.instance-profile",
            "module.autoscaling.data.aws_lb_target_group.was-tg",
            "module.autoscaling.data.aws_security_group.was-sg",
            "module.autoscaling.data.aws_subnet.private1-subnet1",
            "module.autoscaling.data.aws_subnet.private1-subnet2",
            "module.aws-rds.aws_db_subnet_group.db_subnet_group1",
            "module.aws-rds.aws_db_subnet_group.db_subnet_group2",
            "module.aws-rds.aws_rds_cluster.aurora_cluster",
            "module.aws-rds.data.aws_availability_zones.available",
            "module.aws-rds.data.aws_security_group.db-sg",
            "module.aws-rds.data.aws_subnet.private1-subnet1",
            "module.aws-rds.data.aws_subnet.private1-subnet2",
            "module.aws-rds.data.aws_subnet.private2-subnet1",
            "module.aws-rds.data.aws_subnet.private2-subnet2",
            "module.iam.aws_iam_instance_profile.test_profile",
            "module.iam.aws_iam_role.iam-role",
            "module.iam.aws_iam_role_policy.iam-policy",
            "module.security-group.aws_security_group.database-sg",
            "module.security-group.aws_security_group.was-alb-sg",
            "module.security-group.aws_security_group.was-tier-sg",
            "module.security-group.aws_security_group.web-alb-sg",
            "module.security-group.aws_security_group.web-tier-sg",
            "module.security-group.data.aws_vpc.vpc",
            "module.vpc.aws_eip.eip1",
            "module.vpc.aws_eip.eip2",
            "module.vpc.aws_internet_gateway.igw",
            "module.vpc.aws_nat_gateway.ngw1",
            "module.vpc.aws_nat_gateway.ngw2",
            "module.vpc.aws_route_table.private1-rt1",
            "module.vpc.aws_route_table.private1-rt2",
            "module.vpc.aws_route_table.private2-rt1",
            "module.vpc.aws_route_table.private2-rt2",
            "module.vpc.aws_route_table.public-rt1",
            "module.vpc.aws_route_table.public-rt2",
            "module.vpc.aws_route_table_association.private1-rt-association1",
            "module.vpc.aws_route_table_association.private1-rt-association2",
            "module.vpc.aws_route_table_association.private2-rt-association1",
            "module.vpc.aws_route_table_association.private2-rt-association2",
            "module.vpc.aws_route_table_association.public-rt-association1",
            "module.vpc.aws_route_table_association.public-rt-association2",
            "module.vpc.aws_subnet.private1-subnet1",
            "module.vpc.aws_subnet.private1-subnet2",
            "module.vpc.aws_subnet.private2-subnet1",
            "module.vpc.aws_subnet.private2-subnet2",
            "module.vpc.aws_subnet.public-subnet1",
            "module.vpc.aws_subnet.public-subnet2",
            "module.vpc.aws_vpc.vpc",
            "module.vpc.data.aws_availability_zones.available"
          ]
        }
      ]
    },
    {
      "module": "module.autoscaling",
      "mode": "managed",
      "type": "aws_cloudwatch_metric_alarm",
      "name": "was-custom-cpu-alarm-scaledown",
      "provider": "provider[\"registry.terraform.io/hashicorp/aws\"]",
      "instances": [
        {
          "schema_version": 1,
          "attributes": {
            "actions_enabled": true,
            "alarm_actions": [
              "arn:aws:autoscaling:ap-southeast-1:891377163278:scalingPolicy:39cbcee0-7c4c-4252-b14f-f30be477eaf8:autoScalingGroupName/3-Tier-ASG-was:policyName/custom-cpu-policy-scaledown"
            ],
            "alarm_description": "alarm when cpu usage decreases",
            "alarm_name": "custom-cpu-alarm-scaledown",
            "arn": "arn:aws:cloudwatch:ap-southeast-1:891377163278:alarm:custom-cpu-alarm-scaledown",
            "comparison_operator": "LessThanOrEqualToThreshold",
            "datapoints_to_alarm": 0,
            "dimensions": {
              "AutoScalingGroupName": "3-Tier-ASG-was"
            },
            "evaluate_low_sample_count_percentiles": "",
            "evaluation_periods": 2,
            "extended_statistic": "",
            "id": "custom-cpu-alarm-scaledown",
            "insufficient_data_actions": null,
            "metric_name": "CPUUtilization",
            "metric_query": [],
            "namespace": "AWS/EC2",
            "ok_actions": null,
            "period": 120,
            "statistic": "Average",
            "tags": null,
            "tags_all": {},
            "threshold": 50,
            "threshold_metric_id": "",
            "treat_missing_data": "missing",
            "unit": ""
          },
          "sensitive_attributes": [],
          "private": "eyJzY2hlbWFfdmVyc2lvbiI6IjEifQ==",
          "dependencies": [
            "module.alb.aws_lb.was-elb",
            "module.alb.aws_lb.web-elb",
            "module.alb.aws_lb_listener.was-alb-listener",
            "module.alb.aws_lb_listener.web-alb-listener",
            "module.alb.aws_lb_target_group.was-tg",
            "module.alb.aws_lb_target_group.web-tg",
            "module.alb.data.aws_security_group.was-alb-sg",
            "module.alb.data.aws_security_group.web-alb-sg",
            "module.alb.data.aws_subnet.private1-subnet1",
            "module.alb.data.aws_subnet.private1-subnet2",
            "module.alb.data.aws_subnet.public-subnet1",
            "module.alb.data.aws_subnet.public-subnet2",
            "module.alb.data.aws_vpc.vpc",
            "module.autoscaling.aws_autoscaling_group.Was-ASG",
            "module.autoscaling.aws_autoscaling_policy.was-custom-cpu-policy-scaledown",
            "module.autoscaling.aws_launch_template.Was-LC",
            "module.autoscaling.data.aws_ami.ami",
            "module.autoscaling.data.aws_iam_instance_profile.instance-profile",
            "module.autoscaling.data.aws_lb_target_group.was-tg",
            "module.autoscaling.data.aws_security_group.was-sg",
            "module.autoscaling.data.aws_subnet.private1-subnet1",
            "module.autoscaling.data.aws_subnet.private1-subnet2",
            "module.aws-rds.aws_db_subnet_group.db_subnet_group1",
            "module.aws-rds.aws_db_subnet_group.db_subnet_group2",
            "module.aws-rds.aws_rds_cluster.aurora_cluster",
            "module.aws-rds.data.aws_availability_zones.available",
            "module.aws-rds.data.aws_security_group.db-sg",
            "module.aws-rds.data.aws_subnet.private1-subnet1",
            "module.aws-rds.data.aws_subnet.private1-subnet2",
            "module.aws-rds.data.aws_subnet.private2-subnet1",
            "module.aws-rds.data.aws_subnet.private2-subnet2",
            "module.iam.aws_iam_instance_profile.test_profile",
            "module.iam.aws_iam_role.iam-role",
            "module.iam.aws_iam_role_policy.iam-policy",
            "module.security-group.aws_security_group.database-sg",
            "module.security-group.aws_security_group.was-alb-sg",
            "module.security-group.aws_security_group.was-tier-sg",
            "module.security-group.aws_security_group.web-alb-sg",
            "module.security-group.aws_security_group.web-tier-sg",
            "module.security-group.data.aws_vpc.vpc",
            "module.vpc.aws_eip.eip1",
            "module.vpc.aws_eip.eip2",
            "module.vpc.aws_internet_gateway.igw",
            "module.vpc.aws_nat_gateway.ngw1",
            "module.vpc.aws_nat_gateway.ngw2",
            "module.vpc.aws_route_table.private1-rt1",
            "module.vpc.aws_route_table.private1-rt2",
            "module.vpc.aws_route_table.private2-rt1",
            "module.vpc.aws_route_table.private2-rt2",
            "module.vpc.aws_route_table.public-rt1",
            "module.vpc.aws_route_table.public-rt2",
            "module.vpc.aws_route_table_association.private1-rt-association1",
            "module.vpc.aws_route_table_association.private1-rt-association2",
            "module.vpc.aws_route_table_association.private2-rt-association1",
            "module.vpc.aws_route_table_association.private2-rt-association2",
            "module.vpc.aws_route_table_association.public-rt-association1",
            "module.vpc.aws_route_table_association.public-rt-association2",
            "module.vpc.aws_subnet.private1-subnet1",
            "module.vpc.aws_subnet.private1-subnet2",
            "module.vpc.aws_subnet.private2-subnet1",
            "module.vpc.aws_subnet.private2-subnet2",
            "module.vpc.aws_subnet.public-subnet1",
            "module.vpc.aws_subnet.public-subnet2",
            "module.vpc.aws_vpc.vpc",
            "module.vpc.data.aws_availability_zones.available"
          ]
        }
      ]
    },
    {
      "module": "module.autoscaling",
      "mode": "managed",
      "type": "aws_cloudwatch_metric_alarm",
      "name": "web-custom-cpu-alarm",
      "provider": "provider[\"registry.terraform.io/hashicorp/aws\"]",
      "instances": [
        {
          "schema_version": 1,
          "attributes": {
            "actions_enabled": true,
            "alarm_actions": [
              "arn:aws:autoscaling:ap-southeast-1:891377163278:scalingPolicy:16b032bc-e54f-4a50-9dc9-ad1552b3f69e:autoScalingGroupName/3-Tier-ASG-web:policyName/custom-cpu-policy"
            ],
            "alarm_description": "alarm when cpu usage increases",
            "alarm_name": "custom-cpu-alarm",
            "arn": "arn:aws:cloudwatch:ap-southeast-1:891377163278:alarm:custom-cpu-alarm",
            "comparison_operator": "GreaterThanOrEqualToThreshold",
            "datapoints_to_alarm": 0,
            "dimensions": {
              "AutoScalingGroupName": "3-Tier-ASG-was"
            },
            "evaluate_low_sample_count_percentiles": "",
            "evaluation_periods": 2,
            "extended_statistic": "",
            "id": "custom-cpu-alarm",
            "insufficient_data_actions": null,
            "metric_name": "CPUUtilization",
            "metric_query": [],
            "namespace": "AWS/EC2",
            "ok_actions": null,
            "period": 120,
            "statistic": "Average",
            "tags": null,
            "tags_all": {},
            "threshold": 70,
            "threshold_metric_id": "",
            "treat_missing_data": "missing",
            "unit": ""
          },
          "sensitive_attributes": [],
          "private": "eyJzY2hlbWFfdmVyc2lvbiI6IjEifQ==",
          "dependencies": [
            "module.alb.aws_lb.was-elb",
            "module.alb.aws_lb.web-elb",
            "module.alb.aws_lb_listener.was-alb-listener",
            "module.alb.aws_lb_listener.web-alb-listener",
            "module.alb.aws_lb_target_group.was-tg",
            "module.alb.aws_lb_target_group.web-tg",
            "module.alb.data.aws_security_group.was-alb-sg",
            "module.alb.data.aws_security_group.web-alb-sg",
            "module.alb.data.aws_subnet.private1-subnet1",
            "module.alb.data.aws_subnet.private1-subnet2",
            "module.alb.data.aws_subnet.public-subnet1",
            "module.alb.data.aws_subnet.public-subnet2",
            "module.alb.data.aws_vpc.vpc",
            "module.autoscaling.aws_autoscaling_group.Web-ASG",
            "module.autoscaling.aws_autoscaling_policy.web-custom-cpu-policy",
            "module.autoscaling.aws_launch_template.Web-LC",
            "module.autoscaling.data.aws_ami.ami",
            "module.autoscaling.data.aws_iam_instance_profile.instance-profile",
            "module.autoscaling.data.aws_lb_target_group.web-tg",
            "module.autoscaling.data.aws_security_group.web-sg",
            "module.autoscaling.data.aws_subnet.private1-subnet1",
            "module.autoscaling.data.aws_subnet.private1-subnet2",
            "module.aws-rds.aws_db_subnet_group.db_subnet_group1",
            "module.aws-rds.aws_db_subnet_group.db_subnet_group2",
            "module.aws-rds.aws_rds_cluster.aurora_cluster",
            "module.aws-rds.data.aws_availability_zones.available",
            "module.aws-rds.data.aws_security_group.db-sg",
            "module.aws-rds.data.aws_subnet.private1-subnet1",
            "module.aws-rds.data.aws_subnet.private1-subnet2",
            "module.aws-rds.data.aws_subnet.private2-subnet1",
            "module.aws-rds.data.aws_subnet.private2-subnet2",
            "module.iam.aws_iam_instance_profile.test_profile",
            "module.iam.aws_iam_role.iam-role",
            "module.iam.aws_iam_role_policy.iam-policy",
            "module.security-group.aws_security_group.database-sg",
            "module.security-group.aws_security_group.was-alb-sg",
            "module.security-group.aws_security_group.was-tier-sg",
            "module.security-group.aws_security_group.web-alb-sg",
            "module.security-group.aws_security_group.web-tier-sg",
            "module.security-group.data.aws_vpc.vpc",
            "module.vpc.aws_eip.eip1",
            "module.vpc.aws_eip.eip2",
            "module.vpc.aws_internet_gateway.igw",
            "module.vpc.aws_nat_gateway.ngw1",
            "module.vpc.aws_nat_gateway.ngw2",
            "module.vpc.aws_route_table.private1-rt1",
            "module.vpc.aws_route_table.private1-rt2",
            "module.vpc.aws_route_table.private2-rt1",
            "module.vpc.aws_route_table.private2-rt2",
            "module.vpc.aws_route_table.public-rt1",
            "module.vpc.aws_route_table.public-rt2",
            "module.vpc.aws_route_table_association.private1-rt-association1",
            "module.vpc.aws_route_table_association.private1-rt-association2",
            "module.vpc.aws_route_table_association.private2-rt-association1",
            "module.vpc.aws_route_table_association.private2-rt-association2",
            "module.vpc.aws_route_table_association.public-rt-association1",
            "module.vpc.aws_route_table_association.public-rt-association2",
            "module.vpc.aws_subnet.private1-subnet1",
            "module.vpc.aws_subnet.private1-subnet2",
            "module.vpc.aws_subnet.private2-subnet1",
            "module.vpc.aws_subnet.private2-subnet2",
            "module.vpc.aws_subnet.public-subnet1",
            "module.vpc.aws_subnet.public-subnet2",
            "module.vpc.aws_vpc.vpc",
            "module.vpc.data.aws_availability_zones.available"
          ]
        }
      ]
    },
    {
      "module": "module.autoscaling",
      "mode": "managed",
      "type": "aws_cloudwatch_metric_alarm",
      "name": "web-custom-cpu-alarm-scaledown",
      "provider": "provider[\"registry.terraform.io/hashicorp/aws\"]",
      "instances": [
        {
          "schema_version": 1,
          "attributes": {
            "actions_enabled": true,
            "alarm_actions": [
              "arn:aws:autoscaling:ap-southeast-1:891377163278:scalingPolicy:3ac1e8de-f5b1-4002-83b2-d6d4ad8895a2:autoScalingGroupName/3-Tier-ASG-web:policyName/custom-cpu-policy-scaledown"
            ],
            "alarm_description": "alarm when cpu usage decreases",
            "alarm_name": "custom-cpu-alarm-scaledown",
            "arn": "arn:aws:cloudwatch:ap-southeast-1:891377163278:alarm:custom-cpu-alarm-scaledown",
            "comparison_operator": "LessThanOrEqualToThreshold",
            "datapoints_to_alarm": 0,
            "dimensions": {
              "AutoScalingGroupName": "3-Tier-ASG-was"
            },
            "evaluate_low_sample_count_percentiles": "",
            "evaluation_periods": 2,
            "extended_statistic": "",
            "id": "custom-cpu-alarm-scaledown",
            "insufficient_data_actions": null,
            "metric_name": "CPUUtilization",
            "metric_query": [],
            "namespace": "AWS/EC2",
            "ok_actions": null,
            "period": 120,
            "statistic": "Average",
            "tags": null,
            "tags_all": {},
            "threshold": 50,
            "threshold_metric_id": "",
            "treat_missing_data": "missing",
            "unit": ""
          },
          "sensitive_attributes": [],
          "private": "eyJzY2hlbWFfdmVyc2lvbiI6IjEifQ==",
          "dependencies": [
            "module.alb.aws_lb.was-elb",
            "module.alb.aws_lb.web-elb",
            "module.alb.aws_lb_listener.was-alb-listener",
            "module.alb.aws_lb_listener.web-alb-listener",
            "module.alb.aws_lb_target_group.was-tg",
            "module.alb.aws_lb_target_group.web-tg",
            "module.alb.data.aws_security_group.was-alb-sg",
            "module.alb.data.aws_security_group.web-alb-sg",
            "module.alb.data.aws_subnet.private1-subnet1",
            "module.alb.data.aws_subnet.private1-subnet2",
            "module.alb.data.aws_subnet.public-subnet1",
            "module.alb.data.aws_subnet.public-subnet2",
            "module.alb.data.aws_vpc.vpc",
            "module.autoscaling.aws_autoscaling_group.Web-ASG",
            "module.autoscaling.aws_autoscaling_policy.web-custom-cpu-policy-scaledown",
            "module.autoscaling.aws_launch_template.Web-LC",
            "module.autoscaling.data.aws_ami.ami",
            "module.autoscaling.data.aws_iam_instance_profile.instance-profile",
            "module.autoscaling.data.aws_lb_target_group.web-tg",
            "module.autoscaling.data.aws_security_group.web-sg",
            "module.autoscaling.data.aws_subnet.private1-subnet1",
            "module.autoscaling.data.aws_subnet.private1-subnet2",
            "module.aws-rds.aws_db_subnet_group.db_subnet_group1",
            "module.aws-rds.aws_db_subnet_group.db_subnet_group2",
            "module.aws-rds.aws_rds_cluster.aurora_cluster",
            "module.aws-rds.data.aws_availability_zones.available",
            "module.aws-rds.data.aws_security_group.db-sg",
            "module.aws-rds.data.aws_subnet.private1-subnet1",
            "module.aws-rds.data.aws_subnet.private1-subnet2",
            "module.aws-rds.data.aws_subnet.private2-subnet1",
            "module.aws-rds.data.aws_subnet.private2-subnet2",
            "module.iam.aws_iam_instance_profile.test_profile",
            "module.iam.aws_iam_role.iam-role",
            "module.iam.aws_iam_role_policy.iam-policy",
            "module.security-group.aws_security_group.database-sg",
            "module.security-group.aws_security_group.was-alb-sg",
            "module.security-group.aws_security_group.was-tier-sg",
            "module.security-group.aws_security_group.web-alb-sg",
            "module.security-group.aws_security_group.web-tier-sg",
            "module.security-group.data.aws_vpc.vpc",
            "module.vpc.aws_eip.eip1",
            "module.vpc.aws_eip.eip2",
            "module.vpc.aws_internet_gateway.igw",
            "module.vpc.aws_nat_gateway.ngw1",
            "module.vpc.aws_nat_gateway.ngw2",
            "module.vpc.aws_route_table.private1-rt1",
            "module.vpc.aws_route_table.private1-rt2",
            "module.vpc.aws_route_table.private2-rt1",
            "module.vpc.aws_route_table.private2-rt2",
            "module.vpc.aws_route_table.public-rt1",
            "module.vpc.aws_route_table.public-rt2",
            "module.vpc.aws_route_table_association.private1-rt-association1",
            "module.vpc.aws_route_table_association.private1-rt-association2",
            "module.vpc.aws_route_table_association.private2-rt-association1",
            "module.vpc.aws_route_table_association.private2-rt-association2",
            "module.vpc.aws_route_table_association.public-rt-association1",
            "module.vpc.aws_route_table_association.public-rt-association2",
            "module.vpc.aws_subnet.private1-subnet1",
            "module.vpc.aws_subnet.private1-subnet2",
            "module.vpc.aws_subnet.private2-subnet1",
            "module.vpc.aws_subnet.private2-subnet2",
            "module.vpc.aws_subnet.public-subnet1",
            "module.vpc.aws_subnet.public-subnet2",
            "module.vpc.aws_vpc.vpc",
            "module.vpc.data.aws_availability_zones.available"
          ]
        }
      ]
    },
    {
      "module": "module.autoscaling",
      "mode": "managed",
      "type": "aws_launch_template",
      "name": "Was-LC",
      "provider": "provider[\"registry.terraform.io/hashicorp/aws\"]",
      "instances": [
        {
          "schema_version": 0,
          "attributes": {
            "arn": "arn:aws:ec2:ap-southeast-1:891377163278:launch-template/lt-000a09085b6f61c4c",
            "block_device_mappings": [],
            "capacity_reservation_specification": [],
            "cpu_options": [],
            "credit_specification": [],
            "default_version": 1,
            "description": "",
            "disable_api_stop": false,
            "disable_api_termination": false,
            "ebs_optimized": "",
            "elastic_gpu_specifications": [],
            "elastic_inference_accelerator": [],
            "enclave_options": [],
            "hibernation_options": [],
            "iam_instance_profile": [
              {
                "arn": "",
                "name": "iam-instance-profile-for-ec2-SSM-s3-cw-cd-kms"
              }
            ],
            "id": "lt-000a09085b6f61c4c",
            "image_id": "ami-084cab24460184bd3",
            "instance_initiated_shutdown_behavior": "",
            "instance_market_options": [],
            "instance_requirements": [],
            "instance_type": "t2.micro",
            "kernel_id": "",
            "key_name": "",
            "latest_version": 1,
            "license_specification": [],
            "maintenance_options": [],
            "metadata_options": [],
            "monitoring": [],
            "name": "Was-template",
            "name_prefix": "",
            "network_interfaces": [],
            "placement": [],
            "private_dns_name_options": [],
            "ram_disk_id": "",
            "security_group_names": null,
            "tag_specifications": [],
            "tags": null,
            "tags_all": {},
            "update_default_version": null,
            "user_data": "IyEvYmluL2Jhc2gKeXVtIHVwZGF0ZSAteQphbWF6b24tbGludXgtZXh0cmFzIGVuYWJsZSBwaHA3LjQKeXVtIGluc3RhbGwgLXkgaHR0cGQgcGhwIHBocC1jbGkgcGhwLWNvbW1vbiBwaHAtcGRvIHBocC1mcG0gcGhwLWpzb24gcGhwLW15c3FsbmQKYW1hem9uLWxpbnV4LWV4dHJhcyBpbnN0YWxsIC15IGVwZWwKeXVtIGluc3RhbGwgLXkgc3RyZXNzCgpzeXN0ZW1jdGwgc3RhcnQgaHR0cGQKc3lzdGVtY3RsIGVuYWJsZSBodHRwZAoKZXhwb3J0IEhPTUU9L3Jvb3QKcGhwIC1yICJjb3B5KCdodHRwczovL2dldGNvbXBvc2VyLm9yZy9pbnN0YWxsZXInLCAnY29tcG9zZXItc2V0dXAucGhwJyk7IgpwaHAgY29tcG9zZXItc2V0dXAucGhwCnBocCAtciAidW5saW5rKCdjb21wb3Nlci1zZXR1cC5waHAnKTsiCm12IGNvbXBvc2VyLnBoYXIgL3Vzci9sb2NhbC9iaW4vY29tcG9zZXIKY29tcG9zZXIgcmVxdWlyZSBhd3MvYXdzLXNkay1waHA6XjMuMApjb21wb3NlciByZXF1aXJlIGNib2Rlbi9yYXRjaGV0CmNvbXBvc2VyIHJlcXVpcmUgcmVhY3QvZXZlbnQtbG9vcAptdiBjb21wb3Nlci4qIC92YXIvd3d3L2h0bWwvCm12IHZlbmRvciAvdmFyL3d3dy9odG1sLwoKIyBJTURTdjIg7Yag7YGwIOyalOyyrQpUT0tFTj0kKGN1cmwgLVggUFVUICJodHRwOi8vMTY5LjI1NC4xNjkuMjU0L2xhdGVzdC9hcGkvdG9rZW4iIC1IICJYLWF3cy1lYzItbWV0YWRhdGEtdG9rZW4tdHRsLXNlY29uZHM6IDIxNjAwIikKCiMgSU1EU3Yy66W8IOyCrOyaqe2VmOyXrCDrqZTtg4DrjbDsnbTthLAg7KGw7ZqMCklOU1RBTkNFX0lEPSQoY3VybCAtSCAiWC1hd3MtZWMyLW1ldGFkYXRhLXRva2VuOiAke1RPS0VOfSIgaHR0cDovLzE2OS4yNTQuMTY5LjI1NC9sYXRlc3QvbWV0YS1kYXRhL2luc3RhbmNlLWlkKQpBVkFJTEFCSUxJVFlfWk9ORT0kKGN1cmwgLUggIlgtYXdzLWVjMi1tZXRhZGF0YS10b2tlbjogJHtUT0tFTn0iIGh0dHA6Ly8xNjkuMjU0LjE2OS4yNTQvbGF0ZXN0L21ldGEtZGF0YS9wbGFjZW1lbnQvYXZhaWxhYmlsaXR5LXpvbmUpClNVQk5FVF9JRD0kKGN1cmwgLUggIlgtYXdzLWVjMi1tZXRhZGF0YS10b2tlbjogJHtUT0tFTn0iIGh0dHA6Ly8xNjkuMjU0LjE2OS4yNTQvbGF0ZXN0L21ldGEtZGF0YS9uZXR3b3JrL2ludGVyZmFjZXMvbWFjcy8kKGN1cmwgLUggIlgtYXdzLWVjMi1tZXRhZGF0YS10b2tlbjogJHtUT0tFTn0iIGh0dHA6Ly8xNjkuMjU0LjE2OS4yNTQvbGF0ZXN0L21ldGEtZGF0YS9tYWMpL3N1Ym5ldC1pZCkKCiMg7KGw7ZqM65CcIOuplO2DgOuNsOydtO2EsOulvCDsgqzsmqntlZjsl6wgaW5kZXguaHRtbCDsg53shLEKIyAke2FsYl9hZGRyZXNzfSDrpbwg7KeB7KCRIOywvuyVhOyEnCBBTEIgVVJMIOyjvOyGjOuhnCDrs4Dqsr3tlZjshLjsmpQuCmNhdCA8PEVPRiA+IC92YXIvd3d3L2h0bWwvaW5kZXguaHRtbAo8aHRtbD4KPGhlYWQ+Cjx0aXRsZT5FQzIgSW5zdGFuY2UgTWV0YS1EYXRhIFdBUzwvdGl0bGU+CjwvaGVhZD4KPGJvZHk+CjxoMT5JbnN0YW5jZSBJbmZvcm1hdGlvbiAtIFdFQiA8L2gxPgo8cD5JbnN0YW5jZSBJRDogJHtJTlNUQU5DRV9JRH08L3A+CjxwPkF2YWlsYWJpbGl0eSBab25lOiAke0FWQUlMQUJJTElUWV9aT05FfTwvcD4KPHA+U3VibmV0IElEOiAke1NVQk5FVF9JRH08L3A+CjxwPkNQVSBMb2FkOiA8c3BhbiBpZD0iY3B1TG9hZCI+V2FpdGluZy4uLjwvc3Bhbj48L3A+CjxidXR0b24gaWQ9InN0YXJ0VGVzdCI+U3RhcnQgU3RyZXNzIFRlc3Q8L2J1dHRvbj4KPHNjcmlwdD4KICAgIHZhciB3cyA9IG5ldyBXZWJTb2NrZXQoJ3dzOi8vJHthbGJfYWRkcmVzc306ODA4MCcpOwogICAgd3Mub25vcGVuID0gZnVuY3Rpb24oZXZlbnQpIHsKICAgICAgICBjb25zb2xlLmxvZygiQ29ubmVjdGVkIHRvIHRoZSBXZWJTb2NrZXQgc2VydmVyLiIpOwogICAgfTsKCiAgICB3cy5vbm1lc3NhZ2UgPSBmdW5jdGlvbihldmVudCkgewogICAgICAgIHZhciBkYXRhID0gSlNPTi5wYXJzZShldmVudC5kYXRhKTsKICAgICAgICBpZiAoZGF0YS50eXBlID09PSAibG9hZCIpIHsKICAgICAgICAgICAgZG9jdW1lbnQuZ2V0RWxlbWVudEJ5SWQoJ2NwdUxvYWQnKS50ZXh0Q29udGVudCA9IGRhdGEubG9hZCArICIlIjsKICAgICAgICB9IGVsc2UgaWYgKGRhdGEudHlwZSA9PT0gInN0YXR1cyIpIHsKICAgICAgICAgICAgY29uc29sZS5sb2coZGF0YS5tc2cpOwogICAgICAgIH0KICAgIH07CgogICAgZG9jdW1lbnQuZ2V0RWxlbWVudEJ5SWQoJ3N0YXJ0VGVzdCcpLmFkZEV2ZW50TGlzdGVuZXIoJ2NsaWNrJywgZnVuY3Rpb24oKSB7CiAgICAgICAgd3Muc2VuZCgnc3RhcnRTdHJlc3NUZXN0Jyk7CiAgICB9KTsKPC9zY3JpcHQ+CjxkaXY+CiAgICA8YnV0dG9uIG9uY2xpY2s9ImxvY2F0aW9uLmhyZWY9Jy9kYi5waHAnIj5EQiDsobDtmow8L2J1dHRvbj4KPC9kaXY+CjwvYm9keT4KPC9odG1sPgpFT0YKCmNhdCA8PEVPRiA+IC92YXIvd3d3L2h0bWwvc2VydmVyLnBocAo8P3BocApyZXF1aXJlIGRpcm5hbWUoX19GSUxFX18pIC4gJy92ZW5kb3IvYXV0b2xvYWQucGhwJzsKCnVzZSBSYXRjaGV0XE1lc3NhZ2VDb21wb25lbnRJbnRlcmZhY2U7CnVzZSBSYXRjaGV0XENvbm5lY3Rpb25JbnRlcmZhY2U7CnVzZSBSYXRjaGV0XFNlcnZlclxJb1NlcnZlcjsKdXNlIFJhdGNoZXRcSHR0cFxIdHRwU2VydmVyOwp1c2UgUmF0Y2hldFxXZWJTb2NrZXRcV3NTZXJ2ZXI7CnVzZSBSZWFjdFxFdmVudExvb3BcRmFjdG9yeTsKdXNlIFJlYWN0XEV2ZW50TG9vcFxMb29wSW50ZXJmYWNlOwoKY2xhc3MgU3RyZXNzV2ViU29ja2V0U2VydmVyIGltcGxlbWVudHMgTWVzc2FnZUNvbXBvbmVudEludGVyZmFjZSB7CiAgICBwcm90ZWN0ZWQgXCRjbGllbnRzOwogICAgcHJvdGVjdGVkIFwkbG9vcDsKCiAgICBwdWJsaWMgZnVuY3Rpb24gX19jb25zdHJ1Y3QoTG9vcEludGVyZmFjZSBcJGxvb3ApIHsKICAgICAgICBcJHRoaXMtPmNsaWVudHMgPSBuZXcgXFNwbE9iamVjdFN0b3JhZ2U7CiAgICAgICAgXCR0aGlzLT5sb29wID0gXCRsb29wOwogICAgfQoKICAgIHB1YmxpYyBmdW5jdGlvbiBvbk9wZW4oQ29ubmVjdGlvbkludGVyZmFjZSBcJGNvbm4pIHsKICAgICAgICBcJHRoaXMtPmNsaWVudHMtPmF0dGFjaChcJGNvbm4pOwogICAgfQoKICAgIHB1YmxpYyBmdW5jdGlvbiBvbk1lc3NhZ2UoQ29ubmVjdGlvbkludGVyZmFjZSBcJGZyb20sIFwkbXNnKSB7CiAgICAgICAgaWYgKFwkbXNnID09PSAic3RhcnRTdHJlc3NUZXN0IikgewogICAgICAgICAgICAvLyBTdGFydCBzdHJlc3MgdGVzdAogICAgICAgICAgICAvLyBOT1RFOiBSZXBsYWNlIHRoaXMgd2l0aCBhY3R1YWwgc3RyZXNzIGNvbW1hbmQgb3IgbG9naWMKICAgICAgICAgICAgZXhlYygic3RyZXNzIC0tY3B1IDEgLS10aW1lb3V0IDYwID4gL2Rldi9udWxsIDI+JjEgJiIpOwogICAgICAgICAgICBcJGxvYWQgPSBzeXNfZ2V0bG9hZGF2ZygpOwogICAgICAgICAgICBcJG1zZ1RvU2VuZCA9IGpzb25fZW5jb2RlKFsidHlwZSIgPT4gImxvYWQiLCAibG9hZCIgPT4gXCRsb2FkWzBdXSk7CiAgICAgICAgICAgIFwkZnJvbS0+c2VuZChcJG1zZ1RvU2VuZCk7CiAgICAgICAgfSBlbHNlIHsKICAgICAgICAgICAgLy8gU2VuZCBDUFUgbG9hZAogICAgICAgICAgICBcJGxvYWQgPSBzeXNfZ2V0bG9hZGF2ZygpOwogICAgICAgICAgICBcJG1zZ1RvU2VuZCA9IGpzb25fZW5jb2RlKFsidHlwZSIgPT4gImxvYWQiLCAibG9hZCIgPT4gXCRsb2FkWzBdXSk7CiAgICAgICAgICAgIGZvcmVhY2ggKFwkdGhpcy0+Y2xpZW50cyBhcyBcJGNsaWVudCkgewogICAgICAgICAgICAgICAgXCRjbGllbnQtPnNlbmQoXCRtc2dUb1NlbmQpOwogICAgICAgICAgICB9CiAgICAgICAgfQogICAgfQoKICAgIHB1YmxpYyBmdW5jdGlvbiBvbkNsb3NlKENvbm5lY3Rpb25JbnRlcmZhY2UgXCRjb25uKSB7CiAgICAgICAgXCR0aGlzLT5jbGllbnRzLT5kZXRhY2goXCRjb25uKTsKICAgIH0KCiAgICBwdWJsaWMgZnVuY3Rpb24gb25FcnJvcihDb25uZWN0aW9uSW50ZXJmYWNlIFwkY29ubiwgXEV4Y2VwdGlvbiBcJGUpIHsKICAgICAgICBcJGNvbm4tPmNsb3NlKCk7CiAgICB9CgogICAgcHVibGljIGZ1bmN0aW9uIHN0YXJ0U2VuZGluZ0NwdUxvYWQoKSB7CiAgICAgICAgXCRsb2FkID0gZ2V0Q3B1VXNhZ2UoKTsKICAgICAgICBcJGRhdGEgPSBqc29uX2VuY29kZShbInR5cGUiID0+ICJsb2FkIiwgImxvYWQiID0+IFwkbG9hZF0pOwoKICAgICAgICBmb3JlYWNoIChcJHRoaXMtPmNsaWVudHMgYXMgXCRjbGllbnQpIHsKICAgICAgICAgICAgICAgIFwkY2xpZW50LT5zZW5kKFwkZGF0YSk7CiAgICAgICAgfQogICAgfQp9CgpmdW5jdGlvbiBnZXRDcHVVc2FnZSgpIHsKICAgIFwkc3RhdDEgPSBmaWxlKCcvcHJvYy9zdGF0Jyk7CiAgICBzbGVlcCgxKTsKICAgIFwkc3RhdDIgPSBmaWxlKCcvcHJvYy9zdGF0Jyk7CiAgICBcJGluZm8xID0gZXhwbG9kZSgiICIsIHByZWdfcmVwbGFjZSgiIWNwdSArISIsICIiLCBcJHN0YXQxWzBdKSk7CiAgICBcJGluZm8yID0gZXhwbG9kZSgiICIsIHByZWdfcmVwbGFjZSgiIWNwdSArISIsICIiLCBcJHN0YXQyWzBdKSk7CiAgICBcJGRpZiA9IFtdOwogICAgXCRkaWZbJ3VzZXInXSA9IFwkaW5mbzJbMF0gLSBcJGluZm8xWzBdOwogICAgXCRkaWZbJ25pY2UnXSA9IFwkaW5mbzJbMV0gLSBcJGluZm8xWzFdOwogICAgXCRkaWZbJ3N5cyddID0gXCRpbmZvMlsyXSAtIFwkaW5mbzFbMl07CiAgICBcJGRpZlsnaWRsZSddID0gXCRpbmZvMlszXSAtIFwkaW5mbzFbM107CiAgICBcJHRvdGFsID0gYXJyYXlfc3VtKFwkZGlmKTsKICAgIFwkY3B1VXNhZ2UgPSAxMDAgKiAoXCR0b3RhbCAtIFwkZGlmWydpZGxlJ10pIC8gXCR0b3RhbDsKICAgIHJldHVybiBcJGNwdVVzYWdlOwp9CgpcJGxvb3AgPSBGYWN0b3J5OjpjcmVhdGUoKTsKXCRzZXJ2ZXIgPSBuZXcgU3RyZXNzV2ViU29ja2V0U2VydmVyKFwkbG9vcCk7CgpcJHdlYlNvY2sgPSBuZXcgUmVhY3RcU29ja2V0XFNlcnZlcignMC4wLjAuMDo4MDgwJywgXCRsb29wKTsKXCR3ZWJTZXJ2ZXIgPSBuZXcgSW9TZXJ2ZXIobmV3IEh0dHBTZXJ2ZXIobmV3IFdzU2VydmVyKFwkc2VydmVyKSksIFwkd2ViU29jayk7CgpcJGxvb3AtPmFkZFBlcmlvZGljVGltZXIoMSwgZnVuY3Rpb24gKCkgdXNlIChcJHNlcnZlcikgewogICAgICAgIFwkc2VydmVyLT5zdGFydFNlbmRpbmdDcHVMb2FkKCk7Cn0pOwpcJGxvb3AtPnJ1bigpOwo/PgpFT0YKCiMg7YyM652866mU7YSwIOyKpO2GoOyWtOyXkCDri6TsnYzsnZgg7YyM652866mU7YSw66W8IOy2lOqwgO2VtOyVvCDtlanri4jri6QuCiMgL3Jkcy9lbmRwb2ludCwgL3Jkcy9uYW1lLCAvcmRzL3VzZXJuYW1lLCAvcmRzL3Bhc3N3b3JkCmNhdCA8PEVPRiA+IC92YXIvd3d3L2h0bWwvZGIucGhwCjw/cGhwCnJlcXVpcmUgJ3ZlbmRvci9hdXRvbG9hZC5waHAnOwoKdXNlIEF3c1xTc21cU3NtQ2xpZW50Owp1c2UgQXdzXER5bmFtb0RiXER5bmFtb0RiQ2xpZW50OwoKLy8gU1NNIO2BtOudvOydtOyWuO2KuCDstIjquLDtmZQKXCRjbGllbnQgPSBuZXcgU3NtQ2xpZW50KFsKICAgICd2ZXJzaW9uJyA9PiAnbGF0ZXN0JywKICAgICdyZWdpb24nID0+ICdhcC1ub3J0aGVhc3QtMicsCl0pOwoKXCRkYkhvc3QgPSBcJGRiTmFtZSA9IFwkZGJVc2VyID0gXCRkYlBhc3N3b3JkID0gIiI7CgppZiAoaXNzZXQoXCRfR0VUWydsb2FkUGFyYW1zJ10pKSB7CiAgICAvLyBQYXJhbWV0ZXIgU3RvcmXsl5DshJwg642w7J207YSw67Kg7J207IqkIOygkeyGjSDsoJXrs7Qg6rCA7KC47Jik6riwCiAgICBcJGRiSG9zdCA9IFwkY2xpZW50LT5nZXRQYXJhbWV0ZXIoWydOYW1lJyA9PiAnL3Jkcy9lbmRwb2ludCcsICdXaXRoRGVjcnlwdGlvbicgPT4gZmFsc2VdKVsnUGFyYW1ldGVyJ11bJ1ZhbHVlJ107CiAgICBcJGRiTmFtZSA9IFwkY2xpZW50LT5nZXRQYXJhbWV0ZXIoWydOYW1lJyA9PiAnL3Jkcy9uYW1lJywgJ1dpdGhEZWNyeXB0aW9uJyA9PiBmYWxzZV0pWydQYXJhbWV0ZXInXVsnVmFsdWUnXTsKICAgIFwkZGJVc2VyID0gXCRjbGllbnQtPmdldFBhcmFtZXRlcihbJ05hbWUnID0+ICcvcmRzL3VzZXJuYW1lJywgJ1dpdGhEZWNyeXB0aW9uJyA9PiBmYWxzZV0pWydQYXJhbWV0ZXInXVsnVmFsdWUnXTsKICAgIFwkZGJQYXNzd29yZCA9IFwkY2xpZW50LT5nZXRQYXJhbWV0ZXIoWydOYW1lJyA9PiAnL3Jkcy9wYXNzd29yZCcsICdXaXRoRGVjcnlwdGlvbicgPT4gdHJ1ZV0pWydQYXJhbWV0ZXInXVsnVmFsdWUnXTsKfSBlbHNlIHsKICAgIFwkZGJIb3N0ID0gXCRfR0VUWydkYkhvc3QnXTsKICAgIFwkZGJOYW1lID0gXCRfR0VUWydkYk5hbWUnXTsKICAgIFwkZGJVc2VyID0gXCRfR0VUWydkYlVzZXInXTsKICAgIFwkZGJQYXNzd29yZCA9IFwkX0dFVFsnZGJQYXNzd29yZCddOwp9CgpcJGRiVHlwZSA9IFwkX0dFVFsnZGF0YWJhc2UnXTsKCnN3aXRjaCAoXCRkYlR5cGUpIHsKICAgIGNhc2UgJ215c3FsJzoKICAgIGNhc2UgJ2F1cm9yYSc6CiAgICAgICAgdHJ5IHsKICAgICAgICAgICAgLy8g642w7J207YSw67Kg7J207IqkIOygkeyGjSDrsI8g7L+866asIOyLpO2WiQogICAgICAgICAgICBcJHBkbyA9IG5ldyBQRE8oIm15c3FsOmhvc3Q9XCRkYkhvc3Q7ZGJuYW1lPVwkZGJOYW1lIiwgXCRkYlVzZXIsIFwkZGJQYXNzd29yZCk7CiAgICAgICAgICAgIC8vIOyXkOufrCDrqqjrk5zrpbwg7JiI7Jm466GcIOyEpOyglQogICAgICAgICAgICBcJHBkby0+c2V0QXR0cmlidXRlKFBETzo6QVRUUl9FUlJNT0RFLCBQRE86OkVSUk1PREVfRVhDRVBUSU9OKTsKCiAgICAgICAgICAgIC8vIFNRTCDsv7zrpqwg7Iuk7ZaJCiAgICAgICAgICAgIFwkc3FsID0gIlNFTEVDVCB1c2VyLCBob3N0IEZST00gdXNlciI7CiAgICAgICAgICAgIFwkc3RtdCA9IFwkcGRvLT5wcmVwYXJlKFwkc3FsKTsKICAgICAgICAgICAgXCRzdG10LT5leGVjdXRlKCk7CgogICAgICAgICAgICAvLyDsv7zrpqwg6rKw6rO8IOy2nOugpQogICAgICAgICAgICBcJHJlc3VsdHMgPSBcJHN0bXQtPmZldGNoQWxsKFBETzo6RkVUQ0hfQVNTT0MpOwogICAgICAgICAgICBmb3JlYWNoIChcJHJlc3VsdHMgYXMgXCRyb3cpIHsKICAgICAgICAgICAgICAgIGVjaG8gXCRyb3dbJ3VzZXInXSAuICcgLSAnIC4gXCRyb3dbJ2hvc3QnXSAuICI8YnIgLz4iOwogICAgICAgICAgICB9CiAgICAgICAgfSBjYXRjaCAoUERPRXhjZXB0aW9uIFwkZSkgewogICAgICAgICAgICBkaWUoIkNvdWxkIG5vdCBjb25uZWN0IHRvIHRoZSBkYXRhYmFzZSBcJGRibmFtZSA6IiAuIFwkZS0+Z2V0TWVzc2FnZSgpKTsKICAgICAgICB9CiAgICAgICAgYnJlYWs7CiAgICBjYXNlICdkeW5hbW9kYic6CiAgICAgICAgLy8gRHluYW1vRELroZwg7KCR7IaNCiAgICAgICAgXCRkeW5hbW9EYkNsaWVudCA9IG5ldyBEeW5hbW9EYkNsaWVudChbCiAgICAgICAgICAgICd2ZXJzaW9uJyA9PiAnbGF0ZXN0JywKICAgICAgICAgICAgJ3JlZ2lvbicgPT4gJ2FwLW5vcnRoZWFzdC0yJywKICAgICAgICBdKTsKCiAgICAgICAgdHJ5IHsKICAgICAgICAgICAgXCRyZXN1bHQgPSBcJGR5bmFtb0RiQ2xpZW50LT5zY2FuKFsKICAgICAgICAgICAgICAgICdUYWJsZU5hbWUnID0+IFwkZGJOYW1lLCAvLyDsiqTsupTtlaAgRHluYW1vREIg7YWM7J2067iUIOydtOumhAogICAgICAgICAgICBdKTsKCiAgICAgICAgICAgIC8vIOyKpOy6lCDqsrDqs7wg7Lac66ClCiAgICAgICAgICAgIGZvcmVhY2ggKFwkcmVzdWx0WydJdGVtcyddIGFzIFwkaXRlbSkgewogICAgICAgICAgICAgICAgLy8gaWQsIG5hbWUsIGhvc3Qg6rCS7J2EIOqwgOyguOyYpOqzoCDstpzroKXtlanri4jri6QuCiAgICAgICAgICAgICAgICBcJGlkID0gaXNzZXQoXCRpdGVtWydpZCddWydTJ10pID8gXCRpdGVtWydpZCddWydTJ10gOiAnTi9BJzsKICAgICAgICAgICAgICAgIFwkbmFtZSA9IGlzc2V0KFwkaXRlbVsnbmFtZSddWydTJ10pID8gXCRpdGVtWyduYW1lJ11bJ1MnXSA6ICdOL0EnOwogICAgICAgICAgICAgICAgXCRob3N0ID0gaXNzZXQoXCRpdGVtWydob3N0J11bJ1MnXSkgPyBcJGl0ZW1bJ2hvc3QnXVsnUyddIDogJ04vQSc7CgogICAgICAgICAgICAgICAgZWNobyAiSUQ6IHtcJGlkfSwgTmFtZToge1wkbmFtZX0sIEhvc3Q6IHtcJGhvc3R9PGJyIC8+IjsKICAgICAgICAgICAgfQogICAgICAgIH0gY2F0Y2ggKEF3c1xEeW5hbW9EYlxFeGNlcHRpb25cRHluYW1vRGJFeGNlcHRpb24gXCRlKSB7CiAgICAgICAgICAgIGVjaG8gJ1VuYWJsZSB0byBzY2FuIER5bmFtb0RCIHRhYmxlOiAnLCBcJGUtPmdldE1lc3NhZ2UoKTsKICAgICAgICB9CiAgICAgICAgYnJlYWs7Cn0KPz4KCjwhRE9DVFlQRSBodG1sPgo8aHRtbD4KPGhlYWQ+CiAgICA8dGl0bGU+RGF0YWJhc2UgU2VsZWN0PC90aXRsZT4KPC9oZWFkPgo8Ym9keT4KICAgIDxoMj5EYXRhYmFzZSBTZWxlY3Q8L2gyPgogICAgPGZvcm0gYWN0aW9uPSIiIG1ldGhvZD0iZ2V0Ij4KICAgICAgICA8c2VsZWN0IG5hbWU9ImRhdGFiYXNlIiBpZD0iZGF0YWJhc2UiPgogICAgICAgICAgICA8b3B0aW9uIHZhbHVlPSJteXNxbCI+TXlTUUw8L29wdGlvbj4KICAgICAgICAgICAgPG9wdGlvbiB2YWx1ZT0iYXVyb3JhIj5BdXJvcmE8L29wdGlvbj4KICAgICAgICAgICAgPG9wdGlvbiB2YWx1ZT0iZHluYW1vZGIiPkR5bmFtb0RCPC9vcHRpb24+CiAgICAgICAgPC9zZWxlY3Q+PGJyPjxicj4KCiAgICAgICAgPGxhYmVsIGZvcj0iZGJIb3N0Ij5EYXRhYmFzZSBIb3N0OjwvbGFiZWw+CiAgICAgICAgPGlucHV0IHR5cGU9InRleHQiIGlkPSJkYkhvc3QiIG5hbWU9ImRiSG9zdCI+PGJyPjxicj4KCiAgICAgICAgPGxhYmVsIGZvcj0iZGJOYW1lIj5EYXRhYmFzZSBOYW1lOjwvbGFiZWw+CiAgICAgICAgPGlucHV0IHR5cGU9InRleHQiIGlkPSJkYk5hbWUiIG5hbWU9ImRiTmFtZSI+PGJyPjxicj4KCiAgICAgICAgPGxhYmVsIGZvcj0iZGJVc2VyIj5EYXRhYmFzZSBVc2VyOjwvbGFiZWw+CiAgICAgICAgPGlucHV0IHR5cGU9InRleHQiIGlkPSJkYlVzZXIiIG5hbWU9ImRiVXNlciI+PGJyPjxicj4KCiAgICAgICAgPGxhYmVsIGZvcj0iZGJQYXNzd29yZCI+RGF0YWJhc2UgUGFzc3dvcmQ6PC9sYWJlbD4KICAgICAgICA8aW5wdXQgdHlwZT0icGFzc3dvcmQiIGlkPSJkYlBhc3N3b3JkIiBuYW1lPSJkYlBhc3N3b3JkIj48YnI+PGJyPgoKICAgICAgICA8aW5wdXQgdHlwZT0ic3VibWl0IiB2YWx1ZT0iVGVzdCBDb25uZWN0aW9uIj4KICAgICAgICA8YnV0dG9uIHR5cGU9InN1Ym1pdCIgbmFtZT0ibG9hZFBhcmFtcyIgdmFsdWU9InRydWUiPkdldCBQYXJhbWV0ZXI8L2J1dHRvbj4KICAgIDwvZm9ybT4KPC9ib2R5Pgo8L2h0bWw+CkVPRgoKCm5vaHVwIHBocCAvdmFyL3d3dy9odG1sL3NlcnZlci5waHAgJg==",
            "vpc_security_group_ids": [
              "sg-0a5d114e18916deb3"
            ]
          },
          "sensitive_attributes": [],
          "private": "bnVsbA==",
          "dependencies": [
            "module.alb.aws_lb.was-elb",
            "module.alb.aws_lb.web-elb",
            "module.alb.aws_lb_listener.was-alb-listener",
            "module.alb.aws_lb_listener.web-alb-listener",
            "module.alb.aws_lb_target_group.was-tg",
            "module.alb.aws_lb_target_group.web-tg",
            "module.alb.data.aws_security_group.was-alb-sg",
            "module.alb.data.aws_security_group.web-alb-sg",
            "module.alb.data.aws_subnet.private1-subnet1",
            "module.alb.data.aws_subnet.private1-subnet2",
            "module.alb.data.aws_subnet.public-subnet1",
            "module.alb.data.aws_subnet.public-subnet2",
            "module.alb.data.aws_vpc.vpc",
            "module.autoscaling.data.aws_ami.ami",
            "module.autoscaling.data.aws_iam_instance_profile.instance-profile",
            "module.autoscaling.data.aws_security_group.was-sg",
            "module.aws-rds.aws_db_subnet_group.db_subnet_group1",
            "module.aws-rds.aws_db_subnet_group.db_subnet_group2",
            "module.aws-rds.aws_rds_cluster.aurora_cluster",
            "module.aws-rds.data.aws_availability_zones.available",
            "module.aws-rds.data.aws_security_group.db-sg",
            "module.aws-rds.data.aws_subnet.private1-subnet1",
            "module.aws-rds.data.aws_subnet.private1-subnet2",
            "module.aws-rds.data.aws_subnet.private2-subnet1",
            "module.aws-rds.data.aws_subnet.private2-subnet2",
            "module.iam.aws_iam_instance_profile.test_profile",
            "module.iam.aws_iam_role.iam-role",
            "module.iam.aws_iam_role_policy.iam-policy",
            "module.security-group.aws_security_group.database-sg",
            "module.security-group.aws_security_group.was-alb-sg",
            "module.security-group.aws_security_group.was-tier-sg",
            "module.security-group.aws_security_group.web-alb-sg",
            "module.security-group.aws_security_group.web-tier-sg",
            "module.security-group.data.aws_vpc.vpc",
            "module.vpc.aws_eip.eip1",
            "module.vpc.aws_eip.eip2",
            "module.vpc.aws_internet_gateway.igw",
            "module.vpc.aws_nat_gateway.ngw1",
            "module.vpc.aws_nat_gateway.ngw2",
            "module.vpc.aws_route_table.private1-rt1",
            "module.vpc.aws_route_table.private1-rt2",
            "module.vpc.aws_route_table.private2-rt1",
            "module.vpc.aws_route_table.private2-rt2",
            "module.vpc.aws_route_table.public-rt1",
            "module.vpc.aws_route_table.public-rt2",
            "module.vpc.aws_route_table_association.private1-rt-association1",
            "module.vpc.aws_route_table_association.private1-rt-association2",
            "module.vpc.aws_route_table_association.private2-rt-association1",
            "module.vpc.aws_route_table_association.private2-rt-association2",
            "module.vpc.aws_route_table_association.public-rt-association1",
            "module.vpc.aws_route_table_association.public-rt-association2",
            "module.vpc.aws_subnet.private1-subnet1",
            "module.vpc.aws_subnet.private1-subnet2",
            "module.vpc.aws_subnet.private2-subnet1",
            "module.vpc.aws_subnet.private2-subnet2",
            "module.vpc.aws_subnet.public-subnet1",
            "module.vpc.aws_subnet.public-subnet2",
            "module.vpc.aws_vpc.vpc",
            "module.vpc.data.aws_availability_zones.available"
          ]
        }
      ]
    },
    {
      "module": "module.autoscaling",
      "mode": "managed",
      "type": "aws_launch_template",
      "name": "Web-LC",
      "provider": "provider[\"registry.terraform.io/hashicorp/aws\"]",
      "instances": [
        {
          "schema_version": 0,
          "attributes": {
            "arn": "arn:aws:ec2:ap-southeast-1:891377163278:launch-template/lt-0fde4ccbc91ac96ed",
            "block_device_mappings": [],
            "capacity_reservation_specification": [],
            "cpu_options": [],
            "credit_specification": [],
            "default_version": 1,
            "description": "",
            "disable_api_stop": false,
            "disable_api_termination": false,
            "ebs_optimized": "",
            "elastic_gpu_specifications": [],
            "elastic_inference_accelerator": [],
            "enclave_options": [],
            "hibernation_options": [],
            "iam_instance_profile": [
              {
                "arn": "",
                "name": "iam-instance-profile-for-ec2-SSM-s3-cw-cd-kms"
              }
            ],
            "id": "lt-0fde4ccbc91ac96ed",
            "image_id": "ami-084cab24460184bd3",
            "instance_initiated_shutdown_behavior": "",
            "instance_market_options": [],
            "instance_requirements": [],
            "instance_type": "t2.micro",
            "kernel_id": "",
            "key_name": "",
            "latest_version": 1,
            "license_specification": [],
            "maintenance_options": [],
            "metadata_options": [],
            "monitoring": [],
            "name": "Web-template",
            "name_prefix": "",
            "network_interfaces": [],
            "placement": [],
            "private_dns_name_options": [],
            "ram_disk_id": "",
            "security_group_names": null,
            "tag_specifications": [],
            "tags": null,
            "tags_all": {},
            "update_default_version": null,
            "user_data": "IyEvYmluL2Jhc2gKeXVtIHVwZGF0ZSAteQphbWF6b24tbGludXgtZXh0cmFzIGVuYWJsZSBwaHA3LjQKeXVtIGluc3RhbGwgLXkgaHR0cGQgcGhwIHBocC1jbGkgcGhwLWNvbW1vbiBwaHAtcGRvIHBocC1mcG0gcGhwLWpzb24gcGhwLW15c3FsbmQKYW1hem9uLWxpbnV4LWV4dHJhcyBpbnN0YWxsIC15IGVwZWwKeXVtIGluc3RhbGwgLXkgc3RyZXNzCgpzeXN0ZW1jdGwgc3RhcnQgaHR0cGQKc3lzdGVtY3RsIGVuYWJsZSBodHRwZAoKZXhwb3J0IEhPTUU9L3Jvb3QKcGhwIC1yICJjb3B5KCdodHRwczovL2dldGNvbXBvc2VyLm9yZy9pbnN0YWxsZXInLCAnY29tcG9zZXItc2V0dXAucGhwJyk7IgpwaHAgY29tcG9zZXItc2V0dXAucGhwCnBocCAtciAidW5saW5rKCdjb21wb3Nlci1zZXR1cC5waHAnKTsiCm12IGNvbXBvc2VyLnBoYXIgL3Vzci9sb2NhbC9iaW4vY29tcG9zZXIKY29tcG9zZXIgcmVxdWlyZSBhd3MvYXdzLXNkay1waHA6XjMuMApjb21wb3NlciByZXF1aXJlIGNib2Rlbi9yYXRjaGV0CmNvbXBvc2VyIHJlcXVpcmUgcmVhY3QvZXZlbnQtbG9vcAptdiBjb21wb3Nlci4qIC92YXIvd3d3L2h0bWwvCm12IHZlbmRvciAvdmFyL3d3dy9odG1sLwoKIyBJTURTdjIg7Yag7YGwIOyalOyyrQpUT0tFTj0kKGN1cmwgLVggUFVUICJodHRwOi8vMTY5LjI1NC4xNjkuMjU0L2xhdGVzdC9hcGkvdG9rZW4iIC1IICJYLWF3cy1lYzItbWV0YWRhdGEtdG9rZW4tdHRsLXNlY29uZHM6IDIxNjAwIikKCiMgSU1EU3Yy66W8IOyCrOyaqe2VmOyXrCDrqZTtg4DrjbDsnbTthLAg7KGw7ZqMCklOU1RBTkNFX0lEPSQoY3VybCAtSCAiWC1hd3MtZWMyLW1ldGFkYXRhLXRva2VuOiAke1RPS0VOfSIgaHR0cDovLzE2OS4yNTQuMTY5LjI1NC9sYXRlc3QvbWV0YS1kYXRhL2luc3RhbmNlLWlkKQpBVkFJTEFCSUxJVFlfWk9ORT0kKGN1cmwgLUggIlgtYXdzLWVjMi1tZXRhZGF0YS10b2tlbjogJHtUT0tFTn0iIGh0dHA6Ly8xNjkuMjU0LjE2OS4yNTQvbGF0ZXN0L21ldGEtZGF0YS9wbGFjZW1lbnQvYXZhaWxhYmlsaXR5LXpvbmUpClNVQk5FVF9JRD0kKGN1cmwgLUggIlgtYXdzLWVjMi1tZXRhZGF0YS10b2tlbjogJHtUT0tFTn0iIGh0dHA6Ly8xNjkuMjU0LjE2OS4yNTQvbGF0ZXN0L21ldGEtZGF0YS9uZXR3b3JrL2ludGVyZmFjZXMvbWFjcy8kKGN1cmwgLUggIlgtYXdzLWVjMi1tZXRhZGF0YS10b2tlbjogJHtUT0tFTn0iIGh0dHA6Ly8xNjkuMjU0LjE2OS4yNTQvbGF0ZXN0L21ldGEtZGF0YS9tYWMpL3N1Ym5ldC1pZCkKCiMg7KGw7ZqM65CcIOuplO2DgOuNsOydtO2EsOulvCDsgqzsmqntlZjsl6wgaW5kZXguaHRtbCDsg53shLEKIyAke2FsYl9hZGRyZXNzfSDrpbwg7KeB7KCRIOywvuyVhOyEnCBBTEIgVVJMIOyjvOyGjOuhnCDrs4Dqsr3tlZjshLjsmpQuIApjYXQgPDxFT0YgPiAvdmFyL3d3dy9odG1sL2luZGV4Lmh0bWwKPGh0bWw+CjxoZWFkPgo8dGl0bGU+RUMyIEluc3RhbmNlIE1ldGEtRGF0YTwvdGl0bGU+CjwvaGVhZD4KPGJvZHk+CjxoMT5JbnN0YW5jZSBJbmZvcm1hdGlvbiAtIFdFQiA8L2gxPgo8cD5JbnN0YW5jZSBJRDogJHtJTlNUQU5DRV9JRH08L3A+CjxwPkF2YWlsYWJpbGl0eSBab25lOiAke0FWQUlMQUJJTElUWV9aT05FfTwvcD4KPHA+U3VibmV0IElEOiAke1NVQk5FVF9JRH08L3A+CjxwPkNQVSBMb2FkOiA8c3BhbiBpZD0iY3B1TG9hZCI+V2FpdGluZy4uLjwvc3Bhbj48L3A+CjxidXR0b24gaWQ9InN0YXJ0VGVzdCI+U3RhcnQgU3RyZXNzIFRlc3Q8L2J1dHRvbj4KPHNjcmlwdD4KICAgIHZhciB3cyA9IG5ldyBXZWJTb2NrZXQoJ3dzOi8vJHthbGJfYWRkcmVzc306ODA4MCcpOwogICAgd3Mub25vcGVuID0gZnVuY3Rpb24oZXZlbnQpIHsKICAgICAgICBjb25zb2xlLmxvZygiQ29ubmVjdGVkIHRvIHRoZSBXZWJTb2NrZXQgc2VydmVyLiIpOwogICAgfTsKCiAgICB3cy5vbm1lc3NhZ2UgPSBmdW5jdGlvbihldmVudCkgewogICAgICAgIHZhciBkYXRhID0gSlNPTi5wYXJzZShldmVudC5kYXRhKTsKICAgICAgICBpZiAoZGF0YS50eXBlID09PSAibG9hZCIpIHsKICAgICAgICAgICAgZG9jdW1lbnQuZ2V0RWxlbWVudEJ5SWQoJ2NwdUxvYWQnKS50ZXh0Q29udGVudCA9IGRhdGEubG9hZCArICIlIjsKICAgICAgICB9IGVsc2UgaWYgKGRhdGEudHlwZSA9PT0gInN0YXR1cyIpIHsKICAgICAgICAgICAgY29uc29sZS5sb2coZGF0YS5tc2cpOwogICAgICAgIH0KICAgIH07CgogICAgZG9jdW1lbnQuZ2V0RWxlbWVudEJ5SWQoJ3N0YXJ0VGVzdCcpLmFkZEV2ZW50TGlzdGVuZXIoJ2NsaWNrJywgZnVuY3Rpb24oKSB7CiAgICAgICAgd3Muc2VuZCgnc3RhcnRTdHJlc3NUZXN0Jyk7CiAgICB9KTsKPC9zY3JpcHQ+CjxkaXY+CiAgICA8YnV0dG9uIG9uY2xpY2s9ImxvY2F0aW9uLmhyZWY9Jy9kYi5waHAnIj5EQiDsobDtmow8L2J1dHRvbj4KPC9kaXY+CjwvYm9keT4KPC9odG1sPgpFT0YKCmNhdCA8PEVPRiA+IC92YXIvd3d3L2h0bWwvc2VydmVyLnBocAo8P3BocApyZXF1aXJlIGRpcm5hbWUoX19GSUxFX18pIC4gJy92ZW5kb3IvYXV0b2xvYWQucGhwJzsKCnVzZSBSYXRjaGV0XE1lc3NhZ2VDb21wb25lbnRJbnRlcmZhY2U7CnVzZSBSYXRjaGV0XENvbm5lY3Rpb25JbnRlcmZhY2U7CnVzZSBSYXRjaGV0XFNlcnZlclxJb1NlcnZlcjsKdXNlIFJhdGNoZXRcSHR0cFxIdHRwU2VydmVyOwp1c2UgUmF0Y2hldFxXZWJTb2NrZXRcV3NTZXJ2ZXI7CnVzZSBSZWFjdFxFdmVudExvb3BcRmFjdG9yeTsKdXNlIFJlYWN0XEV2ZW50TG9vcFxMb29wSW50ZXJmYWNlOwoKY2xhc3MgU3RyZXNzV2ViU29ja2V0U2VydmVyIGltcGxlbWVudHMgTWVzc2FnZUNvbXBvbmVudEludGVyZmFjZSB7CiAgICBwcm90ZWN0ZWQgXCRjbGllbnRzOwogICAgcHJvdGVjdGVkIFwkbG9vcDsKCiAgICBwdWJsaWMgZnVuY3Rpb24gX19jb25zdHJ1Y3QoTG9vcEludGVyZmFjZSBcJGxvb3ApIHsKICAgICAgICBcJHRoaXMtPmNsaWVudHMgPSBuZXcgXFNwbE9iamVjdFN0b3JhZ2U7CiAgICAgICAgXCR0aGlzLT5sb29wID0gXCRsb29wOwogICAgfQoKICAgIHB1YmxpYyBmdW5jdGlvbiBvbk9wZW4oQ29ubmVjdGlvbkludGVyZmFjZSBcJGNvbm4pIHsKICAgICAgICBcJHRoaXMtPmNsaWVudHMtPmF0dGFjaChcJGNvbm4pOwogICAgfQoKICAgIHB1YmxpYyBmdW5jdGlvbiBvbk1lc3NhZ2UoQ29ubmVjdGlvbkludGVyZmFjZSBcJGZyb20sIFwkbXNnKSB7CiAgICAgICAgaWYgKFwkbXNnID09PSAic3RhcnRTdHJlc3NUZXN0IikgewogICAgICAgICAgICAvLyBTdGFydCBzdHJlc3MgdGVzdAogICAgICAgICAgICAvLyBOT1RFOiBSZXBsYWNlIHRoaXMgd2l0aCBhY3R1YWwgc3RyZXNzIGNvbW1hbmQgb3IgbG9naWMKICAgICAgICAgICAgZXhlYygic3RyZXNzIC0tY3B1IDEgLS10aW1lb3V0IDYwID4gL2Rldi9udWxsIDI+JjEgJiIpOwogICAgICAgICAgICBcJGxvYWQgPSBzeXNfZ2V0bG9hZGF2ZygpOwogICAgICAgICAgICBcJG1zZ1RvU2VuZCA9IGpzb25fZW5jb2RlKFsidHlwZSIgPT4gImxvYWQiLCAibG9hZCIgPT4gXCRsb2FkWzBdXSk7CiAgICAgICAgICAgIFwkZnJvbS0+c2VuZChcJG1zZ1RvU2VuZCk7CiAgICAgICAgfSBlbHNlIHsKICAgICAgICAgICAgLy8gU2VuZCBDUFUgbG9hZAogICAgICAgICAgICBcJGxvYWQgPSBzeXNfZ2V0bG9hZGF2ZygpOwogICAgICAgICAgICBcJG1zZ1RvU2VuZCA9IGpzb25fZW5jb2RlKFsidHlwZSIgPT4gImxvYWQiLCAibG9hZCIgPT4gXCRsb2FkWzBdXSk7CiAgICAgICAgICAgIGZvcmVhY2ggKFwkdGhpcy0+Y2xpZW50cyBhcyBcJGNsaWVudCkgewogICAgICAgICAgICAgICAgXCRjbGllbnQtPnNlbmQoXCRtc2dUb1NlbmQpOwogICAgICAgICAgICB9CiAgICAgICAgfQogICAgfQoKICAgIHB1YmxpYyBmdW5jdGlvbiBvbkNsb3NlKENvbm5lY3Rpb25JbnRlcmZhY2UgXCRjb25uKSB7CiAgICAgICAgXCR0aGlzLT5jbGllbnRzLT5kZXRhY2goXCRjb25uKTsKICAgIH0KCiAgICBwdWJsaWMgZnVuY3Rpb24gb25FcnJvcihDb25uZWN0aW9uSW50ZXJmYWNlIFwkY29ubiwgXEV4Y2VwdGlvbiBcJGUpIHsKICAgICAgICBcJGNvbm4tPmNsb3NlKCk7CiAgICB9CgogICAgcHVibGljIGZ1bmN0aW9uIHN0YXJ0U2VuZGluZ0NwdUxvYWQoKSB7CiAgICAgICAgXCRsb2FkID0gZ2V0Q3B1VXNhZ2UoKTsKICAgICAgICBcJGRhdGEgPSBqc29uX2VuY29kZShbInR5cGUiID0+ICJsb2FkIiwgImxvYWQiID0+IFwkbG9hZF0pOwoKICAgICAgICBmb3JlYWNoIChcJHRoaXMtPmNsaWVudHMgYXMgXCRjbGllbnQpIHsKICAgICAgICAgICAgICAgIFwkY2xpZW50LT5zZW5kKFwkZGF0YSk7CiAgICAgICAgfQogICAgfQp9CgpmdW5jdGlvbiBnZXRDcHVVc2FnZSgpIHsKICAgIFwkc3RhdDEgPSBmaWxlKCcvcHJvYy9zdGF0Jyk7CiAgICBzbGVlcCgxKTsKICAgIFwkc3RhdDIgPSBmaWxlKCcvcHJvYy9zdGF0Jyk7CiAgICBcJGluZm8xID0gZXhwbG9kZSgiICIsIHByZWdfcmVwbGFjZSgiIWNwdSArISIsICIiLCBcJHN0YXQxWzBdKSk7CiAgICBcJGluZm8yID0gZXhwbG9kZSgiICIsIHByZWdfcmVwbGFjZSgiIWNwdSArISIsICIiLCBcJHN0YXQyWzBdKSk7CiAgICBcJGRpZiA9IFtdOwogICAgXCRkaWZbJ3VzZXInXSA9IFwkaW5mbzJbMF0gLSBcJGluZm8xWzBdOwogICAgXCRkaWZbJ25pY2UnXSA9IFwkaW5mbzJbMV0gLSBcJGluZm8xWzFdOwogICAgXCRkaWZbJ3N5cyddID0gXCRpbmZvMlsyXSAtIFwkaW5mbzFbMl07CiAgICBcJGRpZlsnaWRsZSddID0gXCRpbmZvMlszXSAtIFwkaW5mbzFbM107CiAgICBcJHRvdGFsID0gYXJyYXlfc3VtKFwkZGlmKTsKICAgIFwkY3B1VXNhZ2UgPSAxMDAgKiAoXCR0b3RhbCAtIFwkZGlmWydpZGxlJ10pIC8gXCR0b3RhbDsKICAgIHJldHVybiBcJGNwdVVzYWdlOwp9CgpcJGxvb3AgPSBGYWN0b3J5OjpjcmVhdGUoKTsKXCRzZXJ2ZXIgPSBuZXcgU3RyZXNzV2ViU29ja2V0U2VydmVyKFwkbG9vcCk7CgpcJHdlYlNvY2sgPSBuZXcgUmVhY3RcU29ja2V0XFNlcnZlcignMC4wLjAuMDo4MDgwJywgXCRsb29wKTsKXCR3ZWJTZXJ2ZXIgPSBuZXcgSW9TZXJ2ZXIobmV3IEh0dHBTZXJ2ZXIobmV3IFdzU2VydmVyKFwkc2VydmVyKSksIFwkd2ViU29jayk7CgpcJGxvb3AtPmFkZFBlcmlvZGljVGltZXIoMSwgZnVuY3Rpb24gKCkgdXNlIChcJHNlcnZlcikgewogICAgICAgIFwkc2VydmVyLT5zdGFydFNlbmRpbmdDcHVMb2FkKCk7Cn0pOwpcJGxvb3AtPnJ1bigpOwo/PgpFT0YKCiMg7YyM652866mU7YSwIOyKpO2GoOyWtOyXkCDri6TsnYzsnZgg7YyM652866mU7YSw66W8IOy2lOqwgO2VtOyVvCDtlanri4jri6QuCiMgL3Jkcy9lbmRwb2ludCwgL3Jkcy9uYW1lLCAvcmRzL3VzZXJuYW1lLCAvcmRzL3Bhc3N3b3JkCmNhdCA8PEVPRiA+IC92YXIvd3d3L2h0bWwvZGIucGhwCjw/cGhwCnJlcXVpcmUgJ3ZlbmRvci9hdXRvbG9hZC5waHAnOwoKdXNlIEF3c1xTc21cU3NtQ2xpZW50Owp1c2UgQXdzXER5bmFtb0RiXER5bmFtb0RiQ2xpZW50OwoKLy8gU1NNIO2BtOudvOydtOyWuO2KuCDstIjquLDtmZQKXCRjbGllbnQgPSBuZXcgU3NtQ2xpZW50KFsKICAgICd2ZXJzaW9uJyA9PiAnbGF0ZXN0JywKICAgICdyZWdpb24nID0+ICdhcC1ub3J0aGVhc3QtMicsCl0pOwoKXCRkYkhvc3QgPSBcJGRiTmFtZSA9IFwkZGJVc2VyID0gXCRkYlBhc3N3b3JkID0gIiI7CgppZiAoaXNzZXQoXCRfR0VUWydsb2FkUGFyYW1zJ10pKSB7CiAgICAvLyBQYXJhbWV0ZXIgU3RvcmXsl5DshJwg642w7J207YSw67Kg7J207IqkIOygkeyGjSDsoJXrs7Qg6rCA7KC47Jik6riwCiAgICBcJGRiSG9zdCA9IFwkY2xpZW50LT5nZXRQYXJhbWV0ZXIoWydOYW1lJyA9PiAnL3Jkcy9lbmRwb2ludCcsICdXaXRoRGVjcnlwdGlvbicgPT4gZmFsc2VdKVsnUGFyYW1ldGVyJ11bJ1ZhbHVlJ107CiAgICBcJGRiTmFtZSA9IFwkY2xpZW50LT5nZXRQYXJhbWV0ZXIoWydOYW1lJyA9PiAnL3Jkcy9uYW1lJywgJ1dpdGhEZWNyeXB0aW9uJyA9PiBmYWxzZV0pWydQYXJhbWV0ZXInXVsnVmFsdWUnXTsKICAgIFwkZGJVc2VyID0gXCRjbGllbnQtPmdldFBhcmFtZXRlcihbJ05hbWUnID0+ICcvcmRzL3VzZXJuYW1lJywgJ1dpdGhEZWNyeXB0aW9uJyA9PiBmYWxzZV0pWydQYXJhbWV0ZXInXVsnVmFsdWUnXTsKICAgIFwkZGJQYXNzd29yZCA9IFwkY2xpZW50LT5nZXRQYXJhbWV0ZXIoWydOYW1lJyA9PiAnL3Jkcy9wYXNzd29yZCcsICdXaXRoRGVjcnlwdGlvbicgPT4gdHJ1ZV0pWydQYXJhbWV0ZXInXVsnVmFsdWUnXTsKfSBlbHNlIHsKICAgIFwkZGJIb3N0ID0gXCRfR0VUWydkYkhvc3QnXTsKICAgIFwkZGJOYW1lID0gXCRfR0VUWydkYk5hbWUnXTsKICAgIFwkZGJVc2VyID0gXCRfR0VUWydkYlVzZXInXTsKICAgIFwkZGJQYXNzd29yZCA9IFwkX0dFVFsnZGJQYXNzd29yZCddOwp9CgpcJGRiVHlwZSA9IFwkX0dFVFsnZGF0YWJhc2UnXTsKCnN3aXRjaCAoXCRkYlR5cGUpIHsKICAgIGNhc2UgJ215c3FsJzoKICAgIGNhc2UgJ2F1cm9yYSc6CiAgICAgICAgdHJ5IHsKICAgICAgICAgICAgLy8g642w7J207YSw67Kg7J207IqkIOygkeyGjSDrsI8g7L+866asIOyLpO2WiQogICAgICAgICAgICBcJHBkbyA9IG5ldyBQRE8oIm15c3FsOmhvc3Q9XCRkYkhvc3Q7ZGJuYW1lPVwkZGJOYW1lIiwgXCRkYlVzZXIsIFwkZGJQYXNzd29yZCk7CiAgICAgICAgICAgIC8vIOyXkOufrCDrqqjrk5zrpbwg7JiI7Jm466GcIOyEpOyglQogICAgICAgICAgICBcJHBkby0+c2V0QXR0cmlidXRlKFBETzo6QVRUUl9FUlJNT0RFLCBQRE86OkVSUk1PREVfRVhDRVBUSU9OKTsKCiAgICAgICAgICAgIC8vIFNRTCDsv7zrpqwg7Iuk7ZaJCiAgICAgICAgICAgIFwkc3FsID0gIlNFTEVDVCB1c2VyLCBob3N0IEZST00gdXNlciI7CiAgICAgICAgICAgIFwkc3RtdCA9IFwkcGRvLT5wcmVwYXJlKFwkc3FsKTsKICAgICAgICAgICAgXCRzdG10LT5leGVjdXRlKCk7CgogICAgICAgICAgICAvLyDsv7zrpqwg6rKw6rO8IOy2nOugpQogICAgICAgICAgICBcJHJlc3VsdHMgPSBcJHN0bXQtPmZldGNoQWxsKFBETzo6RkVUQ0hfQVNTT0MpOwogICAgICAgICAgICBmb3JlYWNoIChcJHJlc3VsdHMgYXMgXCRyb3cpIHsKICAgICAgICAgICAgICAgIGVjaG8gXCRyb3dbJ3VzZXInXSAuICcgLSAnIC4gXCRyb3dbJ2hvc3QnXSAuICI8YnIgLz4iOwogICAgICAgICAgICB9CiAgICAgICAgfSBjYXRjaCAoUERPRXhjZXB0aW9uIFwkZSkgewogICAgICAgICAgICBkaWUoIkNvdWxkIG5vdCBjb25uZWN0IHRvIHRoZSBkYXRhYmFzZSBcJGRibmFtZSA6IiAuIFwkZS0+Z2V0TWVzc2FnZSgpKTsKICAgICAgICB9CiAgICAgICAgYnJlYWs7CiAgICBjYXNlICdkeW5hbW9kYic6CiAgICAgICAgLy8gRHluYW1vRELroZwg7KCR7IaNCiAgICAgICAgXCRkeW5hbW9EYkNsaWVudCA9IG5ldyBEeW5hbW9EYkNsaWVudChbCiAgICAgICAgICAgICd2ZXJzaW9uJyA9PiAnbGF0ZXN0JywKICAgICAgICAgICAgJ3JlZ2lvbicgPT4gJ2FwLW5vcnRoZWFzdC0yJywKICAgICAgICBdKTsKCiAgICAgICAgdHJ5IHsKICAgICAgICAgICAgXCRyZXN1bHQgPSBcJGR5bmFtb0RiQ2xpZW50LT5zY2FuKFsKICAgICAgICAgICAgICAgICdUYWJsZU5hbWUnID0+IFwkZGJOYW1lLCAvLyDsiqTsupTtlaAgRHluYW1vREIg7YWM7J2067iUIOydtOumhAogICAgICAgICAgICBdKTsKCiAgICAgICAgICAgIC8vIOyKpOy6lCDqsrDqs7wg7Lac66ClCiAgICAgICAgICAgIGZvcmVhY2ggKFwkcmVzdWx0WydJdGVtcyddIGFzIFwkaXRlbSkgewogICAgICAgICAgICAgICAgLy8gaWQsIG5hbWUsIGhvc3Qg6rCS7J2EIOqwgOyguOyYpOqzoCDstpzroKXtlanri4jri6QuCiAgICAgICAgICAgICAgICBcJGlkID0gaXNzZXQoXCRpdGVtWydpZCddWydTJ10pID8gXCRpdGVtWydpZCddWydTJ10gOiAnTi9BJzsKICAgICAgICAgICAgICAgIFwkbmFtZSA9IGlzc2V0KFwkaXRlbVsnbmFtZSddWydTJ10pID8gXCRpdGVtWyduYW1lJ11bJ1MnXSA6ICdOL0EnOwogICAgICAgICAgICAgICAgXCRob3N0ID0gaXNzZXQoXCRpdGVtWydob3N0J11bJ1MnXSkgPyBcJGl0ZW1bJ2hvc3QnXVsnUyddIDogJ04vQSc7CgogICAgICAgICAgICAgICAgZWNobyAiSUQ6IHtcJGlkfSwgTmFtZToge1wkbmFtZX0sIEhvc3Q6IHtcJGhvc3R9PGJyIC8+IjsKICAgICAgICAgICAgfQogICAgICAgIH0gY2F0Y2ggKEF3c1xEeW5hbW9EYlxFeGNlcHRpb25cRHluYW1vRGJFeGNlcHRpb24gXCRlKSB7CiAgICAgICAgICAgIGVjaG8gJ1VuYWJsZSB0byBzY2FuIER5bmFtb0RCIHRhYmxlOiAnLCBcJGUtPmdldE1lc3NhZ2UoKTsKICAgICAgICB9CiAgICAgICAgYnJlYWs7Cn0KPz4KCjwhRE9DVFlQRSBodG1sPgo8aHRtbD4KPGhlYWQ+CiAgICA8dGl0bGU+RGF0YWJhc2UgU2VsZWN0PC90aXRsZT4KPC9oZWFkPgo8Ym9keT4KICAgIDxoMj5EYXRhYmFzZSBTZWxlY3Q8L2gyPgogICAgPGZvcm0gYWN0aW9uPSIiIG1ldGhvZD0iZ2V0Ij4KICAgICAgICA8c2VsZWN0IG5hbWU9ImRhdGFiYXNlIiBpZD0iZGF0YWJhc2UiPgogICAgICAgICAgICA8b3B0aW9uIHZhbHVlPSJteXNxbCI+TXlTUUw8L29wdGlvbj4KICAgICAgICAgICAgPG9wdGlvbiB2YWx1ZT0iYXVyb3JhIj5BdXJvcmE8L29wdGlvbj4KICAgICAgICAgICAgPG9wdGlvbiB2YWx1ZT0iZHluYW1vZGIiPkR5bmFtb0RCPC9vcHRpb24+CiAgICAgICAgPC9zZWxlY3Q+PGJyPjxicj4KICAgICAgICAKICAgICAgICA8bGFiZWwgZm9yPSJkYkhvc3QiPkRhdGFiYXNlIEhvc3Q6PC9sYWJlbD4KICAgICAgICA8aW5wdXQgdHlwZT0idGV4dCIgaWQ9ImRiSG9zdCIgbmFtZT0iZGJIb3N0Ij48YnI+PGJyPgogICAgICAgIAogICAgICAgIDxsYWJlbCBmb3I9ImRiTmFtZSI+RGF0YWJhc2UgTmFtZTo8L2xhYmVsPgogICAgICAgIDxpbnB1dCB0eXBlPSJ0ZXh0IiBpZD0iZGJOYW1lIiBuYW1lPSJkYk5hbWUiPjxicj48YnI+CiAgICAgICAgCiAgICAgICAgPGxhYmVsIGZvcj0iZGJVc2VyIj5EYXRhYmFzZSBVc2VyOjwvbGFiZWw+CiAgICAgICAgPGlucHV0IHR5cGU9InRleHQiIGlkPSJkYlVzZXIiIG5hbWU9ImRiVXNlciI+PGJyPjxicj4KICAgICAgICAKICAgICAgICA8bGFiZWwgZm9yPSJkYlBhc3N3b3JkIj5EYXRhYmFzZSBQYXNzd29yZDo8L2xhYmVsPgogICAgICAgIDxpbnB1dCB0eXBlPSJwYXNzd29yZCIgaWQ9ImRiUGFzc3dvcmQiIG5hbWU9ImRiUGFzc3dvcmQiPjxicj48YnI+CiAgICAgICAgCiAgICAgICAgPGlucHV0IHR5cGU9InN1Ym1pdCIgdmFsdWU9IlRlc3QgQ29ubmVjdGlvbiI+CiAgICAgICAgPGJ1dHRvbiB0eXBlPSJzdWJtaXQiIG5hbWU9ImxvYWRQYXJhbXMiIHZhbHVlPSJ0cnVlIj5HZXQgUGFyYW1ldGVyPC9idXR0b24+CiAgICA8L2Zvcm0+CjwvYm9keT4KPC9odG1sPgpFT0YKCgpub2h1cCBwaHAgL3Zhci93d3cvaHRtbC9zZXJ2ZXIucGhwICY=",
            "vpc_security_group_ids": [
              "sg-016d78b3f0bd91bc7"
            ]
          },
          "sensitive_attributes": [],
          "private": "bnVsbA==",
          "dependencies": [
            "module.alb.aws_lb.was-elb",
            "module.alb.aws_lb.web-elb",
            "module.alb.aws_lb_listener.was-alb-listener",
            "module.alb.aws_lb_listener.web-alb-listener",
            "module.alb.aws_lb_target_group.was-tg",
            "module.alb.aws_lb_target_group.web-tg",
            "module.alb.data.aws_security_group.was-alb-sg",
            "module.alb.data.aws_security_group.web-alb-sg",
            "module.alb.data.aws_subnet.private1-subnet1",
            "module.alb.data.aws_subnet.private1-subnet2",
            "module.alb.data.aws_subnet.public-subnet1",
            "module.alb.data.aws_subnet.public-subnet2",
            "module.alb.data.aws_vpc.vpc",
            "module.autoscaling.data.aws_ami.ami",
            "module.autoscaling.data.aws_iam_instance_profile.instance-profile",
            "module.autoscaling.data.aws_security_group.web-sg",
            "module.aws-rds.aws_db_subnet_group.db_subnet_group1",
            "module.aws-rds.aws_db_subnet_group.db_subnet_group2",
            "module.aws-rds.aws_rds_cluster.aurora_cluster",
            "module.aws-rds.data.aws_availability_zones.available",
            "module.aws-rds.data.aws_security_group.db-sg",
            "module.aws-rds.data.aws_subnet.private1-subnet1",
            "module.aws-rds.data.aws_subnet.private1-subnet2",
            "module.aws-rds.data.aws_subnet.private2-subnet1",
            "module.aws-rds.data.aws_subnet.private2-subnet2",
            "module.iam.aws_iam_instance_profile.test_profile",
            "module.iam.aws_iam_role.iam-role",
            "module.iam.aws_iam_role_policy.iam-policy",
            "module.security-group.aws_security_group.database-sg",
            "module.security-group.aws_security_group.was-alb-sg",
            "module.security-group.aws_security_group.was-tier-sg",
            "module.security-group.aws_security_group.web-alb-sg",
            "module.security-group.aws_security_group.web-tier-sg",
            "module.security-group.data.aws_vpc.vpc",
            "module.vpc.aws_eip.eip1",
            "module.vpc.aws_eip.eip2",
            "module.vpc.aws_internet_gateway.igw",
            "module.vpc.aws_nat_gateway.ngw1",
            "module.vpc.aws_nat_gateway.ngw2",
            "module.vpc.aws_route_table.private1-rt1",
            "module.vpc.aws_route_table.private1-rt2",
            "module.vpc.aws_route_table.private2-rt1",
            "module.vpc.aws_route_table.private2-rt2",
            "module.vpc.aws_route_table.public-rt1",
            "module.vpc.aws_route_table.public-rt2",
            "module.vpc.aws_route_table_association.private1-rt-association1",
            "module.vpc.aws_route_table_association.private1-rt-association2",
            "module.vpc.aws_route_table_association.private2-rt-association1",
            "module.vpc.aws_route_table_association.private2-rt-association2",
            "module.vpc.aws_route_table_association.public-rt-association1",
            "module.vpc.aws_route_table_association.public-rt-association2",
            "module.vpc.aws_subnet.private1-subnet1",
            "module.vpc.aws_subnet.private1-subnet2",
            "module.vpc.aws_subnet.private2-subnet1",
            "module.vpc.aws_subnet.private2-subnet2",
            "module.vpc.aws_subnet.public-subnet1",
            "module.vpc.aws_subnet.public-subnet2",
            "module.vpc.aws_vpc.vpc",
            "module.vpc.data.aws_availability_zones.available"
          ]
        }
      ]
    },
    {
      "module": "module.aws-rds",
      "mode": "data",
      "type": "aws_availability_zones",
      "name": "available",
      "provider": "provider[\"registry.terraform.io/hashicorp/aws\"]",
      "instances": [
        {
          "schema_version": 0,
          "attributes": {
            "all_availability_zones": null,
            "exclude_names": null,
            "exclude_zone_ids": null,
            "filter": null,
            "group_names": [
              "ap-southeast-1"
            ],
            "id": "ap-southeast-1",
            "names": [
              "ap-southeast-1a",
              "ap-southeast-1b",
              "ap-southeast-1c"
            ],
            "state": "available",
            "timeouts": null,
            "zone_ids": [
              "apse1-az1",
              "apse1-az2",
              "apse1-az3"
            ]
          },
          "sensitive_attributes": []
        }
      ]
    },
    {
      "module": "module.aws-rds",
      "mode": "data",
      "type": "aws_security_group",
      "name": "db-sg",
      "provider": "provider[\"registry.terraform.io/hashicorp/aws\"]",
      "instances": [
        {
          "schema_version": 0,
          "attributes": {
            "arn": "arn:aws:ec2:ap-southeast-1:891377163278:security-group/sg-0a708124d04a13629",
            "description": "Protocol Type MySQL/Aurora",
            "filter": [
              {
                "name": "tag:Name",
                "values": [
                  "3-Tier-db-sg"
                ]
              }
            ],
            "id": "sg-0a708124d04a13629",
            "name": "terraform-2024050900370426500000000d",
            "tags": {
              "Name": "3-Tier-db-sg"
            },
            "timeouts": null,
            "vpc_id": "vpc-0e10412dba9535c77"
          },
          "sensitive_attributes": []
        }
      ]
    },
    {
      "module": "module.aws-rds",
      "mode": "data",
      "type": "aws_subnet",
      "name": "private1-subnet1",
      "provider": "provider[\"registry.terraform.io/hashicorp/aws\"]",
      "instances": [
        {
          "schema_version": 0,
          "attributes": {
            "arn": "arn:aws:ec2:ap-southeast-1:891377163278:subnet/subnet-0b5dbbdba471ab9ca",
            "assign_ipv6_address_on_creation": false,
            "availability_zone": "ap-southeast-1a",
            "availability_zone_id": "apse1-az1",
            "available_ip_address_count": 251,
            "cidr_block": "192.168.20.0/24",
            "customer_owned_ipv4_pool": "",
            "default_for_az": false,
            "enable_dns64": false,
            "enable_lni_at_device_index": 0,
            "enable_resource_name_dns_a_record_on_launch": false,
            "enable_resource_name_dns_aaaa_record_on_launch": false,
            "filter": [
              {
                "name": "tag:Name",
                "values": [
                  "3-Tier-Private1-Subnet1"
                ]
              }
            ],
            "id": "subnet-0b5dbbdba471ab9ca",
            "ipv6_cidr_block": "",
            "ipv6_cidr_block_association_id": "",
            "ipv6_native": false,
            "map_customer_owned_ip_on_launch": false,
            "map_public_ip_on_launch": false,
            "outpost_arn": "",
            "owner_id": "891377163278",
            "private_dns_hostname_type_on_launch": "ip-name",
            "state": "available",
            "tags": {
              "Name": "3-Tier-Private1-Subnet1"
            },
            "timeouts": null,
            "vpc_id": "vpc-0e10412dba9535c77"
          },
          "sensitive_attributes": []
        }
      ]
    },
    {
      "module": "module.aws-rds",
      "mode": "data",
      "type": "aws_subnet",
      "name": "private1-subnet2",
      "provider": "provider[\"registry.terraform.io/hashicorp/aws\"]",
      "instances": [
        {
          "schema_version": 0,
          "attributes": {
            "arn": "arn:aws:ec2:ap-southeast-1:891377163278:subnet/subnet-075746c3f833aa4e6",
            "assign_ipv6_address_on_creation": false,
            "availability_zone": "ap-southeast-1b",
            "availability_zone_id": "apse1-az2",
            "available_ip_address_count": 251,
            "cidr_block": "192.168.50.0/24",
            "customer_owned_ipv4_pool": "",
            "default_for_az": false,
            "enable_dns64": false,
            "enable_lni_at_device_index": 0,
            "enable_resource_name_dns_a_record_on_launch": false,
            "enable_resource_name_dns_aaaa_record_on_launch": false,
            "filter": [
              {
                "name": "tag:Name",
                "values": [
                  "3-Tier-Private1-Subnet2"
                ]
              }
            ],
            "id": "subnet-075746c3f833aa4e6",
            "ipv6_cidr_block": "",
            "ipv6_cidr_block_association_id": "",
            "ipv6_native": false,
            "map_customer_owned_ip_on_launch": false,
            "map_public_ip_on_launch": false,
            "outpost_arn": "",
            "owner_id": "891377163278",
            "private_dns_hostname_type_on_launch": "ip-name",
            "state": "available",
            "tags": {
              "Name": "3-Tier-Private1-Subnet2"
            },
            "timeouts": null,
            "vpc_id": "vpc-0e10412dba9535c77"
          },
          "sensitive_attributes": []
        }
      ]
    },
    {
      "module": "module.aws-rds",
      "mode": "data",
      "type": "aws_subnet",
      "name": "private2-subnet1",
      "provider": "provider[\"registry.terraform.io/hashicorp/aws\"]",
      "instances": [
        {
          "schema_version": 0,
          "attributes": {
            "arn": "arn:aws:ec2:ap-southeast-1:891377163278:subnet/subnet-0fd6a6dcb03fece4d",
            "assign_ipv6_address_on_creation": false,
            "availability_zone": "ap-southeast-1a",
            "availability_zone_id": "apse1-az1",
            "available_ip_address_count": 251,
            "cidr_block": "192.168.30.0/24",
            "customer_owned_ipv4_pool": "",
            "default_for_az": false,
            "enable_dns64": false,
            "enable_lni_at_device_index": 0,
            "enable_resource_name_dns_a_record_on_launch": false,
            "enable_resource_name_dns_aaaa_record_on_launch": false,
            "filter": [
              {
                "name": "tag:Name",
                "values": [
                  "3-Tier-Private2-Subnet1"
                ]
              }
            ],
            "id": "subnet-0fd6a6dcb03fece4d",
            "ipv6_cidr_block": "",
            "ipv6_cidr_block_association_id": "",
            "ipv6_native": false,
            "map_customer_owned_ip_on_launch": false,
            "map_public_ip_on_launch": false,
            "outpost_arn": "",
            "owner_id": "891377163278",
            "private_dns_hostname_type_on_launch": "ip-name",
            "state": "available",
            "tags": {
              "Name": "3-Tier-Private2-Subnet1"
            },
            "timeouts": null,
            "vpc_id": "vpc-0e10412dba9535c77"
          },
          "sensitive_attributes": []
        }
      ]
    },
    {
      "module": "module.aws-rds",
      "mode": "data",
      "type": "aws_subnet",
      "name": "private2-subnet2",
      "provider": "provider[\"registry.terraform.io/hashicorp/aws\"]",
      "instances": [
        {
          "schema_version": 0,
          "attributes": {
            "arn": "arn:aws:ec2:ap-southeast-1:891377163278:subnet/subnet-0a78a71a2c3aec84c",
            "assign_ipv6_address_on_creation": false,
            "availability_zone": "ap-southeast-1b",
            "availability_zone_id": "apse1-az2",
            "available_ip_address_count": 251,
            "cidr_block": "192.168.60.0/24",
            "customer_owned_ipv4_pool": "",
            "default_for_az": false,
            "enable_dns64": false,
            "enable_lni_at_device_index": 0,
            "enable_resource_name_dns_a_record_on_launch": false,
            "enable_resource_name_dns_aaaa_record_on_launch": false,
            "filter": [
              {
                "name": "tag:Name",
                "values": [
                  "3-Tier-Private2-Subnet2"
                ]
              }
            ],
            "id": "subnet-0a78a71a2c3aec84c",
            "ipv6_cidr_block": "",
            "ipv6_cidr_block_association_id": "",
            "ipv6_native": false,
            "map_customer_owned_ip_on_launch": false,
            "map_public_ip_on_launch": false,
            "outpost_arn": "",
            "owner_id": "891377163278",
            "private_dns_hostname_type_on_launch": "ip-name",
            "state": "available",
            "tags": {
              "Name": "3-Tier-Private2-Subnet2"
            },
            "timeouts": null,
            "vpc_id": "vpc-0e10412dba9535c77"
          },
          "sensitive_attributes": []
        }
      ]
    },
    {
      "module": "module.aws-rds",
      "mode": "managed",
      "type": "aws_db_subnet_group",
      "name": "db_subnet_group1",
      "provider": "provider[\"registry.terraform.io/hashicorp/aws\"]",
      "instances": [
        {
          "schema_version": 0,
          "attributes": {
            "arn": "arn:aws:rds:ap-southeast-1:891377163278:subgrp:sg-3-tier-rds1",
            "description": "Managed by Terraform",
            "id": "sg-3-tier-rds1",
            "name": "sg-3-tier-rds1",
            "name_prefix": "",
            "subnet_ids": [
              "subnet-075746c3f833aa4e6",
              "subnet-0b5dbbdba471ab9ca"
            ],
            "supported_network_types": [
              "IPV4"
            ],
            "tags": null,
            "tags_all": {},
            "vpc_id": "vpc-0e10412dba9535c77"
          },
          "sensitive_attributes": [],
          "private": "bnVsbA==",
          "dependencies": [
            "module.aws-rds.data.aws_subnet.private1-subnet1",
            "module.aws-rds.data.aws_subnet.private1-subnet2",
            "module.security-group.aws_security_group.database-sg",
            "module.security-group.aws_security_group.was-alb-sg",
            "module.security-group.aws_security_group.was-tier-sg",
            "module.security-group.aws_security_group.web-alb-sg",
            "module.security-group.aws_security_group.web-tier-sg",
            "module.security-group.data.aws_vpc.vpc",
            "module.vpc.aws_eip.eip1",
            "module.vpc.aws_eip.eip2",
            "module.vpc.aws_internet_gateway.igw",
            "module.vpc.aws_nat_gateway.ngw1",
            "module.vpc.aws_nat_gateway.ngw2",
            "module.vpc.aws_route_table.private1-rt1",
            "module.vpc.aws_route_table.private1-rt2",
            "module.vpc.aws_route_table.private2-rt1",
            "module.vpc.aws_route_table.private2-rt2",
            "module.vpc.aws_route_table.public-rt1",
            "module.vpc.aws_route_table.public-rt2",
            "module.vpc.aws_route_table_association.private1-rt-association1",
            "module.vpc.aws_route_table_association.private1-rt-association2",
            "module.vpc.aws_route_table_association.private2-rt-association1",
            "module.vpc.aws_route_table_association.private2-rt-association2",
            "module.vpc.aws_route_table_association.public-rt-association1",
            "module.vpc.aws_route_table_association.public-rt-association2",
            "module.vpc.aws_subnet.private1-subnet1",
            "module.vpc.aws_subnet.private1-subnet2",
            "module.vpc.aws_subnet.private2-subnet1",
            "module.vpc.aws_subnet.private2-subnet2",
            "module.vpc.aws_subnet.public-subnet1",
            "module.vpc.aws_subnet.public-subnet2",
            "module.vpc.aws_vpc.vpc",
            "module.vpc.data.aws_availability_zones.available"
          ]
        }
      ]
    },
    {
      "module": "module.aws-rds",
      "mode": "managed",
      "type": "aws_db_subnet_group",
      "name": "db_subnet_group2",
      "provider": "provider[\"registry.terraform.io/hashicorp/aws\"]",
      "instances": [
        {
          "schema_version": 0,
          "attributes": {
            "arn": "arn:aws:rds:ap-southeast-1:891377163278:subgrp:sg-3-tier-rds2",
            "description": "Managed by Terraform",
            "id": "sg-3-tier-rds2",
            "name": "sg-3-tier-rds2",
            "name_prefix": "",
            "subnet_ids": [
              "subnet-0a78a71a2c3aec84c",
              "subnet-0fd6a6dcb03fece4d"
            ],
            "supported_network_types": [
              "IPV4"
            ],
            "tags": null,
            "tags_all": {},
            "vpc_id": "vpc-0e10412dba9535c77"
          },
          "sensitive_attributes": [],
          "private": "bnVsbA==",
          "dependencies": [
            "module.aws-rds.data.aws_subnet.private2-subnet1",
            "module.aws-rds.data.aws_subnet.private2-subnet2",
            "module.security-group.aws_security_group.database-sg",
            "module.security-group.aws_security_group.was-alb-sg",
            "module.security-group.aws_security_group.was-tier-sg",
            "module.security-group.aws_security_group.web-alb-sg",
            "module.security-group.aws_security_group.web-tier-sg",
            "module.security-group.data.aws_vpc.vpc",
            "module.vpc.aws_eip.eip1",
            "module.vpc.aws_eip.eip2",
            "module.vpc.aws_internet_gateway.igw",
            "module.vpc.aws_nat_gateway.ngw1",
            "module.vpc.aws_nat_gateway.ngw2",
            "module.vpc.aws_route_table.private1-rt1",
            "module.vpc.aws_route_table.private1-rt2",
            "module.vpc.aws_route_table.private2-rt1",
            "module.vpc.aws_route_table.private2-rt2",
            "module.vpc.aws_route_table.public-rt1",
            "module.vpc.aws_route_table.public-rt2",
            "module.vpc.aws_route_table_association.private1-rt-association1",
            "module.vpc.aws_route_table_association.private1-rt-association2",
            "module.vpc.aws_route_table_association.private2-rt-association1",
            "module.vpc.aws_route_table_association.private2-rt-association2",
            "module.vpc.aws_route_table_association.public-rt-association1",
            "module.vpc.aws_route_table_association.public-rt-association2",
            "module.vpc.aws_subnet.private1-subnet1",
            "module.vpc.aws_subnet.private1-subnet2",
            "module.vpc.aws_subnet.private2-subnet1",
            "module.vpc.aws_subnet.private2-subnet2",
            "module.vpc.aws_subnet.public-subnet1",
            "module.vpc.aws_subnet.public-subnet2",
            "module.vpc.aws_vpc.vpc",
            "module.vpc.data.aws_availability_zones.available"
          ]
        }
      ]
    },
    {
      "module": "module.aws-rds",
      "mode": "managed",
      "type": "aws_rds_cluster",
      "name": "aurora_cluster",
      "provider": "provider[\"registry.terraform.io/hashicorp/aws\"]",
      "instances": [
        {
          "schema_version": 1,
          "attributes": {
            "allocated_storage": 1,
            "allow_major_version_upgrade": null,
            "apply_immediately": null,
            "arn": "arn:aws:rds:ap-southeast-1:891377163278:cluster:aurora-serverless-cluster",
            "availability_zones": [
              "ap-southeast-1a",
              "ap-southeast-1b"
            ],
            "backtrack_window": 0,
            "backup_retention_period": 7,
            "cluster_identifier": "aurora-serverless-cluster",
            "cluster_identifier_prefix": "",
            "cluster_members": [],
            "cluster_resource_id": "cluster-CFI4U6ET6PWVG5GW4I46CXRV6E",
            "copy_tags_to_snapshot": false,
            "database_name": "mydb",
            "db_cluster_instance_class": "",
            "db_cluster_parameter_group_name": "default.aurora-mysql5.7",
            "db_instance_parameter_group_name": null,
            "db_subnet_group_name": "sg-3-tier-rds1",
            "db_system_id": "",
            "delete_automated_backups": true,
            "deletion_protection": false,
            "domain": "",
            "domain_iam_role_name": "",
            "enable_global_write_forwarding": false,
            "enable_http_endpoint": false,
            "enable_local_write_forwarding": false,
            "enabled_cloudwatch_logs_exports": null,
            "endpoint": "aurora-serverless-cluster.cluster-ct82meooege6.ap-southeast-1.rds.amazonaws.com",
            "engine": "aurora-mysql",
            "engine_mode": "serverless",
            "engine_version": "5.7.mysql_aurora.2.11.4",
            "engine_version_actual": "5.7.mysql_aurora.2.11.4",
            "final_snapshot_identifier": null,
            "global_cluster_identifier": "",
            "hosted_zone_id": "Z2G0U3KFCY8NZ5",
            "iam_database_authentication_enabled": false,
            "iam_roles": [],
            "id": "aurora-serverless-cluster",
            "iops": 0,
            "kms_key_id": "arn:aws:kms:ap-southeast-1:891377163278:key/85a458cb-e0ae-4d4b-a499-b6fc9165a363",
            "manage_master_user_password": null,
            "master_password": "Admin1234",
            "master_user_secret": [],
            "master_user_secret_kms_key_id": null,
            "master_username": "admin",
            "network_type": "IPV4",
            "port": 3306,
            "preferred_backup_window": "07:00-09:00",
            "preferred_maintenance_window": "sun:14:03-sun:14:33",
            "reader_endpoint": "",
            "replication_source_identifier": "",
            "restore_to_point_in_time": [],
            "s3_import": [],
            "scaling_configuration": [
              {
                "auto_pause": true,
                "max_capacity": 16,
                "min_capacity": 2,
                "seconds_until_auto_pause": 300,
                "timeout_action": "RollbackCapacityChange"
              }
            ],
            "serverlessv2_scaling_configuration": [],
            "skip_final_snapshot": true,
            "snapshot_identifier": null,
            "source_region": null,
            "storage_encrypted": true,
            "storage_type": "",
            "tags": {
              "Name": "3-Tier-RDS1"
            },
            "tags_all": {
              "Name": "3-Tier-RDS1"
            },
            "timeouts": null,
            "vpc_security_group_ids": [
              "sg-0a708124d04a13629"
            ]
          },
          "sensitive_attributes": [],
          "private": "eyJlMmJmYjczMC1lY2FhLTExZTYtOGY4OC0zNDM2M2JjN2M0YzAiOnsiY3JlYXRlIjo3MjAwMDAwMDAwMDAwLCJkZWxldGUiOjcyMDAwMDAwMDAwMDAsInVwZGF0ZSI6NzIwMDAwMDAwMDAwMH0sInNjaGVtYV92ZXJzaW9uIjoiMSJ9",
          "dependencies": [
            "module.aws-rds.aws_db_subnet_group.db_subnet_group1",
            "module.aws-rds.data.aws_availability_zones.available",
            "module.aws-rds.data.aws_security_group.db-sg",
            "module.aws-rds.data.aws_subnet.private1-subnet1",
            "module.aws-rds.data.aws_subnet.private1-subnet2",
            "module.security-group.aws_security_group.database-sg",
            "module.security-group.aws_security_group.was-alb-sg",
            "module.security-group.aws_security_group.was-tier-sg",
            "module.security-group.aws_security_group.web-alb-sg",
            "module.security-group.aws_security_group.web-tier-sg",
            "module.security-group.data.aws_vpc.vpc",
            "module.vpc.aws_eip.eip1",
            "module.vpc.aws_eip.eip2",
            "module.vpc.aws_internet_gateway.igw",
            "module.vpc.aws_nat_gateway.ngw1",
            "module.vpc.aws_nat_gateway.ngw2",
            "module.vpc.aws_route_table.private1-rt1",
            "module.vpc.aws_route_table.private1-rt2",
            "module.vpc.aws_route_table.private2-rt1",
            "module.vpc.aws_route_table.private2-rt2",
            "module.vpc.aws_route_table.public-rt1",
            "module.vpc.aws_route_table.public-rt2",
            "module.vpc.aws_route_table_association.private1-rt-association1",
            "module.vpc.aws_route_table_association.private1-rt-association2",
            "module.vpc.aws_route_table_association.private2-rt-association1",
            "module.vpc.aws_route_table_association.private2-rt-association2",
            "module.vpc.aws_route_table_association.public-rt-association1",
            "module.vpc.aws_route_table_association.public-rt-association2",
            "module.vpc.aws_subnet.private1-subnet1",
            "module.vpc.aws_subnet.private1-subnet2",
            "module.vpc.aws_subnet.private2-subnet1",
            "module.vpc.aws_subnet.private2-subnet2",
            "module.vpc.aws_subnet.public-subnet1",
            "module.vpc.aws_subnet.public-subnet2",
            "module.vpc.aws_vpc.vpc",
            "module.vpc.data.aws_availability_zones.available"
          ]
        }
      ]
    },
    {
      "module": "module.iam",
      "mode": "managed",
      "type": "aws_iam_instance_profile",
      "name": "test_profile",
      "provider": "provider[\"registry.terraform.io/hashicorp/aws\"]",
      "instances": [
        {
          "schema_version": 0,
          "attributes": {
            "arn": "arn:aws:iam::891377163278:instance-profile/iam-instance-profile-for-ec2-SSM-s3-cw-cd-kms",
            "create_date": "2024-05-09T00:42:09Z",
            "id": "iam-instance-profile-for-ec2-SSM-s3-cw-cd-kms",
            "name": "iam-instance-profile-for-ec2-SSM-s3-cw-cd-kms",
            "name_prefix": "",
            "path": "/",
            "role": "iam-role-for-ec2-SSM-s3-cw-cd-kms",
            "tags": null,
            "tags_all": {},
            "unique_id": "AIPA47CRYDQHDRRHWQLKG"
          },
          "sensitive_attributes": [],
          "private": "bnVsbA==",
          "dependencies": [
            "module.alb.aws_lb.was-elb",
            "module.alb.aws_lb.web-elb",
            "module.alb.aws_lb_listener.was-alb-listener",
            "module.alb.aws_lb_listener.web-alb-listener",
            "module.alb.aws_lb_target_group.was-tg",
            "module.alb.aws_lb_target_group.web-tg",
            "module.alb.data.aws_security_group.was-alb-sg",
            "module.alb.data.aws_security_group.web-alb-sg",
            "module.alb.data.aws_subnet.private1-subnet1",
            "module.alb.data.aws_subnet.private1-subnet2",
            "module.alb.data.aws_subnet.public-subnet1",
            "module.alb.data.aws_subnet.public-subnet2",
            "module.alb.data.aws_vpc.vpc",
            "module.aws-rds.aws_db_subnet_group.db_subnet_group1",
            "module.aws-rds.aws_db_subnet_group.db_subnet_group2",
            "module.aws-rds.aws_rds_cluster.aurora_cluster",
            "module.aws-rds.data.aws_availability_zones.available",
            "module.aws-rds.data.aws_security_group.db-sg",
            "module.aws-rds.data.aws_subnet.private1-subnet1",
            "module.aws-rds.data.aws_subnet.private1-subnet2",
            "module.aws-rds.data.aws_subnet.private2-subnet1",
            "module.aws-rds.data.aws_subnet.private2-subnet2",
            "module.iam.aws_iam_role.iam-role",
            "module.security-group.aws_security_group.database-sg",
            "module.security-group.aws_security_group.was-alb-sg",
            "module.security-group.aws_security_group.was-tier-sg",
            "module.security-group.aws_security_group.web-alb-sg",
            "module.security-group.aws_security_group.web-tier-sg",
            "module.security-group.data.aws_vpc.vpc",
            "module.vpc.aws_eip.eip1",
            "module.vpc.aws_eip.eip2",
            "module.vpc.aws_internet_gateway.igw",
            "module.vpc.aws_nat_gateway.ngw1",
            "module.vpc.aws_nat_gateway.ngw2",
            "module.vpc.aws_route_table.private1-rt1",
            "module.vpc.aws_route_table.private1-rt2",
            "module.vpc.aws_route_table.private2-rt1",
            "module.vpc.aws_route_table.private2-rt2",
            "module.vpc.aws_route_table.public-rt1",
            "module.vpc.aws_route_table.public-rt2",
            "module.vpc.aws_route_table_association.private1-rt-association1",
            "module.vpc.aws_route_table_association.private1-rt-association2",
            "module.vpc.aws_route_table_association.private2-rt-association1",
            "module.vpc.aws_route_table_association.private2-rt-association2",
            "module.vpc.aws_route_table_association.public-rt-association1",
            "module.vpc.aws_route_table_association.public-rt-association2",
            "module.vpc.aws_subnet.private1-subnet1",
            "module.vpc.aws_subnet.private1-subnet2",
            "module.vpc.aws_subnet.private2-subnet1",
            "module.vpc.aws_subnet.private2-subnet2",
            "module.vpc.aws_subnet.public-subnet1",
            "module.vpc.aws_subnet.public-subnet2",
            "module.vpc.aws_vpc.vpc",
            "module.vpc.data.aws_availability_zones.available"
          ]
        }
      ]
    },
    {
      "module": "module.iam",
      "mode": "managed",
      "type": "aws_iam_role",
      "name": "iam-role",
      "provider": "provider[\"registry.terraform.io/hashicorp/aws\"]",
      "instances": [
        {
          "schema_version": 0,
          "attributes": {
            "arn": "arn:aws:iam::891377163278:role/iam-role-for-ec2-SSM-s3-cw-cd-kms",
            "assume_role_policy": "{\"Statement\":[{\"Action\":\"sts:AssumeRole\",\"Effect\":\"Allow\",\"Principal\":{\"Service\":\"ec2.amazonaws.com\"}}],\"Version\":\"2012-10-17\"}",
            "create_date": "2024-05-09T00:42:08Z",
            "description": "",
            "force_detach_policies": false,
            "id": "iam-role-for-ec2-SSM-s3-cw-cd-kms",
            "inline_policy": [],
            "managed_policy_arns": [],
            "max_session_duration": 3600,
            "name": "iam-role-for-ec2-SSM-s3-cw-cd-kms",
            "name_prefix": "",
            "path": "/",
            "permissions_boundary": "",
            "tags": null,
            "tags_all": {},
            "unique_id": "AROA47CRYDQHEGANNEWMR"
          },
          "sensitive_attributes": [],
          "private": "bnVsbA==",
          "dependencies": [
            "module.alb.aws_lb.was-elb",
            "module.alb.aws_lb.web-elb",
            "module.alb.aws_lb_listener.was-alb-listener",
            "module.alb.aws_lb_listener.web-alb-listener",
            "module.alb.aws_lb_target_group.was-tg",
            "module.alb.aws_lb_target_group.web-tg",
            "module.alb.data.aws_security_group.was-alb-sg",
            "module.alb.data.aws_security_group.web-alb-sg",
            "module.alb.data.aws_subnet.private1-subnet1",
            "module.alb.data.aws_subnet.private1-subnet2",
            "module.alb.data.aws_subnet.public-subnet1",
            "module.alb.data.aws_subnet.public-subnet2",
            "module.alb.data.aws_vpc.vpc",
            "module.aws-rds.aws_db_subnet_group.db_subnet_group1",
            "module.aws-rds.aws_db_subnet_group.db_subnet_group2",
            "module.aws-rds.aws_rds_cluster.aurora_cluster",
            "module.aws-rds.data.aws_availability_zones.available",
            "module.aws-rds.data.aws_security_group.db-sg",
            "module.aws-rds.data.aws_subnet.private1-subnet1",
            "module.aws-rds.data.aws_subnet.private1-subnet2",
            "module.aws-rds.data.aws_subnet.private2-subnet1",
            "module.aws-rds.data.aws_subnet.private2-subnet2",
            "module.security-group.aws_security_group.database-sg",
            "module.security-group.aws_security_group.was-alb-sg",
            "module.security-group.aws_security_group.was-tier-sg",
            "module.security-group.aws_security_group.web-alb-sg",
            "module.security-group.aws_security_group.web-tier-sg",
            "module.security-group.data.aws_vpc.vpc",
            "module.vpc.aws_eip.eip1",
            "module.vpc.aws_eip.eip2",
            "module.vpc.aws_internet_gateway.igw",
            "module.vpc.aws_nat_gateway.ngw1",
            "module.vpc.aws_nat_gateway.ngw2",
            "module.vpc.aws_route_table.private1-rt1",
            "module.vpc.aws_route_table.private1-rt2",
            "module.vpc.aws_route_table.private2-rt1",
            "module.vpc.aws_route_table.private2-rt2",
            "module.vpc.aws_route_table.public-rt1",
            "module.vpc.aws_route_table.public-rt2",
            "module.vpc.aws_route_table_association.private1-rt-association1",
            "module.vpc.aws_route_table_association.private1-rt-association2",
            "module.vpc.aws_route_table_association.private2-rt-association1",
            "module.vpc.aws_route_table_association.private2-rt-association2",
            "module.vpc.aws_route_table_association.public-rt-association1",
            "module.vpc.aws_route_table_association.public-rt-association2",
            "module.vpc.aws_subnet.private1-subnet1",
            "module.vpc.aws_subnet.private1-subnet2",
            "module.vpc.aws_subnet.private2-subnet1",
            "module.vpc.aws_subnet.private2-subnet2",
            "module.vpc.aws_subnet.public-subnet1",
            "module.vpc.aws_subnet.public-subnet2",
            "module.vpc.aws_vpc.vpc",
            "module.vpc.data.aws_availability_zones.available"
          ]
        }
      ]
    },
    {
      "module": "module.iam",
      "mode": "managed",
      "type": "aws_iam_role_policy",
      "name": "iam-policy",
      "provider": "provider[\"registry.terraform.io/hashicorp/aws\"]",
      "instances": [
        {
          "schema_version": 0,
          "attributes": {
            "id": "iam-role-for-ec2-SSM-s3-cw-cd-kms:iam-policy-for-ec2-SSM-s3-cw-cd-kms",
            "name": "iam-policy-for-ec2-SSM-s3-cw-cd-kms",
            "name_prefix": "",
            "policy": "{\"Version\":\"2012-10-17\",\"Statement\":[{\"Action\":[\"s3:Get*\",\"s3:List*\",\"s3:Describe*\",\"s3-object-lambda:Get*\",\"s3-object-lambda:List*\",\"ssm:DescribeAssociation\",\"ssm:GetDeployablePatchSnapshotForInstance\",\"ssm:GetDocument\",\"ssm:DescribeDocument\",\"ssm:GetManifest\",\"ssm:GetParameter\",\"ssm:GetParameters\",\"ssm:ListAssociations\",\"ssm:ListInstanceAssociations\",\"ssm:PutInventory\",\"ssm:PutComplianceItems\",\"ssm:PutConfigurePackageResult\",\"ssm:UpdateAssociationStatus\",\"ssm:UpdateInstanceAssociationStatus\",\"ssm:UpdateInstanceInformation\",\"ssm:DescribeAssociation\",\"ssm:GetDeployablePatchSnapshotForInstance\",\"ssm:GetDocument\",\"ssm:DescribeDocument\",\"ssm:GetManifest\",\"ssm:GetParameter\",\"ssm:GetParameters\",\"ssm:ListAssociations\",\"ssm:ListInstanceAssociations\",\"ssm:PutInventory\",\"ssm:PutComplianceItems\",\"ssm:PutConfigurePackageResult\",\"ssm:UpdateAssociationStatus\",\"ssm:UpdateInstanceAssociationStatus\",\"ssm:UpdateInstanceInformation\",\"ec2messages:AcknowledgeMessage\",\"ec2messages:DeleteMessage\",\"ec2messages:FailMessage\",\"ec2messages:GetEndpoint\",\"ec2messages:GetMessages\",\"ec2messages:SendReply\",\"ssmmessages:CreateControlChannel\",\"ssmmessages:CreateDataChannel\",\"ssmmessages:OpenControlChannel\",\"ssmmessages:OpenDataChannel\"],\"Effect\":\"Allow\",\"Resource\":\"*\"},{\"Action\":[\"s3:Get*\",\"s3:List*\",\"s3:Put*\"],\"Effect\":\"Allow\",\"Resource\":\"*\"},{\"Action\":[\"codedeploy:*\"],\"Effect\":\"Allow\",\"Resource\":\"*\"},{\"Action\":[\"logs:*\"],\"Effect\":\"Allow\",\"Resource\":\"*\"},{\"Action\":[\"cloudwatch:*\"],\"Effect\":\"Allow\",\"Resource\":\"*\"}]}",
            "role": "iam-role-for-ec2-SSM-s3-cw-cd-kms"
          },
          "sensitive_attributes": [],
          "private": "bnVsbA==",
          "dependencies": [
            "module.alb.aws_lb.was-elb",
            "module.alb.aws_lb.web-elb",
            "module.alb.aws_lb_listener.was-alb-listener",
            "module.alb.aws_lb_listener.web-alb-listener",
            "module.alb.aws_lb_target_group.was-tg",
            "module.alb.aws_lb_target_group.web-tg",
            "module.alb.data.aws_security_group.was-alb-sg",
            "module.alb.data.aws_security_group.web-alb-sg",
            "module.alb.data.aws_subnet.private1-subnet1",
            "module.alb.data.aws_subnet.private1-subnet2",
            "module.alb.data.aws_subnet.public-subnet1",
            "module.alb.data.aws_subnet.public-subnet2",
            "module.alb.data.aws_vpc.vpc",
            "module.aws-rds.aws_db_subnet_group.db_subnet_group1",
            "module.aws-rds.aws_db_subnet_group.db_subnet_group2",
            "module.aws-rds.aws_rds_cluster.aurora_cluster",
            "module.aws-rds.data.aws_availability_zones.available",
            "module.aws-rds.data.aws_security_group.db-sg",
            "module.aws-rds.data.aws_subnet.private1-subnet1",
            "module.aws-rds.data.aws_subnet.private1-subnet2",
            "module.aws-rds.data.aws_subnet.private2-subnet1",
            "module.aws-rds.data.aws_subnet.private2-subnet2",
            "module.iam.aws_iam_role.iam-role",
            "module.security-group.aws_security_group.database-sg",
            "module.security-group.aws_security_group.was-alb-sg",
            "module.security-group.aws_security_group.was-tier-sg",
            "module.security-group.aws_security_group.web-alb-sg",
            "module.security-group.aws_security_group.web-tier-sg",
            "module.security-group.data.aws_vpc.vpc",
            "module.vpc.aws_eip.eip1",
            "module.vpc.aws_eip.eip2",
            "module.vpc.aws_internet_gateway.igw",
            "module.vpc.aws_nat_gateway.ngw1",
            "module.vpc.aws_nat_gateway.ngw2",
            "module.vpc.aws_route_table.private1-rt1",
            "module.vpc.aws_route_table.private1-rt2",
            "module.vpc.aws_route_table.private2-rt1",
            "module.vpc.aws_route_table.private2-rt2",
            "module.vpc.aws_route_table.public-rt1",
            "module.vpc.aws_route_table.public-rt2",
            "module.vpc.aws_route_table_association.private1-rt-association1",
            "module.vpc.aws_route_table_association.private1-rt-association2",
            "module.vpc.aws_route_table_association.private2-rt-association1",
            "module.vpc.aws_route_table_association.private2-rt-association2",
            "module.vpc.aws_route_table_association.public-rt-association1",
            "module.vpc.aws_route_table_association.public-rt-association2",
            "module.vpc.aws_subnet.private1-subnet1",
            "module.vpc.aws_subnet.private1-subnet2",
            "module.vpc.aws_subnet.private2-subnet1",
            "module.vpc.aws_subnet.private2-subnet2",
            "module.vpc.aws_subnet.public-subnet1",
            "module.vpc.aws_subnet.public-subnet2",
            "module.vpc.aws_vpc.vpc",
            "module.vpc.data.aws_availability_zones.available"
          ]
        }
      ]
    },
    {
      "module": "module.route53",
      "mode": "data",
      "type": "aws_route53_zone",
      "name": "zone",
      "provider": "provider[\"registry.terraform.io/hashicorp/aws\"].Virginia",
      "instances": [
        {
          "schema_version": 0,
          "attributes": {
            "arn": "arn:aws:route53:::hostedzone/Z03265771AE2OAGITXSA1",
            "caller_reference": "60991a49-212a-4403-8890-c51a7b51e216",
            "comment": "",
            "id": "Z03265771AE2OAGITXSA1",
            "linked_service_description": null,
            "linked_service_principal": null,
            "name": "minsunny.store",
            "name_servers": [
              "ns-1954.awsdns-52.co.uk",
              "ns-1265.awsdns-30.org",
              "ns-938.awsdns-53.net",
              "ns-304.awsdns-38.com"
            ],
            "primary_name_server": "ns-1954.awsdns-52.co.uk",
            "private_zone": false,
            "resource_record_set_count": 2,
            "tags": {},
            "vpc_id": null,
            "zone_id": "Z03265771AE2OAGITXSA1"
          },
          "sensitive_attributes": []
        }
      ]
    },
    {
      "module": "module.route53",
      "mode": "managed",
      "type": "aws_acm_certificate",
      "name": "cert",
      "provider": "provider[\"registry.terraform.io/hashicorp/aws\"].Virginia",
      "instances": [
        {
          "schema_version": 0,
          "attributes": {
            "arn": "arn:aws:acm:us-east-1:891377163278:certificate/27e34d80-ae5c-47ca-ba20-eec0f6872163",
            "certificate_authority_arn": "",
            "certificate_body": null,
            "certificate_chain": null,
            "domain_name": "minsunny.store",
            "domain_validation_options": [
              {
                "domain_name": "minsunny.store",
                "resource_record_name": "_1a2332418388bdf90435a542520d19c1.minsunny.store.",
                "resource_record_type": "CNAME",
                "resource_record_value": "_4cb602db0ca3a5ff515b447fe632d3e2.mhbtsbpdnt.acm-validations.aws."
              },
              {
                "domain_name": "www.minsunny.store",
                "resource_record_name": "_c9324ed6a130175a3d1b41b1cdc90fe4.www.minsunny.store.",
                "resource_record_type": "CNAME",
                "resource_record_value": "_83d5de9080f47a36c0520bc0c51c51b8.mhbtsbpdnt.acm-validations.aws."
              }
            ],
            "early_renewal_duration": "",
            "id": "arn:aws:acm:us-east-1:891377163278:certificate/27e34d80-ae5c-47ca-ba20-eec0f6872163",
            "key_algorithm": "RSA_2048",
            "not_after": "",
            "not_before": "",
            "options": [
              {
                "certificate_transparency_logging_preference": "ENABLED"
              }
            ],
            "pending_renewal": false,
            "private_key": null,
            "renewal_eligibility": "INELIGIBLE",
            "renewal_summary": [],
            "status": "PENDING_VALIDATION",
            "subject_alternative_names": [
              "minsunny.store",
              "www.minsunny.store"
            ],
            "tags": null,
            "tags_all": {},
            "type": "AMAZON_ISSUED",
            "validation_emails": [],
            "validation_method": "DNS",
            "validation_option": []
          },
          "sensitive_attributes": [],
          "private": "bnVsbA==",
          "create_before_destroy": true
        }
      ]
    },
    {
      "module": "module.route53",
      "mode": "managed",
      "type": "aws_acm_certificate_validation",
      "name": "cert",
      "provider": "provider[\"registry.terraform.io/hashicorp/aws\"].Virginia",
      "instances": [
        {
          "schema_version": 0,
          "attributes": {
            "certificate_arn": "arn:aws:acm:us-east-1:891377163278:certificate/27e34d80-ae5c-47ca-ba20-eec0f6872163",
            "id": "2024-05-09 00:33:01.241 +0000 UTC",
            "timeouts": null,
            "validation_record_fqdns": [
              "_1a2332418388bdf90435a542520d19c1.minsunny.store",
              "_c9324ed6a130175a3d1b41b1cdc90fe4.www.minsunny.store"
            ]
          },
          "sensitive_attributes": [],
          "private": "eyJlMmJmYjczMC1lY2FhLTExZTYtOGY4OC0zNDM2M2JjN2M0YzAiOnsiY3JlYXRlIjo0NTAwMDAwMDAwMDAwfX0=",
          "dependencies": [
            "module.route53.aws_acm_certificate.cert",
            "module.route53.aws_route53_record.cert_validation",
            "module.route53.data.aws_route53_zone.zone"
          ]
        }
      ]
    },
    {
      "module": "module.route53",
      "mode": "managed",
      "type": "aws_cloudfront_distribution",
      "name": "cdn-web-elb-distribution",
      "provider": "provider[\"registry.terraform.io/hashicorp/aws\"].Virginia",
      "instances": [
        {
          "schema_version": 1,
          "attributes": {
            "aliases": [
              "minsunny.store",
              "www.minsunny.store"
            ],
            "arn": "arn:aws:cloudfront::891377163278:distribution/E3RKVRE2B5SNXM",
            "caller_reference": "terraform-20240509004205890700000002",
            "comment": "CDN ALB Distribution",
            "continuous_deployment_policy_id": "",
            "custom_error_response": [],
            "default_cache_behavior": [
              {
                "allowed_methods": [
                  "GET",
                  "HEAD",
                  "OPTIONS"
                ],
                "cache_policy_id": "",
                "cached_methods": [
                  "GET",
                  "HEAD"
                ],
                "compress": true,
                "default_ttl": 0,
                "field_level_encryption_id": "",
                "forwarded_values": [
                  {
                    "cookies": [
                      {
                        "forward": "none",
                        "whitelisted_names": []
                      }
                    ],
                    "headers": [
                      "*"
                    ],
                    "query_string": false,
                    "query_string_cache_keys": []
                  }
                ],
                "function_association": [],
                "lambda_function_association": [],
                "max_ttl": 0,
                "min_ttl": 0,
                "origin_request_policy_id": "",
                "realtime_log_config_arn": "",
                "response_headers_policy_id": "",
                "smooth_streaming": false,
                "target_origin_id": "my-web-alb",
                "trusted_key_groups": [],
                "trusted_signers": [],
                "viewer_protocol_policy": "redirect-to-https"
              }
            ],
            "default_root_object": "",
            "domain_name": "d31cesk8iy3tc7.cloudfront.net",
            "enabled": true,
            "etag": "E2QIBG5EYUN5RC",
            "hosted_zone_id": "Z2FDTNDATAQYW2",
            "http_version": "http2",
            "id": "E3RKVRE2B5SNXM",
            "in_progress_validation_batches": 0,
            "is_ipv6_enabled": true,
            "last_modified_time": "2024-05-09 00:42:06.971 +0000 UTC",
            "logging_config": [],
            "ordered_cache_behavior": [],
            "origin": [
              {
                "connection_attempts": 3,
                "connection_timeout": 10,
                "custom_header": [],
                "custom_origin_config": [
                  {
                    "http_port": 80,
                    "https_port": 443,
                    "origin_keepalive_timeout": 5,
                    "origin_protocol_policy": "http-only",
                    "origin_read_timeout": 30,
                    "origin_ssl_protocols": [
                      "TLSv1.2"
                    ]
                  }
                ],
                "domain_name": "Web-elb-332529042.ap-southeast-1.elb.amazonaws.com",
                "origin_access_control_id": "",
                "origin_id": "my-web-alb",
                "origin_path": "",
                "origin_shield": [],
                "s3_origin_config": []
              }
            ],
            "origin_group": [],
            "price_class": "PriceClass_100",
            "restrictions": [
              {
                "geo_restriction": [
                  {
                    "locations": [],
                    "restriction_type": "none"
                  }
                ]
              }
            ],
            "retain_on_delete": false,
            "staging": false,
            "status": "Deployed",
            "tags": {
              "Name": "3-Tier-CDN-kms"
            },
            "tags_all": {
              "Name": "3-Tier-CDN-kms"
            },
            "trusted_key_groups": [
              {
                "enabled": false,
                "items": []
              }
            ],
            "trusted_signers": [
              {
                "enabled": false,
                "items": []
              }
            ],
            "viewer_certificate": [
              {
                "acm_certificate_arn": "arn:aws:acm:us-east-1:891377163278:certificate/27e34d80-ae5c-47ca-ba20-eec0f6872163",
                "cloudfront_default_certificate": false,
                "iam_certificate_id": "",
                "minimum_protocol_version": "TLSv1.2_2021",
                "ssl_support_method": "sni-only"
              }
            ],
            "wait_for_deployment": true,
            "web_acl_id": "arn:aws:wafv2:us-east-1:891377163278:global/webacl/3-Tier-WAF-kms/c6284d88-3418-4445-98b1-043611fd27e8"
          },
          "sensitive_attributes": [],
          "private": "eyJzY2hlbWFfdmVyc2lvbiI6IjEifQ==",
          "dependencies": [
            "module.alb.aws_lb.web-elb",
            "module.alb.data.aws_security_group.web-alb-sg",
            "module.alb.data.aws_subnet.public-subnet1",
            "module.alb.data.aws_subnet.public-subnet2",
            "module.aws-rds.aws_db_subnet_group.db_subnet_group1",
            "module.aws-rds.aws_db_subnet_group.db_subnet_group2",
            "module.aws-rds.aws_rds_cluster.aurora_cluster",
            "module.aws-rds.data.aws_availability_zones.available",
            "module.aws-rds.data.aws_security_group.db-sg",
            "module.aws-rds.data.aws_subnet.private1-subnet1",
            "module.aws-rds.data.aws_subnet.private1-subnet2",
            "module.aws-rds.data.aws_subnet.private2-subnet1",
            "module.aws-rds.data.aws_subnet.private2-subnet2",
            "module.route53.aws_acm_certificate.cert",
            "module.route53.aws_wafv2_web_acl.web_acl",
            "module.security-group.aws_security_group.database-sg",
            "module.security-group.aws_security_group.was-alb-sg",
            "module.security-group.aws_security_group.was-tier-sg",
            "module.security-group.aws_security_group.web-alb-sg",
            "module.security-group.aws_security_group.web-tier-sg",
            "module.security-group.data.aws_vpc.vpc",
            "module.vpc.aws_eip.eip1",
            "module.vpc.aws_eip.eip2",
            "module.vpc.aws_internet_gateway.igw",
            "module.vpc.aws_nat_gateway.ngw1",
            "module.vpc.aws_nat_gateway.ngw2",
            "module.vpc.aws_route_table.private1-rt1",
            "module.vpc.aws_route_table.private1-rt2",
            "module.vpc.aws_route_table.private2-rt1",
            "module.vpc.aws_route_table.private2-rt2",
            "module.vpc.aws_route_table.public-rt1",
            "module.vpc.aws_route_table.public-rt2",
            "module.vpc.aws_route_table_association.private1-rt-association1",
            "module.vpc.aws_route_table_association.private1-rt-association2",
            "module.vpc.aws_route_table_association.private2-rt-association1",
            "module.vpc.aws_route_table_association.private2-rt-association2",
            "module.vpc.aws_route_table_association.public-rt-association1",
            "module.vpc.aws_route_table_association.public-rt-association2",
            "module.vpc.aws_subnet.private1-subnet1",
            "module.vpc.aws_subnet.private1-subnet2",
            "module.vpc.aws_subnet.private2-subnet1",
            "module.vpc.aws_subnet.private2-subnet2",
            "module.vpc.aws_subnet.public-subnet1",
            "module.vpc.aws_subnet.public-subnet2",
            "module.vpc.aws_vpc.vpc",
            "module.vpc.data.aws_availability_zones.available"
          ]
        }
      ]
    },
    {
      "module": "module.route53",
      "mode": "managed",
      "type": "aws_route53_record",
      "name": "apex",
      "provider": "provider[\"registry.terraform.io/hashicorp/aws\"].Virginia",
      "instances": [
        {
          "schema_version": 2,
          "attributes": {
            "alias": [
              {
                "evaluate_target_health": false,
                "name": "d31cesk8iy3tc7.cloudfront.net",
                "zone_id": "Z2FDTNDATAQYW2"
              }
            ],
            "allow_overwrite": null,
            "cidr_routing_policy": [],
            "failover_routing_policy": [],
            "fqdn": "minsunny.store",
            "geolocation_routing_policy": [],
            "geoproximity_routing_policy": [],
            "health_check_id": "",
            "id": "Z03265771AE2OAGITXSA1_minsunny.store_A",
            "latency_routing_policy": [],
            "multivalue_answer_routing_policy": false,
            "name": "minsunny.store",
            "records": null,
            "set_identifier": "",
            "ttl": 0,
            "type": "A",
            "weighted_routing_policy": [],
            "zone_id": "Z03265771AE2OAGITXSA1"
          },
          "sensitive_attributes": [],
          "private": "eyJzY2hlbWFfdmVyc2lvbiI6IjIifQ==",
          "dependencies": [
            "module.alb.aws_lb.web-elb",
            "module.alb.data.aws_security_group.web-alb-sg",
            "module.alb.data.aws_subnet.public-subnet1",
            "module.alb.data.aws_subnet.public-subnet2",
            "module.aws-rds.aws_db_subnet_group.db_subnet_group1",
            "module.aws-rds.aws_db_subnet_group.db_subnet_group2",
            "module.aws-rds.aws_rds_cluster.aurora_cluster",
            "module.aws-rds.data.aws_availability_zones.available",
            "module.aws-rds.data.aws_security_group.db-sg",
            "module.aws-rds.data.aws_subnet.private1-subnet1",
            "module.aws-rds.data.aws_subnet.private1-subnet2",
            "module.aws-rds.data.aws_subnet.private2-subnet1",
            "module.aws-rds.data.aws_subnet.private2-subnet2",
            "module.route53.aws_acm_certificate.cert",
            "module.route53.aws_cloudfront_distribution.cdn-web-elb-distribution",
            "module.route53.aws_wafv2_web_acl.web_acl",
            "module.route53.data.aws_route53_zone.zone",
            "module.security-group.aws_security_group.database-sg",
            "module.security-group.aws_security_group.was-alb-sg",
            "module.security-group.aws_security_group.was-tier-sg",
            "module.security-group.aws_security_group.web-alb-sg",
            "module.security-group.aws_security_group.web-tier-sg",
            "module.security-group.data.aws_vpc.vpc",
            "module.vpc.aws_eip.eip1",
            "module.vpc.aws_eip.eip2",
            "module.vpc.aws_internet_gateway.igw",
            "module.vpc.aws_nat_gateway.ngw1",
            "module.vpc.aws_nat_gateway.ngw2",
            "module.vpc.aws_route_table.private1-rt1",
            "module.vpc.aws_route_table.private1-rt2",
            "module.vpc.aws_route_table.private2-rt1",
            "module.vpc.aws_route_table.private2-rt2",
            "module.vpc.aws_route_table.public-rt1",
            "module.vpc.aws_route_table.public-rt2",
            "module.vpc.aws_route_table_association.private1-rt-association1",
            "module.vpc.aws_route_table_association.private1-rt-association2",
            "module.vpc.aws_route_table_association.private2-rt-association1",
            "module.vpc.aws_route_table_association.private2-rt-association2",
            "module.vpc.aws_route_table_association.public-rt-association1",
            "module.vpc.aws_route_table_association.public-rt-association2",
            "module.vpc.aws_subnet.private1-subnet1",
            "module.vpc.aws_subnet.private1-subnet2",
            "module.vpc.aws_subnet.private2-subnet1",
            "module.vpc.aws_subnet.private2-subnet2",
            "module.vpc.aws_subnet.public-subnet1",
            "module.vpc.aws_subnet.public-subnet2",
            "module.vpc.aws_vpc.vpc",
            "module.vpc.data.aws_availability_zones.available"
          ]
        }
      ]
    },
    {
      "module": "module.route53",
      "mode": "managed",
      "type": "aws_route53_record",
      "name": "cert_validation",
      "provider": "provider[\"registry.terraform.io/hashicorp/aws\"].Virginia",
      "instances": [
        {
          "index_key": "minsunny.store",
          "schema_version": 2,
          "attributes": {
            "alias": [],
            "allow_overwrite": true,
            "cidr_routing_policy": [],
            "failover_routing_policy": [],
            "fqdn": "_1a2332418388bdf90435a542520d19c1.minsunny.store",
            "geolocation_routing_policy": [],
            "geoproximity_routing_policy": [],
            "health_check_id": "",
            "id": "Z03265771AE2OAGITXSA1__1a2332418388bdf90435a542520d19c1.minsunny.store._CNAME",
            "latency_routing_policy": [],
            "multivalue_answer_routing_policy": false,
            "name": "_1a2332418388bdf90435a542520d19c1.minsunny.store",
            "records": [
              "_4cb602db0ca3a5ff515b447fe632d3e2.mhbtsbpdnt.acm-validations.aws."
            ],
            "set_identifier": "",
            "ttl": 60,
            "type": "CNAME",
            "weighted_routing_policy": [],
            "zone_id": "Z03265771AE2OAGITXSA1"
          },
          "sensitive_attributes": [],
          "private": "eyJzY2hlbWFfdmVyc2lvbiI6IjIifQ==",
          "dependencies": [
            "module.route53.aws_acm_certificate.cert",
            "module.route53.data.aws_route53_zone.zone"
          ]
        },
        {
          "index_key": "www.minsunny.store",
          "schema_version": 2,
          "attributes": {
            "alias": [],
            "allow_overwrite": true,
            "cidr_routing_policy": [],
            "failover_routing_policy": [],
            "fqdn": "_c9324ed6a130175a3d1b41b1cdc90fe4.www.minsunny.store",
            "geolocation_routing_policy": [],
            "geoproximity_routing_policy": [],
            "health_check_id": "",
            "id": "Z03265771AE2OAGITXSA1__c9324ed6a130175a3d1b41b1cdc90fe4.www.minsunny.store._CNAME",
            "latency_routing_policy": [],
            "multivalue_answer_routing_policy": false,
            "name": "_c9324ed6a130175a3d1b41b1cdc90fe4.www.minsunny.store",
            "records": [
              "_83d5de9080f47a36c0520bc0c51c51b8.mhbtsbpdnt.acm-validations.aws."
            ],
            "set_identifier": "",
            "ttl": 60,
            "type": "CNAME",
            "weighted_routing_policy": [],
            "zone_id": "Z03265771AE2OAGITXSA1"
          },
          "sensitive_attributes": [],
          "private": "eyJzY2hlbWFfdmVyc2lvbiI6IjIifQ==",
          "dependencies": [
            "module.route53.aws_acm_certificate.cert",
            "module.route53.data.aws_route53_zone.zone"
          ]
        }
      ]
    },
    {
      "module": "module.route53",
      "mode": "managed",
      "type": "aws_route53_record",
      "name": "www",
      "provider": "provider[\"registry.terraform.io/hashicorp/aws\"].Virginia",
      "instances": [
        {
          "schema_version": 2,
          "attributes": {
            "alias": [
              {
                "evaluate_target_health": false,
                "name": "d31cesk8iy3tc7.cloudfront.net",
                "zone_id": "Z2FDTNDATAQYW2"
              }
            ],
            "allow_overwrite": null,
            "cidr_routing_policy": [],
            "failover_routing_policy": [],
            "fqdn": "www.minsunny.store",
            "geolocation_routing_policy": [],
            "geoproximity_routing_policy": [],
            "health_check_id": "",
            "id": "Z03265771AE2OAGITXSA1_www.minsunny.store_A",
            "latency_routing_policy": [],
            "multivalue_answer_routing_policy": false,
            "name": "www.minsunny.store",
            "records": null,
            "set_identifier": "",
            "ttl": 0,
            "type": "A",
            "weighted_routing_policy": [],
            "zone_id": "Z03265771AE2OAGITXSA1"
          },
          "sensitive_attributes": [],
          "private": "eyJzY2hlbWFfdmVyc2lvbiI6IjIifQ==",
          "dependencies": [
            "module.alb.aws_lb.web-elb",
            "module.alb.data.aws_security_group.web-alb-sg",
            "module.alb.data.aws_subnet.public-subnet1",
            "module.alb.data.aws_subnet.public-subnet2",
            "module.aws-rds.aws_db_subnet_group.db_subnet_group1",
            "module.aws-rds.aws_db_subnet_group.db_subnet_group2",
            "module.aws-rds.aws_rds_cluster.aurora_cluster",
            "module.aws-rds.data.aws_availability_zones.available",
            "module.aws-rds.data.aws_security_group.db-sg",
            "module.aws-rds.data.aws_subnet.private1-subnet1",
            "module.aws-rds.data.aws_subnet.private1-subnet2",
            "module.aws-rds.data.aws_subnet.private2-subnet1",
            "module.aws-rds.data.aws_subnet.private2-subnet2",
            "module.route53.aws_acm_certificate.cert",
            "module.route53.aws_cloudfront_distribution.cdn-web-elb-distribution",
            "module.route53.aws_wafv2_web_acl.web_acl",
            "module.route53.data.aws_route53_zone.zone",
            "module.security-group.aws_security_group.database-sg",
            "module.security-group.aws_security_group.was-alb-sg",
            "module.security-group.aws_security_group.was-tier-sg",
            "module.security-group.aws_security_group.web-alb-sg",
            "module.security-group.aws_security_group.web-tier-sg",
            "module.security-group.data.aws_vpc.vpc",
            "module.vpc.aws_eip.eip1",
            "module.vpc.aws_eip.eip2",
            "module.vpc.aws_internet_gateway.igw",
            "module.vpc.aws_nat_gateway.ngw1",
            "module.vpc.aws_nat_gateway.ngw2",
            "module.vpc.aws_route_table.private1-rt1",
            "module.vpc.aws_route_table.private1-rt2",
            "module.vpc.aws_route_table.private2-rt1",
            "module.vpc.aws_route_table.private2-rt2",
            "module.vpc.aws_route_table.public-rt1",
            "module.vpc.aws_route_table.public-rt2",
            "module.vpc.aws_route_table_association.private1-rt-association1",
            "module.vpc.aws_route_table_association.private1-rt-association2",
            "module.vpc.aws_route_table_association.private2-rt-association1",
            "module.vpc.aws_route_table_association.private2-rt-association2",
            "module.vpc.aws_route_table_association.public-rt-association1",
            "module.vpc.aws_route_table_association.public-rt-association2",
            "module.vpc.aws_subnet.private1-subnet1",
            "module.vpc.aws_subnet.private1-subnet2",
            "module.vpc.aws_subnet.private2-subnet1",
            "module.vpc.aws_subnet.private2-subnet2",
            "module.vpc.aws_subnet.public-subnet1",
            "module.vpc.aws_subnet.public-subnet2",
            "module.vpc.aws_vpc.vpc",
            "module.vpc.data.aws_availability_zones.available"
          ]
        }
      ]
    },
    {
      "module": "module.route53",
      "mode": "managed",
      "type": "aws_wafv2_web_acl",
      "name": "web_acl",
      "provider": "provider[\"registry.terraform.io/hashicorp/aws\"].Virginia",
      "instances": [
        {
          "schema_version": 0,
          "attributes": {
            "application_integration_url": "",
            "arn": "arn:aws:wafv2:us-east-1:891377163278:global/webacl/3-Tier-WAF-kms/c6284d88-3418-4445-98b1-043611fd27e8",
            "association_config": [],
            "capacity": 50,
            "captcha_config": [],
            "challenge_config": [],
            "custom_response_body": [],
            "default_action": [
              {
                "allow": [
                  {
                    "custom_request_handling": []
                  }
                ],
                "block": []
              }
            ],
            "description": "",
            "id": "c6284d88-3418-4445-98b1-043611fd27e8",
            "lock_token": "c0366375-3b84-43ef-982c-89a0da7a9431",
            "name": "3-Tier-WAF-kms",
            "rule": [
              {
                "action": [],
                "captcha_config": [],
                "name": "AWSManagedRulesAnonymousIpList",
                "override_action": [
                  {
                    "count": [],
                    "none": [
                      {}
                    ]
                  }
                ],
                "priority": 0,
                "rule_label": [],
                "statement": [
                  {
                    "and_statement": [],
                    "byte_match_statement": [],
                    "geo_match_statement": [],
                    "ip_set_reference_statement": [],
                    "label_match_statement": [],
                    "managed_rule_group_statement": [
                      {
                        "managed_rule_group_configs": [],
                        "name": "AWSManagedRulesAnonymousIpList",
                        "rule_action_override": [
                          {
                            "action_to_use": [
                              {
                                "allow": [],
                                "block": [],
                                "captcha": [],
                                "challenge": [],
                                "count": [
                                  {
                                    "custom_request_handling": []
                                  }
                                ]
                              }
                            ],
                            "name": "SizeRestrictions_QUERYSTRING"
                          },
                          {
                            "action_to_use": [
                              {
                                "allow": [],
                                "block": [],
                                "captcha": [],
                                "challenge": [],
                                "count": [
                                  {
                                    "custom_request_handling": []
                                  }
                                ]
                              }
                            ],
                            "name": "NoUserAgent_HEADER"
                          }
                        ],
                        "scope_down_statement": [],
                        "vendor_name": "AWS",
                        "version": ""
                      }
                    ],
                    "not_statement": [],
                    "or_statement": [],
                    "rate_based_statement": [],
                    "regex_match_statement": [],
                    "regex_pattern_set_reference_statement": [],
                    "rule_group_reference_statement": [],
                    "size_constraint_statement": [],
                    "sqli_match_statement": [],
                    "xss_match_statement": []
                  }
                ],
                "visibility_config": [
                  {
                    "cloudwatch_metrics_enabled": false,
                    "metric_name": "BlockIPRuleMetrics",
                    "sampled_requests_enabled": false
                  }
                ]
              }
            ],
            "scope": "CLOUDFRONT",
            "tags": null,
            "tags_all": {},
            "token_domains": null,
            "visibility_config": [
              {
                "cloudwatch_metrics_enabled": false,
                "metric_name": "BlockIPRuleMetrics",
                "sampled_requests_enabled": false
              }
            ]
          },
          "sensitive_attributes": [],
          "private": "bnVsbA=="
        }
      ]
    },
    {
      "module": "module.security-group",
      "mode": "data",
      "type": "aws_vpc",
      "name": "vpc",
      "provider": "provider[\"registry.terraform.io/hashicorp/aws\"]",
      "instances": [
        {
          "schema_version": 0,
          "attributes": {
            "arn": "arn:aws:ec2:ap-southeast-1:891377163278:vpc/vpc-0e10412dba9535c77",
            "cidr_block": "192.168.0.0/16",
            "cidr_block_associations": [
              {
                "association_id": "vpc-cidr-assoc-001a646ef99433bf5",
                "cidr_block": "192.168.0.0/16",
                "state": "associated"
              }
            ],
            "default": false,
            "dhcp_options_id": "dopt-0ca02d48b1d18e4d7",
            "enable_dns_hostnames": true,
            "enable_dns_support": true,
            "enable_network_address_usage_metrics": false,
            "filter": [
              {
                "name": "tag:Name",
                "values": [
                  "3-Tier-VPC"
                ]
              }
            ],
            "id": "vpc-0e10412dba9535c77",
            "instance_tenancy": "default",
            "ipv6_association_id": "",
            "ipv6_cidr_block": "",
            "main_route_table_id": "rtb-0bb9877f287698b9a",
            "owner_id": "891377163278",
            "state": null,
            "tags": {
              "Name": "3-Tier-VPC"
            },
            "timeouts": null
          },
          "sensitive_attributes": []
        }
      ]
    },
    {
      "module": "module.security-group",
      "mode": "managed",
      "type": "aws_security_group",
      "name": "database-sg",
      "provider": "provider[\"registry.terraform.io/hashicorp/aws\"]",
      "instances": [
        {
          "schema_version": 1,
          "attributes": {
            "arn": "arn:aws:ec2:ap-southeast-1:891377163278:security-group/sg-0a708124d04a13629",
            "description": "Protocol Type MySQL/Aurora",
            "egress": [
              {
                "cidr_blocks": [
                  "0.0.0.0/0"
                ],
                "description": "",
                "from_port": 0,
                "ipv6_cidr_blocks": [
                  "::/0"
                ],
                "prefix_list_ids": [],
                "protocol": "-1",
                "security_groups": [],
                "self": false,
                "to_port": 0
              }
            ],
            "id": "sg-0a708124d04a13629",
            "ingress": [
              {
                "cidr_blocks": [],
                "description": "",
                "from_port": 3306,
                "ipv6_cidr_blocks": [],
                "prefix_list_ids": [],
                "protocol": "tcp",
                "security_groups": [
                  "sg-0a5d114e18916deb3"
                ],
                "self": false,
                "to_port": 3306
              }
            ],
            "name": "terraform-2024050900370426500000000d",
            "name_prefix": "terraform-",
            "owner_id": "891377163278",
            "revoke_rules_on_delete": false,
            "tags": {
              "Name": "3-Tier-db-sg"
            },
            "tags_all": {
              "Name": "3-Tier-db-sg"
            },
            "timeouts": null,
            "vpc_id": "vpc-0e10412dba9535c77"
          },
          "sensitive_attributes": [],
          "private": "eyJlMmJmYjczMC1lY2FhLTExZTYtOGY4OC0zNDM2M2JjN2M0YzAiOnsiY3JlYXRlIjo2MDAwMDAwMDAwMDAsImRlbGV0ZSI6OTAwMDAwMDAwMDAwfSwic2NoZW1hX3ZlcnNpb24iOiIxIn0=",
          "dependencies": [
            "module.security-group.aws_security_group.was-alb-sg",
            "module.security-group.aws_security_group.was-tier-sg",
            "module.security-group.aws_security_group.web-alb-sg",
            "module.security-group.aws_security_group.web-tier-sg",
            "module.security-group.data.aws_vpc.vpc",
            "module.vpc.aws_eip.eip1",
            "module.vpc.aws_eip.eip2",
            "module.vpc.aws_internet_gateway.igw",
            "module.vpc.aws_nat_gateway.ngw1",
            "module.vpc.aws_nat_gateway.ngw2",
            "module.vpc.aws_route_table.private1-rt1",
            "module.vpc.aws_route_table.private1-rt2",
            "module.vpc.aws_route_table.private2-rt1",
            "module.vpc.aws_route_table.private2-rt2",
            "module.vpc.aws_route_table.public-rt1",
            "module.vpc.aws_route_table.public-rt2",
            "module.vpc.aws_route_table_association.private1-rt-association1",
            "module.vpc.aws_route_table_association.private1-rt-association2",
            "module.vpc.aws_route_table_association.private2-rt-association1",
            "module.vpc.aws_route_table_association.private2-rt-association2",
            "module.vpc.aws_route_table_association.public-rt-association1",
            "module.vpc.aws_route_table_association.public-rt-association2",
            "module.vpc.aws_subnet.private1-subnet1",
            "module.vpc.aws_subnet.private1-subnet2",
            "module.vpc.aws_subnet.private2-subnet1",
            "module.vpc.aws_subnet.private2-subnet2",
            "module.vpc.aws_subnet.public-subnet1",
            "module.vpc.aws_subnet.public-subnet2",
            "module.vpc.aws_vpc.vpc",
            "module.vpc.data.aws_availability_zones.available"
          ]
        }
      ]
    },
    {
      "module": "module.security-group",
      "mode": "managed",
      "type": "aws_security_group",
      "name": "was-alb-sg",
      "provider": "provider[\"registry.terraform.io/hashicorp/aws\"]",
      "instances": [
        {
          "schema_version": 1,
          "attributes": {
            "arn": "arn:aws:ec2:ap-southeast-1:891377163278:security-group/sg-06ec60fe4f80cb312",
            "description": "Allow WEB EC2 ONLY",
            "egress": [
              {
                "cidr_blocks": [
                  "0.0.0.0/0"
                ],
                "description": "",
                "from_port": 0,
                "ipv6_cidr_blocks": [
                  "::/0"
                ],
                "prefix_list_ids": [],
                "protocol": "-1",
                "security_groups": [],
                "self": false,
                "to_port": 0
              }
            ],
            "id": "sg-06ec60fe4f80cb312",
            "ingress": [
              {
                "cidr_blocks": [],
                "description": "",
                "from_port": 8080,
                "ipv6_cidr_blocks": [],
                "prefix_list_ids": [],
                "protocol": "tcp",
                "security_groups": [
                  "sg-016d78b3f0bd91bc7"
                ],
                "self": false,
                "to_port": 8080
              }
            ],
            "name": "terraform-2024050900365912250000000b",
            "name_prefix": "terraform-",
            "owner_id": "891377163278",
            "revoke_rules_on_delete": false,
            "tags": {
              "Name": "3-Tier-was-alb-sg"
            },
            "tags_all": {
              "Name": "3-Tier-was-alb-sg"
            },
            "timeouts": null,
            "vpc_id": "vpc-0e10412dba9535c77"
          },
          "sensitive_attributes": [],
          "private": "eyJlMmJmYjczMC1lY2FhLTExZTYtOGY4OC0zNDM2M2JjN2M0YzAiOnsiY3JlYXRlIjo2MDAwMDAwMDAwMDAsImRlbGV0ZSI6OTAwMDAwMDAwMDAwfSwic2NoZW1hX3ZlcnNpb24iOiIxIn0=",
          "dependencies": [
            "module.security-group.aws_security_group.web-alb-sg",
            "module.security-group.aws_security_group.web-tier-sg",
            "module.security-group.data.aws_vpc.vpc",
            "module.vpc.aws_eip.eip1",
            "module.vpc.aws_eip.eip2",
            "module.vpc.aws_internet_gateway.igw",
            "module.vpc.aws_nat_gateway.ngw1",
            "module.vpc.aws_nat_gateway.ngw2",
            "module.vpc.aws_route_table.private1-rt1",
            "module.vpc.aws_route_table.private1-rt2",
            "module.vpc.aws_route_table.private2-rt1",
            "module.vpc.aws_route_table.private2-rt2",
            "module.vpc.aws_route_table.public-rt1",
            "module.vpc.aws_route_table.public-rt2",
            "module.vpc.aws_route_table_association.private1-rt-association1",
            "module.vpc.aws_route_table_association.private1-rt-association2",
            "module.vpc.aws_route_table_association.private2-rt-association1",
            "module.vpc.aws_route_table_association.private2-rt-association2",
            "module.vpc.aws_route_table_association.public-rt-association1",
            "module.vpc.aws_route_table_association.public-rt-association2",
            "module.vpc.aws_subnet.private1-subnet1",
            "module.vpc.aws_subnet.private1-subnet2",
            "module.vpc.aws_subnet.private2-subnet1",
            "module.vpc.aws_subnet.private2-subnet2",
            "module.vpc.aws_subnet.public-subnet1",
            "module.vpc.aws_subnet.public-subnet2",
            "module.vpc.aws_vpc.vpc",
            "module.vpc.data.aws_availability_zones.available"
          ]
        }
      ]
    },
    {
      "module": "module.security-group",
      "mode": "managed",
      "type": "aws_security_group",
      "name": "was-tier-sg",
      "provider": "provider[\"registry.terraform.io/hashicorp/aws\"]",
      "instances": [
        {
          "schema_version": 1,
          "attributes": {
            "arn": "arn:aws:ec2:ap-southeast-1:891377163278:security-group/sg-0a5d114e18916deb3",
            "description": "Allow HTTP and HTTPS for WEB Only",
            "egress": [
              {
                "cidr_blocks": [
                  "0.0.0.0/0"
                ],
                "description": "",
                "from_port": 0,
                "ipv6_cidr_blocks": [
                  "::/0"
                ],
                "prefix_list_ids": [],
                "protocol": "-1",
                "security_groups": [],
                "self": false,
                "to_port": 0
              }
            ],
            "id": "sg-0a5d114e18916deb3",
            "ingress": [
              {
                "cidr_blocks": [],
                "description": "",
                "from_port": 8080,
                "ipv6_cidr_blocks": [],
                "prefix_list_ids": [],
                "protocol": "tcp",
                "security_groups": [
                  "sg-06ec60fe4f80cb312"
                ],
                "self": false,
                "to_port": 8080
              }
            ],
            "name": "terraform-2024050900370164010000000c",
            "name_prefix": "terraform-",
            "owner_id": "891377163278",
            "revoke_rules_on_delete": false,
            "tags": {
              "Name": "3-Tier-was-sg"
            },
            "tags_all": {
              "Name": "3-Tier-was-sg"
            },
            "timeouts": null,
            "vpc_id": "vpc-0e10412dba9535c77"
          },
          "sensitive_attributes": [],
          "private": "eyJlMmJmYjczMC1lY2FhLTExZTYtOGY4OC0zNDM2M2JjN2M0YzAiOnsiY3JlYXRlIjo2MDAwMDAwMDAwMDAsImRlbGV0ZSI6OTAwMDAwMDAwMDAwfSwic2NoZW1hX3ZlcnNpb24iOiIxIn0=",
          "dependencies": [
            "module.security-group.aws_security_group.was-alb-sg",
            "module.security-group.aws_security_group.web-alb-sg",
            "module.security-group.aws_security_group.web-tier-sg",
            "module.security-group.data.aws_vpc.vpc",
            "module.vpc.aws_eip.eip1",
            "module.vpc.aws_eip.eip2",
            "module.vpc.aws_internet_gateway.igw",
            "module.vpc.aws_nat_gateway.ngw1",
            "module.vpc.aws_nat_gateway.ngw2",
            "module.vpc.aws_route_table.private1-rt1",
            "module.vpc.aws_route_table.private1-rt2",
            "module.vpc.aws_route_table.private2-rt1",
            "module.vpc.aws_route_table.private2-rt2",
            "module.vpc.aws_route_table.public-rt1",
            "module.vpc.aws_route_table.public-rt2",
            "module.vpc.aws_route_table_association.private1-rt-association1",
            "module.vpc.aws_route_table_association.private1-rt-association2",
            "module.vpc.aws_route_table_association.private2-rt-association1",
            "module.vpc.aws_route_table_association.private2-rt-association2",
            "module.vpc.aws_route_table_association.public-rt-association1",
            "module.vpc.aws_route_table_association.public-rt-association2",
            "module.vpc.aws_subnet.private1-subnet1",
            "module.vpc.aws_subnet.private1-subnet2",
            "module.vpc.aws_subnet.private2-subnet1",
            "module.vpc.aws_subnet.private2-subnet2",
            "module.vpc.aws_subnet.public-subnet1",
            "module.vpc.aws_subnet.public-subnet2",
            "module.vpc.aws_vpc.vpc",
            "module.vpc.data.aws_availability_zones.available"
          ]
        }
      ]
    },
    {
      "module": "module.security-group",
      "mode": "managed",
      "type": "aws_security_group",
      "name": "web-alb-sg",
      "provider": "provider[\"registry.terraform.io/hashicorp/aws\"]",
      "instances": [
        {
          "schema_version": 1,
          "attributes": {
            "arn": "arn:aws:ec2:ap-southeast-1:891377163278:security-group/sg-0e60b1cc86212cf5a",
            "description": "Allow HTTP and HTTPS for World",
            "egress": [
              {
                "cidr_blocks": [
                  "0.0.0.0/0"
                ],
                "description": "",
                "from_port": 0,
                "ipv6_cidr_blocks": [
                  "::/0"
                ],
                "prefix_list_ids": [],
                "protocol": "-1",
                "security_groups": [],
                "self": false,
                "to_port": 0
              }
            ],
            "id": "sg-0e60b1cc86212cf5a",
            "ingress": [
              {
                "cidr_blocks": [
                  "0.0.0.0/0"
                ],
                "description": "",
                "from_port": 443,
                "ipv6_cidr_blocks": [],
                "prefix_list_ids": [],
                "protocol": "tcp",
                "security_groups": [],
                "self": false,
                "to_port": 443
              },
              {
                "cidr_blocks": [
                  "0.0.0.0/0"
                ],
                "description": "",
                "from_port": 80,
                "ipv6_cidr_blocks": [],
                "prefix_list_ids": [],
                "protocol": "tcp",
                "security_groups": [],
                "self": false,
                "to_port": 80
              }
            ],
            "name": "terraform-20240509003654851300000009",
            "name_prefix": "terraform-",
            "owner_id": "891377163278",
            "revoke_rules_on_delete": false,
            "tags": {
              "Name": "3-Tier-web-alb-sg"
            },
            "tags_all": {
              "Name": "3-Tier-web-alb-sg"
            },
            "timeouts": null,
            "vpc_id": "vpc-0e10412dba9535c77"
          },
          "sensitive_attributes": [],
          "private": "eyJlMmJmYjczMC1lY2FhLTExZTYtOGY4OC0zNDM2M2JjN2M0YzAiOnsiY3JlYXRlIjo2MDAwMDAwMDAwMDAsImRlbGV0ZSI6OTAwMDAwMDAwMDAwfSwic2NoZW1hX3ZlcnNpb24iOiIxIn0=",
          "dependencies": [
            "module.security-group.data.aws_vpc.vpc",
            "module.vpc.aws_eip.eip1",
            "module.vpc.aws_eip.eip2",
            "module.vpc.aws_internet_gateway.igw",
            "module.vpc.aws_nat_gateway.ngw1",
            "module.vpc.aws_nat_gateway.ngw2",
            "module.vpc.aws_route_table.private1-rt1",
            "module.vpc.aws_route_table.private1-rt2",
            "module.vpc.aws_route_table.private2-rt1",
            "module.vpc.aws_route_table.private2-rt2",
            "module.vpc.aws_route_table.public-rt1",
            "module.vpc.aws_route_table.public-rt2",
            "module.vpc.aws_route_table_association.private1-rt-association1",
            "module.vpc.aws_route_table_association.private1-rt-association2",
            "module.vpc.aws_route_table_association.private2-rt-association1",
            "module.vpc.aws_route_table_association.private2-rt-association2",
            "module.vpc.aws_route_table_association.public-rt-association1",
            "module.vpc.aws_route_table_association.public-rt-association2",
            "module.vpc.aws_subnet.private1-subnet1",
            "module.vpc.aws_subnet.private1-subnet2",
            "module.vpc.aws_subnet.private2-subnet1",
            "module.vpc.aws_subnet.private2-subnet2",
            "module.vpc.aws_subnet.public-subnet1",
            "module.vpc.aws_subnet.public-subnet2",
            "module.vpc.aws_vpc.vpc",
            "module.vpc.data.aws_availability_zones.available"
          ]
        }
      ]
    },
    {
      "module": "module.security-group",
      "mode": "managed",
      "type": "aws_security_group",
      "name": "web-tier-sg",
      "provider": "provider[\"registry.terraform.io/hashicorp/aws\"]",
      "instances": [
        {
          "schema_version": 1,
          "attributes": {
            "arn": "arn:aws:ec2:ap-southeast-1:891377163278:security-group/sg-016d78b3f0bd91bc7",
            "description": "Allow HTTP and HTTPS for ALB Only",
            "egress": [
              {
                "cidr_blocks": [
                  "0.0.0.0/0"
                ],
                "description": "",
                "from_port": 0,
                "ipv6_cidr_blocks": [
                  "::/0"
                ],
                "prefix_list_ids": [],
                "protocol": "-1",
                "security_groups": [],
                "self": false,
                "to_port": 0
              }
            ],
            "id": "sg-016d78b3f0bd91bc7",
            "ingress": [
              {
                "cidr_blocks": [],
                "description": "",
                "from_port": 443,
                "ipv6_cidr_blocks": [],
                "prefix_list_ids": [],
                "protocol": "tcp",
                "security_groups": [
                  "sg-0e60b1cc86212cf5a"
                ],
                "self": false,
                "to_port": 443
              },
              {
                "cidr_blocks": [],
                "description": "",
                "from_port": 80,
                "ipv6_cidr_blocks": [],
                "prefix_list_ids": [],
                "protocol": "tcp",
                "security_groups": [
                  "sg-0e60b1cc86212cf5a"
                ],
                "self": false,
                "to_port": 80
              }
            ],
            "name": "terraform-2024050900365694190000000a",
            "name_prefix": "terraform-",
            "owner_id": "891377163278",
            "revoke_rules_on_delete": false,
            "tags": {
              "Name": "3-Tier-web-sg"
            },
            "tags_all": {
              "Name": "3-Tier-web-sg"
            },
            "timeouts": null,
            "vpc_id": "vpc-0e10412dba9535c77"
          },
          "sensitive_attributes": [],
          "private": "eyJlMmJmYjczMC1lY2FhLTExZTYtOGY4OC0zNDM2M2JjN2M0YzAiOnsiY3JlYXRlIjo2MDAwMDAwMDAwMDAsImRlbGV0ZSI6OTAwMDAwMDAwMDAwfSwic2NoZW1hX3ZlcnNpb24iOiIxIn0=",
          "dependencies": [
            "module.security-group.aws_security_group.web-alb-sg",
            "module.security-group.data.aws_vpc.vpc",
            "module.vpc.aws_eip.eip1",
            "module.vpc.aws_eip.eip2",
            "module.vpc.aws_internet_gateway.igw",
            "module.vpc.aws_nat_gateway.ngw1",
            "module.vpc.aws_nat_gateway.ngw2",
            "module.vpc.aws_route_table.private1-rt1",
            "module.vpc.aws_route_table.private1-rt2",
            "module.vpc.aws_route_table.private2-rt1",
            "module.vpc.aws_route_table.private2-rt2",
            "module.vpc.aws_route_table.public-rt1",
            "module.vpc.aws_route_table.public-rt2",
            "module.vpc.aws_route_table_association.private1-rt-association1",
            "module.vpc.aws_route_table_association.private1-rt-association2",
            "module.vpc.aws_route_table_association.private2-rt-association1",
            "module.vpc.aws_route_table_association.private2-rt-association2",
            "module.vpc.aws_route_table_association.public-rt-association1",
            "module.vpc.aws_route_table_association.public-rt-association2",
            "module.vpc.aws_subnet.private1-subnet1",
            "module.vpc.aws_subnet.private1-subnet2",
            "module.vpc.aws_subnet.private2-subnet1",
            "module.vpc.aws_subnet.private2-subnet2",
            "module.vpc.aws_subnet.public-subnet1",
            "module.vpc.aws_subnet.public-subnet2",
            "module.vpc.aws_vpc.vpc",
            "module.vpc.data.aws_availability_zones.available"
          ]
        }
      ]
    },
    {
      "module": "module.vpc",
      "mode": "data",
      "type": "aws_availability_zones",
      "name": "available",
      "provider": "provider[\"registry.terraform.io/hashicorp/aws\"]",
      "instances": [
        {
          "schema_version": 0,
          "attributes": {
            "all_availability_zones": null,
            "exclude_names": null,
            "exclude_zone_ids": null,
            "filter": null,
            "group_names": [
              "ap-southeast-1"
            ],
            "id": "ap-southeast-1",
            "names": [
              "ap-southeast-1a",
              "ap-southeast-1b",
              "ap-southeast-1c"
            ],
            "state": "available",
            "timeouts": null,
            "zone_ids": [
              "apse1-az1",
              "apse1-az2",
              "apse1-az3"
            ]
          },
          "sensitive_attributes": []
        }
      ]
    },
    {
      "module": "module.vpc",
      "mode": "managed",
      "type": "aws_eip",
      "name": "eip1",
      "provider": "provider[\"registry.terraform.io/hashicorp/aws\"]",
      "instances": [
        {
          "schema_version": 0,
          "attributes": {
            "address": null,
            "allocation_id": "eipalloc-069269a657694c736",
            "arn": "arn:aws:ec2:ap-southeast-1:891377163278:elastic-ip/eipalloc-069269a657694c736",
            "associate_with_private_ip": null,
            "association_id": "",
            "carrier_ip": "",
            "customer_owned_ip": "",
            "customer_owned_ipv4_pool": "",
            "domain": "vpc",
            "id": "eipalloc-069269a657694c736",
            "instance": "",
            "network_border_group": "ap-southeast-1",
            "network_interface": "",
            "private_dns": null,
            "private_ip": "",
            "ptr_record": "",
            "public_dns": "ec2-13-229-185-123.ap-southeast-1.compute.amazonaws.com",
            "public_ip": "13.229.185.123",
            "public_ipv4_pool": "amazon",
            "tags": {
              "Name": "3-Tier-Elastic-IP1"
            },
            "tags_all": {
              "Name": "3-Tier-Elastic-IP1"
            },
            "timeouts": null,
            "vpc": true
          },
          "sensitive_attributes": [],
          "private": "eyJlMmJmYjczMC1lY2FhLTExZTYtOGY4OC0zNDM2M2JjN2M0YzAiOnsiZGVsZXRlIjoxODAwMDAwMDAwMDAsInJlYWQiOjkwMDAwMDAwMDAwMCwidXBkYXRlIjozMDAwMDAwMDAwMDB9fQ==",
          "dependencies": [
            "module.vpc.aws_internet_gateway.igw",
            "module.vpc.aws_subnet.private2-subnet1",
            "module.vpc.aws_subnet.private2-subnet2",
            "module.vpc.aws_subnet.public-subnet1",
            "module.vpc.aws_subnet.public-subnet2",
            "module.vpc.aws_vpc.vpc",
            "module.vpc.data.aws_availability_zones.available"
          ]
        }
      ]
    },
    {
      "module": "module.vpc",
      "mode": "managed",
      "type": "aws_eip",
      "name": "eip2",
      "provider": "provider[\"registry.terraform.io/hashicorp/aws\"]",
      "instances": [
        {
          "schema_version": 0,
          "attributes": {
            "address": null,
            "allocation_id": "eipalloc-0c4004fb04aad6022",
            "arn": "arn:aws:ec2:ap-southeast-1:891377163278:elastic-ip/eipalloc-0c4004fb04aad6022",
            "associate_with_private_ip": null,
            "association_id": "",
            "carrier_ip": "",
            "customer_owned_ip": "",
            "customer_owned_ipv4_pool": "",
            "domain": "vpc",
            "id": "eipalloc-0c4004fb04aad6022",
            "instance": "",
            "network_border_group": "ap-southeast-1",
            "network_interface": "",
            "private_dns": null,
            "private_ip": "",
            "ptr_record": "",
            "public_dns": "ec2-18-139-45-86.ap-southeast-1.compute.amazonaws.com",
            "public_ip": "18.139.45.86",
            "public_ipv4_pool": "amazon",
            "tags": {
              "Name": "3-Tier-Elastic-IP2"
            },
            "tags_all": {
              "Name": "3-Tier-Elastic-IP2"
            },
            "timeouts": null,
            "vpc": true
          },
          "sensitive_attributes": [],
          "private": "eyJlMmJmYjczMC1lY2FhLTExZTYtOGY4OC0zNDM2M2JjN2M0YzAiOnsiZGVsZXRlIjoxODAwMDAwMDAwMDAsInJlYWQiOjkwMDAwMDAwMDAwMCwidXBkYXRlIjozMDAwMDAwMDAwMDB9fQ==",
          "dependencies": [
            "module.vpc.aws_eip.eip1",
            "module.vpc.aws_internet_gateway.igw",
            "module.vpc.aws_subnet.private2-subnet1",
            "module.vpc.aws_subnet.private2-subnet2",
            "module.vpc.aws_subnet.public-subnet1",
            "module.vpc.aws_subnet.public-subnet2",
            "module.vpc.aws_vpc.vpc",
            "module.vpc.data.aws_availability_zones.available"
          ]
        }
      ]
    },
    {
      "module": "module.vpc",
      "mode": "managed",
      "type": "aws_internet_gateway",
      "name": "igw",
      "provider": "provider[\"registry.terraform.io/hashicorp/aws\"]",
      "instances": [
        {
          "schema_version": 0,
          "attributes": {
            "arn": "arn:aws:ec2:ap-southeast-1:891377163278:internet-gateway/igw-02642c2df452acd6b",
            "id": "igw-02642c2df452acd6b",
            "owner_id": "891377163278",
            "tags": {
              "Name": "3-Tier-Interet-Gateway"
            },
            "tags_all": {
              "Name": "3-Tier-Interet-Gateway"
            },
            "timeouts": null,
            "vpc_id": "vpc-0e10412dba9535c77"
          },
          "sensitive_attributes": [],
          "private": "eyJlMmJmYjczMC1lY2FhLTExZTYtOGY4OC0zNDM2M2JjN2M0YzAiOnsiY3JlYXRlIjoxMjAwMDAwMDAwMDAwLCJkZWxldGUiOjEyMDAwMDAwMDAwMDAsInVwZGF0ZSI6MTIwMDAwMDAwMDAwMH19",
          "dependencies": [
            "module.vpc.aws_vpc.vpc"
          ]
        }
      ]
    },
    {
      "module": "module.vpc",
      "mode": "managed",
      "type": "aws_nat_gateway",
      "name": "ngw1",
      "provider": "provider[\"registry.terraform.io/hashicorp/aws\"]",
      "instances": [
        {
          "schema_version": 0,
          "attributes": {
            "allocation_id": "eipalloc-069269a657694c736",
            "association_id": "eipassoc-0497967a14c3349dc",
            "connectivity_type": "public",
            "id": "nat-02f6a9a3e98903d3b",
            "network_interface_id": "eni-07252ebb5010ee812",
            "private_ip": "192.168.10.23",
            "public_ip": "13.229.185.123",
            "secondary_allocation_ids": null,
            "secondary_private_ip_address_count": 0,
            "secondary_private_ip_addresses": [],
            "subnet_id": "subnet-08d8c840d155b0ed1",
            "tags": {
              "Name": "3-Tier-NAT1"
            },
            "tags_all": {
              "Name": "3-Tier-NAT1"
            },
            "timeouts": null
          },
          "sensitive_attributes": [],
          "private": "eyJlMmJmYjczMC1lY2FhLTExZTYtOGY4OC0zNDM2M2JjN2M0YzAiOnsiY3JlYXRlIjo2MDAwMDAwMDAwMDAsImRlbGV0ZSI6MTgwMDAwMDAwMDAwMCwidXBkYXRlIjo2MDAwMDAwMDAwMDB9fQ==",
          "dependencies": [
            "module.vpc.aws_eip.eip1",
            "module.vpc.aws_eip.eip2",
            "module.vpc.aws_internet_gateway.igw",
            "module.vpc.aws_subnet.private2-subnet1",
            "module.vpc.aws_subnet.private2-subnet2",
            "module.vpc.aws_subnet.public-subnet1",
            "module.vpc.aws_subnet.public-subnet2",
            "module.vpc.aws_vpc.vpc",
            "module.vpc.data.aws_availability_zones.available"
          ]
        }
      ]
    },
    {
      "module": "module.vpc",
      "mode": "managed",
      "type": "aws_nat_gateway",
      "name": "ngw2",
      "provider": "provider[\"registry.terraform.io/hashicorp/aws\"]",
      "instances": [
        {
          "schema_version": 0,
          "attributes": {
            "allocation_id": "eipalloc-0c4004fb04aad6022",
            "association_id": "eipassoc-03a82feba12f8e555",
            "connectivity_type": "public",
            "id": "nat-0cb901dcd4b48c0c5",
            "network_interface_id": "eni-0c0feb7013b659555",
            "private_ip": "192.168.40.41",
            "public_ip": "18.139.45.86",
            "secondary_allocation_ids": null,
            "secondary_private_ip_address_count": 0,
            "secondary_private_ip_addresses": [],
            "subnet_id": "subnet-0823da2c6ca30d684",
            "tags": {
              "Name": "3-Tier-NAT2"
            },
            "tags_all": {
              "Name": "3-Tier-NAT2"
            },
            "timeouts": null
          },
          "sensitive_attributes": [],
          "private": "eyJlMmJmYjczMC1lY2FhLTExZTYtOGY4OC0zNDM2M2JjN2M0YzAiOnsiY3JlYXRlIjo2MDAwMDAwMDAwMDAsImRlbGV0ZSI6MTgwMDAwMDAwMDAwMCwidXBkYXRlIjo2MDAwMDAwMDAwMDB9fQ==",
          "dependencies": [
            "module.vpc.aws_eip.eip1",
            "module.vpc.aws_eip.eip2",
            "module.vpc.aws_internet_gateway.igw",
            "module.vpc.aws_nat_gateway.ngw1",
            "module.vpc.aws_subnet.private2-subnet1",
            "module.vpc.aws_subnet.private2-subnet2",
            "module.vpc.aws_subnet.public-subnet1",
            "module.vpc.aws_subnet.public-subnet2",
            "module.vpc.aws_vpc.vpc",
            "module.vpc.data.aws_availability_zones.available"
          ]
        }
      ]
    },
    {
      "module": "module.vpc",
      "mode": "managed",
      "type": "aws_route_table",
      "name": "private1-rt1",
      "provider": "provider[\"registry.terraform.io/hashicorp/aws\"]",
      "instances": [
        {
          "schema_version": 0,
          "attributes": {
            "arn": "arn:aws:ec2:ap-southeast-1:891377163278:route-table/rtb-0f044f3b435dbff67",
            "id": "rtb-0f044f3b435dbff67",
            "owner_id": "891377163278",
            "propagating_vgws": [],
            "route": [
              {
                "carrier_gateway_id": "",
                "cidr_block": "0.0.0.0/0",
                "core_network_arn": "",
                "destination_prefix_list_id": "",
                "egress_only_gateway_id": "",
                "gateway_id": "nat-02f6a9a3e98903d3b",
                "ipv6_cidr_block": "",
                "local_gateway_id": "",
                "nat_gateway_id": "",
                "network_interface_id": "",
                "transit_gateway_id": "",
                "vpc_endpoint_id": "",
                "vpc_peering_connection_id": ""
              }
            ],
            "tags": {
              "Name": "3-Tier-Private1-Route-table1"
            },
            "tags_all": {
              "Name": "3-Tier-Private1-Route-table1"
            },
            "timeouts": null,
            "vpc_id": "vpc-0e10412dba9535c77"
          },
          "sensitive_attributes": [],
          "private": "eyJlMmJmYjczMC1lY2FhLTExZTYtOGY4OC0zNDM2M2JjN2M0YzAiOnsiY3JlYXRlIjozMDAwMDAwMDAwMDAsImRlbGV0ZSI6MzAwMDAwMDAwMDAwLCJ1cGRhdGUiOjEyMDAwMDAwMDAwMH19",
          "dependencies": [
            "module.vpc.aws_eip.eip1",
            "module.vpc.aws_eip.eip2",
            "module.vpc.aws_internet_gateway.igw",
            "module.vpc.aws_nat_gateway.ngw1",
            "module.vpc.aws_nat_gateway.ngw2",
            "module.vpc.aws_route_table.public-rt1",
            "module.vpc.aws_route_table.public-rt2",
            "module.vpc.aws_route_table_association.public-rt-association1",
            "module.vpc.aws_route_table_association.public-rt-association2",
            "module.vpc.aws_subnet.private2-subnet1",
            "module.vpc.aws_subnet.private2-subnet2",
            "module.vpc.aws_subnet.public-subnet1",
            "module.vpc.aws_subnet.public-subnet2",
            "module.vpc.aws_vpc.vpc",
            "module.vpc.data.aws_availability_zones.available"
          ]
        }
      ]
    },
    {
      "module": "module.vpc",
      "mode": "managed",
      "type": "aws_route_table",
      "name": "private1-rt2",
      "provider": "provider[\"registry.terraform.io/hashicorp/aws\"]",
      "instances": [
        {
          "schema_version": 0,
          "attributes": {
            "arn": "arn:aws:ec2:ap-southeast-1:891377163278:route-table/rtb-000eda4b6610c10e8",
            "id": "rtb-000eda4b6610c10e8",
            "owner_id": "891377163278",
            "propagating_vgws": [],
            "route": [
              {
                "carrier_gateway_id": "",
                "cidr_block": "0.0.0.0/0",
                "core_network_arn": "",
                "destination_prefix_list_id": "",
                "egress_only_gateway_id": "",
                "gateway_id": "nat-0cb901dcd4b48c0c5",
                "ipv6_cidr_block": "",
                "local_gateway_id": "",
                "nat_gateway_id": "",
                "network_interface_id": "",
                "transit_gateway_id": "",
                "vpc_endpoint_id": "",
                "vpc_peering_connection_id": ""
              }
            ],
            "tags": {
              "Name": "3-Tier-Private1-Route-table2"
            },
            "tags_all": {
              "Name": "3-Tier-Private1-Route-table2"
            },
            "timeouts": null,
            "vpc_id": "vpc-0e10412dba9535c77"
          },
          "sensitive_attributes": [],
          "private": "eyJlMmJmYjczMC1lY2FhLTExZTYtOGY4OC0zNDM2M2JjN2M0YzAiOnsiY3JlYXRlIjozMDAwMDAwMDAwMDAsImRlbGV0ZSI6MzAwMDAwMDAwMDAwLCJ1cGRhdGUiOjEyMDAwMDAwMDAwMH19",
          "dependencies": [
            "module.vpc.aws_eip.eip1",
            "module.vpc.aws_eip.eip2",
            "module.vpc.aws_internet_gateway.igw",
            "module.vpc.aws_nat_gateway.ngw1",
            "module.vpc.aws_nat_gateway.ngw2",
            "module.vpc.aws_route_table.private1-rt1",
            "module.vpc.aws_route_table.public-rt1",
            "module.vpc.aws_route_table.public-rt2",
            "module.vpc.aws_route_table_association.private1-rt-association1",
            "module.vpc.aws_route_table_association.public-rt-association1",
            "module.vpc.aws_route_table_association.public-rt-association2",
            "module.vpc.aws_subnet.private1-subnet1",
            "module.vpc.aws_subnet.private2-subnet1",
            "module.vpc.aws_subnet.private2-subnet2",
            "module.vpc.aws_subnet.public-subnet1",
            "module.vpc.aws_subnet.public-subnet2",
            "module.vpc.aws_vpc.vpc",
            "module.vpc.data.aws_availability_zones.available"
          ]
        }
      ]
    },
    {
      "module": "module.vpc",
      "mode": "managed",
      "type": "aws_route_table",
      "name": "private2-rt1",
      "provider": "provider[\"registry.terraform.io/hashicorp/aws\"]",
      "instances": [
        {
          "schema_version": 0,
          "attributes": {
            "arn": "arn:aws:ec2:ap-southeast-1:891377163278:route-table/rtb-063d85cd8d3c01f8d",
            "id": "rtb-063d85cd8d3c01f8d",
            "owner_id": "891377163278",
            "propagating_vgws": [],
            "route": [
              {
                "carrier_gateway_id": "",
                "cidr_block": "0.0.0.0/0",
                "core_network_arn": "",
                "destination_prefix_list_id": "",
                "egress_only_gateway_id": "",
                "gateway_id": "nat-02f6a9a3e98903d3b",
                "ipv6_cidr_block": "",
                "local_gateway_id": "",
                "nat_gateway_id": "",
                "network_interface_id": "",
                "transit_gateway_id": "",
                "vpc_endpoint_id": "",
                "vpc_peering_connection_id": ""
              }
            ],
            "tags": {
              "Name": "3-Tier-Private2-Route-table1"
            },
            "tags_all": {
              "Name": "3-Tier-Private2-Route-table1"
            },
            "timeouts": null,
            "vpc_id": "vpc-0e10412dba9535c77"
          },
          "sensitive_attributes": [],
          "private": "eyJlMmJmYjczMC1lY2FhLTExZTYtOGY4OC0zNDM2M2JjN2M0YzAiOnsiY3JlYXRlIjozMDAwMDAwMDAwMDAsImRlbGV0ZSI6MzAwMDAwMDAwMDAwLCJ1cGRhdGUiOjEyMDAwMDAwMDAwMH19",
          "dependencies": [
            "module.vpc.aws_eip.eip1",
            "module.vpc.aws_eip.eip2",
            "module.vpc.aws_internet_gateway.igw",
            "module.vpc.aws_nat_gateway.ngw1",
            "module.vpc.aws_nat_gateway.ngw2",
            "module.vpc.aws_route_table.public-rt1",
            "module.vpc.aws_route_table.public-rt2",
            "module.vpc.aws_route_table_association.public-rt-association1",
            "module.vpc.aws_route_table_association.public-rt-association2",
            "module.vpc.aws_subnet.private2-subnet1",
            "module.vpc.aws_subnet.private2-subnet2",
            "module.vpc.aws_subnet.public-subnet1",
            "module.vpc.aws_subnet.public-subnet2",
            "module.vpc.aws_vpc.vpc",
            "module.vpc.data.aws_availability_zones.available"
          ]
        }
      ]
    },
    {
      "module": "module.vpc",
      "mode": "managed",
      "type": "aws_route_table",
      "name": "private2-rt2",
      "provider": "provider[\"registry.terraform.io/hashicorp/aws\"]",
      "instances": [
        {
          "schema_version": 0,
          "attributes": {
            "arn": "arn:aws:ec2:ap-southeast-1:891377163278:route-table/rtb-027e13a3b274bc3a0",
            "id": "rtb-027e13a3b274bc3a0",
            "owner_id": "891377163278",
            "propagating_vgws": [],
            "route": [
              {
                "carrier_gateway_id": "",
                "cidr_block": "0.0.0.0/0",
                "core_network_arn": "",
                "destination_prefix_list_id": "",
                "egress_only_gateway_id": "",
                "gateway_id": "nat-0cb901dcd4b48c0c5",
                "ipv6_cidr_block": "",
                "local_gateway_id": "",
                "nat_gateway_id": "",
                "network_interface_id": "",
                "transit_gateway_id": "",
                "vpc_endpoint_id": "",
                "vpc_peering_connection_id": ""
              }
            ],
            "tags": {
              "Name": "3-Tier-Private2-Route-table2"
            },
            "tags_all": {
              "Name": "3-Tier-Private2-Route-table2"
            },
            "timeouts": null,
            "vpc_id": "vpc-0e10412dba9535c77"
          },
          "sensitive_attributes": [],
          "private": "eyJlMmJmYjczMC1lY2FhLTExZTYtOGY4OC0zNDM2M2JjN2M0YzAiOnsiY3JlYXRlIjozMDAwMDAwMDAwMDAsImRlbGV0ZSI6MzAwMDAwMDAwMDAwLCJ1cGRhdGUiOjEyMDAwMDAwMDAwMH19",
          "dependencies": [
            "module.vpc.aws_eip.eip1",
            "module.vpc.aws_eip.eip2",
            "module.vpc.aws_internet_gateway.igw",
            "module.vpc.aws_nat_gateway.ngw1",
            "module.vpc.aws_nat_gateway.ngw2",
            "module.vpc.aws_route_table.private2-rt1",
            "module.vpc.aws_route_table.public-rt1",
            "module.vpc.aws_route_table.public-rt2",
            "module.vpc.aws_route_table_association.private2-rt-association1",
            "module.vpc.aws_route_table_association.public-rt-association1",
            "module.vpc.aws_route_table_association.public-rt-association2",
            "module.vpc.aws_subnet.private2-subnet1",
            "module.vpc.aws_subnet.private2-subnet2",
            "module.vpc.aws_subnet.public-subnet1",
            "module.vpc.aws_subnet.public-subnet2",
            "module.vpc.aws_vpc.vpc",
            "module.vpc.data.aws_availability_zones.available"
          ]
        }
      ]
    },
    {
      "module": "module.vpc",
      "mode": "managed",
      "type": "aws_route_table",
      "name": "public-rt1",
      "provider": "provider[\"registry.terraform.io/hashicorp/aws\"]",
      "instances": [
        {
          "schema_version": 0,
          "attributes": {
            "arn": "arn:aws:ec2:ap-southeast-1:891377163278:route-table/rtb-068b2c7a7e871a04f",
            "id": "rtb-068b2c7a7e871a04f",
            "owner_id": "891377163278",
            "propagating_vgws": [],
            "route": [
              {
                "carrier_gateway_id": "",
                "cidr_block": "0.0.0.0/0",
                "core_network_arn": "",
                "destination_prefix_list_id": "",
                "egress_only_gateway_id": "",
                "gateway_id": "igw-02642c2df452acd6b",
                "ipv6_cidr_block": "",
                "local_gateway_id": "",
                "nat_gateway_id": "",
                "network_interface_id": "",
                "transit_gateway_id": "",
                "vpc_endpoint_id": "",
                "vpc_peering_connection_id": ""
              }
            ],
            "tags": {
              "Name": "3-Tier-Public-Route-table1"
            },
            "tags_all": {
              "Name": "3-Tier-Public-Route-table1"
            },
            "timeouts": null,
            "vpc_id": "vpc-0e10412dba9535c77"
          },
          "sensitive_attributes": [],
          "private": "eyJlMmJmYjczMC1lY2FhLTExZTYtOGY4OC0zNDM2M2JjN2M0YzAiOnsiY3JlYXRlIjozMDAwMDAwMDAwMDAsImRlbGV0ZSI6MzAwMDAwMDAwMDAwLCJ1cGRhdGUiOjEyMDAwMDAwMDAwMH19",
          "dependencies": [
            "module.vpc.aws_eip.eip1",
            "module.vpc.aws_eip.eip2",
            "module.vpc.aws_internet_gateway.igw",
            "module.vpc.aws_nat_gateway.ngw1",
            "module.vpc.aws_nat_gateway.ngw2",
            "module.vpc.aws_subnet.private2-subnet1",
            "module.vpc.aws_subnet.private2-subnet2",
            "module.vpc.aws_subnet.public-subnet1",
            "module.vpc.aws_subnet.public-subnet2",
            "module.vpc.aws_vpc.vpc",
            "module.vpc.data.aws_availability_zones.available"
          ]
        }
      ]
    },
    {
      "module": "module.vpc",
      "mode": "managed",
      "type": "aws_route_table",
      "name": "public-rt2",
      "provider": "provider[\"registry.terraform.io/hashicorp/aws\"]",
      "instances": [
        {
          "schema_version": 0,
          "attributes": {
            "arn": "arn:aws:ec2:ap-southeast-1:891377163278:route-table/rtb-0b6b9bc7c73d6e8ba",
            "id": "rtb-0b6b9bc7c73d6e8ba",
            "owner_id": "891377163278",
            "propagating_vgws": [],
            "route": [
              {
                "carrier_gateway_id": "",
                "cidr_block": "0.0.0.0/0",
                "core_network_arn": "",
                "destination_prefix_list_id": "",
                "egress_only_gateway_id": "",
                "gateway_id": "igw-02642c2df452acd6b",
                "ipv6_cidr_block": "",
                "local_gateway_id": "",
                "nat_gateway_id": "",
                "network_interface_id": "",
                "transit_gateway_id": "",
                "vpc_endpoint_id": "",
                "vpc_peering_connection_id": ""
              }
            ],
            "tags": {
              "Name": "3-Tier-Public-Route-table2"
            },
            "tags_all": {
              "Name": "3-Tier-Public-Route-table2"
            },
            "timeouts": null,
            "vpc_id": "vpc-0e10412dba9535c77"
          },
          "sensitive_attributes": [],
          "private": "eyJlMmJmYjczMC1lY2FhLTExZTYtOGY4OC0zNDM2M2JjN2M0YzAiOnsiY3JlYXRlIjozMDAwMDAwMDAwMDAsImRlbGV0ZSI6MzAwMDAwMDAwMDAwLCJ1cGRhdGUiOjEyMDAwMDAwMDAwMH19",
          "dependencies": [
            "module.vpc.aws_eip.eip1",
            "module.vpc.aws_eip.eip2",
            "module.vpc.aws_internet_gateway.igw",
            "module.vpc.aws_nat_gateway.ngw1",
            "module.vpc.aws_nat_gateway.ngw2",
            "module.vpc.aws_route_table.public-rt1",
            "module.vpc.aws_route_table_association.public-rt-association1",
            "module.vpc.aws_subnet.private2-subnet1",
            "module.vpc.aws_subnet.private2-subnet2",
            "module.vpc.aws_subnet.public-subnet1",
            "module.vpc.aws_subnet.public-subnet2",
            "module.vpc.aws_vpc.vpc",
            "module.vpc.data.aws_availability_zones.available"
          ]
        }
      ]
    },
    {
      "module": "module.vpc",
      "mode": "managed",
      "type": "aws_route_table_association",
      "name": "private1-rt-association1",
      "provider": "provider[\"registry.terraform.io/hashicorp/aws\"]",
      "instances": [
        {
          "schema_version": 0,
          "attributes": {
            "gateway_id": "",
            "id": "rtbassoc-06c1732174e9c876e",
            "route_table_id": "rtb-0f044f3b435dbff67",
            "subnet_id": "subnet-0b5dbbdba471ab9ca",
            "timeouts": null
          },
          "sensitive_attributes": [],
          "private": "eyJlMmJmYjczMC1lY2FhLTExZTYtOGY4OC0zNDM2M2JjN2M0YzAiOnsiY3JlYXRlIjozMDAwMDAwMDAwMDAsImRlbGV0ZSI6MzAwMDAwMDAwMDAwLCJ1cGRhdGUiOjEyMDAwMDAwMDAwMH19",
          "dependencies": [
            "module.vpc.aws_eip.eip1",
            "module.vpc.aws_eip.eip2",
            "module.vpc.aws_internet_gateway.igw",
            "module.vpc.aws_nat_gateway.ngw1",
            "module.vpc.aws_nat_gateway.ngw2",
            "module.vpc.aws_route_table.private1-rt1",
            "module.vpc.aws_route_table.public-rt1",
            "module.vpc.aws_route_table.public-rt2",
            "module.vpc.aws_route_table_association.public-rt-association1",
            "module.vpc.aws_route_table_association.public-rt-association2",
            "module.vpc.aws_subnet.private1-subnet1",
            "module.vpc.aws_subnet.private2-subnet1",
            "module.vpc.aws_subnet.private2-subnet2",
            "module.vpc.aws_subnet.public-subnet1",
            "module.vpc.aws_subnet.public-subnet2",
            "module.vpc.aws_vpc.vpc",
            "module.vpc.data.aws_availability_zones.available"
          ]
        }
      ]
    },
    {
      "module": "module.vpc",
      "mode": "managed",
      "type": "aws_route_table_association",
      "name": "private1-rt-association2",
      "provider": "provider[\"registry.terraform.io/hashicorp/aws\"]",
      "instances": [
        {
          "schema_version": 0,
          "attributes": {
            "gateway_id": "",
            "id": "rtbassoc-09b0e6744718848c3",
            "route_table_id": "rtb-000eda4b6610c10e8",
            "subnet_id": "subnet-075746c3f833aa4e6",
            "timeouts": null
          },
          "sensitive_attributes": [],
          "private": "eyJlMmJmYjczMC1lY2FhLTExZTYtOGY4OC0zNDM2M2JjN2M0YzAiOnsiY3JlYXRlIjozMDAwMDAwMDAwMDAsImRlbGV0ZSI6MzAwMDAwMDAwMDAwLCJ1cGRhdGUiOjEyMDAwMDAwMDAwMH19",
          "dependencies": [
            "module.vpc.aws_eip.eip1",
            "module.vpc.aws_eip.eip2",
            "module.vpc.aws_internet_gateway.igw",
            "module.vpc.aws_nat_gateway.ngw1",
            "module.vpc.aws_nat_gateway.ngw2",
            "module.vpc.aws_route_table.private1-rt1",
            "module.vpc.aws_route_table.private1-rt2",
            "module.vpc.aws_route_table.public-rt1",
            "module.vpc.aws_route_table.public-rt2",
            "module.vpc.aws_route_table_association.private1-rt-association1",
            "module.vpc.aws_route_table_association.public-rt-association1",
            "module.vpc.aws_route_table_association.public-rt-association2",
            "module.vpc.aws_subnet.private1-subnet1",
            "module.vpc.aws_subnet.private1-subnet2",
            "module.vpc.aws_subnet.private2-subnet1",
            "module.vpc.aws_subnet.private2-subnet2",
            "module.vpc.aws_subnet.public-subnet1",
            "module.vpc.aws_subnet.public-subnet2",
            "module.vpc.aws_vpc.vpc",
            "module.vpc.data.aws_availability_zones.available"
          ]
        }
      ]
    },
    {
      "module": "module.vpc",
      "mode": "managed",
      "type": "aws_route_table_association",
      "name": "private2-rt-association1",
      "provider": "provider[\"registry.terraform.io/hashicorp/aws\"]",
      "instances": [
        {
          "schema_version": 0,
          "attributes": {
            "gateway_id": "",
            "id": "rtbassoc-0c1262834aa0c0476",
            "route_table_id": "rtb-063d85cd8d3c01f8d",
            "subnet_id": "subnet-0fd6a6dcb03fece4d",
            "timeouts": null
          },
          "sensitive_attributes": [],
          "private": "eyJlMmJmYjczMC1lY2FhLTExZTYtOGY4OC0zNDM2M2JjN2M0YzAiOnsiY3JlYXRlIjozMDAwMDAwMDAwMDAsImRlbGV0ZSI6MzAwMDAwMDAwMDAwLCJ1cGRhdGUiOjEyMDAwMDAwMDAwMH19",
          "dependencies": [
            "module.vpc.aws_eip.eip1",
            "module.vpc.aws_eip.eip2",
            "module.vpc.aws_internet_gateway.igw",
            "module.vpc.aws_nat_gateway.ngw1",
            "module.vpc.aws_nat_gateway.ngw2",
            "module.vpc.aws_route_table.private2-rt1",
            "module.vpc.aws_route_table.public-rt1",
            "module.vpc.aws_route_table.public-rt2",
            "module.vpc.aws_route_table_association.public-rt-association1",
            "module.vpc.aws_route_table_association.public-rt-association2",
            "module.vpc.aws_subnet.private2-subnet1",
            "module.vpc.aws_subnet.private2-subnet2",
            "module.vpc.aws_subnet.public-subnet1",
            "module.vpc.aws_subnet.public-subnet2",
            "module.vpc.aws_vpc.vpc",
            "module.vpc.data.aws_availability_zones.available"
          ]
        }
      ]
    },
    {
      "module": "module.vpc",
      "mode": "managed",
      "type": "aws_route_table_association",
      "name": "private2-rt-association2",
      "provider": "provider[\"registry.terraform.io/hashicorp/aws\"]",
      "instances": [
        {
          "schema_version": 0,
          "attributes": {
            "gateway_id": "",
            "id": "rtbassoc-00fcc0d158b6583eb",
            "route_table_id": "rtb-027e13a3b274bc3a0",
            "subnet_id": "subnet-0a78a71a2c3aec84c",
            "timeouts": null
          },
          "sensitive_attributes": [],
          "private": "eyJlMmJmYjczMC1lY2FhLTExZTYtOGY4OC0zNDM2M2JjN2M0YzAiOnsiY3JlYXRlIjozMDAwMDAwMDAwMDAsImRlbGV0ZSI6MzAwMDAwMDAwMDAwLCJ1cGRhdGUiOjEyMDAwMDAwMDAwMH19",
          "dependencies": [
            "module.vpc.aws_eip.eip1",
            "module.vpc.aws_eip.eip2",
            "module.vpc.aws_internet_gateway.igw",
            "module.vpc.aws_nat_gateway.ngw1",
            "module.vpc.aws_nat_gateway.ngw2",
            "module.vpc.aws_route_table.private2-rt1",
            "module.vpc.aws_route_table.private2-rt2",
            "module.vpc.aws_route_table.public-rt1",
            "module.vpc.aws_route_table.public-rt2",
            "module.vpc.aws_route_table_association.private2-rt-association1",
            "module.vpc.aws_route_table_association.public-rt-association1",
            "module.vpc.aws_route_table_association.public-rt-association2",
            "module.vpc.aws_subnet.private2-subnet1",
            "module.vpc.aws_subnet.private2-subnet2",
            "module.vpc.aws_subnet.public-subnet1",
            "module.vpc.aws_subnet.public-subnet2",
            "module.vpc.aws_vpc.vpc",
            "module.vpc.data.aws_availability_zones.available"
          ]
        }
      ]
    },
    {
      "module": "module.vpc",
      "mode": "managed",
      "type": "aws_route_table_association",
      "name": "public-rt-association1",
      "provider": "provider[\"registry.terraform.io/hashicorp/aws\"]",
      "instances": [
        {
          "schema_version": 0,
          "attributes": {
            "gateway_id": "",
            "id": "rtbassoc-082dd55a197f337fc",
            "route_table_id": "rtb-068b2c7a7e871a04f",
            "subnet_id": "subnet-08d8c840d155b0ed1",
            "timeouts": null
          },
          "sensitive_attributes": [],
          "private": "eyJlMmJmYjczMC1lY2FhLTExZTYtOGY4OC0zNDM2M2JjN2M0YzAiOnsiY3JlYXRlIjozMDAwMDAwMDAwMDAsImRlbGV0ZSI6MzAwMDAwMDAwMDAwLCJ1cGRhdGUiOjEyMDAwMDAwMDAwMH19",
          "dependencies": [
            "module.vpc.aws_eip.eip1",
            "module.vpc.aws_eip.eip2",
            "module.vpc.aws_internet_gateway.igw",
            "module.vpc.aws_nat_gateway.ngw1",
            "module.vpc.aws_nat_gateway.ngw2",
            "module.vpc.aws_route_table.public-rt1",
            "module.vpc.aws_subnet.private2-subnet1",
            "module.vpc.aws_subnet.private2-subnet2",
            "module.vpc.aws_subnet.public-subnet1",
            "module.vpc.aws_subnet.public-subnet2",
            "module.vpc.aws_vpc.vpc",
            "module.vpc.data.aws_availability_zones.available"
          ]
        }
      ]
    },
    {
      "module": "module.vpc",
      "mode": "managed",
      "type": "aws_route_table_association",
      "name": "public-rt-association2",
      "provider": "provider[\"registry.terraform.io/hashicorp/aws\"]",
      "instances": [
        {
          "schema_version": 0,
          "attributes": {
            "gateway_id": "",
            "id": "rtbassoc-093857159f9e885da",
            "route_table_id": "rtb-0b6b9bc7c73d6e8ba",
            "subnet_id": "subnet-0823da2c6ca30d684",
            "timeouts": null
          },
          "sensitive_attributes": [],
          "private": "eyJlMmJmYjczMC1lY2FhLTExZTYtOGY4OC0zNDM2M2JjN2M0YzAiOnsiY3JlYXRlIjozMDAwMDAwMDAwMDAsImRlbGV0ZSI6MzAwMDAwMDAwMDAwLCJ1cGRhdGUiOjEyMDAwMDAwMDAwMH19",
          "dependencies": [
            "module.vpc.aws_eip.eip1",
            "module.vpc.aws_eip.eip2",
            "module.vpc.aws_internet_gateway.igw",
            "module.vpc.aws_nat_gateway.ngw1",
            "module.vpc.aws_nat_gateway.ngw2",
            "module.vpc.aws_route_table.public-rt1",
            "module.vpc.aws_route_table.public-rt2",
            "module.vpc.aws_route_table_association.public-rt-association1",
            "module.vpc.aws_subnet.private2-subnet1",
            "module.vpc.aws_subnet.private2-subnet2",
            "module.vpc.aws_subnet.public-subnet1",
            "module.vpc.aws_subnet.public-subnet2",
            "module.vpc.aws_vpc.vpc",
            "module.vpc.data.aws_availability_zones.available"
          ]
        }
      ]
    },
    {
      "module": "module.vpc",
      "mode": "managed",
      "type": "aws_subnet",
      "name": "private1-subnet1",
      "provider": "provider[\"registry.terraform.io/hashicorp/aws\"]",
      "instances": [
        {
          "schema_version": 1,
          "attributes": {
            "arn": "arn:aws:ec2:ap-southeast-1:891377163278:subnet/subnet-0b5dbbdba471ab9ca",
            "assign_ipv6_address_on_creation": false,
            "availability_zone": "ap-southeast-1a",
            "availability_zone_id": "apse1-az1",
            "cidr_block": "192.168.20.0/24",
            "customer_owned_ipv4_pool": "",
            "enable_dns64": false,
            "enable_lni_at_device_index": 0,
            "enable_resource_name_dns_a_record_on_launch": false,
            "enable_resource_name_dns_aaaa_record_on_launch": false,
            "id": "subnet-0b5dbbdba471ab9ca",
            "ipv6_cidr_block": "",
            "ipv6_cidr_block_association_id": "",
            "ipv6_native": false,
            "map_customer_owned_ip_on_launch": false,
            "map_public_ip_on_launch": false,
            "outpost_arn": "",
            "owner_id": "891377163278",
            "private_dns_hostname_type_on_launch": "ip-name",
            "tags": {
              "Name": "3-Tier-Private1-Subnet1"
            },
            "tags_all": {
              "Name": "3-Tier-Private1-Subnet1"
            },
            "timeouts": null,
            "vpc_id": "vpc-0e10412dba9535c77"
          },
          "sensitive_attributes": [],
          "private": "eyJlMmJmYjczMC1lY2FhLTExZTYtOGY4OC0zNDM2M2JjN2M0YzAiOnsiY3JlYXRlIjo2MDAwMDAwMDAwMDAsImRlbGV0ZSI6MTIwMDAwMDAwMDAwMH0sInNjaGVtYV92ZXJzaW9uIjoiMSJ9",
          "dependencies": [
            "module.vpc.aws_internet_gateway.igw",
            "module.vpc.aws_subnet.public-subnet1",
            "module.vpc.aws_subnet.public-subnet2",
            "module.vpc.aws_vpc.vpc",
            "module.vpc.data.aws_availability_zones.available"
          ]
        }
      ]
    },
    {
      "module": "module.vpc",
      "mode": "managed",
      "type": "aws_subnet",
      "name": "private1-subnet2",
      "provider": "provider[\"registry.terraform.io/hashicorp/aws\"]",
      "instances": [
        {
          "schema_version": 1,
          "attributes": {
            "arn": "arn:aws:ec2:ap-southeast-1:891377163278:subnet/subnet-075746c3f833aa4e6",
            "assign_ipv6_address_on_creation": false,
            "availability_zone": "ap-southeast-1b",
            "availability_zone_id": "apse1-az2",
            "cidr_block": "192.168.50.0/24",
            "customer_owned_ipv4_pool": "",
            "enable_dns64": false,
            "enable_lni_at_device_index": 0,
            "enable_resource_name_dns_a_record_on_launch": false,
            "enable_resource_name_dns_aaaa_record_on_launch": false,
            "id": "subnet-075746c3f833aa4e6",
            "ipv6_cidr_block": "",
            "ipv6_cidr_block_association_id": "",
            "ipv6_native": false,
            "map_customer_owned_ip_on_launch": false,
            "map_public_ip_on_launch": false,
            "outpost_arn": "",
            "owner_id": "891377163278",
            "private_dns_hostname_type_on_launch": "ip-name",
            "tags": {
              "Name": "3-Tier-Private1-Subnet2"
            },
            "tags_all": {
              "Name": "3-Tier-Private1-Subnet2"
            },
            "timeouts": null,
            "vpc_id": "vpc-0e10412dba9535c77"
          },
          "sensitive_attributes": [],
          "private": "eyJlMmJmYjczMC1lY2FhLTExZTYtOGY4OC0zNDM2M2JjN2M0YzAiOnsiY3JlYXRlIjo2MDAwMDAwMDAwMDAsImRlbGV0ZSI6MTIwMDAwMDAwMDAwMH0sInNjaGVtYV92ZXJzaW9uIjoiMSJ9",
          "dependencies": [
            "module.vpc.aws_internet_gateway.igw",
            "module.vpc.aws_subnet.private1-subnet1",
            "module.vpc.aws_subnet.public-subnet1",
            "module.vpc.aws_subnet.public-subnet2",
            "module.vpc.aws_vpc.vpc",
            "module.vpc.data.aws_availability_zones.available"
          ]
        }
      ]
    },
    {
      "module": "module.vpc",
      "mode": "managed",
      "type": "aws_subnet",
      "name": "private2-subnet1",
      "provider": "provider[\"registry.terraform.io/hashicorp/aws\"]",
      "instances": [
        {
          "schema_version": 1,
          "attributes": {
            "arn": "arn:aws:ec2:ap-southeast-1:891377163278:subnet/subnet-0fd6a6dcb03fece4d",
            "assign_ipv6_address_on_creation": false,
            "availability_zone": "ap-southeast-1a",
            "availability_zone_id": "apse1-az1",
            "cidr_block": "192.168.30.0/24",
            "customer_owned_ipv4_pool": "",
            "enable_dns64": false,
            "enable_lni_at_device_index": 0,
            "enable_resource_name_dns_a_record_on_launch": false,
            "enable_resource_name_dns_aaaa_record_on_launch": false,
            "id": "subnet-0fd6a6dcb03fece4d",
            "ipv6_cidr_block": "",
            "ipv6_cidr_block_association_id": "",
            "ipv6_native": false,
            "map_customer_owned_ip_on_launch": false,
            "map_public_ip_on_launch": false,
            "outpost_arn": "",
            "owner_id": "891377163278",
            "private_dns_hostname_type_on_launch": "ip-name",
            "tags": {
              "Name": "3-Tier-Private2-Subnet1"
            },
            "tags_all": {
              "Name": "3-Tier-Private2-Subnet1"
            },
            "timeouts": null,
            "vpc_id": "vpc-0e10412dba9535c77"
          },
          "sensitive_attributes": [],
          "private": "eyJlMmJmYjczMC1lY2FhLTExZTYtOGY4OC0zNDM2M2JjN2M0YzAiOnsiY3JlYXRlIjo2MDAwMDAwMDAwMDAsImRlbGV0ZSI6MTIwMDAwMDAwMDAwMH0sInNjaGVtYV92ZXJzaW9uIjoiMSJ9",
          "dependencies": [
            "module.vpc.aws_internet_gateway.igw",
            "module.vpc.aws_subnet.public-subnet1",
            "module.vpc.aws_subnet.public-subnet2",
            "module.vpc.aws_vpc.vpc",
            "module.vpc.data.aws_availability_zones.available"
          ]
        }
      ]
    },
    {
      "module": "module.vpc",
      "mode": "managed",
      "type": "aws_subnet",
      "name": "private2-subnet2",
      "provider": "provider[\"registry.terraform.io/hashicorp/aws\"]",
      "instances": [
        {
          "schema_version": 1,
          "attributes": {
            "arn": "arn:aws:ec2:ap-southeast-1:891377163278:subnet/subnet-0a78a71a2c3aec84c",
            "assign_ipv6_address_on_creation": false,
            "availability_zone": "ap-southeast-1b",
            "availability_zone_id": "apse1-az2",
            "cidr_block": "192.168.60.0/24",
            "customer_owned_ipv4_pool": "",
            "enable_dns64": false,
            "enable_lni_at_device_index": 0,
            "enable_resource_name_dns_a_record_on_launch": false,
            "enable_resource_name_dns_aaaa_record_on_launch": false,
            "id": "subnet-0a78a71a2c3aec84c",
            "ipv6_cidr_block": "",
            "ipv6_cidr_block_association_id": "",
            "ipv6_native": false,
            "map_customer_owned_ip_on_launch": false,
            "map_public_ip_on_launch": false,
            "outpost_arn": "",
            "owner_id": "891377163278",
            "private_dns_hostname_type_on_launch": "ip-name",
            "tags": {
              "Name": "3-Tier-Private2-Subnet2"
            },
            "tags_all": {
              "Name": "3-Tier-Private2-Subnet2"
            },
            "timeouts": null,
            "vpc_id": "vpc-0e10412dba9535c77"
          },
          "sensitive_attributes": [],
          "private": "eyJlMmJmYjczMC1lY2FhLTExZTYtOGY4OC0zNDM2M2JjN2M0YzAiOnsiY3JlYXRlIjo2MDAwMDAwMDAwMDAsImRlbGV0ZSI6MTIwMDAwMDAwMDAwMH0sInNjaGVtYV92ZXJzaW9uIjoiMSJ9",
          "dependencies": [
            "module.vpc.aws_internet_gateway.igw",
            "module.vpc.aws_subnet.private2-subnet1",
            "module.vpc.aws_subnet.public-subnet1",
            "module.vpc.aws_subnet.public-subnet2",
            "module.vpc.aws_vpc.vpc",
            "module.vpc.data.aws_availability_zones.available"
          ]
        }
      ]
    },
    {
      "module": "module.vpc",
      "mode": "managed",
      "type": "aws_subnet",
      "name": "public-subnet1",
      "provider": "provider[\"registry.terraform.io/hashicorp/aws\"]",
      "instances": [
        {
          "schema_version": 1,
          "attributes": {
            "arn": "arn:aws:ec2:ap-southeast-1:891377163278:subnet/subnet-08d8c840d155b0ed1",
            "assign_ipv6_address_on_creation": false,
            "availability_zone": "ap-southeast-1a",
            "availability_zone_id": "apse1-az1",
            "cidr_block": "192.168.10.0/24",
            "customer_owned_ipv4_pool": "",
            "enable_dns64": false,
            "enable_lni_at_device_index": 0,
            "enable_resource_name_dns_a_record_on_launch": false,
            "enable_resource_name_dns_aaaa_record_on_launch": false,
            "id": "subnet-08d8c840d155b0ed1",
            "ipv6_cidr_block": "",
            "ipv6_cidr_block_association_id": "",
            "ipv6_native": false,
            "map_customer_owned_ip_on_launch": false,
            "map_public_ip_on_launch": true,
            "outpost_arn": "",
            "owner_id": "891377163278",
            "private_dns_hostname_type_on_launch": "ip-name",
            "tags": {
              "Name": "3-Tier-Public-Subnet1"
            },
            "tags_all": {
              "Name": "3-Tier-Public-Subnet1"
            },
            "timeouts": null,
            "vpc_id": "vpc-0e10412dba9535c77"
          },
          "sensitive_attributes": [],
          "private": "eyJlMmJmYjczMC1lY2FhLTExZTYtOGY4OC0zNDM2M2JjN2M0YzAiOnsiY3JlYXRlIjo2MDAwMDAwMDAwMDAsImRlbGV0ZSI6MTIwMDAwMDAwMDAwMH0sInNjaGVtYV92ZXJzaW9uIjoiMSJ9",
          "dependencies": [
            "module.vpc.aws_internet_gateway.igw",
            "module.vpc.aws_vpc.vpc",
            "module.vpc.data.aws_availability_zones.available"
          ]
        }
      ]
    },
    {
      "module": "module.vpc",
      "mode": "managed",
      "type": "aws_subnet",
      "name": "public-subnet2",
      "provider": "provider[\"registry.terraform.io/hashicorp/aws\"]",
      "instances": [
        {
          "schema_version": 1,
          "attributes": {
            "arn": "arn:aws:ec2:ap-southeast-1:891377163278:subnet/subnet-0823da2c6ca30d684",
            "assign_ipv6_address_on_creation": false,
            "availability_zone": "ap-southeast-1b",
            "availability_zone_id": "apse1-az2",
            "cidr_block": "192.168.40.0/24",
            "customer_owned_ipv4_pool": "",
            "enable_dns64": false,
            "enable_lni_at_device_index": 0,
            "enable_resource_name_dns_a_record_on_launch": false,
            "enable_resource_name_dns_aaaa_record_on_launch": false,
            "id": "subnet-0823da2c6ca30d684",
            "ipv6_cidr_block": "",
            "ipv6_cidr_block_association_id": "",
            "ipv6_native": false,
            "map_customer_owned_ip_on_launch": false,
            "map_public_ip_on_launch": true,
            "outpost_arn": "",
            "owner_id": "891377163278",
            "private_dns_hostname_type_on_launch": "ip-name",
            "tags": {
              "Name": "3-Tier-Public-Subnet2"
            },
            "tags_all": {
              "Name": "3-Tier-Public-Subnet2"
            },
            "timeouts": null,
            "vpc_id": "vpc-0e10412dba9535c77"
          },
          "sensitive_attributes": [],
          "private": "eyJlMmJmYjczMC1lY2FhLTExZTYtOGY4OC0zNDM2M2JjN2M0YzAiOnsiY3JlYXRlIjo2MDAwMDAwMDAwMDAsImRlbGV0ZSI6MTIwMDAwMDAwMDAwMH0sInNjaGVtYV92ZXJzaW9uIjoiMSJ9",
          "dependencies": [
            "module.vpc.aws_internet_gateway.igw",
            "module.vpc.aws_subnet.public-subnet1",
            "module.vpc.aws_vpc.vpc",
            "module.vpc.data.aws_availability_zones.available"
          ]
        }
      ]
    },
    {
      "module": "module.vpc",
      "mode": "managed",
      "type": "aws_vpc",
      "name": "vpc",
      "provider": "provider[\"registry.terraform.io/hashicorp/aws\"]",
      "instances": [
        {
          "schema_version": 1,
          "attributes": {
            "arn": "arn:aws:ec2:ap-southeast-1:891377163278:vpc/vpc-0e10412dba9535c77",
            "assign_generated_ipv6_cidr_block": false,
            "cidr_block": "192.168.0.0/16",
            "default_network_acl_id": "acl-08ecbad5f9a6b65d5",
            "default_route_table_id": "rtb-0bb9877f287698b9a",
            "default_security_group_id": "sg-0bd7fbfdff8a39c40",
            "dhcp_options_id": "dopt-0ca02d48b1d18e4d7",
            "enable_dns_hostnames": true,
            "enable_dns_support": true,
            "enable_network_address_usage_metrics": false,
            "id": "vpc-0e10412dba9535c77",
            "instance_tenancy": "default",
            "ipv4_ipam_pool_id": null,
            "ipv4_netmask_length": null,
            "ipv6_association_id": "",
            "ipv6_cidr_block": "",
            "ipv6_cidr_block_network_border_group": "",
            "ipv6_ipam_pool_id": "",
            "ipv6_netmask_length": 0,
            "main_route_table_id": "rtb-0bb9877f287698b9a",
            "owner_id": "891377163278",
            "tags": {
              "Name": "3-Tier-VPC"
            },
            "tags_all": {
              "Name": "3-Tier-VPC"
            }
          },
          "sensitive_attributes": [],
          "private": "eyJzY2hlbWFfdmVyc2lvbiI6IjEifQ=="
        }
      ]
    }
  ],
  "check_results": null
}
