{
  "version": 4,
  "terraform_version": "1.8.0",
  "serial": 658,
  "lineage": "041ee1bc-1bb6-db16-02a9-f49fc5b3000d",
  "outputs": {},
  "resources": [
    {
      "module": "module.vpc",
      "mode": "managed",
      "type": "aws_vpc",
      "name": "vpc",
      "provider": "provider[\"registry.terraform.io/hashicorp/aws\"]",
      "instances": [
        {
          "schema_version": 1,
          "attributes": {
            "arn": "arn:aws:ec2:ap-southeast-2:992382777416:vpc/vpc-04e9bd5cc4e5d1749",
            "assign_generated_ipv6_cidr_block": false,
            "cidr_block": "192.168.0.0/16",
            "default_network_acl_id": "acl-051287c329d2f89f3",
            "default_route_table_id": "rtb-0e13cd2aed936f7ea",
            "default_security_group_id": "sg-06a2dab4fe141468c",
            "dhcp_options_id": "dopt-0bd1210344f0a3cc5",
            "enable_dns_hostnames": true,
            "enable_dns_support": true,
            "enable_network_address_usage_metrics": false,
            "id": "vpc-04e9bd5cc4e5d1749",
            "instance_tenancy": "default",
            "ipv4_ipam_pool_id": null,
            "ipv4_netmask_length": null,
            "ipv6_association_id": "",
            "ipv6_cidr_block": "",
            "ipv6_cidr_block_network_border_group": "",
            "ipv6_ipam_pool_id": "",
            "ipv6_netmask_length": 0,
            "main_route_table_id": "rtb-0e13cd2aed936f7ea",
            "owner_id": "992382777416",
            "tags": {
              "Name": "3-Tier-VPC"
            },
            "tags_all": {
              "Name": "3-Tier-VPC"
            }
          },
          "sensitive_attributes": [],
          "private": "eyJzY2hlbWFfdmVyc2lvbiI6IjEifQ=="
        }
      ]
    }
  ],
  "check_results": null
}
