{
  "version": 4,
  "terraform_version": "1.5.5",
  "serial": 3972,
  "lineage": "041ee1bc-1bb6-db16-02a9-f49fc5b3000d",
  "outputs": {},
  "resources": [
    {
      "module": "module.alb",
      "mode": "data",
      "type": "aws_security_group",
      "name": "was-alb-sg",
      "provider": "provider[\"registry.terraform.io/hashicorp/aws\"]",
      "instances": [
        {
          "schema_version": 0,
          "attributes": {
            "arn": "arn:aws:ec2:ap-southeast-1:891377163278:security-group/sg-0fc53a679e2803659",
            "description": "Allow WEB EC2 ONLY",
            "filter": [
              {
                "name": "tag:Name",
                "values": [
                  "3-Tier-was-alb-sg"
                ]
              }
            ],
            "id": "sg-0fc53a679e2803659",
            "name": "terraform-2024051400584301990000000b",
            "tags": {
              "Name": "3-Tier-was-alb-sg"
            },
            "timeouts": null,
            "vpc_id": "vpc-04e8ab343e22dc79b"
          },
          "sensitive_attributes": []
        }
      ]
    },
    {
      "module": "module.alb",
      "mode": "data",
      "type": "aws_security_group",
      "name": "web-alb-sg",
      "provider": "provider[\"registry.terraform.io/hashicorp/aws\"]",
      "instances": [
        {
          "schema_version": 0,
          "attributes": {
            "arn": "arn:aws:ec2:ap-southeast-1:891377163278:security-group/sg-035d3caac553ed7bd",
            "description": "Allow HTTP and HTTPS for World",
            "filter": [
              {
                "name": "tag:Name",
                "values": [
                  "3-Tier-web-alb-sg"
                ]
              }
            ],
            "id": "sg-035d3caac553ed7bd",
            "name": "terraform-20240514005838549500000009",
            "tags": {
              "Name": "3-Tier-web-alb-sg"
            },
            "timeouts": null,
            "vpc_id": "vpc-04e8ab343e22dc79b"
          },
          "sensitive_attributes": []
        }
      ]
    },
    {
      "module": "module.alb",
      "mode": "data",
      "type": "aws_subnet",
      "name": "private1-subnet1",
      "provider": "provider[\"registry.terraform.io/hashicorp/aws\"]",
      "instances": [
        {
          "schema_version": 0,
          "attributes": {
            "arn": "arn:aws:ec2:ap-southeast-1:891377163278:subnet/subnet-0b04fbd1b83d91965",
            "assign_ipv6_address_on_creation": false,
            "availability_zone": "ap-southeast-1a",
            "availability_zone_id": "apse1-az1",
            "available_ip_address_count": 250,
            "cidr_block": "192.168.20.0/24",
            "customer_owned_ipv4_pool": "",
            "default_for_az": false,
            "enable_dns64": false,
            "enable_lni_at_device_index": 0,
            "enable_resource_name_dns_a_record_on_launch": false,
            "enable_resource_name_dns_aaaa_record_on_launch": false,
            "filter": [
              {
                "name": "tag:Name",
                "values": [
                  "3-Tier-Private1-Subnet1"
                ]
              }
            ],
            "id": "subnet-0b04fbd1b83d91965",
            "ipv6_cidr_block": "",
            "ipv6_cidr_block_association_id": "",
            "ipv6_native": false,
            "map_customer_owned_ip_on_launch": false,
            "map_public_ip_on_launch": false,
            "outpost_arn": "",
            "owner_id": "891377163278",
            "private_dns_hostname_type_on_launch": "ip-name",
            "state": "available",
            "tags": {
              "Name": "3-Tier-Private1-Subnet1"
            },
            "timeouts": null,
            "vpc_id": "vpc-04e8ab343e22dc79b"
          },
          "sensitive_attributes": []
        }
      ]
    },
    {
      "module": "module.alb",
      "mode": "data",
      "type": "aws_subnet",
      "name": "private1-subnet2",
      "provider": "provider[\"registry.terraform.io/hashicorp/aws\"]",
      "instances": [
        {
          "schema_version": 0,
          "attributes": {
            "arn": "arn:aws:ec2:ap-southeast-1:891377163278:subnet/subnet-0d6f5203b79205776",
            "assign_ipv6_address_on_creation": false,
            "availability_zone": "ap-southeast-1b",
            "availability_zone_id": "apse1-az2",
            "available_ip_address_count": 250,
            "cidr_block": "192.168.50.0/24",
            "customer_owned_ipv4_pool": "",
            "default_for_az": false,
            "enable_dns64": false,
            "enable_lni_at_device_index": 0,
            "enable_resource_name_dns_a_record_on_launch": false,
            "enable_resource_name_dns_aaaa_record_on_launch": false,
            "filter": [
              {
                "name": "tag:Name",
                "values": [
                  "3-Tier-Private1-Subnet2"
                ]
              }
            ],
            "id": "subnet-0d6f5203b79205776",
            "ipv6_cidr_block": "",
            "ipv6_cidr_block_association_id": "",
            "ipv6_native": false,
            "map_customer_owned_ip_on_launch": false,
            "map_public_ip_on_launch": false,
            "outpost_arn": "",
            "owner_id": "891377163278",
            "private_dns_hostname_type_on_launch": "ip-name",
            "state": "available",
            "tags": {
              "Name": "3-Tier-Private1-Subnet2"
            },
            "timeouts": null,
            "vpc_id": "vpc-04e8ab343e22dc79b"
          },
          "sensitive_attributes": []
        }
      ]
    },
    {
      "module": "module.alb",
      "mode": "data",
      "type": "aws_subnet",
      "name": "public-subnet1",
      "provider": "provider[\"registry.terraform.io/hashicorp/aws\"]",
      "instances": [
        {
          "schema_version": 0,
          "attributes": {
            "arn": "arn:aws:ec2:ap-southeast-1:891377163278:subnet/subnet-01e1145099aae56c3",
            "assign_ipv6_address_on_creation": false,
            "availability_zone": "ap-southeast-1a",
            "availability_zone_id": "apse1-az1",
            "available_ip_address_count": 250,
            "cidr_block": "192.168.10.0/24",
            "customer_owned_ipv4_pool": "",
            "default_for_az": false,
            "enable_dns64": false,
            "enable_lni_at_device_index": 0,
            "enable_resource_name_dns_a_record_on_launch": false,
            "enable_resource_name_dns_aaaa_record_on_launch": false,
            "filter": [
              {
                "name": "tag:Name",
                "values": [
                  "3-Tier-Public-Subnet1"
                ]
              }
            ],
            "id": "subnet-01e1145099aae56c3",
            "ipv6_cidr_block": "",
            "ipv6_cidr_block_association_id": "",
            "ipv6_native": false,
            "map_customer_owned_ip_on_launch": false,
            "map_public_ip_on_launch": true,
            "outpost_arn": "",
            "owner_id": "891377163278",
            "private_dns_hostname_type_on_launch": "ip-name",
            "state": "available",
            "tags": {
              "Name": "3-Tier-Public-Subnet1"
            },
            "timeouts": null,
            "vpc_id": "vpc-04e8ab343e22dc79b"
          },
          "sensitive_attributes": []
        }
      ]
    },
    {
      "module": "module.alb",
      "mode": "data",
      "type": "aws_subnet",
      "name": "public-subnet2",
      "provider": "provider[\"registry.terraform.io/hashicorp/aws\"]",
      "instances": [
        {
          "schema_version": 0,
          "attributes": {
            "arn": "arn:aws:ec2:ap-southeast-1:891377163278:subnet/subnet-0d6f5203b79205776",
            "assign_ipv6_address_on_creation": false,
            "availability_zone": "ap-southeast-1b",
            "availability_zone_id": "apse1-az2",
            "available_ip_address_count": 250,
            "cidr_block": "192.168.50.0/24",
            "customer_owned_ipv4_pool": "",
            "default_for_az": false,
            "enable_dns64": false,
            "enable_lni_at_device_index": 0,
            "enable_resource_name_dns_a_record_on_launch": false,
            "enable_resource_name_dns_aaaa_record_on_launch": false,
            "filter": [
              {
                "name": "tag:Name",
                "values": [
                  "3-Tier-Private1-Subnet2"
                ]
              }
            ],
            "id": "subnet-0d6f5203b79205776",
            "ipv6_cidr_block": "",
            "ipv6_cidr_block_association_id": "",
            "ipv6_native": false,
            "map_customer_owned_ip_on_launch": false,
            "map_public_ip_on_launch": false,
            "outpost_arn": "",
            "owner_id": "891377163278",
            "private_dns_hostname_type_on_launch": "ip-name",
            "state": "available",
            "tags": {
              "Name": "3-Tier-Private1-Subnet2"
            },
            "timeouts": null,
            "vpc_id": "vpc-04e8ab343e22dc79b"
          },
          "sensitive_attributes": []
        }
      ]
    },
    {
      "module": "module.alb",
      "mode": "data",
      "type": "aws_vpc",
      "name": "vpc",
      "provider": "provider[\"registry.terraform.io/hashicorp/aws\"]",
      "instances": [
        {
          "schema_version": 0,
          "attributes": {
            "arn": "arn:aws:ec2:ap-southeast-1:891377163278:vpc/vpc-04e8ab343e22dc79b",
            "cidr_block": "192.168.0.0/16",
            "cidr_block_associations": [
              {
                "association_id": "vpc-cidr-assoc-0b36cb56cba93245e",
                "cidr_block": "192.168.0.0/16",
                "state": "associated"
              }
            ],
            "default": false,
            "dhcp_options_id": "dopt-0ca02d48b1d18e4d7",
            "enable_dns_hostnames": true,
            "enable_dns_support": true,
            "enable_network_address_usage_metrics": false,
            "filter": [
              {
                "name": "tag:Name",
                "values": [
                  "3-Tier-VPC"
                ]
              }
            ],
            "id": "vpc-04e8ab343e22dc79b",
            "instance_tenancy": "default",
            "ipv6_association_id": "",
            "ipv6_cidr_block": "",
            "main_route_table_id": "rtb-0a73bc69819bc8fe1",
            "owner_id": "891377163278",
            "state": null,
            "tags": {
              "Name": "3-Tier-VPC"
            },
            "timeouts": null
          },
          "sensitive_attributes": []
        }
      ]
    },
    {
      "module": "module.alb",
      "mode": "managed",
      "type": "aws_lb",
      "name": "was-elb",
      "provider": "provider[\"registry.terraform.io/hashicorp/aws\"]",
      "instances": [
        {
          "schema_version": 0,
          "attributes": {
            "access_logs": [
              {
                "bucket": "",
                "enabled": false,
                "prefix": ""
              }
            ],
            "arn": "arn:aws:elasticloadbalancing:ap-southeast-1:891377163278:loadbalancer/app/Was-elb/283fe68c752ebf0c",
            "arn_suffix": "app/Was-elb/283fe68c752ebf0c",
            "client_keep_alive": 3600,
            "connection_logs": [
              {
                "bucket": "",
                "enabled": false,
                "prefix": ""
              }
            ],
            "customer_owned_ipv4_pool": "",
            "desync_mitigation_mode": "defensive",
            "dns_name": "internal-Was-elb-1659576148.ap-southeast-1.elb.amazonaws.com",
            "dns_record_client_routing_policy": null,
            "drop_invalid_header_fields": false,
            "enable_cross_zone_load_balancing": true,
            "enable_deletion_protection": false,
            "enable_http2": true,
            "enable_tls_version_and_cipher_suite_headers": false,
            "enable_waf_fail_open": false,
            "enable_xff_client_port": false,
            "enforce_security_group_inbound_rules_on_private_link_traffic": "",
            "id": "arn:aws:elasticloadbalancing:ap-southeast-1:891377163278:loadbalancer/app/Was-elb/283fe68c752ebf0c",
            "idle_timeout": 60,
            "internal": true,
            "ip_address_type": "ipv4",
            "load_balancer_type": "application",
            "name": "Was-elb",
            "name_prefix": "",
            "preserve_host_header": false,
            "security_groups": [
              "sg-0fc53a679e2803659"
            ],
            "subnet_mapping": [
              {
                "allocation_id": "",
                "ipv6_address": "",
                "outpost_id": "",
                "private_ipv4_address": "",
                "subnet_id": "subnet-0b04fbd1b83d91965"
              },
              {
                "allocation_id": "",
                "ipv6_address": "",
                "outpost_id": "",
                "private_ipv4_address": "",
                "subnet_id": "subnet-0d6f5203b79205776"
              }
            ],
            "subnets": [
              "subnet-0b04fbd1b83d91965",
              "subnet-0d6f5203b79205776"
            ],
            "tags": {
              "Name": "Was-elb"
            },
            "tags_all": {
              "Name": "Was-elb"
            },
            "timeouts": null,
            "vpc_id": "vpc-04e8ab343e22dc79b",
            "xff_header_processing_mode": "append",
            "zone_id": "Z1LMS91P8CMLE5"
          },
          "sensitive_attributes": [],
          "private": "eyJlMmJmYjczMC1lY2FhLTExZTYtOGY4OC0zNDM2M2JjN2M0YzAiOnsiY3JlYXRlIjo2MDAwMDAwMDAwMDAsImRlbGV0ZSI6NjAwMDAwMDAwMDAwLCJ1cGRhdGUiOjYwMDAwMDAwMDAwMH19",
          "dependencies": [
            "module.alb.data.aws_security_group.was-alb-sg",
            "module.alb.data.aws_subnet.private1-subnet1",
            "module.alb.data.aws_subnet.private1-subnet2",
            "module.aws-rds.aws_db_subnet_group.db_subnet_group1",
            "module.aws-rds.aws_db_subnet_group.db_subnet_group2",
            "module.aws-rds.aws_rds_cluster.aurora_cluster",
            "module.aws-rds.aws_ssm_parameter.rds_endpoint",
            "module.aws-rds.data.aws_availability_zones.available",
            "module.aws-rds.data.aws_secretsmanager_secret_version.db_conn_info",
            "module.aws-rds.data.aws_security_group.db-sg",
            "module.aws-rds.data.aws_subnet.private1-subnet1",
            "module.aws-rds.data.aws_subnet.private1-subnet2",
            "module.aws-rds.data.aws_subnet.private2-subnet1",
            "module.aws-rds.data.aws_subnet.private2-subnet2",
            "module.security-group.aws_security_group.database-sg",
            "module.security-group.aws_security_group.was-alb-sg",
            "module.security-group.aws_security_group.was-tier-sg",
            "module.security-group.aws_security_group.web-alb-sg",
            "module.security-group.aws_security_group.web-tier-sg",
            "module.security-group.data.aws_vpc.vpc",
            "module.vpc.aws_eip.eip1",
            "module.vpc.aws_eip.eip2",
            "module.vpc.aws_internet_gateway.igw",
            "module.vpc.aws_nat_gateway.ngw1",
            "module.vpc.aws_nat_gateway.ngw2",
            "module.vpc.aws_route_table.private1-rt1",
            "module.vpc.aws_route_table.private1-rt2",
            "module.vpc.aws_route_table.private2-rt1",
            "module.vpc.aws_route_table.private2-rt2",
            "module.vpc.aws_route_table.public-rt1",
            "module.vpc.aws_route_table.public-rt2",
            "module.vpc.aws_route_table_association.private1-rt-association1",
            "module.vpc.aws_route_table_association.private1-rt-association2",
            "module.vpc.aws_route_table_association.private2-rt-association1",
            "module.vpc.aws_route_table_association.private2-rt-association2",
            "module.vpc.aws_route_table_association.public-rt-association1",
            "module.vpc.aws_route_table_association.public-rt-association2",
            "module.vpc.aws_subnet.private1-subnet1",
            "module.vpc.aws_subnet.private1-subnet2",
            "module.vpc.aws_subnet.private2-subnet1",
            "module.vpc.aws_subnet.private2-subnet2",
            "module.vpc.aws_subnet.public-subnet1",
            "module.vpc.aws_subnet.public-subnet2",
            "module.vpc.aws_vpc.vpc",
            "module.vpc.data.aws_availability_zones.available"
          ]
        }
      ]
    },
    {
      "module": "module.alb",
      "mode": "managed",
      "type": "aws_lb",
      "name": "web-elb",
      "provider": "provider[\"registry.terraform.io/hashicorp/aws\"]",
      "instances": [
        {
          "schema_version": 0,
          "attributes": {
            "access_logs": [
              {
                "bucket": "",
                "enabled": false,
                "prefix": ""
              }
            ],
            "arn": "arn:aws:elasticloadbalancing:ap-southeast-1:891377163278:loadbalancer/app/Web-elb/957d0392b88c5441",
            "arn_suffix": "app/Web-elb/957d0392b88c5441",
            "client_keep_alive": 3600,
            "connection_logs": [
              {
                "bucket": "",
                "enabled": false,
                "prefix": ""
              }
            ],
            "customer_owned_ipv4_pool": "",
            "desync_mitigation_mode": "defensive",
            "dns_name": "Web-elb-164890742.ap-southeast-1.elb.amazonaws.com",
            "dns_record_client_routing_policy": null,
            "drop_invalid_header_fields": false,
            "enable_cross_zone_load_balancing": true,
            "enable_deletion_protection": false,
            "enable_http2": true,
            "enable_tls_version_and_cipher_suite_headers": false,
            "enable_waf_fail_open": false,
            "enable_xff_client_port": false,
            "enforce_security_group_inbound_rules_on_private_link_traffic": "",
            "id": "arn:aws:elasticloadbalancing:ap-southeast-1:891377163278:loadbalancer/app/Web-elb/957d0392b88c5441",
            "idle_timeout": 60,
            "internal": false,
            "ip_address_type": "ipv4",
            "load_balancer_type": "application",
            "name": "Web-elb",
            "name_prefix": "",
            "preserve_host_header": false,
            "security_groups": [
              "sg-035d3caac553ed7bd"
            ],
            "subnet_mapping": [
              {
                "allocation_id": "",
                "ipv6_address": "",
                "outpost_id": "",
                "private_ipv4_address": "",
                "subnet_id": "subnet-01e1145099aae56c3"
              },
              {
                "allocation_id": "",
                "ipv6_address": "",
                "outpost_id": "",
                "private_ipv4_address": "",
                "subnet_id": "subnet-0d6f5203b79205776"
              }
            ],
            "subnets": [
              "subnet-01e1145099aae56c3",
              "subnet-0d6f5203b79205776"
            ],
            "tags": {
              "Name": "Web-elb"
            },
            "tags_all": {
              "Name": "Web-elb"
            },
            "timeouts": null,
            "vpc_id": "vpc-04e8ab343e22dc79b",
            "xff_header_processing_mode": "append",
            "zone_id": "Z1LMS91P8CMLE5"
          },
          "sensitive_attributes": [],
          "private": "eyJlMmJmYjczMC1lY2FhLTExZTYtOGY4OC0zNDM2M2JjN2M0YzAiOnsiY3JlYXRlIjo2MDAwMDAwMDAwMDAsImRlbGV0ZSI6NjAwMDAwMDAwMDAwLCJ1cGRhdGUiOjYwMDAwMDAwMDAwMH19",
          "dependencies": [
            "module.alb.data.aws_security_group.web-alb-sg",
            "module.alb.data.aws_subnet.public-subnet1",
            "module.alb.data.aws_subnet.public-subnet2",
            "module.aws-rds.aws_db_subnet_group.db_subnet_group1",
            "module.aws-rds.aws_db_subnet_group.db_subnet_group2",
            "module.aws-rds.aws_rds_cluster.aurora_cluster",
            "module.aws-rds.aws_ssm_parameter.rds_endpoint",
            "module.aws-rds.data.aws_availability_zones.available",
            "module.aws-rds.data.aws_secretsmanager_secret_version.db_conn_info",
            "module.aws-rds.data.aws_security_group.db-sg",
            "module.aws-rds.data.aws_subnet.private1-subnet1",
            "module.aws-rds.data.aws_subnet.private1-subnet2",
            "module.aws-rds.data.aws_subnet.private2-subnet1",
            "module.aws-rds.data.aws_subnet.private2-subnet2",
            "module.security-group.aws_security_group.database-sg",
            "module.security-group.aws_security_group.was-alb-sg",
            "module.security-group.aws_security_group.was-tier-sg",
            "module.security-group.aws_security_group.web-alb-sg",
            "module.security-group.aws_security_group.web-tier-sg",
            "module.security-group.data.aws_vpc.vpc",
            "module.vpc.aws_eip.eip1",
            "module.vpc.aws_eip.eip2",
            "module.vpc.aws_internet_gateway.igw",
            "module.vpc.aws_nat_gateway.ngw1",
            "module.vpc.aws_nat_gateway.ngw2",
            "module.vpc.aws_route_table.private1-rt1",
            "module.vpc.aws_route_table.private1-rt2",
            "module.vpc.aws_route_table.private2-rt1",
            "module.vpc.aws_route_table.private2-rt2",
            "module.vpc.aws_route_table.public-rt1",
            "module.vpc.aws_route_table.public-rt2",
            "module.vpc.aws_route_table_association.private1-rt-association1",
            "module.vpc.aws_route_table_association.private1-rt-association2",
            "module.vpc.aws_route_table_association.private2-rt-association1",
            "module.vpc.aws_route_table_association.private2-rt-association2",
            "module.vpc.aws_route_table_association.public-rt-association1",
            "module.vpc.aws_route_table_association.public-rt-association2",
            "module.vpc.aws_subnet.private1-subnet1",
            "module.vpc.aws_subnet.private1-subnet2",
            "module.vpc.aws_subnet.private2-subnet1",
            "module.vpc.aws_subnet.private2-subnet2",
            "module.vpc.aws_subnet.public-subnet1",
            "module.vpc.aws_subnet.public-subnet2",
            "module.vpc.aws_vpc.vpc",
            "module.vpc.data.aws_availability_zones.available"
          ]
        }
      ]
    },
    {
      "module": "module.alb",
      "mode": "managed",
      "type": "aws_lb_listener",
      "name": "was-alb-listener",
      "provider": "provider[\"registry.terraform.io/hashicorp/aws\"]",
      "instances": [
        {
          "schema_version": 0,
          "attributes": {
            "alpn_policy": null,
            "arn": "arn:aws:elasticloadbalancing:ap-southeast-1:891377163278:listener/app/Was-elb/283fe68c752ebf0c/b7d281bb489b16ca",
            "certificate_arn": null,
            "default_action": [
              {
                "authenticate_cognito": [],
                "authenticate_oidc": [],
                "fixed_response": [],
                "forward": [],
                "order": 1,
                "redirect": [],
                "target_group_arn": "arn:aws:elasticloadbalancing:ap-southeast-1:891377163278:targetgroup/Was-TG/c480bb6cbe5e7d11",
                "type": "forward"
              }
            ],
            "id": "arn:aws:elasticloadbalancing:ap-southeast-1:891377163278:listener/app/Was-elb/283fe68c752ebf0c/b7d281bb489b16ca",
            "load_balancer_arn": "arn:aws:elasticloadbalancing:ap-southeast-1:891377163278:loadbalancer/app/Was-elb/283fe68c752ebf0c",
            "mutual_authentication": [],
            "port": 8080,
            "protocol": "HTTP",
            "ssl_policy": "",
            "tags": null,
            "tags_all": {},
            "timeouts": null
          },
          "sensitive_attributes": [],
          "private": "eyJlMmJmYjczMC1lY2FhLTExZTYtOGY4OC0zNDM2M2JjN2M0YzAiOnsiY3JlYXRlIjozMDAwMDAwMDAwMDAsInVwZGF0ZSI6MzAwMDAwMDAwMDAwfX0=",
          "dependencies": [
            "module.alb.aws_lb.was-elb",
            "module.alb.aws_lb_target_group.was-tg",
            "module.alb.data.aws_security_group.was-alb-sg",
            "module.alb.data.aws_subnet.private1-subnet1",
            "module.alb.data.aws_subnet.private1-subnet2",
            "module.alb.data.aws_vpc.vpc",
            "module.aws-rds.aws_db_subnet_group.db_subnet_group1",
            "module.aws-rds.aws_db_subnet_group.db_subnet_group2",
            "module.aws-rds.aws_rds_cluster.aurora_cluster",
            "module.aws-rds.aws_ssm_parameter.rds_endpoint",
            "module.aws-rds.data.aws_availability_zones.available",
            "module.aws-rds.data.aws_secretsmanager_secret_version.db_conn_info",
            "module.aws-rds.data.aws_security_group.db-sg",
            "module.aws-rds.data.aws_subnet.private1-subnet1",
            "module.aws-rds.data.aws_subnet.private1-subnet2",
            "module.aws-rds.data.aws_subnet.private2-subnet1",
            "module.aws-rds.data.aws_subnet.private2-subnet2",
            "module.security-group.aws_security_group.database-sg",
            "module.security-group.aws_security_group.was-alb-sg",
            "module.security-group.aws_security_group.was-tier-sg",
            "module.security-group.aws_security_group.web-alb-sg",
            "module.security-group.aws_security_group.web-tier-sg",
            "module.security-group.data.aws_vpc.vpc",
            "module.vpc.aws_eip.eip1",
            "module.vpc.aws_eip.eip2",
            "module.vpc.aws_internet_gateway.igw",
            "module.vpc.aws_nat_gateway.ngw1",
            "module.vpc.aws_nat_gateway.ngw2",
            "module.vpc.aws_route_table.private1-rt1",
            "module.vpc.aws_route_table.private1-rt2",
            "module.vpc.aws_route_table.private2-rt1",
            "module.vpc.aws_route_table.private2-rt2",
            "module.vpc.aws_route_table.public-rt1",
            "module.vpc.aws_route_table.public-rt2",
            "module.vpc.aws_route_table_association.private1-rt-association1",
            "module.vpc.aws_route_table_association.private1-rt-association2",
            "module.vpc.aws_route_table_association.private2-rt-association1",
            "module.vpc.aws_route_table_association.private2-rt-association2",
            "module.vpc.aws_route_table_association.public-rt-association1",
            "module.vpc.aws_route_table_association.public-rt-association2",
            "module.vpc.aws_subnet.private1-subnet1",
            "module.vpc.aws_subnet.private1-subnet2",
            "module.vpc.aws_subnet.private2-subnet1",
            "module.vpc.aws_subnet.private2-subnet2",
            "module.vpc.aws_subnet.public-subnet1",
            "module.vpc.aws_subnet.public-subnet2",
            "module.vpc.aws_vpc.vpc",
            "module.vpc.data.aws_availability_zones.available"
          ]
        }
      ]
    },
    {
      "module": "module.alb",
      "mode": "managed",
      "type": "aws_lb_listener",
      "name": "web-alb-listener",
      "provider": "provider[\"registry.terraform.io/hashicorp/aws\"]",
      "instances": [
        {
          "schema_version": 0,
          "attributes": {
            "alpn_policy": null,
            "arn": "arn:aws:elasticloadbalancing:ap-southeast-1:891377163278:listener/app/Web-elb/957d0392b88c5441/ee5d483019cf9124",
            "certificate_arn": null,
            "default_action": [
              {
                "authenticate_cognito": [],
                "authenticate_oidc": [],
                "fixed_response": [],
                "forward": [],
                "order": 1,
                "redirect": [],
                "target_group_arn": "arn:aws:elasticloadbalancing:ap-southeast-1:891377163278:targetgroup/Web-TG/ebc4532231c37655",
                "type": "forward"
              }
            ],
            "id": "arn:aws:elasticloadbalancing:ap-southeast-1:891377163278:listener/app/Web-elb/957d0392b88c5441/ee5d483019cf9124",
            "load_balancer_arn": "arn:aws:elasticloadbalancing:ap-southeast-1:891377163278:loadbalancer/app/Web-elb/957d0392b88c5441",
            "mutual_authentication": [],
            "port": 80,
            "protocol": "HTTP",
            "ssl_policy": "",
            "tags": null,
            "tags_all": {},
            "timeouts": null
          },
          "sensitive_attributes": [],
          "private": "eyJlMmJmYjczMC1lY2FhLTExZTYtOGY4OC0zNDM2M2JjN2M0YzAiOnsiY3JlYXRlIjozMDAwMDAwMDAwMDAsInVwZGF0ZSI6MzAwMDAwMDAwMDAwfX0=",
          "dependencies": [
            "module.alb.aws_lb.web-elb",
            "module.alb.aws_lb_target_group.web-tg",
            "module.alb.data.aws_security_group.web-alb-sg",
            "module.alb.data.aws_subnet.public-subnet1",
            "module.alb.data.aws_subnet.public-subnet2",
            "module.alb.data.aws_vpc.vpc",
            "module.aws-rds.aws_db_subnet_group.db_subnet_group1",
            "module.aws-rds.aws_db_subnet_group.db_subnet_group2",
            "module.aws-rds.aws_rds_cluster.aurora_cluster",
            "module.aws-rds.aws_ssm_parameter.rds_endpoint",
            "module.aws-rds.data.aws_availability_zones.available",
            "module.aws-rds.data.aws_secretsmanager_secret_version.db_conn_info",
            "module.aws-rds.data.aws_security_group.db-sg",
            "module.aws-rds.data.aws_subnet.private1-subnet1",
            "module.aws-rds.data.aws_subnet.private1-subnet2",
            "module.aws-rds.data.aws_subnet.private2-subnet1",
            "module.aws-rds.data.aws_subnet.private2-subnet2",
            "module.security-group.aws_security_group.database-sg",
            "module.security-group.aws_security_group.was-alb-sg",
            "module.security-group.aws_security_group.was-tier-sg",
            "module.security-group.aws_security_group.web-alb-sg",
            "module.security-group.aws_security_group.web-tier-sg",
            "module.security-group.data.aws_vpc.vpc",
            "module.vpc.aws_eip.eip1",
            "module.vpc.aws_eip.eip2",
            "module.vpc.aws_internet_gateway.igw",
            "module.vpc.aws_nat_gateway.ngw1",
            "module.vpc.aws_nat_gateway.ngw2",
            "module.vpc.aws_route_table.private1-rt1",
            "module.vpc.aws_route_table.private1-rt2",
            "module.vpc.aws_route_table.private2-rt1",
            "module.vpc.aws_route_table.private2-rt2",
            "module.vpc.aws_route_table.public-rt1",
            "module.vpc.aws_route_table.public-rt2",
            "module.vpc.aws_route_table_association.private1-rt-association1",
            "module.vpc.aws_route_table_association.private1-rt-association2",
            "module.vpc.aws_route_table_association.private2-rt-association1",
            "module.vpc.aws_route_table_association.private2-rt-association2",
            "module.vpc.aws_route_table_association.public-rt-association1",
            "module.vpc.aws_route_table_association.public-rt-association2",
            "module.vpc.aws_subnet.private1-subnet1",
            "module.vpc.aws_subnet.private1-subnet2",
            "module.vpc.aws_subnet.private2-subnet1",
            "module.vpc.aws_subnet.private2-subnet2",
            "module.vpc.aws_subnet.public-subnet1",
            "module.vpc.aws_subnet.public-subnet2",
            "module.vpc.aws_vpc.vpc",
            "module.vpc.data.aws_availability_zones.available"
          ]
        }
      ]
    },
    {
      "module": "module.alb",
      "mode": "managed",
      "type": "aws_lb_target_group",
      "name": "was-tg",
      "provider": "provider[\"registry.terraform.io/hashicorp/aws\"]",
      "instances": [
        {
          "schema_version": 0,
          "attributes": {
            "arn": "arn:aws:elasticloadbalancing:ap-southeast-1:891377163278:targetgroup/Was-TG/c480bb6cbe5e7d11",
            "arn_suffix": "targetgroup/Was-TG/c480bb6cbe5e7d11",
            "connection_termination": null,
            "deregistration_delay": "300",
            "health_check": [
              {
                "enabled": true,
                "healthy_threshold": 5,
                "interval": 10,
                "matcher": "200",
                "path": "/",
                "port": "traffic-port",
                "protocol": "HTTP",
                "timeout": 5,
                "unhealthy_threshold": 2
              }
            ],
            "id": "arn:aws:elasticloadbalancing:ap-southeast-1:891377163278:targetgroup/Was-TG/c480bb6cbe5e7d11",
            "ip_address_type": "ipv4",
            "lambda_multi_value_headers_enabled": false,
            "load_balancer_arns": [],
            "load_balancing_algorithm_type": "round_robin",
            "load_balancing_anomaly_mitigation": "off",
            "load_balancing_cross_zone_enabled": "use_load_balancer_configuration",
            "name": "Was-TG",
            "name_prefix": "",
            "port": 80,
            "preserve_client_ip": null,
            "protocol": "HTTP",
            "protocol_version": "HTTP1",
            "proxy_protocol_v2": false,
            "slow_start": 0,
            "stickiness": [
              {
                "cookie_duration": 86400,
                "cookie_name": "",
                "enabled": false,
                "type": "lb_cookie"
              }
            ],
            "tags": {
              "Name": "Was-TG"
            },
            "tags_all": {
              "Name": "Was-TG"
            },
            "target_failover": [
              {
                "on_deregistration": null,
                "on_unhealthy": null
              }
            ],
            "target_health_state": [
              {
                "enable_unhealthy_connection_termination": null
              }
            ],
            "target_type": "ip",
            "vpc_id": "vpc-04e8ab343e22dc79b"
          },
          "sensitive_attributes": [],
          "private": "bnVsbA==",
          "dependencies": [
            "module.alb.aws_lb.was-elb",
            "module.alb.data.aws_security_group.was-alb-sg",
            "module.alb.data.aws_subnet.private1-subnet1",
            "module.alb.data.aws_subnet.private1-subnet2",
            "module.alb.data.aws_vpc.vpc",
            "module.aws-rds.aws_db_subnet_group.db_subnet_group1",
            "module.aws-rds.aws_db_subnet_group.db_subnet_group2",
            "module.aws-rds.aws_rds_cluster.aurora_cluster",
            "module.aws-rds.aws_ssm_parameter.rds_endpoint",
            "module.aws-rds.data.aws_availability_zones.available",
            "module.aws-rds.data.aws_secretsmanager_secret_version.db_conn_info",
            "module.aws-rds.data.aws_security_group.db-sg",
            "module.aws-rds.data.aws_subnet.private1-subnet1",
            "module.aws-rds.data.aws_subnet.private1-subnet2",
            "module.aws-rds.data.aws_subnet.private2-subnet1",
            "module.aws-rds.data.aws_subnet.private2-subnet2",
            "module.security-group.aws_security_group.database-sg",
            "module.security-group.aws_security_group.was-alb-sg",
            "module.security-group.aws_security_group.was-tier-sg",
            "module.security-group.aws_security_group.web-alb-sg",
            "module.security-group.aws_security_group.web-tier-sg",
            "module.security-group.data.aws_vpc.vpc",
            "module.vpc.aws_eip.eip1",
            "module.vpc.aws_eip.eip2",
            "module.vpc.aws_internet_gateway.igw",
            "module.vpc.aws_nat_gateway.ngw1",
            "module.vpc.aws_nat_gateway.ngw2",
            "module.vpc.aws_route_table.private1-rt1",
            "module.vpc.aws_route_table.private1-rt2",
            "module.vpc.aws_route_table.private2-rt1",
            "module.vpc.aws_route_table.private2-rt2",
            "module.vpc.aws_route_table.public-rt1",
            "module.vpc.aws_route_table.public-rt2",
            "module.vpc.aws_route_table_association.private1-rt-association1",
            "module.vpc.aws_route_table_association.private1-rt-association2",
            "module.vpc.aws_route_table_association.private2-rt-association1",
            "module.vpc.aws_route_table_association.private2-rt-association2",
            "module.vpc.aws_route_table_association.public-rt-association1",
            "module.vpc.aws_route_table_association.public-rt-association2",
            "module.vpc.aws_subnet.private1-subnet1",
            "module.vpc.aws_subnet.private1-subnet2",
            "module.vpc.aws_subnet.private2-subnet1",
            "module.vpc.aws_subnet.private2-subnet2",
            "module.vpc.aws_subnet.public-subnet1",
            "module.vpc.aws_subnet.public-subnet2",
            "module.vpc.aws_vpc.vpc",
            "module.vpc.data.aws_availability_zones.available"
          ]
        }
      ]
    },
    {
      "module": "module.alb",
      "mode": "managed",
      "type": "aws_lb_target_group",
      "name": "web-tg",
      "provider": "provider[\"registry.terraform.io/hashicorp/aws\"]",
      "instances": [
        {
          "schema_version": 0,
          "attributes": {
            "arn": "arn:aws:elasticloadbalancing:ap-southeast-1:891377163278:targetgroup/Web-TG/ebc4532231c37655",
            "arn_suffix": "targetgroup/Web-TG/ebc4532231c37655",
            "connection_termination": null,
            "deregistration_delay": "300",
            "health_check": [
              {
                "enabled": true,
                "healthy_threshold": 5,
                "interval": 10,
                "matcher": "200",
                "path": "/",
                "port": "traffic-port",
                "protocol": "HTTP",
                "timeout": 5,
                "unhealthy_threshold": 2
              }
            ],
            "id": "arn:aws:elasticloadbalancing:ap-southeast-1:891377163278:targetgroup/Web-TG/ebc4532231c37655",
            "ip_address_type": "ipv4",
            "lambda_multi_value_headers_enabled": false,
            "load_balancer_arns": [],
            "load_balancing_algorithm_type": "round_robin",
            "load_balancing_anomaly_mitigation": "off",
            "load_balancing_cross_zone_enabled": "use_load_balancer_configuration",
            "name": "Web-TG",
            "name_prefix": "",
            "port": 80,
            "preserve_client_ip": null,
            "protocol": "HTTP",
            "protocol_version": "HTTP1",
            "proxy_protocol_v2": false,
            "slow_start": 0,
            "stickiness": [
              {
                "cookie_duration": 86400,
                "cookie_name": "",
                "enabled": false,
                "type": "lb_cookie"
              }
            ],
            "tags": {
              "Name": "Web-TG"
            },
            "tags_all": {
              "Name": "Web-TG"
            },
            "target_failover": [
              {
                "on_deregistration": null,
                "on_unhealthy": null
              }
            ],
            "target_health_state": [
              {
                "enable_unhealthy_connection_termination": null
              }
            ],
            "target_type": "ip",
            "vpc_id": "vpc-04e8ab343e22dc79b"
          },
          "sensitive_attributes": [],
          "private": "bnVsbA==",
          "dependencies": [
            "module.alb.aws_lb.web-elb",
            "module.alb.data.aws_security_group.web-alb-sg",
            "module.alb.data.aws_subnet.public-subnet1",
            "module.alb.data.aws_subnet.public-subnet2",
            "module.alb.data.aws_vpc.vpc",
            "module.aws-rds.aws_db_subnet_group.db_subnet_group1",
            "module.aws-rds.aws_db_subnet_group.db_subnet_group2",
            "module.aws-rds.aws_rds_cluster.aurora_cluster",
            "module.aws-rds.aws_ssm_parameter.rds_endpoint",
            "module.aws-rds.data.aws_availability_zones.available",
            "module.aws-rds.data.aws_secretsmanager_secret_version.db_conn_info",
            "module.aws-rds.data.aws_security_group.db-sg",
            "module.aws-rds.data.aws_subnet.private1-subnet1",
            "module.aws-rds.data.aws_subnet.private1-subnet2",
            "module.aws-rds.data.aws_subnet.private2-subnet1",
            "module.aws-rds.data.aws_subnet.private2-subnet2",
            "module.security-group.aws_security_group.database-sg",
            "module.security-group.aws_security_group.was-alb-sg",
            "module.security-group.aws_security_group.was-tier-sg",
            "module.security-group.aws_security_group.web-alb-sg",
            "module.security-group.aws_security_group.web-tier-sg",
            "module.security-group.data.aws_vpc.vpc",
            "module.vpc.aws_eip.eip1",
            "module.vpc.aws_eip.eip2",
            "module.vpc.aws_internet_gateway.igw",
            "module.vpc.aws_nat_gateway.ngw1",
            "module.vpc.aws_nat_gateway.ngw2",
            "module.vpc.aws_route_table.private1-rt1",
            "module.vpc.aws_route_table.private1-rt2",
            "module.vpc.aws_route_table.private2-rt1",
            "module.vpc.aws_route_table.private2-rt2",
            "module.vpc.aws_route_table.public-rt1",
            "module.vpc.aws_route_table.public-rt2",
            "module.vpc.aws_route_table_association.private1-rt-association1",
            "module.vpc.aws_route_table_association.private1-rt-association2",
            "module.vpc.aws_route_table_association.private2-rt-association1",
            "module.vpc.aws_route_table_association.private2-rt-association2",
            "module.vpc.aws_route_table_association.public-rt-association1",
            "module.vpc.aws_route_table_association.public-rt-association2",
            "module.vpc.aws_subnet.private1-subnet1",
            "module.vpc.aws_subnet.private1-subnet2",
            "module.vpc.aws_subnet.private2-subnet1",
            "module.vpc.aws_subnet.private2-subnet2",
            "module.vpc.aws_subnet.public-subnet1",
            "module.vpc.aws_subnet.public-subnet2",
            "module.vpc.aws_vpc.vpc",
            "module.vpc.data.aws_availability_zones.available"
          ]
        }
      ]
    },
    {
      "module": "module.aws-rds",
      "mode": "data",
      "type": "aws_availability_zones",
      "name": "available",
      "provider": "provider[\"registry.terraform.io/hashicorp/aws\"]",
      "instances": [
        {
          "schema_version": 0,
          "attributes": {
            "all_availability_zones": null,
            "exclude_names": null,
            "exclude_zone_ids": null,
            "filter": null,
            "group_names": [
              "ap-southeast-1"
            ],
            "id": "ap-southeast-1",
            "names": [
              "ap-southeast-1a",
              "ap-southeast-1b",
              "ap-southeast-1c"
            ],
            "state": "available",
            "timeouts": null,
            "zone_ids": [
              "apse1-az1",
              "apse1-az2",
              "apse1-az3"
            ]
          },
          "sensitive_attributes": []
        }
      ]
    },
    {
      "module": "module.aws-rds",
      "mode": "data",
      "type": "aws_secretsmanager_secret_version",
      "name": "db_conn_info",
      "provider": "provider[\"registry.terraform.io/hashicorp/aws\"]",
      "instances": [
        {
          "schema_version": 0,
          "attributes": {
            "arn": "arn:aws:secretsmanager:ap-southeast-1:891377163278:secret:3tier/db/conn_info-ufjR5c",
            "created_date": "2024-05-09T08:24:54Z",
            "id": "3tier/db/conn_info|AWSCURRENT",
            "secret_binary": "",
            "secret_id": "3tier/db/conn_info",
            "secret_string": "{\"username\":\"admin\",\"password\":\"Admin1234\",\"engine\":\"mysql\",\"host\":\"aurora-serverless-cluster.cluster-ct82meooege6.ap-southeast-1.rds.amazonaws.com\",\"port\":3306,\"dbClusterIdentifier\":\"aurora-serverless-cluster\"}",
            "version_id": "d1240c7f-1121-4f17-9c57-7192a6a13775",
            "version_stage": "AWSCURRENT",
            "version_stages": [
              "AWSCURRENT"
            ]
          },
          "sensitive_attributes": []
        }
      ]
    },
    {
      "module": "module.aws-rds",
      "mode": "data",
      "type": "aws_security_group",
      "name": "db-sg",
      "provider": "provider[\"registry.terraform.io/hashicorp/aws\"]",
      "instances": [
        {
          "schema_version": 0,
          "attributes": {
            "arn": "arn:aws:ec2:ap-southeast-1:891377163278:security-group/sg-07e52d60aaf22ac9f",
            "description": "Protocol Type MySQL/Aurora",
            "filter": [
              {
                "name": "tag:Name",
                "values": [
                  "3-Tier-db-sg"
                ]
              }
            ],
            "id": "sg-07e52d60aaf22ac9f",
            "name": "terraform-2024051400584781290000000d",
            "tags": {
              "Name": "3-Tier-db-sg"
            },
            "timeouts": null,
            "vpc_id": "vpc-04e8ab343e22dc79b"
          },
          "sensitive_attributes": []
        }
      ]
    },
    {
      "module": "module.aws-rds",
      "mode": "data",
      "type": "aws_subnet",
      "name": "private1-subnet1",
      "provider": "provider[\"registry.terraform.io/hashicorp/aws\"]",
      "instances": [
        {
          "schema_version": 0,
          "attributes": {
            "arn": "arn:aws:ec2:ap-southeast-1:891377163278:subnet/subnet-0b04fbd1b83d91965",
            "assign_ipv6_address_on_creation": false,
            "availability_zone": "ap-southeast-1a",
            "availability_zone_id": "apse1-az1",
            "available_ip_address_count": 251,
            "cidr_block": "192.168.20.0/24",
            "customer_owned_ipv4_pool": "",
            "default_for_az": false,
            "enable_dns64": false,
            "enable_lni_at_device_index": 0,
            "enable_resource_name_dns_a_record_on_launch": false,
            "enable_resource_name_dns_aaaa_record_on_launch": false,
            "filter": [
              {
                "name": "tag:Name",
                "values": [
                  "3-Tier-Private1-Subnet1"
                ]
              }
            ],
            "id": "subnet-0b04fbd1b83d91965",
            "ipv6_cidr_block": "",
            "ipv6_cidr_block_association_id": "",
            "ipv6_native": false,
            "map_customer_owned_ip_on_launch": false,
            "map_public_ip_on_launch": false,
            "outpost_arn": "",
            "owner_id": "891377163278",
            "private_dns_hostname_type_on_launch": "ip-name",
            "state": "available",
            "tags": {
              "Name": "3-Tier-Private1-Subnet1"
            },
            "timeouts": null,
            "vpc_id": "vpc-04e8ab343e22dc79b"
          },
          "sensitive_attributes": []
        }
      ]
    },
    {
      "module": "module.aws-rds",
      "mode": "data",
      "type": "aws_subnet",
      "name": "private1-subnet2",
      "provider": "provider[\"registry.terraform.io/hashicorp/aws\"]",
      "instances": [
        {
          "schema_version": 0,
          "attributes": {
            "arn": "arn:aws:ec2:ap-southeast-1:891377163278:subnet/subnet-0d6f5203b79205776",
            "assign_ipv6_address_on_creation": false,
            "availability_zone": "ap-southeast-1b",
            "availability_zone_id": "apse1-az2",
            "available_ip_address_count": 251,
            "cidr_block": "192.168.50.0/24",
            "customer_owned_ipv4_pool": "",
            "default_for_az": false,
            "enable_dns64": false,
            "enable_lni_at_device_index": 0,
            "enable_resource_name_dns_a_record_on_launch": false,
            "enable_resource_name_dns_aaaa_record_on_launch": false,
            "filter": [
              {
                "name": "tag:Name",
                "values": [
                  "3-Tier-Private1-Subnet2"
                ]
              }
            ],
            "id": "subnet-0d6f5203b79205776",
            "ipv6_cidr_block": "",
            "ipv6_cidr_block_association_id": "",
            "ipv6_native": false,
            "map_customer_owned_ip_on_launch": false,
            "map_public_ip_on_launch": false,
            "outpost_arn": "",
            "owner_id": "891377163278",
            "private_dns_hostname_type_on_launch": "ip-name",
            "state": "available",
            "tags": {
              "Name": "3-Tier-Private1-Subnet2"
            },
            "timeouts": null,
            "vpc_id": "vpc-04e8ab343e22dc79b"
          },
          "sensitive_attributes": []
        }
      ]
    },
    {
      "module": "module.aws-rds",
      "mode": "data",
      "type": "aws_subnet",
      "name": "private2-subnet1",
      "provider": "provider[\"registry.terraform.io/hashicorp/aws\"]",
      "instances": [
        {
          "schema_version": 0,
          "attributes": {
            "arn": "arn:aws:ec2:ap-southeast-1:891377163278:subnet/subnet-071fd452271822da6",
            "assign_ipv6_address_on_creation": false,
            "availability_zone": "ap-southeast-1a",
            "availability_zone_id": "apse1-az1",
            "available_ip_address_count": 251,
            "cidr_block": "192.168.30.0/24",
            "customer_owned_ipv4_pool": "",
            "default_for_az": false,
            "enable_dns64": false,
            "enable_lni_at_device_index": 0,
            "enable_resource_name_dns_a_record_on_launch": false,
            "enable_resource_name_dns_aaaa_record_on_launch": false,
            "filter": [
              {
                "name": "tag:Name",
                "values": [
                  "3-Tier-Private2-Subnet1"
                ]
              }
            ],
            "id": "subnet-071fd452271822da6",
            "ipv6_cidr_block": "",
            "ipv6_cidr_block_association_id": "",
            "ipv6_native": false,
            "map_customer_owned_ip_on_launch": false,
            "map_public_ip_on_launch": false,
            "outpost_arn": "",
            "owner_id": "891377163278",
            "private_dns_hostname_type_on_launch": "ip-name",
            "state": "available",
            "tags": {
              "Name": "3-Tier-Private2-Subnet1"
            },
            "timeouts": null,
            "vpc_id": "vpc-04e8ab343e22dc79b"
          },
          "sensitive_attributes": []
        }
      ]
    },
    {
      "module": "module.aws-rds",
      "mode": "data",
      "type": "aws_subnet",
      "name": "private2-subnet2",
      "provider": "provider[\"registry.terraform.io/hashicorp/aws\"]",
      "instances": [
        {
          "schema_version": 0,
          "attributes": {
            "arn": "arn:aws:ec2:ap-southeast-1:891377163278:subnet/subnet-0036ac5ddec6540bc",
            "assign_ipv6_address_on_creation": false,
            "availability_zone": "ap-southeast-1b",
            "availability_zone_id": "apse1-az2",
            "available_ip_address_count": 251,
            "cidr_block": "192.168.60.0/24",
            "customer_owned_ipv4_pool": "",
            "default_for_az": false,
            "enable_dns64": false,
            "enable_lni_at_device_index": 0,
            "enable_resource_name_dns_a_record_on_launch": false,
            "enable_resource_name_dns_aaaa_record_on_launch": false,
            "filter": [
              {
                "name": "tag:Name",
                "values": [
                  "3-Tier-Private2-Subnet2"
                ]
              }
            ],
            "id": "subnet-0036ac5ddec6540bc",
            "ipv6_cidr_block": "",
            "ipv6_cidr_block_association_id": "",
            "ipv6_native": false,
            "map_customer_owned_ip_on_launch": false,
            "map_public_ip_on_launch": false,
            "outpost_arn": "",
            "owner_id": "891377163278",
            "private_dns_hostname_type_on_launch": "ip-name",
            "state": "available",
            "tags": {
              "Name": "3-Tier-Private2-Subnet2"
            },
            "timeouts": null,
            "vpc_id": "vpc-04e8ab343e22dc79b"
          },
          "sensitive_attributes": []
        }
      ]
    },
    {
      "module": "module.aws-rds",
      "mode": "managed",
      "type": "aws_db_subnet_group",
      "name": "db_subnet_group1",
      "provider": "provider[\"registry.terraform.io/hashicorp/aws\"]",
      "instances": [
        {
          "schema_version": 0,
          "attributes": {
            "arn": "arn:aws:rds:ap-southeast-1:891377163278:subgrp:sg-3-tier-rds1",
            "description": "Managed by Terraform",
            "id": "sg-3-tier-rds1",
            "name": "sg-3-tier-rds1",
            "name_prefix": "",
            "subnet_ids": [
              "subnet-0b04fbd1b83d91965",
              "subnet-0d6f5203b79205776"
            ],
            "supported_network_types": [
              "IPV4"
            ],
            "tags": null,
            "tags_all": {},
            "vpc_id": "vpc-04e8ab343e22dc79b"
          },
          "sensitive_attributes": [],
          "private": "bnVsbA==",
          "dependencies": [
            "module.aws-rds.data.aws_subnet.private1-subnet1",
            "module.aws-rds.data.aws_subnet.private1-subnet2",
            "module.security-group.aws_security_group.database-sg",
            "module.security-group.aws_security_group.was-alb-sg",
            "module.security-group.aws_security_group.was-tier-sg",
            "module.security-group.aws_security_group.web-alb-sg",
            "module.security-group.aws_security_group.web-tier-sg",
            "module.security-group.data.aws_vpc.vpc",
            "module.vpc.aws_eip.eip1",
            "module.vpc.aws_eip.eip2",
            "module.vpc.aws_internet_gateway.igw",
            "module.vpc.aws_nat_gateway.ngw1",
            "module.vpc.aws_nat_gateway.ngw2",
            "module.vpc.aws_route_table.private1-rt1",
            "module.vpc.aws_route_table.private1-rt2",
            "module.vpc.aws_route_table.private2-rt1",
            "module.vpc.aws_route_table.private2-rt2",
            "module.vpc.aws_route_table.public-rt1",
            "module.vpc.aws_route_table.public-rt2",
            "module.vpc.aws_route_table_association.private1-rt-association1",
            "module.vpc.aws_route_table_association.private1-rt-association2",
            "module.vpc.aws_route_table_association.private2-rt-association1",
            "module.vpc.aws_route_table_association.private2-rt-association2",
            "module.vpc.aws_route_table_association.public-rt-association1",
            "module.vpc.aws_route_table_association.public-rt-association2",
            "module.vpc.aws_subnet.private1-subnet1",
            "module.vpc.aws_subnet.private1-subnet2",
            "module.vpc.aws_subnet.private2-subnet1",
            "module.vpc.aws_subnet.private2-subnet2",
            "module.vpc.aws_subnet.public-subnet1",
            "module.vpc.aws_subnet.public-subnet2",
            "module.vpc.aws_vpc.vpc",
            "module.vpc.data.aws_availability_zones.available"
          ]
        }
      ]
    },
    {
      "module": "module.aws-rds",
      "mode": "managed",
      "type": "aws_db_subnet_group",
      "name": "db_subnet_group2",
      "provider": "provider[\"registry.terraform.io/hashicorp/aws\"]",
      "instances": [
        {
          "schema_version": 0,
          "attributes": {
            "arn": "arn:aws:rds:ap-southeast-1:891377163278:subgrp:sg-3-tier-rds2",
            "description": "Managed by Terraform",
            "id": "sg-3-tier-rds2",
            "name": "sg-3-tier-rds2",
            "name_prefix": "",
            "subnet_ids": [
              "subnet-0036ac5ddec6540bc",
              "subnet-071fd452271822da6"
            ],
            "supported_network_types": [
              "IPV4"
            ],
            "tags": null,
            "tags_all": {},
            "vpc_id": "vpc-04e8ab343e22dc79b"
          },
          "sensitive_attributes": [],
          "private": "bnVsbA==",
          "dependencies": [
            "module.aws-rds.data.aws_subnet.private2-subnet1",
            "module.aws-rds.data.aws_subnet.private2-subnet2",
            "module.security-group.aws_security_group.database-sg",
            "module.security-group.aws_security_group.was-alb-sg",
            "module.security-group.aws_security_group.was-tier-sg",
            "module.security-group.aws_security_group.web-alb-sg",
            "module.security-group.aws_security_group.web-tier-sg",
            "module.security-group.data.aws_vpc.vpc",
            "module.vpc.aws_eip.eip1",
            "module.vpc.aws_eip.eip2",
            "module.vpc.aws_internet_gateway.igw",
            "module.vpc.aws_nat_gateway.ngw1",
            "module.vpc.aws_nat_gateway.ngw2",
            "module.vpc.aws_route_table.private1-rt1",
            "module.vpc.aws_route_table.private1-rt2",
            "module.vpc.aws_route_table.private2-rt1",
            "module.vpc.aws_route_table.private2-rt2",
            "module.vpc.aws_route_table.public-rt1",
            "module.vpc.aws_route_table.public-rt2",
            "module.vpc.aws_route_table_association.private1-rt-association1",
            "module.vpc.aws_route_table_association.private1-rt-association2",
            "module.vpc.aws_route_table_association.private2-rt-association1",
            "module.vpc.aws_route_table_association.private2-rt-association2",
            "module.vpc.aws_route_table_association.public-rt-association1",
            "module.vpc.aws_route_table_association.public-rt-association2",
            "module.vpc.aws_subnet.private1-subnet1",
            "module.vpc.aws_subnet.private1-subnet2",
            "module.vpc.aws_subnet.private2-subnet1",
            "module.vpc.aws_subnet.private2-subnet2",
            "module.vpc.aws_subnet.public-subnet1",
            "module.vpc.aws_subnet.public-subnet2",
            "module.vpc.aws_vpc.vpc",
            "module.vpc.data.aws_availability_zones.available"
          ]
        }
      ]
    },
    {
      "module": "module.aws-rds",
      "mode": "managed",
      "type": "aws_rds_cluster",
      "name": "aurora_cluster",
      "provider": "provider[\"registry.terraform.io/hashicorp/aws\"]",
      "instances": [
        {
          "schema_version": 1,
          "attributes": {
            "allocated_storage": 1,
            "allow_major_version_upgrade": null,
            "apply_immediately": null,
            "arn": "arn:aws:rds:ap-southeast-1:891377163278:cluster:aurora-serverless-cluster",
            "availability_zones": [
              "ap-southeast-1a",
              "ap-southeast-1b"
            ],
            "backtrack_window": 0,
            "backup_retention_period": 7,
            "cluster_identifier": "aurora-serverless-cluster",
            "cluster_identifier_prefix": "",
            "cluster_members": [],
            "cluster_resource_id": "cluster-NYZQYY3U63PDFF4WZ4Y4D7ZPKU",
            "copy_tags_to_snapshot": false,
            "database_name": "demo",
            "db_cluster_instance_class": "",
            "db_cluster_parameter_group_name": "default.aurora-mysql5.7",
            "db_instance_parameter_group_name": null,
            "db_subnet_group_name": "sg-3-tier-rds1",
            "db_system_id": "",
            "delete_automated_backups": true,
            "deletion_protection": false,
            "domain": "",
            "domain_iam_role_name": "",
            "enable_global_write_forwarding": false,
            "enable_http_endpoint": false,
            "enable_local_write_forwarding": false,
            "enabled_cloudwatch_logs_exports": null,
            "endpoint": "aurora-serverless-cluster.cluster-ct82meooege6.ap-southeast-1.rds.amazonaws.com",
            "engine": "aurora-mysql",
            "engine_mode": "serverless",
            "engine_version": "5.7.mysql_aurora.2.11.4",
            "engine_version_actual": "5.7.mysql_aurora.2.11.4",
            "final_snapshot_identifier": null,
            "global_cluster_identifier": "",
            "hosted_zone_id": "Z2G0U3KFCY8NZ5",
            "iam_database_authentication_enabled": false,
            "iam_roles": [],
            "id": "aurora-serverless-cluster",
            "iops": 0,
            "kms_key_id": "arn:aws:kms:ap-southeast-1:891377163278:key/85a458cb-e0ae-4d4b-a499-b6fc9165a363",
            "manage_master_user_password": null,
            "master_password": "Admin1234",
            "master_user_secret": [],
            "master_user_secret_kms_key_id": null,
            "master_username": "admin",
            "network_type": "IPV4",
            "port": 3306,
            "preferred_backup_window": "07:00-09:00",
            "preferred_maintenance_window": "mon:14:54-mon:15:24",
            "reader_endpoint": "",
            "replication_source_identifier": "",
            "restore_to_point_in_time": [],
            "s3_import": [],
            "scaling_configuration": [
              {
                "auto_pause": true,
                "max_capacity": 16,
                "min_capacity": 2,
                "seconds_until_auto_pause": 300,
                "timeout_action": "RollbackCapacityChange"
              }
            ],
            "serverlessv2_scaling_configuration": [],
            "skip_final_snapshot": true,
            "snapshot_identifier": null,
            "source_region": null,
            "storage_encrypted": true,
            "storage_type": "",
            "tags": {
              "Name": "3-Tier-RDS1"
            },
            "tags_all": {
              "Name": "3-Tier-RDS1"
            },
            "timeouts": null,
            "vpc_security_group_ids": [
              "sg-07e52d60aaf22ac9f"
            ]
          },
          "sensitive_attributes": [
            [
              {
                "type": "get_attr",
                "value": "master_username"
              }
            ],
            [
              {
                "type": "get_attr",
                "value": "master_password"
              }
            ]
          ],
          "private": "eyJlMmJmYjczMC1lY2FhLTExZTYtOGY4OC0zNDM2M2JjN2M0YzAiOnsiY3JlYXRlIjo3MjAwMDAwMDAwMDAwLCJkZWxldGUiOjcyMDAwMDAwMDAwMDAsInVwZGF0ZSI6NzIwMDAwMDAwMDAwMH0sInNjaGVtYV92ZXJzaW9uIjoiMSJ9",
          "dependencies": [
            "module.aws-rds.aws_db_subnet_group.db_subnet_group1",
            "module.aws-rds.data.aws_availability_zones.available",
            "module.aws-rds.data.aws_secretsmanager_secret_version.db_conn_info",
            "module.aws-rds.data.aws_security_group.db-sg",
            "module.aws-rds.data.aws_subnet.private1-subnet1",
            "module.aws-rds.data.aws_subnet.private1-subnet2",
            "module.security-group.aws_security_group.database-sg",
            "module.security-group.aws_security_group.was-alb-sg",
            "module.security-group.aws_security_group.was-tier-sg",
            "module.security-group.aws_security_group.web-alb-sg",
            "module.security-group.aws_security_group.web-tier-sg",
            "module.security-group.data.aws_vpc.vpc",
            "module.vpc.aws_eip.eip1",
            "module.vpc.aws_eip.eip2",
            "module.vpc.aws_internet_gateway.igw",
            "module.vpc.aws_nat_gateway.ngw1",
            "module.vpc.aws_nat_gateway.ngw2",
            "module.vpc.aws_route_table.private1-rt1",
            "module.vpc.aws_route_table.private1-rt2",
            "module.vpc.aws_route_table.private2-rt1",
            "module.vpc.aws_route_table.private2-rt2",
            "module.vpc.aws_route_table.public-rt1",
            "module.vpc.aws_route_table.public-rt2",
            "module.vpc.aws_route_table_association.private1-rt-association1",
            "module.vpc.aws_route_table_association.private1-rt-association2",
            "module.vpc.aws_route_table_association.private2-rt-association1",
            "module.vpc.aws_route_table_association.private2-rt-association2",
            "module.vpc.aws_route_table_association.public-rt-association1",
            "module.vpc.aws_route_table_association.public-rt-association2",
            "module.vpc.aws_subnet.private1-subnet1",
            "module.vpc.aws_subnet.private1-subnet2",
            "module.vpc.aws_subnet.private2-subnet1",
            "module.vpc.aws_subnet.private2-subnet2",
            "module.vpc.aws_subnet.public-subnet1",
            "module.vpc.aws_subnet.public-subnet2",
            "module.vpc.aws_vpc.vpc",
            "module.vpc.data.aws_availability_zones.available"
          ]
        }
      ]
    },
    {
      "module": "module.aws-rds",
      "mode": "managed",
      "type": "aws_ssm_parameter",
      "name": "rds_endpoint",
      "provider": "provider[\"registry.terraform.io/hashicorp/aws\"]",
      "instances": [
        {
          "schema_version": 0,
          "attributes": {
            "allowed_pattern": "",
            "arn": "arn:aws:ssm:ap-southeast-1:891377163278:parameter/rds/aurora-serverless-cluster/endpoint",
            "data_type": "text",
            "description": "",
            "id": "/rds/aurora-serverless-cluster/endpoint",
            "insecure_value": null,
            "key_id": "",
            "name": "/rds/aurora-serverless-cluster/endpoint",
            "overwrite": null,
            "tags": null,
            "tags_all": {},
            "tier": "Standard",
            "type": "String",
            "value": "aurora-serverless-cluster.cluster-ct82meooege6.ap-southeast-1.rds.amazonaws.com",
            "version": 1
          },
          "sensitive_attributes": [],
          "private": "bnVsbA==",
          "dependencies": [
            "module.aws-rds.aws_db_subnet_group.db_subnet_group1",
            "module.aws-rds.aws_rds_cluster.aurora_cluster",
            "module.aws-rds.data.aws_availability_zones.available",
            "module.aws-rds.data.aws_secretsmanager_secret_version.db_conn_info",
            "module.aws-rds.data.aws_security_group.db-sg",
            "module.aws-rds.data.aws_subnet.private1-subnet1",
            "module.aws-rds.data.aws_subnet.private1-subnet2",
            "module.security-group.aws_security_group.database-sg",
            "module.security-group.aws_security_group.was-alb-sg",
            "module.security-group.aws_security_group.was-tier-sg",
            "module.security-group.aws_security_group.web-alb-sg",
            "module.security-group.aws_security_group.web-tier-sg",
            "module.security-group.data.aws_vpc.vpc",
            "module.vpc.aws_eip.eip1",
            "module.vpc.aws_eip.eip2",
            "module.vpc.aws_internet_gateway.igw",
            "module.vpc.aws_nat_gateway.ngw1",
            "module.vpc.aws_nat_gateway.ngw2",
            "module.vpc.aws_route_table.private1-rt1",
            "module.vpc.aws_route_table.private1-rt2",
            "module.vpc.aws_route_table.private2-rt1",
            "module.vpc.aws_route_table.private2-rt2",
            "module.vpc.aws_route_table.public-rt1",
            "module.vpc.aws_route_table.public-rt2",
            "module.vpc.aws_route_table_association.private1-rt-association1",
            "module.vpc.aws_route_table_association.private1-rt-association2",
            "module.vpc.aws_route_table_association.private2-rt-association1",
            "module.vpc.aws_route_table_association.private2-rt-association2",
            "module.vpc.aws_route_table_association.public-rt-association1",
            "module.vpc.aws_route_table_association.public-rt-association2",
            "module.vpc.aws_subnet.private1-subnet1",
            "module.vpc.aws_subnet.private1-subnet2",
            "module.vpc.aws_subnet.private2-subnet1",
            "module.vpc.aws_subnet.private2-subnet2",
            "module.vpc.aws_subnet.public-subnet1",
            "module.vpc.aws_subnet.public-subnet2",
            "module.vpc.aws_vpc.vpc",
            "module.vpc.data.aws_availability_zones.available"
          ]
        }
      ]
    },
    {
      "module": "module.ecs-fargate",
      "mode": "data",
      "type": "aws_alb_target_group",
      "name": "was-tg",
      "provider": "provider[\"registry.terraform.io/hashicorp/aws\"]",
      "instances": [
        {
          "schema_version": 0,
          "attributes": {
            "arn": "arn:aws:elasticloadbalancing:ap-southeast-1:891377163278:targetgroup/Was-TG/c480bb6cbe5e7d11",
            "arn_suffix": "targetgroup/Was-TG/c480bb6cbe5e7d11",
            "connection_termination": null,
            "deregistration_delay": "300",
            "health_check": [
              {
                "enabled": true,
                "healthy_threshold": 5,
                "interval": 10,
                "matcher": "200",
                "path": "/",
                "port": "traffic-port",
                "protocol": "HTTP",
                "timeout": 5,
                "unhealthy_threshold": 2
              }
            ],
            "id": "arn:aws:elasticloadbalancing:ap-southeast-1:891377163278:targetgroup/Was-TG/c480bb6cbe5e7d11",
            "lambda_multi_value_headers_enabled": null,
            "load_balancer_arns": [
              "arn:aws:elasticloadbalancing:ap-southeast-1:891377163278:loadbalancer/app/Was-elb/283fe68c752ebf0c"
            ],
            "load_balancing_algorithm_type": "round_robin",
            "load_balancing_anomaly_mitigation": "off",
            "load_balancing_cross_zone_enabled": "use_load_balancer_configuration",
            "name": "Was-TG",
            "port": 80,
            "preserve_client_ip": null,
            "protocol": "HTTP",
            "protocol_version": "HTTP1",
            "proxy_protocol_v2": null,
            "slow_start": 0,
            "stickiness": [
              {
                "cookie_duration": 86400,
                "cookie_name": "",
                "enabled": false,
                "type": "lb_cookie"
              }
            ],
            "tags": {
              "Name": "Was-TG"
            },
            "target_type": "ip",
            "timeouts": null,
            "vpc_id": "vpc-04e8ab343e22dc79b"
          },
          "sensitive_attributes": []
        }
      ]
    },
    {
      "module": "module.ecs-fargate",
      "mode": "data",
      "type": "aws_alb_target_group",
      "name": "web-tg",
      "provider": "provider[\"registry.terraform.io/hashicorp/aws\"]",
      "instances": [
        {
          "schema_version": 0,
          "attributes": {
            "arn": "arn:aws:elasticloadbalancing:ap-southeast-1:891377163278:targetgroup/Web-TG/ebc4532231c37655",
            "arn_suffix": "targetgroup/Web-TG/ebc4532231c37655",
            "connection_termination": null,
            "deregistration_delay": "300",
            "health_check": [
              {
                "enabled": true,
                "healthy_threshold": 5,
                "interval": 10,
                "matcher": "200",
                "path": "/",
                "port": "traffic-port",
                "protocol": "HTTP",
                "timeout": 5,
                "unhealthy_threshold": 2
              }
            ],
            "id": "arn:aws:elasticloadbalancing:ap-southeast-1:891377163278:targetgroup/Web-TG/ebc4532231c37655",
            "lambda_multi_value_headers_enabled": null,
            "load_balancer_arns": [
              "arn:aws:elasticloadbalancing:ap-southeast-1:891377163278:loadbalancer/app/Web-elb/957d0392b88c5441"
            ],
            "load_balancing_algorithm_type": "round_robin",
            "load_balancing_anomaly_mitigation": "off",
            "load_balancing_cross_zone_enabled": "use_load_balancer_configuration",
            "name": "Web-TG",
            "port": 80,
            "preserve_client_ip": null,
            "protocol": "HTTP",
            "protocol_version": "HTTP1",
            "proxy_protocol_v2": null,
            "slow_start": 0,
            "stickiness": [
              {
                "cookie_duration": 86400,
                "cookie_name": "",
                "enabled": false,
                "type": "lb_cookie"
              }
            ],
            "tags": {
              "Name": "Web-TG"
            },
            "target_type": "ip",
            "timeouts": null,
            "vpc_id": "vpc-04e8ab343e22dc79b"
          },
          "sensitive_attributes": []
        }
      ]
    },
    {
      "module": "module.ecs-fargate",
      "mode": "data",
      "type": "aws_security_group",
      "name": "was-alb-sg",
      "provider": "provider[\"registry.terraform.io/hashicorp/aws\"]",
      "instances": [
        {
          "schema_version": 0,
          "attributes": {
            "arn": "arn:aws:ec2:ap-southeast-1:891377163278:security-group/sg-0fc53a679e2803659",
            "description": "Allow WEB EC2 ONLY",
            "filter": [
              {
                "name": "tag:Name",
                "values": [
                  "3-Tier-was-alb-sg"
                ]
              }
            ],
            "id": "sg-0fc53a679e2803659",
            "name": "terraform-2024051400584301990000000b",
            "tags": {
              "Name": "3-Tier-was-alb-sg"
            },
            "timeouts": null,
            "vpc_id": "vpc-04e8ab343e22dc79b"
          },
          "sensitive_attributes": []
        }
      ]
    },
    {
      "module": "module.ecs-fargate",
      "mode": "data",
      "type": "aws_security_group",
      "name": "was-sg",
      "provider": "provider[\"registry.terraform.io/hashicorp/aws\"]",
      "instances": [
        {
          "schema_version": 0,
          "attributes": {
            "arn": "arn:aws:ec2:ap-southeast-1:891377163278:security-group/sg-00325e1306dcfdf34",
            "description": "Allow HTTP and HTTPS for WEB Only",
            "filter": [
              {
                "name": "tag:Name",
                "values": [
                  "3-Tier-was-sg"
                ]
              }
            ],
            "id": "sg-00325e1306dcfdf34",
            "name": "terraform-2024051400584536400000000c",
            "tags": {
              "Name": "3-Tier-was-sg"
            },
            "timeouts": null,
            "vpc_id": "vpc-04e8ab343e22dc79b"
          },
          "sensitive_attributes": []
        }
      ]
    },
    {
      "module": "module.ecs-fargate",
      "mode": "data",
      "type": "aws_security_group",
      "name": "web-alb-sg",
      "provider": "provider[\"registry.terraform.io/hashicorp/aws\"]",
      "instances": [
        {
          "schema_version": 0,
          "attributes": {
            "arn": "arn:aws:ec2:ap-southeast-1:891377163278:security-group/sg-035d3caac553ed7bd",
            "description": "Allow HTTP and HTTPS for World",
            "filter": [
              {
                "name": "tag:Name",
                "values": [
                  "3-Tier-web-alb-sg"
                ]
              }
            ],
            "id": "sg-035d3caac553ed7bd",
            "name": "terraform-20240514005838549500000009",
            "tags": {
              "Name": "3-Tier-web-alb-sg"
            },
            "timeouts": null,
            "vpc_id": "vpc-04e8ab343e22dc79b"
          },
          "sensitive_attributes": []
        }
      ]
    },
    {
      "module": "module.ecs-fargate",
      "mode": "data",
      "type": "aws_security_group",
      "name": "web-sg",
      "provider": "provider[\"registry.terraform.io/hashicorp/aws\"]",
      "instances": [
        {
          "schema_version": 0,
          "attributes": {
            "arn": "arn:aws:ec2:ap-southeast-1:891377163278:security-group/sg-0c50e91f97c67d329",
            "description": "Allow HTTP and HTTPS for ALB Only",
            "filter": [
              {
                "name": "tag:Name",
                "values": [
                  "3-Tier-web-sg"
                ]
              }
            ],
            "id": "sg-0c50e91f97c67d329",
            "name": "terraform-2024051400584081830000000a",
            "tags": {
              "Name": "3-Tier-web-sg"
            },
            "timeouts": null,
            "vpc_id": "vpc-04e8ab343e22dc79b"
          },
          "sensitive_attributes": []
        }
      ]
    },
    {
      "module": "module.ecs-fargate",
      "mode": "data",
      "type": "aws_subnet",
      "name": "private1-subnet1",
      "provider": "provider[\"registry.terraform.io/hashicorp/aws\"]",
      "instances": [
        {
          "schema_version": 0,
          "attributes": {
            "arn": "arn:aws:ec2:ap-southeast-1:891377163278:subnet/subnet-0b04fbd1b83d91965",
            "assign_ipv6_address_on_creation": false,
            "availability_zone": "ap-southeast-1a",
            "availability_zone_id": "apse1-az1",
            "available_ip_address_count": 250,
            "cidr_block": "192.168.20.0/24",
            "customer_owned_ipv4_pool": "",
            "default_for_az": false,
            "enable_dns64": false,
            "enable_lni_at_device_index": 0,
            "enable_resource_name_dns_a_record_on_launch": false,
            "enable_resource_name_dns_aaaa_record_on_launch": false,
            "filter": [
              {
                "name": "tag:Name",
                "values": [
                  "3-Tier-Private1-Subnet1"
                ]
              }
            ],
            "id": "subnet-0b04fbd1b83d91965",
            "ipv6_cidr_block": "",
            "ipv6_cidr_block_association_id": "",
            "ipv6_native": false,
            "map_customer_owned_ip_on_launch": false,
            "map_public_ip_on_launch": false,
            "outpost_arn": "",
            "owner_id": "891377163278",
            "private_dns_hostname_type_on_launch": "ip-name",
            "state": "available",
            "tags": {
              "Name": "3-Tier-Private1-Subnet1"
            },
            "timeouts": null,
            "vpc_id": "vpc-04e8ab343e22dc79b"
          },
          "sensitive_attributes": []
        }
      ]
    },
    {
      "module": "module.ecs-fargate",
      "mode": "data",
      "type": "aws_subnet",
      "name": "private1-subnet2",
      "provider": "provider[\"registry.terraform.io/hashicorp/aws\"]",
      "instances": [
        {
          "schema_version": 0,
          "attributes": {
            "arn": "arn:aws:ec2:ap-southeast-1:891377163278:subnet/subnet-0d6f5203b79205776",
            "assign_ipv6_address_on_creation": false,
            "availability_zone": "ap-southeast-1b",
            "availability_zone_id": "apse1-az2",
            "available_ip_address_count": 249,
            "cidr_block": "192.168.50.0/24",
            "customer_owned_ipv4_pool": "",
            "default_for_az": false,
            "enable_dns64": false,
            "enable_lni_at_device_index": 0,
            "enable_resource_name_dns_a_record_on_launch": false,
            "enable_resource_name_dns_aaaa_record_on_launch": false,
            "filter": [
              {
                "name": "tag:Name",
                "values": [
                  "3-Tier-Private1-Subnet2"
                ]
              }
            ],
            "id": "subnet-0d6f5203b79205776",
            "ipv6_cidr_block": "",
            "ipv6_cidr_block_association_id": "",
            "ipv6_native": false,
            "map_customer_owned_ip_on_launch": false,
            "map_public_ip_on_launch": false,
            "outpost_arn": "",
            "owner_id": "891377163278",
            "private_dns_hostname_type_on_launch": "ip-name",
            "state": "available",
            "tags": {
              "Name": "3-Tier-Private1-Subnet2"
            },
            "timeouts": null,
            "vpc_id": "vpc-04e8ab343e22dc79b"
          },
          "sensitive_attributes": []
        }
      ]
    },
    {
      "module": "module.ecs-fargate",
      "mode": "data",
      "type": "aws_subnet",
      "name": "public-subnet1",
      "provider": "provider[\"registry.terraform.io/hashicorp/aws\"]",
      "instances": [
        {
          "schema_version": 0,
          "attributes": {
            "arn": "arn:aws:ec2:ap-southeast-1:891377163278:subnet/subnet-01e1145099aae56c3",
            "assign_ipv6_address_on_creation": false,
            "availability_zone": "ap-southeast-1a",
            "availability_zone_id": "apse1-az1",
            "available_ip_address_count": 249,
            "cidr_block": "192.168.10.0/24",
            "customer_owned_ipv4_pool": "",
            "default_for_az": false,
            "enable_dns64": false,
            "enable_lni_at_device_index": 0,
            "enable_resource_name_dns_a_record_on_launch": false,
            "enable_resource_name_dns_aaaa_record_on_launch": false,
            "filter": [
              {
                "name": "tag:Name",
                "values": [
                  "3-Tier-Public-Subnet1"
                ]
              }
            ],
            "id": "subnet-01e1145099aae56c3",
            "ipv6_cidr_block": "",
            "ipv6_cidr_block_association_id": "",
            "ipv6_native": false,
            "map_customer_owned_ip_on_launch": false,
            "map_public_ip_on_launch": true,
            "outpost_arn": "",
            "owner_id": "891377163278",
            "private_dns_hostname_type_on_launch": "ip-name",
            "state": "available",
            "tags": {
              "Name": "3-Tier-Public-Subnet1"
            },
            "timeouts": null,
            "vpc_id": "vpc-04e8ab343e22dc79b"
          },
          "sensitive_attributes": []
        }
      ]
    },
    {
      "module": "module.ecs-fargate",
      "mode": "data",
      "type": "aws_subnet",
      "name": "public-subnet2",
      "provider": "provider[\"registry.terraform.io/hashicorp/aws\"]",
      "instances": [
        {
          "schema_version": 0,
          "attributes": {
            "arn": "arn:aws:ec2:ap-southeast-1:891377163278:subnet/subnet-0d6f5203b79205776",
            "assign_ipv6_address_on_creation": false,
            "availability_zone": "ap-southeast-1b",
            "availability_zone_id": "apse1-az2",
            "available_ip_address_count": 249,
            "cidr_block": "192.168.50.0/24",
            "customer_owned_ipv4_pool": "",
            "default_for_az": false,
            "enable_dns64": false,
            "enable_lni_at_device_index": 0,
            "enable_resource_name_dns_a_record_on_launch": false,
            "enable_resource_name_dns_aaaa_record_on_launch": false,
            "filter": [
              {
                "name": "tag:Name",
                "values": [
                  "3-Tier-Private1-Subnet2"
                ]
              }
            ],
            "id": "subnet-0d6f5203b79205776",
            "ipv6_cidr_block": "",
            "ipv6_cidr_block_association_id": "",
            "ipv6_native": false,
            "map_customer_owned_ip_on_launch": false,
            "map_public_ip_on_launch": false,
            "outpost_arn": "",
            "owner_id": "891377163278",
            "private_dns_hostname_type_on_launch": "ip-name",
            "state": "available",
            "tags": {
              "Name": "3-Tier-Private1-Subnet2"
            },
            "timeouts": null,
            "vpc_id": "vpc-04e8ab343e22dc79b"
          },
          "sensitive_attributes": []
        }
      ]
    },
    {
      "module": "module.ecs-fargate",
      "mode": "data",
      "type": "aws_vpc",
      "name": "vpc",
      "provider": "provider[\"registry.terraform.io/hashicorp/aws\"]",
      "instances": [
        {
          "schema_version": 0,
          "attributes": {
            "arn": "arn:aws:ec2:ap-southeast-1:891377163278:vpc/vpc-04e8ab343e22dc79b",
            "cidr_block": "192.168.0.0/16",
            "cidr_block_associations": [
              {
                "association_id": "vpc-cidr-assoc-0b36cb56cba93245e",
                "cidr_block": "192.168.0.0/16",
                "state": "associated"
              }
            ],
            "default": false,
            "dhcp_options_id": "dopt-0ca02d48b1d18e4d7",
            "enable_dns_hostnames": true,
            "enable_dns_support": true,
            "enable_network_address_usage_metrics": false,
            "filter": [
              {
                "name": "tag:Name",
                "values": [
                  "3-Tier-VPC"
                ]
              }
            ],
            "id": "vpc-04e8ab343e22dc79b",
            "instance_tenancy": "default",
            "ipv6_association_id": "",
            "ipv6_cidr_block": "",
            "main_route_table_id": "rtb-0a73bc69819bc8fe1",
            "owner_id": "891377163278",
            "state": null,
            "tags": {
              "Name": "3-Tier-VPC"
            },
            "timeouts": null
          },
          "sensitive_attributes": []
        }
      ]
    },
    {
      "module": "module.ecs-fargate",
      "mode": "managed",
      "type": "aws_ecs_cluster",
      "name": "was_cluster",
      "provider": "provider[\"registry.terraform.io/hashicorp/aws\"]",
      "instances": [
        {
          "schema_version": 0,
          "attributes": {
            "arn": "arn:aws:ecs:ap-southeast-1:891377163278:cluster/was-cluster",
            "configuration": [],
            "id": "arn:aws:ecs:ap-southeast-1:891377163278:cluster/was-cluster",
            "name": "was-cluster",
            "service_connect_defaults": [],
            "setting": [
              {
                "name": "containerInsights",
                "value": "disabled"
              }
            ],
            "tags": null,
            "tags_all": {}
          },
          "sensitive_attributes": [],
          "private": "bnVsbA==",
          "dependencies": [
            "module.alb.aws_lb.was-elb",
            "module.alb.aws_lb.web-elb",
            "module.alb.aws_lb_listener.was-alb-listener",
            "module.alb.aws_lb_listener.web-alb-listener",
            "module.alb.aws_lb_target_group.was-tg",
            "module.alb.aws_lb_target_group.web-tg",
            "module.alb.data.aws_security_group.was-alb-sg",
            "module.alb.data.aws_security_group.web-alb-sg",
            "module.alb.data.aws_subnet.private1-subnet1",
            "module.alb.data.aws_subnet.private1-subnet2",
            "module.alb.data.aws_subnet.public-subnet1",
            "module.alb.data.aws_subnet.public-subnet2",
            "module.alb.data.aws_vpc.vpc",
            "module.aws-rds.aws_db_subnet_group.db_subnet_group1",
            "module.aws-rds.aws_db_subnet_group.db_subnet_group2",
            "module.aws-rds.aws_rds_cluster.aurora_cluster",
            "module.aws-rds.aws_ssm_parameter.rds_endpoint",
            "module.aws-rds.data.aws_availability_zones.available",
            "module.aws-rds.data.aws_secretsmanager_secret_version.db_conn_info",
            "module.aws-rds.data.aws_security_group.db-sg",
            "module.aws-rds.data.aws_subnet.private1-subnet1",
            "module.aws-rds.data.aws_subnet.private1-subnet2",
            "module.aws-rds.data.aws_subnet.private2-subnet1",
            "module.aws-rds.data.aws_subnet.private2-subnet2",
            "module.security-group.aws_security_group.database-sg",
            "module.security-group.aws_security_group.was-alb-sg",
            "module.security-group.aws_security_group.was-tier-sg",
            "module.security-group.aws_security_group.web-alb-sg",
            "module.security-group.aws_security_group.web-tier-sg",
            "module.security-group.data.aws_vpc.vpc",
            "module.vpc.aws_eip.eip1",
            "module.vpc.aws_eip.eip2",
            "module.vpc.aws_internet_gateway.igw",
            "module.vpc.aws_nat_gateway.ngw1",
            "module.vpc.aws_nat_gateway.ngw2",
            "module.vpc.aws_route_table.private1-rt1",
            "module.vpc.aws_route_table.private1-rt2",
            "module.vpc.aws_route_table.private2-rt1",
            "module.vpc.aws_route_table.private2-rt2",
            "module.vpc.aws_route_table.public-rt1",
            "module.vpc.aws_route_table.public-rt2",
            "module.vpc.aws_route_table_association.private1-rt-association1",
            "module.vpc.aws_route_table_association.private1-rt-association2",
            "module.vpc.aws_route_table_association.private2-rt-association1",
            "module.vpc.aws_route_table_association.private2-rt-association2",
            "module.vpc.aws_route_table_association.public-rt-association1",
            "module.vpc.aws_route_table_association.public-rt-association2",
            "module.vpc.aws_subnet.private1-subnet1",
            "module.vpc.aws_subnet.private1-subnet2",
            "module.vpc.aws_subnet.private2-subnet1",
            "module.vpc.aws_subnet.private2-subnet2",
            "module.vpc.aws_subnet.public-subnet1",
            "module.vpc.aws_subnet.public-subnet2",
            "module.vpc.aws_vpc.vpc",
            "module.vpc.data.aws_availability_zones.available"
          ]
        }
      ]
    },
    {
      "module": "module.ecs-fargate",
      "mode": "managed",
      "type": "aws_ecs_cluster",
      "name": "web_cluster",
      "provider": "provider[\"registry.terraform.io/hashicorp/aws\"]",
      "instances": [
        {
          "schema_version": 0,
          "attributes": {
            "arn": "arn:aws:ecs:ap-southeast-1:891377163278:cluster/web-cluster",
            "configuration": [],
            "id": "arn:aws:ecs:ap-southeast-1:891377163278:cluster/web-cluster",
            "name": "web-cluster",
            "service_connect_defaults": [],
            "setting": [
              {
                "name": "containerInsights",
                "value": "disabled"
              }
            ],
            "tags": null,
            "tags_all": {}
          },
          "sensitive_attributes": [],
          "private": "bnVsbA==",
          "dependencies": [
            "module.alb.aws_lb.was-elb",
            "module.alb.aws_lb.web-elb",
            "module.alb.aws_lb_listener.was-alb-listener",
            "module.alb.aws_lb_listener.web-alb-listener",
            "module.alb.aws_lb_target_group.was-tg",
            "module.alb.aws_lb_target_group.web-tg",
            "module.alb.data.aws_security_group.was-alb-sg",
            "module.alb.data.aws_security_group.web-alb-sg",
            "module.alb.data.aws_subnet.private1-subnet1",
            "module.alb.data.aws_subnet.private1-subnet2",
            "module.alb.data.aws_subnet.public-subnet1",
            "module.alb.data.aws_subnet.public-subnet2",
            "module.alb.data.aws_vpc.vpc",
            "module.aws-rds.aws_db_subnet_group.db_subnet_group1",
            "module.aws-rds.aws_db_subnet_group.db_subnet_group2",
            "module.aws-rds.aws_rds_cluster.aurora_cluster",
            "module.aws-rds.aws_ssm_parameter.rds_endpoint",
            "module.aws-rds.data.aws_availability_zones.available",
            "module.aws-rds.data.aws_secretsmanager_secret_version.db_conn_info",
            "module.aws-rds.data.aws_security_group.db-sg",
            "module.aws-rds.data.aws_subnet.private1-subnet1",
            "module.aws-rds.data.aws_subnet.private1-subnet2",
            "module.aws-rds.data.aws_subnet.private2-subnet1",
            "module.aws-rds.data.aws_subnet.private2-subnet2",
            "module.security-group.aws_security_group.database-sg",
            "module.security-group.aws_security_group.was-alb-sg",
            "module.security-group.aws_security_group.was-tier-sg",
            "module.security-group.aws_security_group.web-alb-sg",
            "module.security-group.aws_security_group.web-tier-sg",
            "module.security-group.data.aws_vpc.vpc",
            "module.vpc.aws_eip.eip1",
            "module.vpc.aws_eip.eip2",
            "module.vpc.aws_internet_gateway.igw",
            "module.vpc.aws_nat_gateway.ngw1",
            "module.vpc.aws_nat_gateway.ngw2",
            "module.vpc.aws_route_table.private1-rt1",
            "module.vpc.aws_route_table.private1-rt2",
            "module.vpc.aws_route_table.private2-rt1",
            "module.vpc.aws_route_table.private2-rt2",
            "module.vpc.aws_route_table.public-rt1",
            "module.vpc.aws_route_table.public-rt2",
            "module.vpc.aws_route_table_association.private1-rt-association1",
            "module.vpc.aws_route_table_association.private1-rt-association2",
            "module.vpc.aws_route_table_association.private2-rt-association1",
            "module.vpc.aws_route_table_association.private2-rt-association2",
            "module.vpc.aws_route_table_association.public-rt-association1",
            "module.vpc.aws_route_table_association.public-rt-association2",
            "module.vpc.aws_subnet.private1-subnet1",
            "module.vpc.aws_subnet.private1-subnet2",
            "module.vpc.aws_subnet.private2-subnet1",
            "module.vpc.aws_subnet.private2-subnet2",
            "module.vpc.aws_subnet.public-subnet1",
            "module.vpc.aws_subnet.public-subnet2",
            "module.vpc.aws_vpc.vpc",
            "module.vpc.data.aws_availability_zones.available"
          ]
        }
      ]
    },
    {
      "module": "module.ecs-fargate",
      "mode": "managed",
      "type": "aws_ecs_service",
      "name": "was_service",
      "provider": "provider[\"registry.terraform.io/hashicorp/aws\"]",
      "instances": [
        {
          "schema_version": 0,
          "attributes": {
            "alarms": [],
            "capacity_provider_strategy": [],
            "cluster": "arn:aws:ecs:ap-southeast-1:891377163278:cluster/was-cluster",
            "deployment_circuit_breaker": [
              {
                "enable": false,
                "rollback": false
              }
            ],
            "deployment_controller": [
              {
                "type": "ECS"
              }
            ],
            "deployment_maximum_percent": 200,
            "deployment_minimum_healthy_percent": 100,
            "desired_count": 2,
            "enable_ecs_managed_tags": false,
            "enable_execute_command": false,
            "force_new_deployment": null,
            "health_check_grace_period_seconds": 0,
            "iam_role": "/aws-service-role/ecs.amazonaws.com/AWSServiceRoleForECS",
            "id": "arn:aws:ecs:ap-southeast-1:891377163278:service/was-cluster/was-service",
            "launch_type": "FARGATE",
            "load_balancer": [
              {
                "container_name": "was-container",
                "container_port": 8080,
                "elb_name": "",
                "target_group_arn": "arn:aws:elasticloadbalancing:ap-southeast-1:891377163278:targetgroup/Was-TG/c480bb6cbe5e7d11"
              }
            ],
            "name": "was-service",
            "network_configuration": [
              {
                "assign_public_ip": false,
                "security_groups": [
                  "sg-00325e1306dcfdf34"
                ],
                "subnets": [
                  "subnet-0b04fbd1b83d91965",
                  "subnet-0d6f5203b79205776"
                ]
              }
            ],
            "ordered_placement_strategy": [],
            "placement_constraints": [],
            "platform_version": "LATEST",
            "propagate_tags": "NONE",
            "scheduling_strategy": "REPLICA",
            "service_connect_configuration": [],
            "service_registries": [],
            "tags": null,
            "tags_all": {},
            "task_definition": "arn:aws:ecs:ap-southeast-1:891377163278:task-definition/was-task:10",
            "timeouts": null,
            "triggers": {},
            "wait_for_steady_state": false
          },
          "sensitive_attributes": [],
          "private": "eyJlMmJmYjczMC1lY2FhLTExZTYtOGY4OC0zNDM2M2JjN2M0YzAiOnsiY3JlYXRlIjoxMjAwMDAwMDAwMDAwLCJkZWxldGUiOjEyMDAwMDAwMDAwMDAsInVwZGF0ZSI6MTIwMDAwMDAwMDAwMH19",
          "dependencies": [
            "module.alb.aws_lb.was-elb",
            "module.alb.aws_lb.web-elb",
            "module.alb.aws_lb_listener.was-alb-listener",
            "module.alb.aws_lb_listener.web-alb-listener",
            "module.alb.aws_lb_target_group.was-tg",
            "module.alb.aws_lb_target_group.web-tg",
            "module.alb.data.aws_security_group.was-alb-sg",
            "module.alb.data.aws_security_group.web-alb-sg",
            "module.alb.data.aws_subnet.private1-subnet1",
            "module.alb.data.aws_subnet.private1-subnet2",
            "module.alb.data.aws_subnet.public-subnet1",
            "module.alb.data.aws_subnet.public-subnet2",
            "module.alb.data.aws_vpc.vpc",
            "module.aws-rds.aws_db_subnet_group.db_subnet_group1",
            "module.aws-rds.aws_db_subnet_group.db_subnet_group2",
            "module.aws-rds.aws_rds_cluster.aurora_cluster",
            "module.aws-rds.aws_ssm_parameter.rds_endpoint",
            "module.aws-rds.data.aws_availability_zones.available",
            "module.aws-rds.data.aws_secretsmanager_secret_version.db_conn_info",
            "module.aws-rds.data.aws_security_group.db-sg",
            "module.aws-rds.data.aws_subnet.private1-subnet1",
            "module.aws-rds.data.aws_subnet.private1-subnet2",
            "module.aws-rds.data.aws_subnet.private2-subnet1",
            "module.aws-rds.data.aws_subnet.private2-subnet2",
            "module.ecs-fargate.aws_ecs_cluster.was_cluster",
            "module.ecs-fargate.aws_ecs_task_definition.was_task",
            "module.ecs-fargate.aws_iam_role.ecs_task_execution_role",
            "module.ecs-fargate.data.aws_alb_target_group.was-tg",
            "module.ecs-fargate.data.aws_security_group.was-sg",
            "module.ecs-fargate.data.aws_subnet.private1-subnet1",
            "module.ecs-fargate.data.aws_subnet.private1-subnet2",
            "module.security-group.aws_security_group.database-sg",
            "module.security-group.aws_security_group.was-alb-sg",
            "module.security-group.aws_security_group.was-tier-sg",
            "module.security-group.aws_security_group.web-alb-sg",
            "module.security-group.aws_security_group.web-tier-sg",
            "module.security-group.data.aws_vpc.vpc",
            "module.vpc.aws_eip.eip1",
            "module.vpc.aws_eip.eip2",
            "module.vpc.aws_internet_gateway.igw",
            "module.vpc.aws_nat_gateway.ngw1",
            "module.vpc.aws_nat_gateway.ngw2",
            "module.vpc.aws_route_table.private1-rt1",
            "module.vpc.aws_route_table.private1-rt2",
            "module.vpc.aws_route_table.private2-rt1",
            "module.vpc.aws_route_table.private2-rt2",
            "module.vpc.aws_route_table.public-rt1",
            "module.vpc.aws_route_table.public-rt2",
            "module.vpc.aws_route_table_association.private1-rt-association1",
            "module.vpc.aws_route_table_association.private1-rt-association2",
            "module.vpc.aws_route_table_association.private2-rt-association1",
            "module.vpc.aws_route_table_association.private2-rt-association2",
            "module.vpc.aws_route_table_association.public-rt-association1",
            "module.vpc.aws_route_table_association.public-rt-association2",
            "module.vpc.aws_subnet.private1-subnet1",
            "module.vpc.aws_subnet.private1-subnet2",
            "module.vpc.aws_subnet.private2-subnet1",
            "module.vpc.aws_subnet.private2-subnet2",
            "module.vpc.aws_subnet.public-subnet1",
            "module.vpc.aws_subnet.public-subnet2",
            "module.vpc.aws_vpc.vpc",
            "module.vpc.data.aws_availability_zones.available"
          ]
        }
      ]
    },
    {
      "module": "module.ecs-fargate",
      "mode": "managed",
      "type": "aws_ecs_service",
      "name": "web_service",
      "provider": "provider[\"registry.terraform.io/hashicorp/aws\"]",
      "instances": [
        {
          "schema_version": 0,
          "attributes": {
            "alarms": [],
            "capacity_provider_strategy": [],
            "cluster": "arn:aws:ecs:ap-southeast-1:891377163278:cluster/web-cluster",
            "deployment_circuit_breaker": [
              {
                "enable": false,
                "rollback": false
              }
            ],
            "deployment_controller": [
              {
                "type": "ECS"
              }
            ],
            "deployment_maximum_percent": 200,
            "deployment_minimum_healthy_percent": 100,
            "desired_count": 2,
            "enable_ecs_managed_tags": false,
            "enable_execute_command": false,
            "force_new_deployment": null,
            "health_check_grace_period_seconds": 0,
            "iam_role": "/aws-service-role/ecs.amazonaws.com/AWSServiceRoleForECS",
            "id": "arn:aws:ecs:ap-southeast-1:891377163278:service/web-cluster/web-service",
            "launch_type": "FARGATE",
            "load_balancer": [
              {
                "container_name": "web-container",
                "container_port": 80,
                "elb_name": "",
                "target_group_arn": "arn:aws:elasticloadbalancing:ap-southeast-1:891377163278:targetgroup/Web-TG/ebc4532231c37655"
              }
            ],
            "name": "web-service",
            "network_configuration": [
              {
                "assign_public_ip": false,
                "security_groups": [
                  "sg-0c50e91f97c67d329"
                ],
                "subnets": [
                  "subnet-0b04fbd1b83d91965",
                  "subnet-0d6f5203b79205776"
                ]
              }
            ],
            "ordered_placement_strategy": [],
            "placement_constraints": [],
            "platform_version": "LATEST",
            "propagate_tags": "NONE",
            "scheduling_strategy": "REPLICA",
            "service_connect_configuration": [],
            "service_registries": [],
            "tags": null,
            "tags_all": {},
            "task_definition": "arn:aws:ecs:ap-southeast-1:891377163278:task-definition/web-task:10",
            "timeouts": null,
            "triggers": {},
            "wait_for_steady_state": false
          },
          "sensitive_attributes": [],
          "private": "eyJlMmJmYjczMC1lY2FhLTExZTYtOGY4OC0zNDM2M2JjN2M0YzAiOnsiY3JlYXRlIjoxMjAwMDAwMDAwMDAwLCJkZWxldGUiOjEyMDAwMDAwMDAwMDAsInVwZGF0ZSI6MTIwMDAwMDAwMDAwMH19",
          "dependencies": [
            "module.alb.aws_lb.was-elb",
            "module.alb.aws_lb.web-elb",
            "module.alb.aws_lb_listener.was-alb-listener",
            "module.alb.aws_lb_listener.web-alb-listener",
            "module.alb.aws_lb_target_group.was-tg",
            "module.alb.aws_lb_target_group.web-tg",
            "module.alb.data.aws_security_group.was-alb-sg",
            "module.alb.data.aws_security_group.web-alb-sg",
            "module.alb.data.aws_subnet.private1-subnet1",
            "module.alb.data.aws_subnet.private1-subnet2",
            "module.alb.data.aws_subnet.public-subnet1",
            "module.alb.data.aws_subnet.public-subnet2",
            "module.alb.data.aws_vpc.vpc",
            "module.aws-rds.aws_db_subnet_group.db_subnet_group1",
            "module.aws-rds.aws_db_subnet_group.db_subnet_group2",
            "module.aws-rds.aws_rds_cluster.aurora_cluster",
            "module.aws-rds.aws_ssm_parameter.rds_endpoint",
            "module.aws-rds.data.aws_availability_zones.available",
            "module.aws-rds.data.aws_secretsmanager_secret_version.db_conn_info",
            "module.aws-rds.data.aws_security_group.db-sg",
            "module.aws-rds.data.aws_subnet.private1-subnet1",
            "module.aws-rds.data.aws_subnet.private1-subnet2",
            "module.aws-rds.data.aws_subnet.private2-subnet1",
            "module.aws-rds.data.aws_subnet.private2-subnet2",
            "module.ecs-fargate.aws_ecs_cluster.web_cluster",
            "module.ecs-fargate.aws_ecs_task_definition.web_task",
            "module.ecs-fargate.aws_iam_role.ecs_task_execution_role",
            "module.ecs-fargate.data.aws_alb_target_group.web-tg",
            "module.ecs-fargate.data.aws_security_group.web-sg",
            "module.ecs-fargate.data.aws_subnet.private1-subnet1",
            "module.ecs-fargate.data.aws_subnet.private1-subnet2",
            "module.security-group.aws_security_group.database-sg",
            "module.security-group.aws_security_group.was-alb-sg",
            "module.security-group.aws_security_group.was-tier-sg",
            "module.security-group.aws_security_group.web-alb-sg",
            "module.security-group.aws_security_group.web-tier-sg",
            "module.security-group.data.aws_vpc.vpc",
            "module.vpc.aws_eip.eip1",
            "module.vpc.aws_eip.eip2",
            "module.vpc.aws_internet_gateway.igw",
            "module.vpc.aws_nat_gateway.ngw1",
            "module.vpc.aws_nat_gateway.ngw2",
            "module.vpc.aws_route_table.private1-rt1",
            "module.vpc.aws_route_table.private1-rt2",
            "module.vpc.aws_route_table.private2-rt1",
            "module.vpc.aws_route_table.private2-rt2",
            "module.vpc.aws_route_table.public-rt1",
            "module.vpc.aws_route_table.public-rt2",
            "module.vpc.aws_route_table_association.private1-rt-association1",
            "module.vpc.aws_route_table_association.private1-rt-association2",
            "module.vpc.aws_route_table_association.private2-rt-association1",
            "module.vpc.aws_route_table_association.private2-rt-association2",
            "module.vpc.aws_route_table_association.public-rt-association1",
            "module.vpc.aws_route_table_association.public-rt-association2",
            "module.vpc.aws_subnet.private1-subnet1",
            "module.vpc.aws_subnet.private1-subnet2",
            "module.vpc.aws_subnet.private2-subnet1",
            "module.vpc.aws_subnet.private2-subnet2",
            "module.vpc.aws_subnet.public-subnet1",
            "module.vpc.aws_subnet.public-subnet2",
            "module.vpc.aws_vpc.vpc",
            "module.vpc.data.aws_availability_zones.available"
          ]
        }
      ]
    },
    {
      "module": "module.ecs-fargate",
      "mode": "managed",
      "type": "aws_ecs_task_definition",
      "name": "was_task",
      "provider": "provider[\"registry.terraform.io/hashicorp/aws\"]",
      "instances": [
        {
          "schema_version": 1,
          "attributes": {
            "arn": "arn:aws:ecs:ap-southeast-1:891377163278:task-definition/was-task:10",
            "arn_without_revision": "arn:aws:ecs:ap-southeast-1:891377163278:task-definition/was-task",
            "container_definitions": "[{\"cpu\":256,\"environment\":[],\"essential\":true,\"image\":\"public.ecr.aws/t0o7z0m4/minseo-repo:was\",\"memory\":512,\"mountPoints\":[],\"name\":\"was-container\",\"portMappings\":[{\"containerPort\":8080,\"hostPort\":8080,\"protocol\":\"tcp\"}],\"systemControls\":[],\"volumesFrom\":[]}]",
            "cpu": "256",
            "ephemeral_storage": [],
            "execution_role_arn": "arn:aws:iam::891377163278:role/ecs-task-execution-role",
            "family": "was-task",
            "id": "was-task",
            "inference_accelerator": [],
            "ipc_mode": "",
            "memory": "512",
            "network_mode": "awsvpc",
            "pid_mode": "",
            "placement_constraints": [],
            "proxy_configuration": [],
            "requires_compatibilities": null,
            "revision": 10,
            "runtime_platform": [],
            "skip_destroy": false,
            "tags": null,
            "tags_all": {},
            "task_role_arn": "",
            "track_latest": false,
            "volume": []
          },
          "sensitive_attributes": [],
          "private": "eyJzY2hlbWFfdmVyc2lvbiI6IjEifQ==",
          "dependencies": [
            "module.alb.aws_lb.was-elb",
            "module.alb.aws_lb.web-elb",
            "module.alb.aws_lb_listener.was-alb-listener",
            "module.alb.aws_lb_listener.web-alb-listener",
            "module.alb.aws_lb_target_group.was-tg",
            "module.alb.aws_lb_target_group.web-tg",
            "module.alb.data.aws_security_group.was-alb-sg",
            "module.alb.data.aws_security_group.web-alb-sg",
            "module.alb.data.aws_subnet.private1-subnet1",
            "module.alb.data.aws_subnet.private1-subnet2",
            "module.alb.data.aws_subnet.public-subnet1",
            "module.alb.data.aws_subnet.public-subnet2",
            "module.alb.data.aws_vpc.vpc",
            "module.aws-rds.aws_db_subnet_group.db_subnet_group1",
            "module.aws-rds.aws_db_subnet_group.db_subnet_group2",
            "module.aws-rds.aws_rds_cluster.aurora_cluster",
            "module.aws-rds.aws_ssm_parameter.rds_endpoint",
            "module.aws-rds.data.aws_availability_zones.available",
            "module.aws-rds.data.aws_secretsmanager_secret_version.db_conn_info",
            "module.aws-rds.data.aws_security_group.db-sg",
            "module.aws-rds.data.aws_subnet.private1-subnet1",
            "module.aws-rds.data.aws_subnet.private1-subnet2",
            "module.aws-rds.data.aws_subnet.private2-subnet1",
            "module.aws-rds.data.aws_subnet.private2-subnet2",
            "module.ecs-fargate.aws_iam_role.ecs_task_execution_role",
            "module.security-group.aws_security_group.database-sg",
            "module.security-group.aws_security_group.was-alb-sg",
            "module.security-group.aws_security_group.was-tier-sg",
            "module.security-group.aws_security_group.web-alb-sg",
            "module.security-group.aws_security_group.web-tier-sg",
            "module.security-group.data.aws_vpc.vpc",
            "module.vpc.aws_eip.eip1",
            "module.vpc.aws_eip.eip2",
            "module.vpc.aws_internet_gateway.igw",
            "module.vpc.aws_nat_gateway.ngw1",
            "module.vpc.aws_nat_gateway.ngw2",
            "module.vpc.aws_route_table.private1-rt1",
            "module.vpc.aws_route_table.private1-rt2",
            "module.vpc.aws_route_table.private2-rt1",
            "module.vpc.aws_route_table.private2-rt2",
            "module.vpc.aws_route_table.public-rt1",
            "module.vpc.aws_route_table.public-rt2",
            "module.vpc.aws_route_table_association.private1-rt-association1",
            "module.vpc.aws_route_table_association.private1-rt-association2",
            "module.vpc.aws_route_table_association.private2-rt-association1",
            "module.vpc.aws_route_table_association.private2-rt-association2",
            "module.vpc.aws_route_table_association.public-rt-association1",
            "module.vpc.aws_route_table_association.public-rt-association2",
            "module.vpc.aws_subnet.private1-subnet1",
            "module.vpc.aws_subnet.private1-subnet2",
            "module.vpc.aws_subnet.private2-subnet1",
            "module.vpc.aws_subnet.private2-subnet2",
            "module.vpc.aws_subnet.public-subnet1",
            "module.vpc.aws_subnet.public-subnet2",
            "module.vpc.aws_vpc.vpc",
            "module.vpc.data.aws_availability_zones.available"
          ]
        }
      ]
    },
    {
      "module": "module.ecs-fargate",
      "mode": "managed",
      "type": "aws_ecs_task_definition",
      "name": "web_task",
      "provider": "provider[\"registry.terraform.io/hashicorp/aws\"]",
      "instances": [
        {
          "schema_version": 1,
          "attributes": {
            "arn": "arn:aws:ecs:ap-southeast-1:891377163278:task-definition/web-task:10",
            "arn_without_revision": "arn:aws:ecs:ap-southeast-1:891377163278:task-definition/web-task",
            "container_definitions": "[{\"cpu\":256,\"environment\":[],\"essential\":true,\"image\":\"public.ecr.aws/t0o7z0m4/minseo-repo:web\",\"memory\":512,\"mountPoints\":[],\"name\":\"web-container\",\"portMappings\":[{\"containerPort\":80,\"hostPort\":80,\"protocol\":\"tcp\"}],\"systemControls\":[],\"volumesFrom\":[]}]",
            "cpu": "256",
            "ephemeral_storage": [],
            "execution_role_arn": "arn:aws:iam::891377163278:role/ecs-task-execution-role",
            "family": "web-task",
            "id": "web-task",
            "inference_accelerator": [],
            "ipc_mode": "",
            "memory": "512",
            "network_mode": "awsvpc",
            "pid_mode": "",
            "placement_constraints": [],
            "proxy_configuration": [],
            "requires_compatibilities": null,
            "revision": 10,
            "runtime_platform": [],
            "skip_destroy": false,
            "tags": null,
            "tags_all": {},
            "task_role_arn": "",
            "track_latest": false,
            "volume": []
          },
          "sensitive_attributes": [],
          "private": "eyJzY2hlbWFfdmVyc2lvbiI6IjEifQ==",
          "dependencies": [
            "module.alb.aws_lb.was-elb",
            "module.alb.aws_lb.web-elb",
            "module.alb.aws_lb_listener.was-alb-listener",
            "module.alb.aws_lb_listener.web-alb-listener",
            "module.alb.aws_lb_target_group.was-tg",
            "module.alb.aws_lb_target_group.web-tg",
            "module.alb.data.aws_security_group.was-alb-sg",
            "module.alb.data.aws_security_group.web-alb-sg",
            "module.alb.data.aws_subnet.private1-subnet1",
            "module.alb.data.aws_subnet.private1-subnet2",
            "module.alb.data.aws_subnet.public-subnet1",
            "module.alb.data.aws_subnet.public-subnet2",
            "module.alb.data.aws_vpc.vpc",
            "module.aws-rds.aws_db_subnet_group.db_subnet_group1",
            "module.aws-rds.aws_db_subnet_group.db_subnet_group2",
            "module.aws-rds.aws_rds_cluster.aurora_cluster",
            "module.aws-rds.aws_ssm_parameter.rds_endpoint",
            "module.aws-rds.data.aws_availability_zones.available",
            "module.aws-rds.data.aws_secretsmanager_secret_version.db_conn_info",
            "module.aws-rds.data.aws_security_group.db-sg",
            "module.aws-rds.data.aws_subnet.private1-subnet1",
            "module.aws-rds.data.aws_subnet.private1-subnet2",
            "module.aws-rds.data.aws_subnet.private2-subnet1",
            "module.aws-rds.data.aws_subnet.private2-subnet2",
            "module.ecs-fargate.aws_iam_role.ecs_task_execution_role",
            "module.security-group.aws_security_group.database-sg",
            "module.security-group.aws_security_group.was-alb-sg",
            "module.security-group.aws_security_group.was-tier-sg",
            "module.security-group.aws_security_group.web-alb-sg",
            "module.security-group.aws_security_group.web-tier-sg",
            "module.security-group.data.aws_vpc.vpc",
            "module.vpc.aws_eip.eip1",
            "module.vpc.aws_eip.eip2",
            "module.vpc.aws_internet_gateway.igw",
            "module.vpc.aws_nat_gateway.ngw1",
            "module.vpc.aws_nat_gateway.ngw2",
            "module.vpc.aws_route_table.private1-rt1",
            "module.vpc.aws_route_table.private1-rt2",
            "module.vpc.aws_route_table.private2-rt1",
            "module.vpc.aws_route_table.private2-rt2",
            "module.vpc.aws_route_table.public-rt1",
            "module.vpc.aws_route_table.public-rt2",
            "module.vpc.aws_route_table_association.private1-rt-association1",
            "module.vpc.aws_route_table_association.private1-rt-association2",
            "module.vpc.aws_route_table_association.private2-rt-association1",
            "module.vpc.aws_route_table_association.private2-rt-association2",
            "module.vpc.aws_route_table_association.public-rt-association1",
            "module.vpc.aws_route_table_association.public-rt-association2",
            "module.vpc.aws_subnet.private1-subnet1",
            "module.vpc.aws_subnet.private1-subnet2",
            "module.vpc.aws_subnet.private2-subnet1",
            "module.vpc.aws_subnet.private2-subnet2",
            "module.vpc.aws_subnet.public-subnet1",
            "module.vpc.aws_subnet.public-subnet2",
            "module.vpc.aws_vpc.vpc",
            "module.vpc.data.aws_availability_zones.available"
          ]
        }
      ]
    },
    {
      "module": "module.ecs-fargate",
      "mode": "managed",
      "type": "aws_iam_role",
      "name": "ecs_task_execution_role",
      "provider": "provider[\"registry.terraform.io/hashicorp/aws\"]",
      "instances": [
        {
          "schema_version": 0,
          "attributes": {
            "arn": "arn:aws:iam::891377163278:role/ecs-task-execution-role",
            "assume_role_policy": "{\"Statement\":[{\"Action\":\"sts:AssumeRole\",\"Effect\":\"Allow\",\"Principal\":{\"Service\":\"ecs-tasks.amazonaws.com\"}}],\"Version\":\"2012-10-17\"}",
            "create_date": "2024-05-14T01:04:24Z",
            "description": "",
            "force_detach_policies": false,
            "id": "ecs-task-execution-role",
            "inline_policy": [
              {
                "name": "ECRReadPolicy",
                "policy": "{\"Version\":\"2012-10-17\",\"Statement\":[{\"Action\":[\"ssm:GetParameter\",\"ssm:GetParameters\",\"ssm:GetParametersByPath\"],\"Effect\":\"Allow\",\"Resource\":\"arn:aws:ssm:*:*:parameter//rds/aurora-serverless-cluster/endpoint\"},{\"Action\":[\"secretsmanager:GetSecretValue\",\"secretsmanager:DescribeSecret\"],\"Effect\":\"Allow\",\"Resource\":\"arn:aws:secretsmanager:*:*:secret:3tier/db/conn_info\"},{\"Action\":[\"ecr:GetDownloadUrlForLayer\",\"ecr:BatchGetImage\",\"ecr:BatchCheckLayerAvailability\"],\"Effect\":\"Allow\",\"Resource\":\"*\"}]}"
              }
            ],
            "managed_policy_arns": [],
            "max_session_duration": 3600,
            "name": "ecs-task-execution-role",
            "name_prefix": "",
            "path": "/",
            "permissions_boundary": "",
            "tags": null,
            "tags_all": {},
            "unique_id": "AROA47CRYDQHJ4PKPQPU7"
          },
          "sensitive_attributes": [],
          "private": "bnVsbA==",
          "dependencies": [
            "module.alb.aws_lb.was-elb",
            "module.alb.aws_lb.web-elb",
            "module.alb.aws_lb_listener.was-alb-listener",
            "module.alb.aws_lb_listener.web-alb-listener",
            "module.alb.aws_lb_target_group.was-tg",
            "module.alb.aws_lb_target_group.web-tg",
            "module.alb.data.aws_security_group.was-alb-sg",
            "module.alb.data.aws_security_group.web-alb-sg",
            "module.alb.data.aws_subnet.private1-subnet1",
            "module.alb.data.aws_subnet.private1-subnet2",
            "module.alb.data.aws_subnet.public-subnet1",
            "module.alb.data.aws_subnet.public-subnet2",
            "module.alb.data.aws_vpc.vpc",
            "module.aws-rds.aws_db_subnet_group.db_subnet_group1",
            "module.aws-rds.aws_db_subnet_group.db_subnet_group2",
            "module.aws-rds.aws_rds_cluster.aurora_cluster",
            "module.aws-rds.aws_ssm_parameter.rds_endpoint",
            "module.aws-rds.data.aws_availability_zones.available",
            "module.aws-rds.data.aws_secretsmanager_secret_version.db_conn_info",
            "module.aws-rds.data.aws_security_group.db-sg",
            "module.aws-rds.data.aws_subnet.private1-subnet1",
            "module.aws-rds.data.aws_subnet.private1-subnet2",
            "module.aws-rds.data.aws_subnet.private2-subnet1",
            "module.aws-rds.data.aws_subnet.private2-subnet2",
            "module.security-group.aws_security_group.database-sg",
            "module.security-group.aws_security_group.was-alb-sg",
            "module.security-group.aws_security_group.was-tier-sg",
            "module.security-group.aws_security_group.web-alb-sg",
            "module.security-group.aws_security_group.web-tier-sg",
            "module.security-group.data.aws_vpc.vpc",
            "module.vpc.aws_eip.eip1",
            "module.vpc.aws_eip.eip2",
            "module.vpc.aws_internet_gateway.igw",
            "module.vpc.aws_nat_gateway.ngw1",
            "module.vpc.aws_nat_gateway.ngw2",
            "module.vpc.aws_route_table.private1-rt1",
            "module.vpc.aws_route_table.private1-rt2",
            "module.vpc.aws_route_table.private2-rt1",
            "module.vpc.aws_route_table.private2-rt2",
            "module.vpc.aws_route_table.public-rt1",
            "module.vpc.aws_route_table.public-rt2",
            "module.vpc.aws_route_table_association.private1-rt-association1",
            "module.vpc.aws_route_table_association.private1-rt-association2",
            "module.vpc.aws_route_table_association.private2-rt-association1",
            "module.vpc.aws_route_table_association.private2-rt-association2",
            "module.vpc.aws_route_table_association.public-rt-association1",
            "module.vpc.aws_route_table_association.public-rt-association2",
            "module.vpc.aws_subnet.private1-subnet1",
            "module.vpc.aws_subnet.private1-subnet2",
            "module.vpc.aws_subnet.private2-subnet1",
            "module.vpc.aws_subnet.private2-subnet2",
            "module.vpc.aws_subnet.public-subnet1",
            "module.vpc.aws_subnet.public-subnet2",
            "module.vpc.aws_vpc.vpc",
            "module.vpc.data.aws_availability_zones.available"
          ]
        }
      ]
    },
    {
      "module": "module.ecs-fargate",
      "mode": "managed",
      "type": "aws_iam_role_policy_attachment",
      "name": "ecs_task_execution_policy_attachment",
      "provider": "provider[\"registry.terraform.io/hashicorp/aws\"]",
      "instances": [
        {
          "schema_version": 0,
          "attributes": {
            "id": "ecs-task-execution-role-2024051401042684930000000f",
            "policy_arn": "arn:aws:iam::aws:policy/service-role/AmazonECSTaskExecutionRolePolicy",
            "role": "ecs-task-execution-role"
          },
          "sensitive_attributes": [],
          "private": "bnVsbA==",
          "dependencies": [
            "module.alb.aws_lb.was-elb",
            "module.alb.aws_lb.web-elb",
            "module.alb.aws_lb_listener.was-alb-listener",
            "module.alb.aws_lb_listener.web-alb-listener",
            "module.alb.aws_lb_target_group.was-tg",
            "module.alb.aws_lb_target_group.web-tg",
            "module.alb.data.aws_security_group.was-alb-sg",
            "module.alb.data.aws_security_group.web-alb-sg",
            "module.alb.data.aws_subnet.private1-subnet1",
            "module.alb.data.aws_subnet.private1-subnet2",
            "module.alb.data.aws_subnet.public-subnet1",
            "module.alb.data.aws_subnet.public-subnet2",
            "module.alb.data.aws_vpc.vpc",
            "module.aws-rds.aws_db_subnet_group.db_subnet_group1",
            "module.aws-rds.aws_db_subnet_group.db_subnet_group2",
            "module.aws-rds.aws_rds_cluster.aurora_cluster",
            "module.aws-rds.aws_ssm_parameter.rds_endpoint",
            "module.aws-rds.data.aws_availability_zones.available",
            "module.aws-rds.data.aws_secretsmanager_secret_version.db_conn_info",
            "module.aws-rds.data.aws_security_group.db-sg",
            "module.aws-rds.data.aws_subnet.private1-subnet1",
            "module.aws-rds.data.aws_subnet.private1-subnet2",
            "module.aws-rds.data.aws_subnet.private2-subnet1",
            "module.aws-rds.data.aws_subnet.private2-subnet2",
            "module.ecs-fargate.aws_iam_role.ecs_task_execution_role",
            "module.security-group.aws_security_group.database-sg",
            "module.security-group.aws_security_group.was-alb-sg",
            "module.security-group.aws_security_group.was-tier-sg",
            "module.security-group.aws_security_group.web-alb-sg",
            "module.security-group.aws_security_group.web-tier-sg",
            "module.security-group.data.aws_vpc.vpc",
            "module.vpc.aws_eip.eip1",
            "module.vpc.aws_eip.eip2",
            "module.vpc.aws_internet_gateway.igw",
            "module.vpc.aws_nat_gateway.ngw1",
            "module.vpc.aws_nat_gateway.ngw2",
            "module.vpc.aws_route_table.private1-rt1",
            "module.vpc.aws_route_table.private1-rt2",
            "module.vpc.aws_route_table.private2-rt1",
            "module.vpc.aws_route_table.private2-rt2",
            "module.vpc.aws_route_table.public-rt1",
            "module.vpc.aws_route_table.public-rt2",
            "module.vpc.aws_route_table_association.private1-rt-association1",
            "module.vpc.aws_route_table_association.private1-rt-association2",
            "module.vpc.aws_route_table_association.private2-rt-association1",
            "module.vpc.aws_route_table_association.private2-rt-association2",
            "module.vpc.aws_route_table_association.public-rt-association1",
            "module.vpc.aws_route_table_association.public-rt-association2",
            "module.vpc.aws_subnet.private1-subnet1",
            "module.vpc.aws_subnet.private1-subnet2",
            "module.vpc.aws_subnet.private2-subnet1",
            "module.vpc.aws_subnet.private2-subnet2",
            "module.vpc.aws_subnet.public-subnet1",
            "module.vpc.aws_subnet.public-subnet2",
            "module.vpc.aws_vpc.vpc",
            "module.vpc.data.aws_availability_zones.available"
          ]
        }
      ]
    },
    {
      "module": "module.iam",
      "mode": "managed",
      "type": "aws_iam_instance_profile",
      "name": "test_profile",
      "provider": "provider[\"registry.terraform.io/hashicorp/aws\"]",
      "instances": [
        {
          "schema_version": 0,
          "attributes": {
            "arn": "arn:aws:iam::891377163278:instance-profile/iam-instance-profile-for-ec2-SSM-s3-cw-cd-kms",
            "create_date": "2024-05-14T01:04:26Z",
            "id": "iam-instance-profile-for-ec2-SSM-s3-cw-cd-kms",
            "name": "iam-instance-profile-for-ec2-SSM-s3-cw-cd-kms",
            "name_prefix": "",
            "path": "/",
            "role": "iam-role-for-ec2-SSM-s3-cw-cd-kms",
            "tags": null,
            "tags_all": {},
            "unique_id": "AIPA47CRYDQHL3GWWVQ56"
          },
          "sensitive_attributes": [],
          "private": "bnVsbA==",
          "dependencies": [
            "module.alb.aws_lb.was-elb",
            "module.alb.aws_lb.web-elb",
            "module.alb.aws_lb_listener.was-alb-listener",
            "module.alb.aws_lb_listener.web-alb-listener",
            "module.alb.aws_lb_target_group.was-tg",
            "module.alb.aws_lb_target_group.web-tg",
            "module.alb.data.aws_security_group.was-alb-sg",
            "module.alb.data.aws_security_group.web-alb-sg",
            "module.alb.data.aws_subnet.private1-subnet1",
            "module.alb.data.aws_subnet.private1-subnet2",
            "module.alb.data.aws_subnet.public-subnet1",
            "module.alb.data.aws_subnet.public-subnet2",
            "module.alb.data.aws_vpc.vpc",
            "module.aws-rds.aws_db_subnet_group.db_subnet_group1",
            "module.aws-rds.aws_db_subnet_group.db_subnet_group2",
            "module.aws-rds.aws_rds_cluster.aurora_cluster",
            "module.aws-rds.aws_ssm_parameter.rds_endpoint",
            "module.aws-rds.data.aws_availability_zones.available",
            "module.aws-rds.data.aws_secretsmanager_secret_version.db_conn_info",
            "module.aws-rds.data.aws_security_group.db-sg",
            "module.aws-rds.data.aws_subnet.private1-subnet1",
            "module.aws-rds.data.aws_subnet.private1-subnet2",
            "module.aws-rds.data.aws_subnet.private2-subnet1",
            "module.aws-rds.data.aws_subnet.private2-subnet2",
            "module.iam.aws_iam_role.iam-role",
            "module.security-group.aws_security_group.database-sg",
            "module.security-group.aws_security_group.was-alb-sg",
            "module.security-group.aws_security_group.was-tier-sg",
            "module.security-group.aws_security_group.web-alb-sg",
            "module.security-group.aws_security_group.web-tier-sg",
            "module.security-group.data.aws_vpc.vpc",
            "module.vpc.aws_eip.eip1",
            "module.vpc.aws_eip.eip2",
            "module.vpc.aws_internet_gateway.igw",
            "module.vpc.aws_nat_gateway.ngw1",
            "module.vpc.aws_nat_gateway.ngw2",
            "module.vpc.aws_route_table.private1-rt1",
            "module.vpc.aws_route_table.private1-rt2",
            "module.vpc.aws_route_table.private2-rt1",
            "module.vpc.aws_route_table.private2-rt2",
            "module.vpc.aws_route_table.public-rt1",
            "module.vpc.aws_route_table.public-rt2",
            "module.vpc.aws_route_table_association.private1-rt-association1",
            "module.vpc.aws_route_table_association.private1-rt-association2",
            "module.vpc.aws_route_table_association.private2-rt-association1",
            "module.vpc.aws_route_table_association.private2-rt-association2",
            "module.vpc.aws_route_table_association.public-rt-association1",
            "module.vpc.aws_route_table_association.public-rt-association2",
            "module.vpc.aws_subnet.private1-subnet1",
            "module.vpc.aws_subnet.private1-subnet2",
            "module.vpc.aws_subnet.private2-subnet1",
            "module.vpc.aws_subnet.private2-subnet2",
            "module.vpc.aws_subnet.public-subnet1",
            "module.vpc.aws_subnet.public-subnet2",
            "module.vpc.aws_vpc.vpc",
            "module.vpc.data.aws_availability_zones.available"
          ]
        }
      ]
    },
    {
      "module": "module.iam",
      "mode": "managed",
      "type": "aws_iam_role",
      "name": "iam-role",
      "provider": "provider[\"registry.terraform.io/hashicorp/aws\"]",
      "instances": [
        {
          "schema_version": 0,
          "attributes": {
            "arn": "arn:aws:iam::891377163278:role/iam-role-for-ec2-SSM-s3-cw-cd-kms",
            "assume_role_policy": "{\"Statement\":[{\"Action\":\"sts:AssumeRole\",\"Effect\":\"Allow\",\"Principal\":{\"Service\":\"ec2.amazonaws.com\"}}],\"Version\":\"2012-10-17\"}",
            "create_date": "2024-05-14T01:04:24Z",
            "description": "",
            "force_detach_policies": false,
            "id": "iam-role-for-ec2-SSM-s3-cw-cd-kms",
            "inline_policy": [],
            "managed_policy_arns": [],
            "max_session_duration": 3600,
            "name": "iam-role-for-ec2-SSM-s3-cw-cd-kms",
            "name_prefix": "",
            "path": "/",
            "permissions_boundary": "",
            "tags": null,
            "tags_all": {},
            "unique_id": "AROA47CRYDQHPSRNLO4PE"
          },
          "sensitive_attributes": [],
          "private": "bnVsbA==",
          "dependencies": [
            "module.alb.aws_lb.was-elb",
            "module.alb.aws_lb.web-elb",
            "module.alb.aws_lb_listener.was-alb-listener",
            "module.alb.aws_lb_listener.web-alb-listener",
            "module.alb.aws_lb_target_group.was-tg",
            "module.alb.aws_lb_target_group.web-tg",
            "module.alb.data.aws_security_group.was-alb-sg",
            "module.alb.data.aws_security_group.web-alb-sg",
            "module.alb.data.aws_subnet.private1-subnet1",
            "module.alb.data.aws_subnet.private1-subnet2",
            "module.alb.data.aws_subnet.public-subnet1",
            "module.alb.data.aws_subnet.public-subnet2",
            "module.alb.data.aws_vpc.vpc",
            "module.aws-rds.aws_db_subnet_group.db_subnet_group1",
            "module.aws-rds.aws_db_subnet_group.db_subnet_group2",
            "module.aws-rds.aws_rds_cluster.aurora_cluster",
            "module.aws-rds.aws_ssm_parameter.rds_endpoint",
            "module.aws-rds.data.aws_availability_zones.available",
            "module.aws-rds.data.aws_secretsmanager_secret_version.db_conn_info",
            "module.aws-rds.data.aws_security_group.db-sg",
            "module.aws-rds.data.aws_subnet.private1-subnet1",
            "module.aws-rds.data.aws_subnet.private1-subnet2",
            "module.aws-rds.data.aws_subnet.private2-subnet1",
            "module.aws-rds.data.aws_subnet.private2-subnet2",
            "module.security-group.aws_security_group.database-sg",
            "module.security-group.aws_security_group.was-alb-sg",
            "module.security-group.aws_security_group.was-tier-sg",
            "module.security-group.aws_security_group.web-alb-sg",
            "module.security-group.aws_security_group.web-tier-sg",
            "module.security-group.data.aws_vpc.vpc",
            "module.vpc.aws_eip.eip1",
            "module.vpc.aws_eip.eip2",
            "module.vpc.aws_internet_gateway.igw",
            "module.vpc.aws_nat_gateway.ngw1",
            "module.vpc.aws_nat_gateway.ngw2",
            "module.vpc.aws_route_table.private1-rt1",
            "module.vpc.aws_route_table.private1-rt2",
            "module.vpc.aws_route_table.private2-rt1",
            "module.vpc.aws_route_table.private2-rt2",
            "module.vpc.aws_route_table.public-rt1",
            "module.vpc.aws_route_table.public-rt2",
            "module.vpc.aws_route_table_association.private1-rt-association1",
            "module.vpc.aws_route_table_association.private1-rt-association2",
            "module.vpc.aws_route_table_association.private2-rt-association1",
            "module.vpc.aws_route_table_association.private2-rt-association2",
            "module.vpc.aws_route_table_association.public-rt-association1",
            "module.vpc.aws_route_table_association.public-rt-association2",
            "module.vpc.aws_subnet.private1-subnet1",
            "module.vpc.aws_subnet.private1-subnet2",
            "module.vpc.aws_subnet.private2-subnet1",
            "module.vpc.aws_subnet.private2-subnet2",
            "module.vpc.aws_subnet.public-subnet1",
            "module.vpc.aws_subnet.public-subnet2",
            "module.vpc.aws_vpc.vpc",
            "module.vpc.data.aws_availability_zones.available"
          ]
        }
      ]
    },
    {
      "module": "module.iam",
      "mode": "managed",
      "type": "aws_iam_role_policy",
      "name": "iam-policy",
      "provider": "provider[\"registry.terraform.io/hashicorp/aws\"]",
      "instances": [
        {
          "schema_version": 0,
          "attributes": {
            "id": "iam-role-for-ec2-SSM-s3-cw-cd-kms:iam-policy-for-ec2-SSM-s3-cw-cd-kms",
            "name": "iam-policy-for-ec2-SSM-s3-cw-cd-kms",
            "name_prefix": "",
            "policy": "{\"Version\":\"2012-10-17\",\"Statement\":[{\"Action\":[\"s3:Get*\",\"s3:List*\",\"s3:Describe*\",\"s3-object-lambda:Get*\",\"s3-object-lambda:List*\",\"ssm:DescribeAssociation\",\"ssm:GetDeployablePatchSnapshotForInstance\",\"ssm:GetDocument\",\"ssm:DescribeDocument\",\"ssm:GetManifest\",\"ssm:GetParameter\",\"ssm:GetParameters\",\"ssm:ListAssociations\",\"ssm:ListInstanceAssociations\",\"ssm:PutInventory\",\"ssm:PutComplianceItems\",\"ssm:PutConfigurePackageResult\",\"ssm:UpdateAssociationStatus\",\"ssm:UpdateInstanceAssociationStatus\",\"ssm:UpdateInstanceInformation\",\"ssm:DescribeAssociation\",\"ssm:GetDeployablePatchSnapshotForInstance\",\"ssm:GetDocument\",\"ssm:DescribeDocument\",\"ssm:GetManifest\",\"ssm:GetParameter\",\"ssm:GetParameters\",\"ssm:ListAssociations\",\"ssm:ListInstanceAssociations\",\"ssm:PutInventory\",\"ssm:PutComplianceItems\",\"ssm:PutConfigurePackageResult\",\"ssm:UpdateAssociationStatus\",\"ssm:UpdateInstanceAssociationStatus\",\"ssm:UpdateInstanceInformation\",\"ec2messages:AcknowledgeMessage\",\"ec2messages:DeleteMessage\",\"ec2messages:FailMessage\",\"ec2messages:GetEndpoint\",\"ec2messages:GetMessages\",\"ec2messages:SendReply\",\"ssmmessages:CreateControlChannel\",\"ssmmessages:CreateDataChannel\",\"ssmmessages:OpenControlChannel\",\"ssmmessages:OpenDataChannel\"],\"Effect\":\"Allow\",\"Resource\":\"*\"},{\"Action\":[\"s3:Get*\",\"s3:List*\",\"s3:Put*\"],\"Effect\":\"Allow\",\"Resource\":\"*\"},{\"Action\":[\"codedeploy:*\"],\"Effect\":\"Allow\",\"Resource\":\"*\"},{\"Action\":[\"logs:*\"],\"Effect\":\"Allow\",\"Resource\":\"*\"},{\"Action\":[\"cloudwatch:*\"],\"Effect\":\"Allow\",\"Resource\":\"*\"}]}",
            "role": "iam-role-for-ec2-SSM-s3-cw-cd-kms"
          },
          "sensitive_attributes": [],
          "private": "bnVsbA==",
          "dependencies": [
            "module.alb.aws_lb.was-elb",
            "module.alb.aws_lb.web-elb",
            "module.alb.aws_lb_listener.was-alb-listener",
            "module.alb.aws_lb_listener.web-alb-listener",
            "module.alb.aws_lb_target_group.was-tg",
            "module.alb.aws_lb_target_group.web-tg",
            "module.alb.data.aws_security_group.was-alb-sg",
            "module.alb.data.aws_security_group.web-alb-sg",
            "module.alb.data.aws_subnet.private1-subnet1",
            "module.alb.data.aws_subnet.private1-subnet2",
            "module.alb.data.aws_subnet.public-subnet1",
            "module.alb.data.aws_subnet.public-subnet2",
            "module.alb.data.aws_vpc.vpc",
            "module.aws-rds.aws_db_subnet_group.db_subnet_group1",
            "module.aws-rds.aws_db_subnet_group.db_subnet_group2",
            "module.aws-rds.aws_rds_cluster.aurora_cluster",
            "module.aws-rds.aws_ssm_parameter.rds_endpoint",
            "module.aws-rds.data.aws_availability_zones.available",
            "module.aws-rds.data.aws_secretsmanager_secret_version.db_conn_info",
            "module.aws-rds.data.aws_security_group.db-sg",
            "module.aws-rds.data.aws_subnet.private1-subnet1",
            "module.aws-rds.data.aws_subnet.private1-subnet2",
            "module.aws-rds.data.aws_subnet.private2-subnet1",
            "module.aws-rds.data.aws_subnet.private2-subnet2",
            "module.iam.aws_iam_role.iam-role",
            "module.security-group.aws_security_group.database-sg",
            "module.security-group.aws_security_group.was-alb-sg",
            "module.security-group.aws_security_group.was-tier-sg",
            "module.security-group.aws_security_group.web-alb-sg",
            "module.security-group.aws_security_group.web-tier-sg",
            "module.security-group.data.aws_vpc.vpc",
            "module.vpc.aws_eip.eip1",
            "module.vpc.aws_eip.eip2",
            "module.vpc.aws_internet_gateway.igw",
            "module.vpc.aws_nat_gateway.ngw1",
            "module.vpc.aws_nat_gateway.ngw2",
            "module.vpc.aws_route_table.private1-rt1",
            "module.vpc.aws_route_table.private1-rt2",
            "module.vpc.aws_route_table.private2-rt1",
            "module.vpc.aws_route_table.private2-rt2",
            "module.vpc.aws_route_table.public-rt1",
            "module.vpc.aws_route_table.public-rt2",
            "module.vpc.aws_route_table_association.private1-rt-association1",
            "module.vpc.aws_route_table_association.private1-rt-association2",
            "module.vpc.aws_route_table_association.private2-rt-association1",
            "module.vpc.aws_route_table_association.private2-rt-association2",
            "module.vpc.aws_route_table_association.public-rt-association1",
            "module.vpc.aws_route_table_association.public-rt-association2",
            "module.vpc.aws_subnet.private1-subnet1",
            "module.vpc.aws_subnet.private1-subnet2",
            "module.vpc.aws_subnet.private2-subnet1",
            "module.vpc.aws_subnet.private2-subnet2",
            "module.vpc.aws_subnet.public-subnet1",
            "module.vpc.aws_subnet.public-subnet2",
            "module.vpc.aws_vpc.vpc",
            "module.vpc.data.aws_availability_zones.available"
          ]
        }
      ]
    },
    {
      "module": "module.iam",
      "mode": "managed",
      "type": "aws_iam_role_policy_attachment",
      "name": "code_deploy_attachment",
      "provider": "provider[\"registry.terraform.io/hashicorp/aws\"]",
      "instances": [
        {
          "schema_version": 0,
          "attributes": {
            "id": "iam-role-for-ec2-SSM-s3-cw-cd-kms-2024051401042609030000000e",
            "policy_arn": "arn:aws:iam::aws:policy/service-role/AmazonEC2RoleforAWSCodeDeploy",
            "role": "iam-role-for-ec2-SSM-s3-cw-cd-kms"
          },
          "sensitive_attributes": [],
          "private": "bnVsbA==",
          "dependencies": [
            "module.alb.aws_lb.was-elb",
            "module.alb.aws_lb.web-elb",
            "module.alb.aws_lb_listener.was-alb-listener",
            "module.alb.aws_lb_listener.web-alb-listener",
            "module.alb.aws_lb_target_group.was-tg",
            "module.alb.aws_lb_target_group.web-tg",
            "module.alb.data.aws_security_group.was-alb-sg",
            "module.alb.data.aws_security_group.web-alb-sg",
            "module.alb.data.aws_subnet.private1-subnet1",
            "module.alb.data.aws_subnet.private1-subnet2",
            "module.alb.data.aws_subnet.public-subnet1",
            "module.alb.data.aws_subnet.public-subnet2",
            "module.alb.data.aws_vpc.vpc",
            "module.aws-rds.aws_db_subnet_group.db_subnet_group1",
            "module.aws-rds.aws_db_subnet_group.db_subnet_group2",
            "module.aws-rds.aws_rds_cluster.aurora_cluster",
            "module.aws-rds.aws_ssm_parameter.rds_endpoint",
            "module.aws-rds.data.aws_availability_zones.available",
            "module.aws-rds.data.aws_secretsmanager_secret_version.db_conn_info",
            "module.aws-rds.data.aws_security_group.db-sg",
            "module.aws-rds.data.aws_subnet.private1-subnet1",
            "module.aws-rds.data.aws_subnet.private1-subnet2",
            "module.aws-rds.data.aws_subnet.private2-subnet1",
            "module.aws-rds.data.aws_subnet.private2-subnet2",
            "module.iam.aws_iam_role.iam-role",
            "module.security-group.aws_security_group.database-sg",
            "module.security-group.aws_security_group.was-alb-sg",
            "module.security-group.aws_security_group.was-tier-sg",
            "module.security-group.aws_security_group.web-alb-sg",
            "module.security-group.aws_security_group.web-tier-sg",
            "module.security-group.data.aws_vpc.vpc",
            "module.vpc.aws_eip.eip1",
            "module.vpc.aws_eip.eip2",
            "module.vpc.aws_internet_gateway.igw",
            "module.vpc.aws_nat_gateway.ngw1",
            "module.vpc.aws_nat_gateway.ngw2",
            "module.vpc.aws_route_table.private1-rt1",
            "module.vpc.aws_route_table.private1-rt2",
            "module.vpc.aws_route_table.private2-rt1",
            "module.vpc.aws_route_table.private2-rt2",
            "module.vpc.aws_route_table.public-rt1",
            "module.vpc.aws_route_table.public-rt2",
            "module.vpc.aws_route_table_association.private1-rt-association1",
            "module.vpc.aws_route_table_association.private1-rt-association2",
            "module.vpc.aws_route_table_association.private2-rt-association1",
            "module.vpc.aws_route_table_association.private2-rt-association2",
            "module.vpc.aws_route_table_association.public-rt-association1",
            "module.vpc.aws_route_table_association.public-rt-association2",
            "module.vpc.aws_subnet.private1-subnet1",
            "module.vpc.aws_subnet.private1-subnet2",
            "module.vpc.aws_subnet.private2-subnet1",
            "module.vpc.aws_subnet.private2-subnet2",
            "module.vpc.aws_subnet.public-subnet1",
            "module.vpc.aws_subnet.public-subnet2",
            "module.vpc.aws_vpc.vpc",
            "module.vpc.data.aws_availability_zones.available"
          ]
        }
      ]
    },
    {
      "module": "module.route53",
      "mode": "data",
      "type": "aws_route53_zone",
      "name": "zone",
      "provider": "provider[\"registry.terraform.io/hashicorp/aws\"].Virginia",
      "instances": [
        {
          "schema_version": 0,
          "attributes": {
            "arn": "arn:aws:route53:::hostedzone/Z03265771AE2OAGITXSA1",
            "caller_reference": "60991a49-212a-4403-8890-c51a7b51e216",
            "comment": "",
            "id": "Z03265771AE2OAGITXSA1",
            "linked_service_description": null,
            "linked_service_principal": null,
            "name": "minsunny.store",
            "name_servers": [
              "ns-1954.awsdns-52.co.uk",
              "ns-1265.awsdns-30.org",
              "ns-938.awsdns-53.net",
              "ns-304.awsdns-38.com"
            ],
            "primary_name_server": "ns-1954.awsdns-52.co.uk",
            "private_zone": false,
            "resource_record_set_count": 2,
            "tags": {},
            "vpc_id": null,
            "zone_id": "Z03265771AE2OAGITXSA1"
          },
          "sensitive_attributes": []
        }
      ]
    },
    {
      "module": "module.route53",
      "mode": "managed",
      "type": "aws_acm_certificate",
      "name": "cert",
      "provider": "provider[\"registry.terraform.io/hashicorp/aws\"].Virginia",
      "instances": [
        {
          "schema_version": 0,
          "attributes": {
            "arn": "arn:aws:acm:us-east-1:891377163278:certificate/afb373e9-28b0-4d2d-97af-d464d2441982",
            "certificate_authority_arn": "",
            "certificate_body": null,
            "certificate_chain": null,
            "domain_name": "minsunny.store",
            "domain_validation_options": [
              {
                "domain_name": "minsunny.store",
                "resource_record_name": "_1a2332418388bdf90435a542520d19c1.minsunny.store.",
                "resource_record_type": "CNAME",
                "resource_record_value": "_4cb602db0ca3a5ff515b447fe632d3e2.mhbtsbpdnt.acm-validations.aws."
              },
              {
                "domain_name": "www.minsunny.store",
                "resource_record_name": "_c9324ed6a130175a3d1b41b1cdc90fe4.www.minsunny.store.",
                "resource_record_type": "CNAME",
                "resource_record_value": "_83d5de9080f47a36c0520bc0c51c51b8.mhbtsbpdnt.acm-validations.aws."
              }
            ],
            "early_renewal_duration": "",
            "id": "arn:aws:acm:us-east-1:891377163278:certificate/afb373e9-28b0-4d2d-97af-d464d2441982",
            "key_algorithm": "RSA_2048",
            "not_after": "",
            "not_before": "",
            "options": [
              {
                "certificate_transparency_logging_preference": "ENABLED"
              }
            ],
            "pending_renewal": false,
            "private_key": null,
            "renewal_eligibility": "INELIGIBLE",
            "renewal_summary": [],
            "status": "PENDING_VALIDATION",
            "subject_alternative_names": [
              "minsunny.store",
              "www.minsunny.store"
            ],
            "tags": null,
            "tags_all": {},
            "type": "AMAZON_ISSUED",
            "validation_emails": [],
            "validation_method": "DNS",
            "validation_option": []
          },
          "sensitive_attributes": [],
          "private": "bnVsbA==",
          "create_before_destroy": true
        }
      ]
    },
    {
      "module": "module.route53",
      "mode": "managed",
      "type": "aws_acm_certificate_validation",
      "name": "cert",
      "provider": "provider[\"registry.terraform.io/hashicorp/aws\"].Virginia",
      "instances": [
        {
          "schema_version": 0,
          "attributes": {
            "certificate_arn": "arn:aws:acm:us-east-1:891377163278:certificate/afb373e9-28b0-4d2d-97af-d464d2441982",
            "id": "2024-05-14 00:54:46.469 +0000 UTC",
            "timeouts": null,
            "validation_record_fqdns": [
              "_1a2332418388bdf90435a542520d19c1.minsunny.store",
              "_c9324ed6a130175a3d1b41b1cdc90fe4.www.minsunny.store"
            ]
          },
          "sensitive_attributes": [],
          "private": "eyJlMmJmYjczMC1lY2FhLTExZTYtOGY4OC0zNDM2M2JjN2M0YzAiOnsiY3JlYXRlIjo0NTAwMDAwMDAwMDAwfX0=",
          "dependencies": [
            "module.route53.aws_acm_certificate.cert",
            "module.route53.aws_route53_record.cert_validation",
            "module.route53.data.aws_route53_zone.zone"
          ]
        }
      ]
    },
    {
      "module": "module.route53",
      "mode": "managed",
      "type": "aws_cloudfront_distribution",
      "name": "cdn-web-elb-distribution",
      "provider": "provider[\"registry.terraform.io/hashicorp/aws\"].Virginia",
      "instances": [
        {
          "schema_version": 1,
          "attributes": {
            "aliases": [
              "minsunny.store",
              "www.minsunny.store"
            ],
            "arn": "arn:aws:cloudfront::891377163278:distribution/E13ZK8PKNZ40FT",
            "caller_reference": "terraform-20240514010421694300000002",
            "comment": "CDN ALB Distribution",
            "continuous_deployment_policy_id": "",
            "custom_error_response": [],
            "default_cache_behavior": [
              {
                "allowed_methods": [
                  "GET",
                  "HEAD",
                  "OPTIONS"
                ],
                "cache_policy_id": "",
                "cached_methods": [
                  "GET",
                  "HEAD"
                ],
                "compress": true,
                "default_ttl": 0,
                "field_level_encryption_id": "",
                "forwarded_values": [
                  {
                    "cookies": [
                      {
                        "forward": "none",
                        "whitelisted_names": []
                      }
                    ],
                    "headers": [
                      "*"
                    ],
                    "query_string": false,
                    "query_string_cache_keys": []
                  }
                ],
                "function_association": [],
                "lambda_function_association": [],
                "max_ttl": 0,
                "min_ttl": 0,
                "origin_request_policy_id": "",
                "realtime_log_config_arn": "",
                "response_headers_policy_id": "",
                "smooth_streaming": false,
                "target_origin_id": "my-web-alb",
                "trusted_key_groups": [],
                "trusted_signers": [],
                "viewer_protocol_policy": "redirect-to-https"
              }
            ],
            "default_root_object": "",
            "domain_name": "d2mxjcg7mpywms.cloudfront.net",
            "enabled": true,
            "etag": "E3TJQUO3MR0NK9",
            "hosted_zone_id": "Z2FDTNDATAQYW2",
            "http_version": "http2",
            "id": "E13ZK8PKNZ40FT",
            "in_progress_validation_batches": 0,
            "is_ipv6_enabled": true,
            "last_modified_time": "2024-05-14 01:04:22.804 +0000 UTC",
            "logging_config": [],
            "ordered_cache_behavior": [],
            "origin": [
              {
                "connection_attempts": 3,
                "connection_timeout": 10,
                "custom_header": [],
                "custom_origin_config": [
                  {
                    "http_port": 80,
                    "https_port": 443,
                    "origin_keepalive_timeout": 5,
                    "origin_protocol_policy": "http-only",
                    "origin_read_timeout": 30,
                    "origin_ssl_protocols": [
                      "TLSv1.2"
                    ]
                  }
                ],
                "domain_name": "Web-elb-164890742.ap-southeast-1.elb.amazonaws.com",
                "origin_access_control_id": "",
                "origin_id": "my-web-alb",
                "origin_path": "",
                "origin_shield": [],
                "s3_origin_config": []
              }
            ],
            "origin_group": [],
            "price_class": "PriceClass_100",
            "restrictions": [
              {
                "geo_restriction": [
                  {
                    "locations": [],
                    "restriction_type": "none"
                  }
                ]
              }
            ],
            "retain_on_delete": false,
            "staging": false,
            "status": "Deployed",
            "tags": {
              "Name": "3-Tier-CDN-kms"
            },
            "tags_all": {
              "Name": "3-Tier-CDN-kms"
            },
            "trusted_key_groups": [
              {
                "enabled": false,
                "items": []
              }
            ],
            "trusted_signers": [
              {
                "enabled": false,
                "items": []
              }
            ],
            "viewer_certificate": [
              {
                "acm_certificate_arn": "arn:aws:acm:us-east-1:891377163278:certificate/afb373e9-28b0-4d2d-97af-d464d2441982",
                "cloudfront_default_certificate": false,
                "iam_certificate_id": "",
                "minimum_protocol_version": "TLSv1.2_2021",
                "ssl_support_method": "sni-only"
              }
            ],
            "wait_for_deployment": true,
            "web_acl_id": "arn:aws:wafv2:us-east-1:891377163278:global/webacl/3-Tier-WAF-kms/df060903-e2b0-42d2-8bac-cf0cc2d2c017"
          },
          "sensitive_attributes": [],
          "private": "eyJzY2hlbWFfdmVyc2lvbiI6IjEifQ==",
          "dependencies": [
            "module.alb.aws_lb.web-elb",
            "module.alb.data.aws_security_group.web-alb-sg",
            "module.alb.data.aws_subnet.public-subnet1",
            "module.alb.data.aws_subnet.public-subnet2",
            "module.aws-rds.aws_db_subnet_group.db_subnet_group1",
            "module.aws-rds.aws_db_subnet_group.db_subnet_group2",
            "module.aws-rds.aws_rds_cluster.aurora_cluster",
            "module.aws-rds.aws_ssm_parameter.rds_endpoint",
            "module.aws-rds.data.aws_availability_zones.available",
            "module.aws-rds.data.aws_secretsmanager_secret_version.db_conn_info",
            "module.aws-rds.data.aws_security_group.db-sg",
            "module.aws-rds.data.aws_subnet.private1-subnet1",
            "module.aws-rds.data.aws_subnet.private1-subnet2",
            "module.aws-rds.data.aws_subnet.private2-subnet1",
            "module.aws-rds.data.aws_subnet.private2-subnet2",
            "module.route53.aws_acm_certificate.cert",
            "module.route53.aws_wafv2_web_acl.web_acl",
            "module.security-group.aws_security_group.database-sg",
            "module.security-group.aws_security_group.was-alb-sg",
            "module.security-group.aws_security_group.was-tier-sg",
            "module.security-group.aws_security_group.web-alb-sg",
            "module.security-group.aws_security_group.web-tier-sg",
            "module.security-group.data.aws_vpc.vpc",
            "module.vpc.aws_eip.eip1",
            "module.vpc.aws_eip.eip2",
            "module.vpc.aws_internet_gateway.igw",
            "module.vpc.aws_nat_gateway.ngw1",
            "module.vpc.aws_nat_gateway.ngw2",
            "module.vpc.aws_route_table.private1-rt1",
            "module.vpc.aws_route_table.private1-rt2",
            "module.vpc.aws_route_table.private2-rt1",
            "module.vpc.aws_route_table.private2-rt2",
            "module.vpc.aws_route_table.public-rt1",
            "module.vpc.aws_route_table.public-rt2",
            "module.vpc.aws_route_table_association.private1-rt-association1",
            "module.vpc.aws_route_table_association.private1-rt-association2",
            "module.vpc.aws_route_table_association.private2-rt-association1",
            "module.vpc.aws_route_table_association.private2-rt-association2",
            "module.vpc.aws_route_table_association.public-rt-association1",
            "module.vpc.aws_route_table_association.public-rt-association2",
            "module.vpc.aws_subnet.private1-subnet1",
            "module.vpc.aws_subnet.private1-subnet2",
            "module.vpc.aws_subnet.private2-subnet1",
            "module.vpc.aws_subnet.private2-subnet2",
            "module.vpc.aws_subnet.public-subnet1",
            "module.vpc.aws_subnet.public-subnet2",
            "module.vpc.aws_vpc.vpc",
            "module.vpc.data.aws_availability_zones.available"
          ]
        }
      ]
    },
    {
      "module": "module.route53",
      "mode": "managed",
      "type": "aws_route53_record",
      "name": "apex",
      "provider": "provider[\"registry.terraform.io/hashicorp/aws\"].Virginia",
      "instances": [
        {
          "schema_version": 2,
          "attributes": {
            "alias": [
              {
                "evaluate_target_health": false,
                "name": "d2mxjcg7mpywms.cloudfront.net",
                "zone_id": "Z2FDTNDATAQYW2"
              }
            ],
            "allow_overwrite": null,
            "cidr_routing_policy": [],
            "failover_routing_policy": [],
            "fqdn": "minsunny.store",
            "geolocation_routing_policy": [],
            "geoproximity_routing_policy": [],
            "health_check_id": "",
            "id": "Z03265771AE2OAGITXSA1_minsunny.store_A",
            "latency_routing_policy": [],
            "multivalue_answer_routing_policy": false,
            "name": "minsunny.store",
            "records": null,
            "set_identifier": "",
            "ttl": 0,
            "type": "A",
            "weighted_routing_policy": [],
            "zone_id": "Z03265771AE2OAGITXSA1"
          },
          "sensitive_attributes": [],
          "private": "eyJzY2hlbWFfdmVyc2lvbiI6IjIifQ==",
          "dependencies": [
            "module.alb.aws_lb.web-elb",
            "module.alb.data.aws_security_group.web-alb-sg",
            "module.alb.data.aws_subnet.public-subnet1",
            "module.alb.data.aws_subnet.public-subnet2",
            "module.aws-rds.aws_db_subnet_group.db_subnet_group1",
            "module.aws-rds.aws_db_subnet_group.db_subnet_group2",
            "module.aws-rds.aws_rds_cluster.aurora_cluster",
            "module.aws-rds.aws_ssm_parameter.rds_endpoint",
            "module.aws-rds.data.aws_availability_zones.available",
            "module.aws-rds.data.aws_secretsmanager_secret_version.db_conn_info",
            "module.aws-rds.data.aws_security_group.db-sg",
            "module.aws-rds.data.aws_subnet.private1-subnet1",
            "module.aws-rds.data.aws_subnet.private1-subnet2",
            "module.aws-rds.data.aws_subnet.private2-subnet1",
            "module.aws-rds.data.aws_subnet.private2-subnet2",
            "module.route53.aws_acm_certificate.cert",
            "module.route53.aws_cloudfront_distribution.cdn-web-elb-distribution",
            "module.route53.aws_wafv2_web_acl.web_acl",
            "module.route53.data.aws_route53_zone.zone",
            "module.security-group.aws_security_group.database-sg",
            "module.security-group.aws_security_group.was-alb-sg",
            "module.security-group.aws_security_group.was-tier-sg",
            "module.security-group.aws_security_group.web-alb-sg",
            "module.security-group.aws_security_group.web-tier-sg",
            "module.security-group.data.aws_vpc.vpc",
            "module.vpc.aws_eip.eip1",
            "module.vpc.aws_eip.eip2",
            "module.vpc.aws_internet_gateway.igw",
            "module.vpc.aws_nat_gateway.ngw1",
            "module.vpc.aws_nat_gateway.ngw2",
            "module.vpc.aws_route_table.private1-rt1",
            "module.vpc.aws_route_table.private1-rt2",
            "module.vpc.aws_route_table.private2-rt1",
            "module.vpc.aws_route_table.private2-rt2",
            "module.vpc.aws_route_table.public-rt1",
            "module.vpc.aws_route_table.public-rt2",
            "module.vpc.aws_route_table_association.private1-rt-association1",
            "module.vpc.aws_route_table_association.private1-rt-association2",
            "module.vpc.aws_route_table_association.private2-rt-association1",
            "module.vpc.aws_route_table_association.private2-rt-association2",
            "module.vpc.aws_route_table_association.public-rt-association1",
            "module.vpc.aws_route_table_association.public-rt-association2",
            "module.vpc.aws_subnet.private1-subnet1",
            "module.vpc.aws_subnet.private1-subnet2",
            "module.vpc.aws_subnet.private2-subnet1",
            "module.vpc.aws_subnet.private2-subnet2",
            "module.vpc.aws_subnet.public-subnet1",
            "module.vpc.aws_subnet.public-subnet2",
            "module.vpc.aws_vpc.vpc",
            "module.vpc.data.aws_availability_zones.available"
          ]
        }
      ]
    },
    {
      "module": "module.route53",
      "mode": "managed",
      "type": "aws_route53_record",
      "name": "cert_validation",
      "provider": "provider[\"registry.terraform.io/hashicorp/aws\"].Virginia",
      "instances": [
        {
          "index_key": "minsunny.store",
          "schema_version": 2,
          "attributes": {
            "alias": [],
            "allow_overwrite": true,
            "cidr_routing_policy": [],
            "failover_routing_policy": [],
            "fqdn": "_1a2332418388bdf90435a542520d19c1.minsunny.store",
            "geolocation_routing_policy": [],
            "geoproximity_routing_policy": [],
            "health_check_id": "",
            "id": "Z03265771AE2OAGITXSA1__1a2332418388bdf90435a542520d19c1.minsunny.store._CNAME",
            "latency_routing_policy": [],
            "multivalue_answer_routing_policy": false,
            "name": "_1a2332418388bdf90435a542520d19c1.minsunny.store",
            "records": [
              "_4cb602db0ca3a5ff515b447fe632d3e2.mhbtsbpdnt.acm-validations.aws."
            ],
            "set_identifier": "",
            "ttl": 60,
            "type": "CNAME",
            "weighted_routing_policy": [],
            "zone_id": "Z03265771AE2OAGITXSA1"
          },
          "sensitive_attributes": [],
          "private": "eyJzY2hlbWFfdmVyc2lvbiI6IjIifQ==",
          "dependencies": [
            "module.route53.aws_acm_certificate.cert",
            "module.route53.data.aws_route53_zone.zone"
          ]
        },
        {
          "index_key": "www.minsunny.store",
          "schema_version": 2,
          "attributes": {
            "alias": [],
            "allow_overwrite": true,
            "cidr_routing_policy": [],
            "failover_routing_policy": [],
            "fqdn": "_c9324ed6a130175a3d1b41b1cdc90fe4.www.minsunny.store",
            "geolocation_routing_policy": [],
            "geoproximity_routing_policy": [],
            "health_check_id": "",
            "id": "Z03265771AE2OAGITXSA1__c9324ed6a130175a3d1b41b1cdc90fe4.www.minsunny.store._CNAME",
            "latency_routing_policy": [],
            "multivalue_answer_routing_policy": false,
            "name": "_c9324ed6a130175a3d1b41b1cdc90fe4.www.minsunny.store",
            "records": [
              "_83d5de9080f47a36c0520bc0c51c51b8.mhbtsbpdnt.acm-validations.aws."
            ],
            "set_identifier": "",
            "ttl": 60,
            "type": "CNAME",
            "weighted_routing_policy": [],
            "zone_id": "Z03265771AE2OAGITXSA1"
          },
          "sensitive_attributes": [],
          "private": "eyJzY2hlbWFfdmVyc2lvbiI6IjIifQ==",
          "dependencies": [
            "module.route53.aws_acm_certificate.cert",
            "module.route53.data.aws_route53_zone.zone"
          ]
        }
      ]
    },
    {
      "module": "module.route53",
      "mode": "managed",
      "type": "aws_route53_record",
      "name": "www",
      "provider": "provider[\"registry.terraform.io/hashicorp/aws\"].Virginia",
      "instances": [
        {
          "schema_version": 2,
          "attributes": {
            "alias": [
              {
                "evaluate_target_health": false,
                "name": "d2mxjcg7mpywms.cloudfront.net",
                "zone_id": "Z2FDTNDATAQYW2"
              }
            ],
            "allow_overwrite": null,
            "cidr_routing_policy": [],
            "failover_routing_policy": [],
            "fqdn": "www.minsunny.store",
            "geolocation_routing_policy": [],
            "geoproximity_routing_policy": [],
            "health_check_id": "",
            "id": "Z03265771AE2OAGITXSA1_www.minsunny.store_A",
            "latency_routing_policy": [],
            "multivalue_answer_routing_policy": false,
            "name": "www.minsunny.store",
            "records": null,
            "set_identifier": "",
            "ttl": 0,
            "type": "A",
            "weighted_routing_policy": [],
            "zone_id": "Z03265771AE2OAGITXSA1"
          },
          "sensitive_attributes": [],
          "private": "eyJzY2hlbWFfdmVyc2lvbiI6IjIifQ==",
          "dependencies": [
            "module.alb.aws_lb.web-elb",
            "module.alb.data.aws_security_group.web-alb-sg",
            "module.alb.data.aws_subnet.public-subnet1",
            "module.alb.data.aws_subnet.public-subnet2",
            "module.aws-rds.aws_db_subnet_group.db_subnet_group1",
            "module.aws-rds.aws_db_subnet_group.db_subnet_group2",
            "module.aws-rds.aws_rds_cluster.aurora_cluster",
            "module.aws-rds.aws_ssm_parameter.rds_endpoint",
            "module.aws-rds.data.aws_availability_zones.available",
            "module.aws-rds.data.aws_secretsmanager_secret_version.db_conn_info",
            "module.aws-rds.data.aws_security_group.db-sg",
            "module.aws-rds.data.aws_subnet.private1-subnet1",
            "module.aws-rds.data.aws_subnet.private1-subnet2",
            "module.aws-rds.data.aws_subnet.private2-subnet1",
            "module.aws-rds.data.aws_subnet.private2-subnet2",
            "module.route53.aws_acm_certificate.cert",
            "module.route53.aws_cloudfront_distribution.cdn-web-elb-distribution",
            "module.route53.aws_wafv2_web_acl.web_acl",
            "module.route53.data.aws_route53_zone.zone",
            "module.security-group.aws_security_group.database-sg",
            "module.security-group.aws_security_group.was-alb-sg",
            "module.security-group.aws_security_group.was-tier-sg",
            "module.security-group.aws_security_group.web-alb-sg",
            "module.security-group.aws_security_group.web-tier-sg",
            "module.security-group.data.aws_vpc.vpc",
            "module.vpc.aws_eip.eip1",
            "module.vpc.aws_eip.eip2",
            "module.vpc.aws_internet_gateway.igw",
            "module.vpc.aws_nat_gateway.ngw1",
            "module.vpc.aws_nat_gateway.ngw2",
            "module.vpc.aws_route_table.private1-rt1",
            "module.vpc.aws_route_table.private1-rt2",
            "module.vpc.aws_route_table.private2-rt1",
            "module.vpc.aws_route_table.private2-rt2",
            "module.vpc.aws_route_table.public-rt1",
            "module.vpc.aws_route_table.public-rt2",
            "module.vpc.aws_route_table_association.private1-rt-association1",
            "module.vpc.aws_route_table_association.private1-rt-association2",
            "module.vpc.aws_route_table_association.private2-rt-association1",
            "module.vpc.aws_route_table_association.private2-rt-association2",
            "module.vpc.aws_route_table_association.public-rt-association1",
            "module.vpc.aws_route_table_association.public-rt-association2",
            "module.vpc.aws_subnet.private1-subnet1",
            "module.vpc.aws_subnet.private1-subnet2",
            "module.vpc.aws_subnet.private2-subnet1",
            "module.vpc.aws_subnet.private2-subnet2",
            "module.vpc.aws_subnet.public-subnet1",
            "module.vpc.aws_subnet.public-subnet2",
            "module.vpc.aws_vpc.vpc",
            "module.vpc.data.aws_availability_zones.available"
          ]
        }
      ]
    },
    {
      "module": "module.route53",
      "mode": "managed",
      "type": "aws_wafv2_web_acl",
      "name": "web_acl",
      "provider": "provider[\"registry.terraform.io/hashicorp/aws\"].Virginia",
      "instances": [
        {
          "schema_version": 0,
          "attributes": {
            "application_integration_url": "",
            "arn": "arn:aws:wafv2:us-east-1:891377163278:global/webacl/3-Tier-WAF-kms/df060903-e2b0-42d2-8bac-cf0cc2d2c017",
            "association_config": [],
            "capacity": 50,
            "captcha_config": [],
            "challenge_config": [],
            "custom_response_body": [],
            "default_action": [
              {
                "allow": [
                  {
                    "custom_request_handling": []
                  }
                ],
                "block": []
              }
            ],
            "description": "",
            "id": "df060903-e2b0-42d2-8bac-cf0cc2d2c017",
            "lock_token": "87dc8bda-4ebd-4308-ad9d-a151c7714efb",
            "name": "3-Tier-WAF-kms",
            "rule": [
              {
                "action": [],
                "captcha_config": [],
                "name": "AWSManagedRulesAnonymousIpList",
                "override_action": [
                  {
                    "count": [],
                    "none": [
                      {}
                    ]
                  }
                ],
                "priority": 0,
                "rule_label": [],
                "statement": [
                  {
                    "and_statement": [],
                    "byte_match_statement": [],
                    "geo_match_statement": [],
                    "ip_set_reference_statement": [],
                    "label_match_statement": [],
                    "managed_rule_group_statement": [
                      {
                        "managed_rule_group_configs": [],
                        "name": "AWSManagedRulesAnonymousIpList",
                        "rule_action_override": [
                          {
                            "action_to_use": [
                              {
                                "allow": [],
                                "block": [],
                                "captcha": [],
                                "challenge": [],
                                "count": [
                                  {
                                    "custom_request_handling": []
                                  }
                                ]
                              }
                            ],
                            "name": "SizeRestrictions_QUERYSTRING"
                          },
                          {
                            "action_to_use": [
                              {
                                "allow": [],
                                "block": [],
                                "captcha": [],
                                "challenge": [],
                                "count": [
                                  {
                                    "custom_request_handling": []
                                  }
                                ]
                              }
                            ],
                            "name": "NoUserAgent_HEADER"
                          }
                        ],
                        "scope_down_statement": [],
                        "vendor_name": "AWS",
                        "version": ""
                      }
                    ],
                    "not_statement": [],
                    "or_statement": [],
                    "rate_based_statement": [],
                    "regex_match_statement": [],
                    "regex_pattern_set_reference_statement": [],
                    "rule_group_reference_statement": [],
                    "size_constraint_statement": [],
                    "sqli_match_statement": [],
                    "xss_match_statement": []
                  }
                ],
                "visibility_config": [
                  {
                    "cloudwatch_metrics_enabled": false,
                    "metric_name": "BlockIPRuleMetrics",
                    "sampled_requests_enabled": false
                  }
                ]
              }
            ],
            "scope": "CLOUDFRONT",
            "tags": null,
            "tags_all": {},
            "token_domains": null,
            "visibility_config": [
              {
                "cloudwatch_metrics_enabled": false,
                "metric_name": "BlockIPRuleMetrics",
                "sampled_requests_enabled": false
              }
            ]
          },
          "sensitive_attributes": [],
          "private": "bnVsbA=="
        }
      ]
    },
    {
      "module": "module.security-group",
      "mode": "data",
      "type": "aws_vpc",
      "name": "vpc",
      "provider": "provider[\"registry.terraform.io/hashicorp/aws\"]",
      "instances": [
        {
          "schema_version": 0,
          "attributes": {
            "arn": "arn:aws:ec2:ap-southeast-1:891377163278:vpc/vpc-04e8ab343e22dc79b",
            "cidr_block": "192.168.0.0/16",
            "cidr_block_associations": [
              {
                "association_id": "vpc-cidr-assoc-0b36cb56cba93245e",
                "cidr_block": "192.168.0.0/16",
                "state": "associated"
              }
            ],
            "default": false,
            "dhcp_options_id": "dopt-0ca02d48b1d18e4d7",
            "enable_dns_hostnames": true,
            "enable_dns_support": true,
            "enable_network_address_usage_metrics": false,
            "filter": [
              {
                "name": "tag:Name",
                "values": [
                  "3-Tier-VPC"
                ]
              }
            ],
            "id": "vpc-04e8ab343e22dc79b",
            "instance_tenancy": "default",
            "ipv6_association_id": "",
            "ipv6_cidr_block": "",
            "main_route_table_id": "rtb-0a73bc69819bc8fe1",
            "owner_id": "891377163278",
            "state": null,
            "tags": {
              "Name": "3-Tier-VPC"
            },
            "timeouts": null
          },
          "sensitive_attributes": []
        }
      ]
    },
    {
      "module": "module.security-group",
      "mode": "managed",
      "type": "aws_security_group",
      "name": "database-sg",
      "provider": "provider[\"registry.terraform.io/hashicorp/aws\"]",
      "instances": [
        {
          "schema_version": 1,
          "attributes": {
            "arn": "arn:aws:ec2:ap-southeast-1:891377163278:security-group/sg-07e52d60aaf22ac9f",
            "description": "Protocol Type MySQL/Aurora",
            "egress": [
              {
                "cidr_blocks": [
                  "0.0.0.0/0"
                ],
                "description": "",
                "from_port": 0,
                "ipv6_cidr_blocks": [
                  "::/0"
                ],
                "prefix_list_ids": [],
                "protocol": "-1",
                "security_groups": [],
                "self": false,
                "to_port": 0
              }
            ],
            "id": "sg-07e52d60aaf22ac9f",
            "ingress": [
              {
                "cidr_blocks": [],
                "description": "",
                "from_port": 3306,
                "ipv6_cidr_blocks": [],
                "prefix_list_ids": [],
                "protocol": "tcp",
                "security_groups": [
                  "sg-00325e1306dcfdf34"
                ],
                "self": false,
                "to_port": 3306
              }
            ],
            "name": "terraform-2024051400584781290000000d",
            "name_prefix": "terraform-",
            "owner_id": "891377163278",
            "revoke_rules_on_delete": false,
            "tags": {
              "Name": "3-Tier-db-sg"
            },
            "tags_all": {
              "Name": "3-Tier-db-sg"
            },
            "timeouts": null,
            "vpc_id": "vpc-04e8ab343e22dc79b"
          },
          "sensitive_attributes": [],
          "private": "eyJlMmJmYjczMC1lY2FhLTExZTYtOGY4OC0zNDM2M2JjN2M0YzAiOnsiY3JlYXRlIjo2MDAwMDAwMDAwMDAsImRlbGV0ZSI6OTAwMDAwMDAwMDAwfSwic2NoZW1hX3ZlcnNpb24iOiIxIn0=",
          "dependencies": [
            "module.security-group.aws_security_group.was-alb-sg",
            "module.security-group.aws_security_group.was-tier-sg",
            "module.security-group.aws_security_group.web-alb-sg",
            "module.security-group.aws_security_group.web-tier-sg",
            "module.security-group.data.aws_vpc.vpc",
            "module.vpc.aws_eip.eip1",
            "module.vpc.aws_eip.eip2",
            "module.vpc.aws_internet_gateway.igw",
            "module.vpc.aws_nat_gateway.ngw1",
            "module.vpc.aws_nat_gateway.ngw2",
            "module.vpc.aws_route_table.private1-rt1",
            "module.vpc.aws_route_table.private1-rt2",
            "module.vpc.aws_route_table.private2-rt1",
            "module.vpc.aws_route_table.private2-rt2",
            "module.vpc.aws_route_table.public-rt1",
            "module.vpc.aws_route_table.public-rt2",
            "module.vpc.aws_route_table_association.private1-rt-association1",
            "module.vpc.aws_route_table_association.private1-rt-association2",
            "module.vpc.aws_route_table_association.private2-rt-association1",
            "module.vpc.aws_route_table_association.private2-rt-association2",
            "module.vpc.aws_route_table_association.public-rt-association1",
            "module.vpc.aws_route_table_association.public-rt-association2",
            "module.vpc.aws_subnet.private1-subnet1",
            "module.vpc.aws_subnet.private1-subnet2",
            "module.vpc.aws_subnet.private2-subnet1",
            "module.vpc.aws_subnet.private2-subnet2",
            "module.vpc.aws_subnet.public-subnet1",
            "module.vpc.aws_subnet.public-subnet2",
            "module.vpc.aws_vpc.vpc",
            "module.vpc.data.aws_availability_zones.available"
          ]
        }
      ]
    },
    {
      "module": "module.security-group",
      "mode": "managed",
      "type": "aws_security_group",
      "name": "was-alb-sg",
      "provider": "provider[\"registry.terraform.io/hashicorp/aws\"]",
      "instances": [
        {
          "schema_version": 1,
          "attributes": {
            "arn": "arn:aws:ec2:ap-southeast-1:891377163278:security-group/sg-0fc53a679e2803659",
            "description": "Allow WEB EC2 ONLY",
            "egress": [
              {
                "cidr_blocks": [
                  "0.0.0.0/0"
                ],
                "description": "",
                "from_port": 0,
                "ipv6_cidr_blocks": [
                  "::/0"
                ],
                "prefix_list_ids": [],
                "protocol": "-1",
                "security_groups": [],
                "self": false,
                "to_port": 0
              }
            ],
            "id": "sg-0fc53a679e2803659",
            "ingress": [
              {
                "cidr_blocks": [],
                "description": "",
                "from_port": 8080,
                "ipv6_cidr_blocks": [],
                "prefix_list_ids": [],
                "protocol": "tcp",
                "security_groups": [
                  "sg-0c50e91f97c67d329"
                ],
                "self": false,
                "to_port": 8080
              }
            ],
            "name": "terraform-2024051400584301990000000b",
            "name_prefix": "terraform-",
            "owner_id": "891377163278",
            "revoke_rules_on_delete": false,
            "tags": {
              "Name": "3-Tier-was-alb-sg"
            },
            "tags_all": {
              "Name": "3-Tier-was-alb-sg"
            },
            "timeouts": null,
            "vpc_id": "vpc-04e8ab343e22dc79b"
          },
          "sensitive_attributes": [],
          "private": "eyJlMmJmYjczMC1lY2FhLTExZTYtOGY4OC0zNDM2M2JjN2M0YzAiOnsiY3JlYXRlIjo2MDAwMDAwMDAwMDAsImRlbGV0ZSI6OTAwMDAwMDAwMDAwfSwic2NoZW1hX3ZlcnNpb24iOiIxIn0=",
          "dependencies": [
            "module.security-group.aws_security_group.web-alb-sg",
            "module.security-group.aws_security_group.web-tier-sg",
            "module.security-group.data.aws_vpc.vpc",
            "module.vpc.aws_eip.eip1",
            "module.vpc.aws_eip.eip2",
            "module.vpc.aws_internet_gateway.igw",
            "module.vpc.aws_nat_gateway.ngw1",
            "module.vpc.aws_nat_gateway.ngw2",
            "module.vpc.aws_route_table.private1-rt1",
            "module.vpc.aws_route_table.private1-rt2",
            "module.vpc.aws_route_table.private2-rt1",
            "module.vpc.aws_route_table.private2-rt2",
            "module.vpc.aws_route_table.public-rt1",
            "module.vpc.aws_route_table.public-rt2",
            "module.vpc.aws_route_table_association.private1-rt-association1",
            "module.vpc.aws_route_table_association.private1-rt-association2",
            "module.vpc.aws_route_table_association.private2-rt-association1",
            "module.vpc.aws_route_table_association.private2-rt-association2",
            "module.vpc.aws_route_table_association.public-rt-association1",
            "module.vpc.aws_route_table_association.public-rt-association2",
            "module.vpc.aws_subnet.private1-subnet1",
            "module.vpc.aws_subnet.private1-subnet2",
            "module.vpc.aws_subnet.private2-subnet1",
            "module.vpc.aws_subnet.private2-subnet2",
            "module.vpc.aws_subnet.public-subnet1",
            "module.vpc.aws_subnet.public-subnet2",
            "module.vpc.aws_vpc.vpc",
            "module.vpc.data.aws_availability_zones.available"
          ]
        }
      ]
    },
    {
      "module": "module.security-group",
      "mode": "managed",
      "type": "aws_security_group",
      "name": "was-tier-sg",
      "provider": "provider[\"registry.terraform.io/hashicorp/aws\"]",
      "instances": [
        {
          "schema_version": 1,
          "attributes": {
            "arn": "arn:aws:ec2:ap-southeast-1:891377163278:security-group/sg-00325e1306dcfdf34",
            "description": "Allow HTTP and HTTPS for WEB Only",
            "egress": [
              {
                "cidr_blocks": [
                  "0.0.0.0/0"
                ],
                "description": "",
                "from_port": 0,
                "ipv6_cidr_blocks": [
                  "::/0"
                ],
                "prefix_list_ids": [],
                "protocol": "-1",
                "security_groups": [],
                "self": false,
                "to_port": 0
              }
            ],
            "id": "sg-00325e1306dcfdf34",
            "ingress": [
              {
                "cidr_blocks": [],
                "description": "",
                "from_port": 8080,
                "ipv6_cidr_blocks": [],
                "prefix_list_ids": [],
                "protocol": "tcp",
                "security_groups": [
                  "sg-0fc53a679e2803659"
                ],
                "self": false,
                "to_port": 8080
              }
            ],
            "name": "terraform-2024051400584536400000000c",
            "name_prefix": "terraform-",
            "owner_id": "891377163278",
            "revoke_rules_on_delete": false,
            "tags": {
              "Name": "3-Tier-was-sg"
            },
            "tags_all": {
              "Name": "3-Tier-was-sg"
            },
            "timeouts": null,
            "vpc_id": "vpc-04e8ab343e22dc79b"
          },
          "sensitive_attributes": [],
          "private": "eyJlMmJmYjczMC1lY2FhLTExZTYtOGY4OC0zNDM2M2JjN2M0YzAiOnsiY3JlYXRlIjo2MDAwMDAwMDAwMDAsImRlbGV0ZSI6OTAwMDAwMDAwMDAwfSwic2NoZW1hX3ZlcnNpb24iOiIxIn0=",
          "dependencies": [
            "module.security-group.aws_security_group.was-alb-sg",
            "module.security-group.aws_security_group.web-alb-sg",
            "module.security-group.aws_security_group.web-tier-sg",
            "module.security-group.data.aws_vpc.vpc",
            "module.vpc.aws_eip.eip1",
            "module.vpc.aws_eip.eip2",
            "module.vpc.aws_internet_gateway.igw",
            "module.vpc.aws_nat_gateway.ngw1",
            "module.vpc.aws_nat_gateway.ngw2",
            "module.vpc.aws_route_table.private1-rt1",
            "module.vpc.aws_route_table.private1-rt2",
            "module.vpc.aws_route_table.private2-rt1",
            "module.vpc.aws_route_table.private2-rt2",
            "module.vpc.aws_route_table.public-rt1",
            "module.vpc.aws_route_table.public-rt2",
            "module.vpc.aws_route_table_association.private1-rt-association1",
            "module.vpc.aws_route_table_association.private1-rt-association2",
            "module.vpc.aws_route_table_association.private2-rt-association1",
            "module.vpc.aws_route_table_association.private2-rt-association2",
            "module.vpc.aws_route_table_association.public-rt-association1",
            "module.vpc.aws_route_table_association.public-rt-association2",
            "module.vpc.aws_subnet.private1-subnet1",
            "module.vpc.aws_subnet.private1-subnet2",
            "module.vpc.aws_subnet.private2-subnet1",
            "module.vpc.aws_subnet.private2-subnet2",
            "module.vpc.aws_subnet.public-subnet1",
            "module.vpc.aws_subnet.public-subnet2",
            "module.vpc.aws_vpc.vpc",
            "module.vpc.data.aws_availability_zones.available"
          ]
        }
      ]
    },
    {
      "module": "module.security-group",
      "mode": "managed",
      "type": "aws_security_group",
      "name": "web-alb-sg",
      "provider": "provider[\"registry.terraform.io/hashicorp/aws\"]",
      "instances": [
        {
          "schema_version": 1,
          "attributes": {
            "arn": "arn:aws:ec2:ap-southeast-1:891377163278:security-group/sg-035d3caac553ed7bd",
            "description": "Allow HTTP and HTTPS for World",
            "egress": [
              {
                "cidr_blocks": [
                  "0.0.0.0/0"
                ],
                "description": "",
                "from_port": 0,
                "ipv6_cidr_blocks": [
                  "::/0"
                ],
                "prefix_list_ids": [],
                "protocol": "-1",
                "security_groups": [],
                "self": false,
                "to_port": 0
              }
            ],
            "id": "sg-035d3caac553ed7bd",
            "ingress": [
              {
                "cidr_blocks": [
                  "0.0.0.0/0"
                ],
                "description": "",
                "from_port": 443,
                "ipv6_cidr_blocks": [],
                "prefix_list_ids": [],
                "protocol": "tcp",
                "security_groups": [],
                "self": false,
                "to_port": 443
              },
              {
                "cidr_blocks": [
                  "0.0.0.0/0"
                ],
                "description": "",
                "from_port": 80,
                "ipv6_cidr_blocks": [],
                "prefix_list_ids": [],
                "protocol": "tcp",
                "security_groups": [],
                "self": false,
                "to_port": 80
              }
            ],
            "name": "terraform-20240514005838549500000009",
            "name_prefix": "terraform-",
            "owner_id": "891377163278",
            "revoke_rules_on_delete": false,
            "tags": {
              "Name": "3-Tier-web-alb-sg"
            },
            "tags_all": {
              "Name": "3-Tier-web-alb-sg"
            },
            "timeouts": null,
            "vpc_id": "vpc-04e8ab343e22dc79b"
          },
          "sensitive_attributes": [],
          "private": "eyJlMmJmYjczMC1lY2FhLTExZTYtOGY4OC0zNDM2M2JjN2M0YzAiOnsiY3JlYXRlIjo2MDAwMDAwMDAwMDAsImRlbGV0ZSI6OTAwMDAwMDAwMDAwfSwic2NoZW1hX3ZlcnNpb24iOiIxIn0=",
          "dependencies": [
            "module.security-group.data.aws_vpc.vpc",
            "module.vpc.aws_eip.eip1",
            "module.vpc.aws_eip.eip2",
            "module.vpc.aws_internet_gateway.igw",
            "module.vpc.aws_nat_gateway.ngw1",
            "module.vpc.aws_nat_gateway.ngw2",
            "module.vpc.aws_route_table.private1-rt1",
            "module.vpc.aws_route_table.private1-rt2",
            "module.vpc.aws_route_table.private2-rt1",
            "module.vpc.aws_route_table.private2-rt2",
            "module.vpc.aws_route_table.public-rt1",
            "module.vpc.aws_route_table.public-rt2",
            "module.vpc.aws_route_table_association.private1-rt-association1",
            "module.vpc.aws_route_table_association.private1-rt-association2",
            "module.vpc.aws_route_table_association.private2-rt-association1",
            "module.vpc.aws_route_table_association.private2-rt-association2",
            "module.vpc.aws_route_table_association.public-rt-association1",
            "module.vpc.aws_route_table_association.public-rt-association2",
            "module.vpc.aws_subnet.private1-subnet1",
            "module.vpc.aws_subnet.private1-subnet2",
            "module.vpc.aws_subnet.private2-subnet1",
            "module.vpc.aws_subnet.private2-subnet2",
            "module.vpc.aws_subnet.public-subnet1",
            "module.vpc.aws_subnet.public-subnet2",
            "module.vpc.aws_vpc.vpc",
            "module.vpc.data.aws_availability_zones.available"
          ]
        }
      ]
    },
    {
      "module": "module.security-group",
      "mode": "managed",
      "type": "aws_security_group",
      "name": "web-tier-sg",
      "provider": "provider[\"registry.terraform.io/hashicorp/aws\"]",
      "instances": [
        {
          "schema_version": 1,
          "attributes": {
            "arn": "arn:aws:ec2:ap-southeast-1:891377163278:security-group/sg-0c50e91f97c67d329",
            "description": "Allow HTTP and HTTPS for ALB Only",
            "egress": [
              {
                "cidr_blocks": [
                  "0.0.0.0/0"
                ],
                "description": "",
                "from_port": 0,
                "ipv6_cidr_blocks": [
                  "::/0"
                ],
                "prefix_list_ids": [],
                "protocol": "-1",
                "security_groups": [],
                "self": false,
                "to_port": 0
              }
            ],
            "id": "sg-0c50e91f97c67d329",
            "ingress": [
              {
                "cidr_blocks": [],
                "description": "",
                "from_port": 443,
                "ipv6_cidr_blocks": [],
                "prefix_list_ids": [],
                "protocol": "tcp",
                "security_groups": [
                  "sg-035d3caac553ed7bd"
                ],
                "self": false,
                "to_port": 443
              },
              {
                "cidr_blocks": [],
                "description": "",
                "from_port": 80,
                "ipv6_cidr_blocks": [],
                "prefix_list_ids": [],
                "protocol": "tcp",
                "security_groups": [
                  "sg-035d3caac553ed7bd"
                ],
                "self": false,
                "to_port": 80
              }
            ],
            "name": "terraform-2024051400584081830000000a",
            "name_prefix": "terraform-",
            "owner_id": "891377163278",
            "revoke_rules_on_delete": false,
            "tags": {
              "Name": "3-Tier-web-sg"
            },
            "tags_all": {
              "Name": "3-Tier-web-sg"
            },
            "timeouts": null,
            "vpc_id": "vpc-04e8ab343e22dc79b"
          },
          "sensitive_attributes": [],
          "private": "eyJlMmJmYjczMC1lY2FhLTExZTYtOGY4OC0zNDM2M2JjN2M0YzAiOnsiY3JlYXRlIjo2MDAwMDAwMDAwMDAsImRlbGV0ZSI6OTAwMDAwMDAwMDAwfSwic2NoZW1hX3ZlcnNpb24iOiIxIn0=",
          "dependencies": [
            "module.security-group.aws_security_group.web-alb-sg",
            "module.security-group.data.aws_vpc.vpc",
            "module.vpc.aws_eip.eip1",
            "module.vpc.aws_eip.eip2",
            "module.vpc.aws_internet_gateway.igw",
            "module.vpc.aws_nat_gateway.ngw1",
            "module.vpc.aws_nat_gateway.ngw2",
            "module.vpc.aws_route_table.private1-rt1",
            "module.vpc.aws_route_table.private1-rt2",
            "module.vpc.aws_route_table.private2-rt1",
            "module.vpc.aws_route_table.private2-rt2",
            "module.vpc.aws_route_table.public-rt1",
            "module.vpc.aws_route_table.public-rt2",
            "module.vpc.aws_route_table_association.private1-rt-association1",
            "module.vpc.aws_route_table_association.private1-rt-association2",
            "module.vpc.aws_route_table_association.private2-rt-association1",
            "module.vpc.aws_route_table_association.private2-rt-association2",
            "module.vpc.aws_route_table_association.public-rt-association1",
            "module.vpc.aws_route_table_association.public-rt-association2",
            "module.vpc.aws_subnet.private1-subnet1",
            "module.vpc.aws_subnet.private1-subnet2",
            "module.vpc.aws_subnet.private2-subnet1",
            "module.vpc.aws_subnet.private2-subnet2",
            "module.vpc.aws_subnet.public-subnet1",
            "module.vpc.aws_subnet.public-subnet2",
            "module.vpc.aws_vpc.vpc",
            "module.vpc.data.aws_availability_zones.available"
          ]
        }
      ]
    },
    {
      "module": "module.vpc",
      "mode": "data",
      "type": "aws_availability_zones",
      "name": "available",
      "provider": "provider[\"registry.terraform.io/hashicorp/aws\"]",
      "instances": [
        {
          "schema_version": 0,
          "attributes": {
            "all_availability_zones": null,
            "exclude_names": null,
            "exclude_zone_ids": null,
            "filter": null,
            "group_names": [
              "ap-southeast-1"
            ],
            "id": "ap-southeast-1",
            "names": [
              "ap-southeast-1a",
              "ap-southeast-1b",
              "ap-southeast-1c"
            ],
            "state": "available",
            "timeouts": null,
            "zone_ids": [
              "apse1-az1",
              "apse1-az2",
              "apse1-az3"
            ]
          },
          "sensitive_attributes": []
        }
      ]
    },
    {
      "module": "module.vpc",
      "mode": "managed",
      "type": "aws_eip",
      "name": "eip1",
      "provider": "provider[\"registry.terraform.io/hashicorp/aws\"]",
      "instances": [
        {
          "schema_version": 0,
          "attributes": {
            "address": null,
            "allocation_id": "eipalloc-074ea575bf1dd301e",
            "arn": "arn:aws:ec2:ap-southeast-1:891377163278:elastic-ip/eipalloc-074ea575bf1dd301e",
            "associate_with_private_ip": null,
            "association_id": "",
            "carrier_ip": "",
            "customer_owned_ip": "",
            "customer_owned_ipv4_pool": "",
            "domain": "vpc",
            "id": "eipalloc-074ea575bf1dd301e",
            "instance": "",
            "network_border_group": "ap-southeast-1",
            "network_interface": "",
            "private_dns": null,
            "private_ip": "",
            "ptr_record": "",
            "public_dns": "ec2-13-229-189-196.ap-southeast-1.compute.amazonaws.com",
            "public_ip": "13.229.189.196",
            "public_ipv4_pool": "amazon",
            "tags": {
              "Name": "3-Tier-Elastic-IP1"
            },
            "tags_all": {
              "Name": "3-Tier-Elastic-IP1"
            },
            "timeouts": null,
            "vpc": true
          },
          "sensitive_attributes": [],
          "private": "eyJlMmJmYjczMC1lY2FhLTExZTYtOGY4OC0zNDM2M2JjN2M0YzAiOnsiZGVsZXRlIjoxODAwMDAwMDAwMDAsInJlYWQiOjkwMDAwMDAwMDAwMCwidXBkYXRlIjozMDAwMDAwMDAwMDB9fQ==",
          "dependencies": [
            "module.vpc.aws_internet_gateway.igw",
            "module.vpc.aws_subnet.private2-subnet1",
            "module.vpc.aws_subnet.private2-subnet2",
            "module.vpc.aws_subnet.public-subnet1",
            "module.vpc.aws_subnet.public-subnet2",
            "module.vpc.aws_vpc.vpc",
            "module.vpc.data.aws_availability_zones.available"
          ]
        }
      ]
    },
    {
      "module": "module.vpc",
      "mode": "managed",
      "type": "aws_eip",
      "name": "eip2",
      "provider": "provider[\"registry.terraform.io/hashicorp/aws\"]",
      "instances": [
        {
          "schema_version": 0,
          "attributes": {
            "address": null,
            "allocation_id": "eipalloc-0616a05edabe05a7e",
            "arn": "arn:aws:ec2:ap-southeast-1:891377163278:elastic-ip/eipalloc-0616a05edabe05a7e",
            "associate_with_private_ip": null,
            "association_id": "",
            "carrier_ip": "",
            "customer_owned_ip": "",
            "customer_owned_ipv4_pool": "",
            "domain": "vpc",
            "id": "eipalloc-0616a05edabe05a7e",
            "instance": "",
            "network_border_group": "ap-southeast-1",
            "network_interface": "",
            "private_dns": null,
            "private_ip": "",
            "ptr_record": "",
            "public_dns": "ec2-18-142-218-16.ap-southeast-1.compute.amazonaws.com",
            "public_ip": "18.142.218.16",
            "public_ipv4_pool": "amazon",
            "tags": {
              "Name": "3-Tier-Elastic-IP2"
            },
            "tags_all": {
              "Name": "3-Tier-Elastic-IP2"
            },
            "timeouts": null,
            "vpc": true
          },
          "sensitive_attributes": [],
          "private": "eyJlMmJmYjczMC1lY2FhLTExZTYtOGY4OC0zNDM2M2JjN2M0YzAiOnsiZGVsZXRlIjoxODAwMDAwMDAwMDAsInJlYWQiOjkwMDAwMDAwMDAwMCwidXBkYXRlIjozMDAwMDAwMDAwMDB9fQ==",
          "dependencies": [
            "module.vpc.aws_eip.eip1",
            "module.vpc.aws_internet_gateway.igw",
            "module.vpc.aws_subnet.private2-subnet1",
            "module.vpc.aws_subnet.private2-subnet2",
            "module.vpc.aws_subnet.public-subnet1",
            "module.vpc.aws_subnet.public-subnet2",
            "module.vpc.aws_vpc.vpc",
            "module.vpc.data.aws_availability_zones.available"
          ]
        }
      ]
    },
    {
      "module": "module.vpc",
      "mode": "managed",
      "type": "aws_internet_gateway",
      "name": "igw",
      "provider": "provider[\"registry.terraform.io/hashicorp/aws\"]",
      "instances": [
        {
          "schema_version": 0,
          "attributes": {
            "arn": "arn:aws:ec2:ap-southeast-1:891377163278:internet-gateway/igw-0376ae18836da5e3d",
            "id": "igw-0376ae18836da5e3d",
            "owner_id": "891377163278",
            "tags": {
              "Name": "3-Tier-Interet-Gateway"
            },
            "tags_all": {
              "Name": "3-Tier-Interet-Gateway"
            },
            "timeouts": null,
            "vpc_id": "vpc-04e8ab343e22dc79b"
          },
          "sensitive_attributes": [],
          "private": "eyJlMmJmYjczMC1lY2FhLTExZTYtOGY4OC0zNDM2M2JjN2M0YzAiOnsiY3JlYXRlIjoxMjAwMDAwMDAwMDAwLCJkZWxldGUiOjEyMDAwMDAwMDAwMDAsInVwZGF0ZSI6MTIwMDAwMDAwMDAwMH19",
          "dependencies": [
            "module.vpc.aws_vpc.vpc"
          ]
        }
      ]
    },
    {
      "module": "module.vpc",
      "mode": "managed",
      "type": "aws_nat_gateway",
      "name": "ngw1",
      "provider": "provider[\"registry.terraform.io/hashicorp/aws\"]",
      "instances": [
        {
          "schema_version": 0,
          "attributes": {
            "allocation_id": "eipalloc-074ea575bf1dd301e",
            "association_id": "eipassoc-097682e6de8849d3a",
            "connectivity_type": "public",
            "id": "nat-0bbd6c953b87de22b",
            "network_interface_id": "eni-05a7899abdad8fba9",
            "private_ip": "192.168.10.139",
            "public_ip": "13.229.189.196",
            "secondary_allocation_ids": null,
            "secondary_private_ip_address_count": 0,
            "secondary_private_ip_addresses": [],
            "subnet_id": "subnet-01e1145099aae56c3",
            "tags": {
              "Name": "3-Tier-NAT1"
            },
            "tags_all": {
              "Name": "3-Tier-NAT1"
            },
            "timeouts": null
          },
          "sensitive_attributes": [],
          "private": "eyJlMmJmYjczMC1lY2FhLTExZTYtOGY4OC0zNDM2M2JjN2M0YzAiOnsiY3JlYXRlIjo2MDAwMDAwMDAwMDAsImRlbGV0ZSI6MTgwMDAwMDAwMDAwMCwidXBkYXRlIjo2MDAwMDAwMDAwMDB9fQ==",
          "dependencies": [
            "module.vpc.aws_eip.eip1",
            "module.vpc.aws_eip.eip2",
            "module.vpc.aws_internet_gateway.igw",
            "module.vpc.aws_subnet.private2-subnet1",
            "module.vpc.aws_subnet.private2-subnet2",
            "module.vpc.aws_subnet.public-subnet1",
            "module.vpc.aws_subnet.public-subnet2",
            "module.vpc.aws_vpc.vpc",
            "module.vpc.data.aws_availability_zones.available"
          ]
        }
      ]
    },
    {
      "module": "module.vpc",
      "mode": "managed",
      "type": "aws_nat_gateway",
      "name": "ngw2",
      "provider": "provider[\"registry.terraform.io/hashicorp/aws\"]",
      "instances": [
        {
          "schema_version": 0,
          "attributes": {
            "allocation_id": "eipalloc-0616a05edabe05a7e",
            "association_id": "eipassoc-02087363191b9e000",
            "connectivity_type": "public",
            "id": "nat-08e2366fc2b4cb99a",
            "network_interface_id": "eni-062c606bf025203e6",
            "private_ip": "192.168.40.105",
            "public_ip": "18.142.218.16",
            "secondary_allocation_ids": null,
            "secondary_private_ip_address_count": 0,
            "secondary_private_ip_addresses": [],
            "subnet_id": "subnet-068134fe41d6da2bd",
            "tags": {
              "Name": "3-Tier-NAT2"
            },
            "tags_all": {
              "Name": "3-Tier-NAT2"
            },
            "timeouts": null
          },
          "sensitive_attributes": [],
          "private": "eyJlMmJmYjczMC1lY2FhLTExZTYtOGY4OC0zNDM2M2JjN2M0YzAiOnsiY3JlYXRlIjo2MDAwMDAwMDAwMDAsImRlbGV0ZSI6MTgwMDAwMDAwMDAwMCwidXBkYXRlIjo2MDAwMDAwMDAwMDB9fQ==",
          "dependencies": [
            "module.vpc.aws_eip.eip1",
            "module.vpc.aws_eip.eip2",
            "module.vpc.aws_internet_gateway.igw",
            "module.vpc.aws_nat_gateway.ngw1",
            "module.vpc.aws_subnet.private2-subnet1",
            "module.vpc.aws_subnet.private2-subnet2",
            "module.vpc.aws_subnet.public-subnet1",
            "module.vpc.aws_subnet.public-subnet2",
            "module.vpc.aws_vpc.vpc",
            "module.vpc.data.aws_availability_zones.available"
          ]
        }
      ]
    },
    {
      "module": "module.vpc",
      "mode": "managed",
      "type": "aws_route_table",
      "name": "private1-rt1",
      "provider": "provider[\"registry.terraform.io/hashicorp/aws\"]",
      "instances": [
        {
          "schema_version": 0,
          "attributes": {
            "arn": "arn:aws:ec2:ap-southeast-1:891377163278:route-table/rtb-0f416a67e0e927705",
            "id": "rtb-0f416a67e0e927705",
            "owner_id": "891377163278",
            "propagating_vgws": [],
            "route": [
              {
                "carrier_gateway_id": "",
                "cidr_block": "0.0.0.0/0",
                "core_network_arn": "",
                "destination_prefix_list_id": "",
                "egress_only_gateway_id": "",
                "gateway_id": "nat-0bbd6c953b87de22b",
                "ipv6_cidr_block": "",
                "local_gateway_id": "",
                "nat_gateway_id": "",
                "network_interface_id": "",
                "transit_gateway_id": "",
                "vpc_endpoint_id": "",
                "vpc_peering_connection_id": ""
              }
            ],
            "tags": {
              "Name": "3-Tier-Private1-Route-table1"
            },
            "tags_all": {
              "Name": "3-Tier-Private1-Route-table1"
            },
            "timeouts": null,
            "vpc_id": "vpc-04e8ab343e22dc79b"
          },
          "sensitive_attributes": [],
          "private": "eyJlMmJmYjczMC1lY2FhLTExZTYtOGY4OC0zNDM2M2JjN2M0YzAiOnsiY3JlYXRlIjozMDAwMDAwMDAwMDAsImRlbGV0ZSI6MzAwMDAwMDAwMDAwLCJ1cGRhdGUiOjEyMDAwMDAwMDAwMH19",
          "dependencies": [
            "module.vpc.aws_eip.eip1",
            "module.vpc.aws_eip.eip2",
            "module.vpc.aws_internet_gateway.igw",
            "module.vpc.aws_nat_gateway.ngw1",
            "module.vpc.aws_nat_gateway.ngw2",
            "module.vpc.aws_route_table.public-rt1",
            "module.vpc.aws_route_table.public-rt2",
            "module.vpc.aws_route_table_association.public-rt-association1",
            "module.vpc.aws_route_table_association.public-rt-association2",
            "module.vpc.aws_subnet.private2-subnet1",
            "module.vpc.aws_subnet.private2-subnet2",
            "module.vpc.aws_subnet.public-subnet1",
            "module.vpc.aws_subnet.public-subnet2",
            "module.vpc.aws_vpc.vpc",
            "module.vpc.data.aws_availability_zones.available"
          ]
        }
      ]
    },
    {
      "module": "module.vpc",
      "mode": "managed",
      "type": "aws_route_table",
      "name": "private1-rt2",
      "provider": "provider[\"registry.terraform.io/hashicorp/aws\"]",
      "instances": [
        {
          "schema_version": 0,
          "attributes": {
            "arn": "arn:aws:ec2:ap-southeast-1:891377163278:route-table/rtb-036a50c8a3212a811",
            "id": "rtb-036a50c8a3212a811",
            "owner_id": "891377163278",
            "propagating_vgws": [],
            "route": [
              {
                "carrier_gateway_id": "",
                "cidr_block": "0.0.0.0/0",
                "core_network_arn": "",
                "destination_prefix_list_id": "",
                "egress_only_gateway_id": "",
                "gateway_id": "nat-08e2366fc2b4cb99a",
                "ipv6_cidr_block": "",
                "local_gateway_id": "",
                "nat_gateway_id": "",
                "network_interface_id": "",
                "transit_gateway_id": "",
                "vpc_endpoint_id": "",
                "vpc_peering_connection_id": ""
              }
            ],
            "tags": {
              "Name": "3-Tier-Private1-Route-table2"
            },
            "tags_all": {
              "Name": "3-Tier-Private1-Route-table2"
            },
            "timeouts": null,
            "vpc_id": "vpc-04e8ab343e22dc79b"
          },
          "sensitive_attributes": [],
          "private": "eyJlMmJmYjczMC1lY2FhLTExZTYtOGY4OC0zNDM2M2JjN2M0YzAiOnsiY3JlYXRlIjozMDAwMDAwMDAwMDAsImRlbGV0ZSI6MzAwMDAwMDAwMDAwLCJ1cGRhdGUiOjEyMDAwMDAwMDAwMH19",
          "dependencies": [
            "module.vpc.aws_eip.eip1",
            "module.vpc.aws_eip.eip2",
            "module.vpc.aws_internet_gateway.igw",
            "module.vpc.aws_nat_gateway.ngw1",
            "module.vpc.aws_nat_gateway.ngw2",
            "module.vpc.aws_route_table.private1-rt1",
            "module.vpc.aws_route_table.public-rt1",
            "module.vpc.aws_route_table.public-rt2",
            "module.vpc.aws_route_table_association.private1-rt-association1",
            "module.vpc.aws_route_table_association.public-rt-association1",
            "module.vpc.aws_route_table_association.public-rt-association2",
            "module.vpc.aws_subnet.private1-subnet1",
            "module.vpc.aws_subnet.private2-subnet1",
            "module.vpc.aws_subnet.private2-subnet2",
            "module.vpc.aws_subnet.public-subnet1",
            "module.vpc.aws_subnet.public-subnet2",
            "module.vpc.aws_vpc.vpc",
            "module.vpc.data.aws_availability_zones.available"
          ]
        }
      ]
    },
    {
      "module": "module.vpc",
      "mode": "managed",
      "type": "aws_route_table",
      "name": "private2-rt1",
      "provider": "provider[\"registry.terraform.io/hashicorp/aws\"]",
      "instances": [
        {
          "schema_version": 0,
          "attributes": {
            "arn": "arn:aws:ec2:ap-southeast-1:891377163278:route-table/rtb-072c8e32ed7103654",
            "id": "rtb-072c8e32ed7103654",
            "owner_id": "891377163278",
            "propagating_vgws": [],
            "route": [
              {
                "carrier_gateway_id": "",
                "cidr_block": "0.0.0.0/0",
                "core_network_arn": "",
                "destination_prefix_list_id": "",
                "egress_only_gateway_id": "",
                "gateway_id": "nat-0bbd6c953b87de22b",
                "ipv6_cidr_block": "",
                "local_gateway_id": "",
                "nat_gateway_id": "",
                "network_interface_id": "",
                "transit_gateway_id": "",
                "vpc_endpoint_id": "",
                "vpc_peering_connection_id": ""
              }
            ],
            "tags": {
              "Name": "3-Tier-Private2-Route-table1"
            },
            "tags_all": {
              "Name": "3-Tier-Private2-Route-table1"
            },
            "timeouts": null,
            "vpc_id": "vpc-04e8ab343e22dc79b"
          },
          "sensitive_attributes": [],
          "private": "eyJlMmJmYjczMC1lY2FhLTExZTYtOGY4OC0zNDM2M2JjN2M0YzAiOnsiY3JlYXRlIjozMDAwMDAwMDAwMDAsImRlbGV0ZSI6MzAwMDAwMDAwMDAwLCJ1cGRhdGUiOjEyMDAwMDAwMDAwMH19",
          "dependencies": [
            "module.vpc.aws_eip.eip1",
            "module.vpc.aws_eip.eip2",
            "module.vpc.aws_internet_gateway.igw",
            "module.vpc.aws_nat_gateway.ngw1",
            "module.vpc.aws_nat_gateway.ngw2",
            "module.vpc.aws_route_table.public-rt1",
            "module.vpc.aws_route_table.public-rt2",
            "module.vpc.aws_route_table_association.public-rt-association1",
            "module.vpc.aws_route_table_association.public-rt-association2",
            "module.vpc.aws_subnet.private2-subnet1",
            "module.vpc.aws_subnet.private2-subnet2",
            "module.vpc.aws_subnet.public-subnet1",
            "module.vpc.aws_subnet.public-subnet2",
            "module.vpc.aws_vpc.vpc",
            "module.vpc.data.aws_availability_zones.available"
          ]
        }
      ]
    },
    {
      "module": "module.vpc",
      "mode": "managed",
      "type": "aws_route_table",
      "name": "private2-rt2",
      "provider": "provider[\"registry.terraform.io/hashicorp/aws\"]",
      "instances": [
        {
          "schema_version": 0,
          "attributes": {
            "arn": "arn:aws:ec2:ap-southeast-1:891377163278:route-table/rtb-03bc44c55a544dda5",
            "id": "rtb-03bc44c55a544dda5",
            "owner_id": "891377163278",
            "propagating_vgws": [],
            "route": [
              {
                "carrier_gateway_id": "",
                "cidr_block": "0.0.0.0/0",
                "core_network_arn": "",
                "destination_prefix_list_id": "",
                "egress_only_gateway_id": "",
                "gateway_id": "nat-08e2366fc2b4cb99a",
                "ipv6_cidr_block": "",
                "local_gateway_id": "",
                "nat_gateway_id": "",
                "network_interface_id": "",
                "transit_gateway_id": "",
                "vpc_endpoint_id": "",
                "vpc_peering_connection_id": ""
              }
            ],
            "tags": {
              "Name": "3-Tier-Private2-Route-table2"
            },
            "tags_all": {
              "Name": "3-Tier-Private2-Route-table2"
            },
            "timeouts": null,
            "vpc_id": "vpc-04e8ab343e22dc79b"
          },
          "sensitive_attributes": [],
          "private": "eyJlMmJmYjczMC1lY2FhLTExZTYtOGY4OC0zNDM2M2JjN2M0YzAiOnsiY3JlYXRlIjozMDAwMDAwMDAwMDAsImRlbGV0ZSI6MzAwMDAwMDAwMDAwLCJ1cGRhdGUiOjEyMDAwMDAwMDAwMH19",
          "dependencies": [
            "module.vpc.aws_eip.eip1",
            "module.vpc.aws_eip.eip2",
            "module.vpc.aws_internet_gateway.igw",
            "module.vpc.aws_nat_gateway.ngw1",
            "module.vpc.aws_nat_gateway.ngw2",
            "module.vpc.aws_route_table.private2-rt1",
            "module.vpc.aws_route_table.public-rt1",
            "module.vpc.aws_route_table.public-rt2",
            "module.vpc.aws_route_table_association.private2-rt-association1",
            "module.vpc.aws_route_table_association.public-rt-association1",
            "module.vpc.aws_route_table_association.public-rt-association2",
            "module.vpc.aws_subnet.private2-subnet1",
            "module.vpc.aws_subnet.private2-subnet2",
            "module.vpc.aws_subnet.public-subnet1",
            "module.vpc.aws_subnet.public-subnet2",
            "module.vpc.aws_vpc.vpc",
            "module.vpc.data.aws_availability_zones.available"
          ]
        }
      ]
    },
    {
      "module": "module.vpc",
      "mode": "managed",
      "type": "aws_route_table",
      "name": "public-rt1",
      "provider": "provider[\"registry.terraform.io/hashicorp/aws\"]",
      "instances": [
        {
          "schema_version": 0,
          "attributes": {
            "arn": "arn:aws:ec2:ap-southeast-1:891377163278:route-table/rtb-0873947ffb4bf43be",
            "id": "rtb-0873947ffb4bf43be",
            "owner_id": "891377163278",
            "propagating_vgws": [],
            "route": [
              {
                "carrier_gateway_id": "",
                "cidr_block": "0.0.0.0/0",
                "core_network_arn": "",
                "destination_prefix_list_id": "",
                "egress_only_gateway_id": "",
                "gateway_id": "igw-0376ae18836da5e3d",
                "ipv6_cidr_block": "",
                "local_gateway_id": "",
                "nat_gateway_id": "",
                "network_interface_id": "",
                "transit_gateway_id": "",
                "vpc_endpoint_id": "",
                "vpc_peering_connection_id": ""
              }
            ],
            "tags": {
              "Name": "3-Tier-Public-Route-table1"
            },
            "tags_all": {
              "Name": "3-Tier-Public-Route-table1"
            },
            "timeouts": null,
            "vpc_id": "vpc-04e8ab343e22dc79b"
          },
          "sensitive_attributes": [],
          "private": "eyJlMmJmYjczMC1lY2FhLTExZTYtOGY4OC0zNDM2M2JjN2M0YzAiOnsiY3JlYXRlIjozMDAwMDAwMDAwMDAsImRlbGV0ZSI6MzAwMDAwMDAwMDAwLCJ1cGRhdGUiOjEyMDAwMDAwMDAwMH19",
          "dependencies": [
            "module.vpc.aws_eip.eip1",
            "module.vpc.aws_eip.eip2",
            "module.vpc.aws_internet_gateway.igw",
            "module.vpc.aws_nat_gateway.ngw1",
            "module.vpc.aws_nat_gateway.ngw2",
            "module.vpc.aws_subnet.private2-subnet1",
            "module.vpc.aws_subnet.private2-subnet2",
            "module.vpc.aws_subnet.public-subnet1",
            "module.vpc.aws_subnet.public-subnet2",
            "module.vpc.aws_vpc.vpc",
            "module.vpc.data.aws_availability_zones.available"
          ]
        }
      ]
    },
    {
      "module": "module.vpc",
      "mode": "managed",
      "type": "aws_route_table",
      "name": "public-rt2",
      "provider": "provider[\"registry.terraform.io/hashicorp/aws\"]",
      "instances": [
        {
          "schema_version": 0,
          "attributes": {
            "arn": "arn:aws:ec2:ap-southeast-1:891377163278:route-table/rtb-0f1141d66bead421d",
            "id": "rtb-0f1141d66bead421d",
            "owner_id": "891377163278",
            "propagating_vgws": [],
            "route": [
              {
                "carrier_gateway_id": "",
                "cidr_block": "0.0.0.0/0",
                "core_network_arn": "",
                "destination_prefix_list_id": "",
                "egress_only_gateway_id": "",
                "gateway_id": "igw-0376ae18836da5e3d",
                "ipv6_cidr_block": "",
                "local_gateway_id": "",
                "nat_gateway_id": "",
                "network_interface_id": "",
                "transit_gateway_id": "",
                "vpc_endpoint_id": "",
                "vpc_peering_connection_id": ""
              }
            ],
            "tags": {
              "Name": "3-Tier-Public-Route-table2"
            },
            "tags_all": {
              "Name": "3-Tier-Public-Route-table2"
            },
            "timeouts": null,
            "vpc_id": "vpc-04e8ab343e22dc79b"
          },
          "sensitive_attributes": [],
          "private": "eyJlMmJmYjczMC1lY2FhLTExZTYtOGY4OC0zNDM2M2JjN2M0YzAiOnsiY3JlYXRlIjozMDAwMDAwMDAwMDAsImRlbGV0ZSI6MzAwMDAwMDAwMDAwLCJ1cGRhdGUiOjEyMDAwMDAwMDAwMH19",
          "dependencies": [
            "module.vpc.aws_eip.eip1",
            "module.vpc.aws_eip.eip2",
            "module.vpc.aws_internet_gateway.igw",
            "module.vpc.aws_nat_gateway.ngw1",
            "module.vpc.aws_nat_gateway.ngw2",
            "module.vpc.aws_route_table.public-rt1",
            "module.vpc.aws_route_table_association.public-rt-association1",
            "module.vpc.aws_subnet.private2-subnet1",
            "module.vpc.aws_subnet.private2-subnet2",
            "module.vpc.aws_subnet.public-subnet1",
            "module.vpc.aws_subnet.public-subnet2",
            "module.vpc.aws_vpc.vpc",
            "module.vpc.data.aws_availability_zones.available"
          ]
        }
      ]
    },
    {
      "module": "module.vpc",
      "mode": "managed",
      "type": "aws_route_table_association",
      "name": "private1-rt-association1",
      "provider": "provider[\"registry.terraform.io/hashicorp/aws\"]",
      "instances": [
        {
          "schema_version": 0,
          "attributes": {
            "gateway_id": "",
            "id": "rtbassoc-04a60e664bc1ac1a9",
            "route_table_id": "rtb-0f416a67e0e927705",
            "subnet_id": "subnet-0b04fbd1b83d91965",
            "timeouts": null
          },
          "sensitive_attributes": [],
          "private": "eyJlMmJmYjczMC1lY2FhLTExZTYtOGY4OC0zNDM2M2JjN2M0YzAiOnsiY3JlYXRlIjozMDAwMDAwMDAwMDAsImRlbGV0ZSI6MzAwMDAwMDAwMDAwLCJ1cGRhdGUiOjEyMDAwMDAwMDAwMH19",
          "dependencies": [
            "module.vpc.aws_eip.eip1",
            "module.vpc.aws_eip.eip2",
            "module.vpc.aws_internet_gateway.igw",
            "module.vpc.aws_nat_gateway.ngw1",
            "module.vpc.aws_nat_gateway.ngw2",
            "module.vpc.aws_route_table.private1-rt1",
            "module.vpc.aws_route_table.public-rt1",
            "module.vpc.aws_route_table.public-rt2",
            "module.vpc.aws_route_table_association.public-rt-association1",
            "module.vpc.aws_route_table_association.public-rt-association2",
            "module.vpc.aws_subnet.private1-subnet1",
            "module.vpc.aws_subnet.private2-subnet1",
            "module.vpc.aws_subnet.private2-subnet2",
            "module.vpc.aws_subnet.public-subnet1",
            "module.vpc.aws_subnet.public-subnet2",
            "module.vpc.aws_vpc.vpc",
            "module.vpc.data.aws_availability_zones.available"
          ]
        }
      ]
    },
    {
      "module": "module.vpc",
      "mode": "managed",
      "type": "aws_route_table_association",
      "name": "private1-rt-association2",
      "provider": "provider[\"registry.terraform.io/hashicorp/aws\"]",
      "instances": [
        {
          "schema_version": 0,
          "attributes": {
            "gateway_id": "",
            "id": "rtbassoc-0a1fc78ff9c3daee5",
            "route_table_id": "rtb-036a50c8a3212a811",
            "subnet_id": "subnet-0d6f5203b79205776",
            "timeouts": null
          },
          "sensitive_attributes": [],
          "private": "eyJlMmJmYjczMC1lY2FhLTExZTYtOGY4OC0zNDM2M2JjN2M0YzAiOnsiY3JlYXRlIjozMDAwMDAwMDAwMDAsImRlbGV0ZSI6MzAwMDAwMDAwMDAwLCJ1cGRhdGUiOjEyMDAwMDAwMDAwMH19",
          "dependencies": [
            "module.vpc.aws_eip.eip1",
            "module.vpc.aws_eip.eip2",
            "module.vpc.aws_internet_gateway.igw",
            "module.vpc.aws_nat_gateway.ngw1",
            "module.vpc.aws_nat_gateway.ngw2",
            "module.vpc.aws_route_table.private1-rt1",
            "module.vpc.aws_route_table.private1-rt2",
            "module.vpc.aws_route_table.public-rt1",
            "module.vpc.aws_route_table.public-rt2",
            "module.vpc.aws_route_table_association.private1-rt-association1",
            "module.vpc.aws_route_table_association.public-rt-association1",
            "module.vpc.aws_route_table_association.public-rt-association2",
            "module.vpc.aws_subnet.private1-subnet1",
            "module.vpc.aws_subnet.private1-subnet2",
            "module.vpc.aws_subnet.private2-subnet1",
            "module.vpc.aws_subnet.private2-subnet2",
            "module.vpc.aws_subnet.public-subnet1",
            "module.vpc.aws_subnet.public-subnet2",
            "module.vpc.aws_vpc.vpc",
            "module.vpc.data.aws_availability_zones.available"
          ]
        }
      ]
    },
    {
      "module": "module.vpc",
      "mode": "managed",
      "type": "aws_route_table_association",
      "name": "private2-rt-association1",
      "provider": "provider[\"registry.terraform.io/hashicorp/aws\"]",
      "instances": [
        {
          "schema_version": 0,
          "attributes": {
            "gateway_id": "",
            "id": "rtbassoc-0b8a6aeae58448ff8",
            "route_table_id": "rtb-072c8e32ed7103654",
            "subnet_id": "subnet-071fd452271822da6",
            "timeouts": null
          },
          "sensitive_attributes": [],
          "private": "eyJlMmJmYjczMC1lY2FhLTExZTYtOGY4OC0zNDM2M2JjN2M0YzAiOnsiY3JlYXRlIjozMDAwMDAwMDAwMDAsImRlbGV0ZSI6MzAwMDAwMDAwMDAwLCJ1cGRhdGUiOjEyMDAwMDAwMDAwMH19",
          "dependencies": [
            "module.vpc.aws_eip.eip1",
            "module.vpc.aws_eip.eip2",
            "module.vpc.aws_internet_gateway.igw",
            "module.vpc.aws_nat_gateway.ngw1",
            "module.vpc.aws_nat_gateway.ngw2",
            "module.vpc.aws_route_table.private2-rt1",
            "module.vpc.aws_route_table.public-rt1",
            "module.vpc.aws_route_table.public-rt2",
            "module.vpc.aws_route_table_association.public-rt-association1",
            "module.vpc.aws_route_table_association.public-rt-association2",
            "module.vpc.aws_subnet.private2-subnet1",
            "module.vpc.aws_subnet.private2-subnet2",
            "module.vpc.aws_subnet.public-subnet1",
            "module.vpc.aws_subnet.public-subnet2",
            "module.vpc.aws_vpc.vpc",
            "module.vpc.data.aws_availability_zones.available"
          ]
        }
      ]
    },
    {
      "module": "module.vpc",
      "mode": "managed",
      "type": "aws_route_table_association",
      "name": "private2-rt-association2",
      "provider": "provider[\"registry.terraform.io/hashicorp/aws\"]",
      "instances": [
        {
          "schema_version": 0,
          "attributes": {
            "gateway_id": "",
            "id": "rtbassoc-0a777bc42170eeb9a",
            "route_table_id": "rtb-03bc44c55a544dda5",
            "subnet_id": "subnet-0036ac5ddec6540bc",
            "timeouts": null
          },
          "sensitive_attributes": [],
          "private": "eyJlMmJmYjczMC1lY2FhLTExZTYtOGY4OC0zNDM2M2JjN2M0YzAiOnsiY3JlYXRlIjozMDAwMDAwMDAwMDAsImRlbGV0ZSI6MzAwMDAwMDAwMDAwLCJ1cGRhdGUiOjEyMDAwMDAwMDAwMH19",
          "dependencies": [
            "module.vpc.aws_eip.eip1",
            "module.vpc.aws_eip.eip2",
            "module.vpc.aws_internet_gateway.igw",
            "module.vpc.aws_nat_gateway.ngw1",
            "module.vpc.aws_nat_gateway.ngw2",
            "module.vpc.aws_route_table.private2-rt1",
            "module.vpc.aws_route_table.private2-rt2",
            "module.vpc.aws_route_table.public-rt1",
            "module.vpc.aws_route_table.public-rt2",
            "module.vpc.aws_route_table_association.private2-rt-association1",
            "module.vpc.aws_route_table_association.public-rt-association1",
            "module.vpc.aws_route_table_association.public-rt-association2",
            "module.vpc.aws_subnet.private2-subnet1",
            "module.vpc.aws_subnet.private2-subnet2",
            "module.vpc.aws_subnet.public-subnet1",
            "module.vpc.aws_subnet.public-subnet2",
            "module.vpc.aws_vpc.vpc",
            "module.vpc.data.aws_availability_zones.available"
          ]
        }
      ]
    },
    {
      "module": "module.vpc",
      "mode": "managed",
      "type": "aws_route_table_association",
      "name": "public-rt-association1",
      "provider": "provider[\"registry.terraform.io/hashicorp/aws\"]",
      "instances": [
        {
          "schema_version": 0,
          "attributes": {
            "gateway_id": "",
            "id": "rtbassoc-041b7ab8c7adecc21",
            "route_table_id": "rtb-0873947ffb4bf43be",
            "subnet_id": "subnet-01e1145099aae56c3",
            "timeouts": null
          },
          "sensitive_attributes": [],
          "private": "eyJlMmJmYjczMC1lY2FhLTExZTYtOGY4OC0zNDM2M2JjN2M0YzAiOnsiY3JlYXRlIjozMDAwMDAwMDAwMDAsImRlbGV0ZSI6MzAwMDAwMDAwMDAwLCJ1cGRhdGUiOjEyMDAwMDAwMDAwMH19",
          "dependencies": [
            "module.vpc.aws_eip.eip1",
            "module.vpc.aws_eip.eip2",
            "module.vpc.aws_internet_gateway.igw",
            "module.vpc.aws_nat_gateway.ngw1",
            "module.vpc.aws_nat_gateway.ngw2",
            "module.vpc.aws_route_table.public-rt1",
            "module.vpc.aws_subnet.private2-subnet1",
            "module.vpc.aws_subnet.private2-subnet2",
            "module.vpc.aws_subnet.public-subnet1",
            "module.vpc.aws_subnet.public-subnet2",
            "module.vpc.aws_vpc.vpc",
            "module.vpc.data.aws_availability_zones.available"
          ]
        }
      ]
    },
    {
      "module": "module.vpc",
      "mode": "managed",
      "type": "aws_route_table_association",
      "name": "public-rt-association2",
      "provider": "provider[\"registry.terraform.io/hashicorp/aws\"]",
      "instances": [
        {
          "schema_version": 0,
          "attributes": {
            "gateway_id": "",
            "id": "rtbassoc-0bfb528edb0cb14ab",
            "route_table_id": "rtb-0f1141d66bead421d",
            "subnet_id": "subnet-068134fe41d6da2bd",
            "timeouts": null
          },
          "sensitive_attributes": [],
          "private": "eyJlMmJmYjczMC1lY2FhLTExZTYtOGY4OC0zNDM2M2JjN2M0YzAiOnsiY3JlYXRlIjozMDAwMDAwMDAwMDAsImRlbGV0ZSI6MzAwMDAwMDAwMDAwLCJ1cGRhdGUiOjEyMDAwMDAwMDAwMH19",
          "dependencies": [
            "module.vpc.aws_eip.eip1",
            "module.vpc.aws_eip.eip2",
            "module.vpc.aws_internet_gateway.igw",
            "module.vpc.aws_nat_gateway.ngw1",
            "module.vpc.aws_nat_gateway.ngw2",
            "module.vpc.aws_route_table.public-rt1",
            "module.vpc.aws_route_table.public-rt2",
            "module.vpc.aws_route_table_association.public-rt-association1",
            "module.vpc.aws_subnet.private2-subnet1",
            "module.vpc.aws_subnet.private2-subnet2",
            "module.vpc.aws_subnet.public-subnet1",
            "module.vpc.aws_subnet.public-subnet2",
            "module.vpc.aws_vpc.vpc",
            "module.vpc.data.aws_availability_zones.available"
          ]
        }
      ]
    },
    {
      "module": "module.vpc",
      "mode": "managed",
      "type": "aws_subnet",
      "name": "private1-subnet1",
      "provider": "provider[\"registry.terraform.io/hashicorp/aws\"]",
      "instances": [
        {
          "schema_version": 1,
          "attributes": {
            "arn": "arn:aws:ec2:ap-southeast-1:891377163278:subnet/subnet-0b04fbd1b83d91965",
            "assign_ipv6_address_on_creation": false,
            "availability_zone": "ap-southeast-1a",
            "availability_zone_id": "apse1-az1",
            "cidr_block": "192.168.20.0/24",
            "customer_owned_ipv4_pool": "",
            "enable_dns64": false,
            "enable_lni_at_device_index": 0,
            "enable_resource_name_dns_a_record_on_launch": false,
            "enable_resource_name_dns_aaaa_record_on_launch": false,
            "id": "subnet-0b04fbd1b83d91965",
            "ipv6_cidr_block": "",
            "ipv6_cidr_block_association_id": "",
            "ipv6_native": false,
            "map_customer_owned_ip_on_launch": false,
            "map_public_ip_on_launch": false,
            "outpost_arn": "",
            "owner_id": "891377163278",
            "private_dns_hostname_type_on_launch": "ip-name",
            "tags": {
              "Name": "3-Tier-Private1-Subnet1"
            },
            "tags_all": {
              "Name": "3-Tier-Private1-Subnet1"
            },
            "timeouts": null,
            "vpc_id": "vpc-04e8ab343e22dc79b"
          },
          "sensitive_attributes": [],
          "private": "eyJlMmJmYjczMC1lY2FhLTExZTYtOGY4OC0zNDM2M2JjN2M0YzAiOnsiY3JlYXRlIjo2MDAwMDAwMDAwMDAsImRlbGV0ZSI6MTIwMDAwMDAwMDAwMH0sInNjaGVtYV92ZXJzaW9uIjoiMSJ9",
          "dependencies": [
            "module.vpc.aws_internet_gateway.igw",
            "module.vpc.aws_subnet.public-subnet1",
            "module.vpc.aws_subnet.public-subnet2",
            "module.vpc.aws_vpc.vpc",
            "module.vpc.data.aws_availability_zones.available"
          ]
        }
      ]
    },
    {
      "module": "module.vpc",
      "mode": "managed",
      "type": "aws_subnet",
      "name": "private1-subnet2",
      "provider": "provider[\"registry.terraform.io/hashicorp/aws\"]",
      "instances": [
        {
          "schema_version": 1,
          "attributes": {
            "arn": "arn:aws:ec2:ap-southeast-1:891377163278:subnet/subnet-0d6f5203b79205776",
            "assign_ipv6_address_on_creation": false,
            "availability_zone": "ap-southeast-1b",
            "availability_zone_id": "apse1-az2",
            "cidr_block": "192.168.50.0/24",
            "customer_owned_ipv4_pool": "",
            "enable_dns64": false,
            "enable_lni_at_device_index": 0,
            "enable_resource_name_dns_a_record_on_launch": false,
            "enable_resource_name_dns_aaaa_record_on_launch": false,
            "id": "subnet-0d6f5203b79205776",
            "ipv6_cidr_block": "",
            "ipv6_cidr_block_association_id": "",
            "ipv6_native": false,
            "map_customer_owned_ip_on_launch": false,
            "map_public_ip_on_launch": false,
            "outpost_arn": "",
            "owner_id": "891377163278",
            "private_dns_hostname_type_on_launch": "ip-name",
            "tags": {
              "Name": "3-Tier-Private1-Subnet2"
            },
            "tags_all": {
              "Name": "3-Tier-Private1-Subnet2"
            },
            "timeouts": null,
            "vpc_id": "vpc-04e8ab343e22dc79b"
          },
          "sensitive_attributes": [],
          "private": "eyJlMmJmYjczMC1lY2FhLTExZTYtOGY4OC0zNDM2M2JjN2M0YzAiOnsiY3JlYXRlIjo2MDAwMDAwMDAwMDAsImRlbGV0ZSI6MTIwMDAwMDAwMDAwMH0sInNjaGVtYV92ZXJzaW9uIjoiMSJ9",
          "dependencies": [
            "module.vpc.aws_internet_gateway.igw",
            "module.vpc.aws_subnet.private1-subnet1",
            "module.vpc.aws_subnet.public-subnet1",
            "module.vpc.aws_subnet.public-subnet2",
            "module.vpc.aws_vpc.vpc",
            "module.vpc.data.aws_availability_zones.available"
          ]
        }
      ]
    },
    {
      "module": "module.vpc",
      "mode": "managed",
      "type": "aws_subnet",
      "name": "private2-subnet1",
      "provider": "provider[\"registry.terraform.io/hashicorp/aws\"]",
      "instances": [
        {
          "schema_version": 1,
          "attributes": {
            "arn": "arn:aws:ec2:ap-southeast-1:891377163278:subnet/subnet-071fd452271822da6",
            "assign_ipv6_address_on_creation": false,
            "availability_zone": "ap-southeast-1a",
            "availability_zone_id": "apse1-az1",
            "cidr_block": "192.168.30.0/24",
            "customer_owned_ipv4_pool": "",
            "enable_dns64": false,
            "enable_lni_at_device_index": 0,
            "enable_resource_name_dns_a_record_on_launch": false,
            "enable_resource_name_dns_aaaa_record_on_launch": false,
            "id": "subnet-071fd452271822da6",
            "ipv6_cidr_block": "",
            "ipv6_cidr_block_association_id": "",
            "ipv6_native": false,
            "map_customer_owned_ip_on_launch": false,
            "map_public_ip_on_launch": false,
            "outpost_arn": "",
            "owner_id": "891377163278",
            "private_dns_hostname_type_on_launch": "ip-name",
            "tags": {
              "Name": "3-Tier-Private2-Subnet1"
            },
            "tags_all": {
              "Name": "3-Tier-Private2-Subnet1"
            },
            "timeouts": null,
            "vpc_id": "vpc-04e8ab343e22dc79b"
          },
          "sensitive_attributes": [],
          "private": "eyJlMmJmYjczMC1lY2FhLTExZTYtOGY4OC0zNDM2M2JjN2M0YzAiOnsiY3JlYXRlIjo2MDAwMDAwMDAwMDAsImRlbGV0ZSI6MTIwMDAwMDAwMDAwMH0sInNjaGVtYV92ZXJzaW9uIjoiMSJ9",
          "dependencies": [
            "module.vpc.aws_internet_gateway.igw",
            "module.vpc.aws_subnet.public-subnet1",
            "module.vpc.aws_subnet.public-subnet2",
            "module.vpc.aws_vpc.vpc",
            "module.vpc.data.aws_availability_zones.available"
          ]
        }
      ]
    },
    {
      "module": "module.vpc",
      "mode": "managed",
      "type": "aws_subnet",
      "name": "private2-subnet2",
      "provider": "provider[\"registry.terraform.io/hashicorp/aws\"]",
      "instances": [
        {
          "schema_version": 1,
          "attributes": {
            "arn": "arn:aws:ec2:ap-southeast-1:891377163278:subnet/subnet-0036ac5ddec6540bc",
            "assign_ipv6_address_on_creation": false,
            "availability_zone": "ap-southeast-1b",
            "availability_zone_id": "apse1-az2",
            "cidr_block": "192.168.60.0/24",
            "customer_owned_ipv4_pool": "",
            "enable_dns64": false,
            "enable_lni_at_device_index": 0,
            "enable_resource_name_dns_a_record_on_launch": false,
            "enable_resource_name_dns_aaaa_record_on_launch": false,
            "id": "subnet-0036ac5ddec6540bc",
            "ipv6_cidr_block": "",
            "ipv6_cidr_block_association_id": "",
            "ipv6_native": false,
            "map_customer_owned_ip_on_launch": false,
            "map_public_ip_on_launch": false,
            "outpost_arn": "",
            "owner_id": "891377163278",
            "private_dns_hostname_type_on_launch": "ip-name",
            "tags": {
              "Name": "3-Tier-Private2-Subnet2"
            },
            "tags_all": {
              "Name": "3-Tier-Private2-Subnet2"
            },
            "timeouts": null,
            "vpc_id": "vpc-04e8ab343e22dc79b"
          },
          "sensitive_attributes": [],
          "private": "eyJlMmJmYjczMC1lY2FhLTExZTYtOGY4OC0zNDM2M2JjN2M0YzAiOnsiY3JlYXRlIjo2MDAwMDAwMDAwMDAsImRlbGV0ZSI6MTIwMDAwMDAwMDAwMH0sInNjaGVtYV92ZXJzaW9uIjoiMSJ9",
          "dependencies": [
            "module.vpc.aws_internet_gateway.igw",
            "module.vpc.aws_subnet.private2-subnet1",
            "module.vpc.aws_subnet.public-subnet1",
            "module.vpc.aws_subnet.public-subnet2",
            "module.vpc.aws_vpc.vpc",
            "module.vpc.data.aws_availability_zones.available"
          ]
        }
      ]
    },
    {
      "module": "module.vpc",
      "mode": "managed",
      "type": "aws_subnet",
      "name": "public-subnet1",
      "provider": "provider[\"registry.terraform.io/hashicorp/aws\"]",
      "instances": [
        {
          "schema_version": 1,
          "attributes": {
            "arn": "arn:aws:ec2:ap-southeast-1:891377163278:subnet/subnet-01e1145099aae56c3",
            "assign_ipv6_address_on_creation": false,
            "availability_zone": "ap-southeast-1a",
            "availability_zone_id": "apse1-az1",
            "cidr_block": "192.168.10.0/24",
            "customer_owned_ipv4_pool": "",
            "enable_dns64": false,
            "enable_lni_at_device_index": 0,
            "enable_resource_name_dns_a_record_on_launch": false,
            "enable_resource_name_dns_aaaa_record_on_launch": false,
            "id": "subnet-01e1145099aae56c3",
            "ipv6_cidr_block": "",
            "ipv6_cidr_block_association_id": "",
            "ipv6_native": false,
            "map_customer_owned_ip_on_launch": false,
            "map_public_ip_on_launch": true,
            "outpost_arn": "",
            "owner_id": "891377163278",
            "private_dns_hostname_type_on_launch": "ip-name",
            "tags": {
              "Name": "3-Tier-Public-Subnet1"
            },
            "tags_all": {
              "Name": "3-Tier-Public-Subnet1"
            },
            "timeouts": null,
            "vpc_id": "vpc-04e8ab343e22dc79b"
          },
          "sensitive_attributes": [],
          "private": "eyJlMmJmYjczMC1lY2FhLTExZTYtOGY4OC0zNDM2M2JjN2M0YzAiOnsiY3JlYXRlIjo2MDAwMDAwMDAwMDAsImRlbGV0ZSI6MTIwMDAwMDAwMDAwMH0sInNjaGVtYV92ZXJzaW9uIjoiMSJ9",
          "dependencies": [
            "module.vpc.aws_internet_gateway.igw",
            "module.vpc.aws_vpc.vpc",
            "module.vpc.data.aws_availability_zones.available"
          ]
        }
      ]
    },
    {
      "module": "module.vpc",
      "mode": "managed",
      "type": "aws_subnet",
      "name": "public-subnet2",
      "provider": "provider[\"registry.terraform.io/hashicorp/aws\"]",
      "instances": [
        {
          "schema_version": 1,
          "attributes": {
            "arn": "arn:aws:ec2:ap-southeast-1:891377163278:subnet/subnet-068134fe41d6da2bd",
            "assign_ipv6_address_on_creation": false,
            "availability_zone": "ap-southeast-1b",
            "availability_zone_id": "apse1-az2",
            "cidr_block": "192.168.40.0/24",
            "customer_owned_ipv4_pool": "",
            "enable_dns64": false,
            "enable_lni_at_device_index": 0,
            "enable_resource_name_dns_a_record_on_launch": false,
            "enable_resource_name_dns_aaaa_record_on_launch": false,
            "id": "subnet-068134fe41d6da2bd",
            "ipv6_cidr_block": "",
            "ipv6_cidr_block_association_id": "",
            "ipv6_native": false,
            "map_customer_owned_ip_on_launch": false,
            "map_public_ip_on_launch": true,
            "outpost_arn": "",
            "owner_id": "891377163278",
            "private_dns_hostname_type_on_launch": "ip-name",
            "tags": {
              "Name": "3-Tier-Public-Subnet2"
            },
            "tags_all": {
              "Name": "3-Tier-Public-Subnet2"
            },
            "timeouts": null,
            "vpc_id": "vpc-04e8ab343e22dc79b"
          },
          "sensitive_attributes": [],
          "private": "eyJlMmJmYjczMC1lY2FhLTExZTYtOGY4OC0zNDM2M2JjN2M0YzAiOnsiY3JlYXRlIjo2MDAwMDAwMDAwMDAsImRlbGV0ZSI6MTIwMDAwMDAwMDAwMH0sInNjaGVtYV92ZXJzaW9uIjoiMSJ9",
          "dependencies": [
            "module.vpc.aws_internet_gateway.igw",
            "module.vpc.aws_subnet.public-subnet1",
            "module.vpc.aws_vpc.vpc",
            "module.vpc.data.aws_availability_zones.available"
          ]
        }
      ]
    },
    {
      "module": "module.vpc",
      "mode": "managed",
      "type": "aws_vpc",
      "name": "vpc",
      "provider": "provider[\"registry.terraform.io/hashicorp/aws\"]",
      "instances": [
        {
          "schema_version": 1,
          "attributes": {
            "arn": "arn:aws:ec2:ap-southeast-1:891377163278:vpc/vpc-04e8ab343e22dc79b",
            "assign_generated_ipv6_cidr_block": false,
            "cidr_block": "192.168.0.0/16",
            "default_network_acl_id": "acl-0bc3b200c80ba6616",
            "default_route_table_id": "rtb-0a73bc69819bc8fe1",
            "default_security_group_id": "sg-0586e3dc36807fdee",
            "dhcp_options_id": "dopt-0ca02d48b1d18e4d7",
            "enable_dns_hostnames": true,
            "enable_dns_support": true,
            "enable_network_address_usage_metrics": false,
            "id": "vpc-04e8ab343e22dc79b",
            "instance_tenancy": "default",
            "ipv4_ipam_pool_id": null,
            "ipv4_netmask_length": null,
            "ipv6_association_id": "",
            "ipv6_cidr_block": "",
            "ipv6_cidr_block_network_border_group": "",
            "ipv6_ipam_pool_id": "",
            "ipv6_netmask_length": 0,
            "main_route_table_id": "rtb-0a73bc69819bc8fe1",
            "owner_id": "891377163278",
            "tags": {
              "Name": "3-Tier-VPC"
            },
            "tags_all": {
              "Name": "3-Tier-VPC"
            }
          },
          "sensitive_attributes": [],
          "private": "eyJzY2hlbWFfdmVyc2lvbiI6IjEifQ=="
        }
      ]
    }
  ],
  "check_results": null
}
